{
  "version": 4,
  "terraform_version": "1.5.7",
  "serial": 2064,
  "lineage": "8c6d03c4-ffe8-c285-0827-7c8d13959ab1",
  "outputs": {},
  "resources": [
    {
      "mode": "data",
      "type": "aws_ami",
      "name": "latest_amazon_linux2",
      "provider": "provider[\"registry.terraform.io/hashicorp/aws\"]",
      "instances": [
        {
          "schema_version": 0,
          "attributes": {
            "architecture": "x86_64",
            "arn": "arn:aws:ec2:us-east-2::image/ami-0d50e9ae42eead5cd",
            "block_device_mappings": [
              {
                "device_name": "/dev/xvda",
                "ebs": {
                  "delete_on_termination": "true",
                  "encrypted": "false",
                  "iops": "0",
                  "snapshot_id": "snap-0f0809ada799b6d35",
                  "throughput": "0",
                  "volume_size": "8",
                  "volume_type": "gp2"
                },
                "no_device": "",
                "virtual_name": ""
              }
            ],
            "creation_date": "2023-09-13T00:02:01.000Z",
            "description": "Amazon Linux 2 Kernel 5.10 AMI 2.0.20230912.0 x86_64 HVM gp2",
            "ena_support": true,
            "executable_users": null,
            "filter": [
              {
                "name": "architecture",
                "values": [
                  "x86_64"
                ]
              },
              {
                "name": "name",
                "values": [
                  "amzn2-ami-kernel-*-x86_64-gp2"
                ]
              }
            ],
            "hypervisor": "xen",
            "id": "ami-0d50e9ae42eead5cd",
            "image_id": "ami-0d50e9ae42eead5cd",
            "image_location": "amazon/amzn2-ami-kernel-5.10-hvm-2.0.20230912.0-x86_64-gp2",
            "image_owner_alias": "amazon",
            "image_type": "machine",
            "kernel_id": null,
            "most_recent": true,
            "name": "amzn2-ami-kernel-5.10-hvm-2.0.20230912.0-x86_64-gp2",
            "name_regex": null,
            "owner_id": "137112412989",
            "owners": [
              "amazon"
            ],
            "platform": null,
            "platform_details": "Linux/UNIX",
            "product_codes": [],
            "public": true,
            "ramdisk_id": null,
            "root_device_name": "/dev/xvda",
            "root_device_type": "ebs",
            "root_snapshot_id": "snap-0f0809ada799b6d35",
            "sriov_net_support": "simple",
            "state": "available",
            "state_reason": {
              "code": "UNSET",
              "message": "UNSET"
            },
            "tags": {},
            "usage_operation": "RunInstances",
            "virtualization_type": "hvm"
          },
          "sensitive_attributes": []
        }
      ]
    },
    {
      "module": "module.ecr",
      "mode": "managed",
      "type": "aws_ecr_repository",
      "name": "ecr_repository",
      "provider": "provider[\"registry.terraform.io/hashicorp/aws\"]",
      "instances": [
        {
          "schema_version": 0,
          "attributes": {
            "arn": "arn:aws:ecr:us-east-2:606387284755:repository/portuguese-verbs",
            "encryption_configuration": [
              {
                "encryption_type": "AES256",
                "kms_key": ""
              }
            ],
            "id": "portuguese-verbs",
            "image_scanning_configuration": [
              {
                "scan_on_push": true
              }
            ],
            "image_tag_mutability": "MUTABLE",
            "name": "portuguese-verbs",
            "registry_id": "606387284755",
            "repository_url": "606387284755.dkr.ecr.us-east-2.amazonaws.com/portuguese-verbs",
            "tags": null,
            "tags_all": {},
            "timeouts": null
          },
          "sensitive_attributes": [],
          "private": "eyJlMmJmYjczMC1lY2FhLTExZTYtOGY4OC0zNDM2M2JjN2M0YzAiOnsiZGVsZXRlIjoxMjAwMDAwMDAwMDAwfX0="
        }
      ]
    },
    {
      "module": "module.ecs",
      "mode": "data",
      "type": "aws_iam_policy_document",
      "name": "ecs_task_assume_policy",
      "provider": "provider[\"registry.terraform.io/hashicorp/aws\"]",
      "instances": [
        {
          "schema_version": 0,
          "attributes": {
            "id": "320642683",
            "json": "{\n  \"Version\": \"2012-10-17\",\n  \"Statement\": [\n    {\n      \"Sid\": \"\",\n      \"Effect\": \"Allow\",\n      \"Action\": \"sts:AssumeRole\",\n      \"Principal\": {\n        \"Service\": \"ecs-tasks.amazonaws.com\"\n      }\n    }\n  ]\n}",
            "override_json": null,
            "override_policy_documents": null,
            "policy_id": null,
            "source_json": null,
            "source_policy_documents": null,
            "statement": [
              {
                "actions": [
                  "sts:AssumeRole"
                ],
                "condition": [],
                "effect": "Allow",
                "not_actions": [],
                "not_principals": [],
                "not_resources": [],
                "principals": [
                  {
                    "identifiers": [
                      "ecs-tasks.amazonaws.com"
                    ],
                    "type": "Service"
                  }
                ],
                "resources": [],
                "sid": ""
              }
            ],
            "version": "2012-10-17"
          },
          "sensitive_attributes": []
        }
      ]
    },
    {
      "module": "module.ecs",
      "mode": "managed",
      "type": "aws_appautoscaling_policy",
      "name": "ecs_policy_cpu",
      "provider": "provider[\"registry.terraform.io/hashicorp/aws\"]",
      "instances": [
        {
          "index_key": "api",
          "schema_version": 0,
          "attributes": {
            "arn": "arn:aws:autoscaling:us-east-2:606387284755:scalingPolicy:c4f360e1-e5dd-461c-978f-5581c868cfd5:resource/ecs/service/portuguese-verbs-cluster/api-service:policyName/portuguese-verbs-cpu-autoscaling",
            "id": "portuguese-verbs-cpu-autoscaling",
            "name": "portuguese-verbs-cpu-autoscaling",
            "policy_type": "TargetTrackingScaling",
            "resource_id": "service/portuguese-verbs-cluster/api-service",
            "scalable_dimension": "ecs:service:DesiredCount",
            "service_namespace": "ecs",
            "step_scaling_policy_configuration": [],
            "target_tracking_scaling_policy_configuration": [
              {
                "customized_metric_specification": [],
                "disable_scale_in": false,
                "predefined_metric_specification": [
                  {
                    "predefined_metric_type": "ECSServiceAverageCPUUtilization",
                    "resource_label": ""
                  }
                ],
                "scale_in_cooldown": 0,
                "scale_out_cooldown": 0,
                "target_value": 75
              }
            ]
          },
          "sensitive_attributes": [],
          "private": "bnVsbA==",
          "dependencies": [
            "module.ecs.aws_appautoscaling_target.service_autoscaling",
            "module.ecs.aws_ecs_cluster.ecs_cluster",
            "module.ecs.aws_ecs_service.private_service",
            "module.ecs.aws_ecs_task_definition.ecs_task_definition",
            "module.ecs.aws_security_group.service_security_group",
            "module.ecs.aws_security_group.webapp_security_group",
            "module.ecs.aws_service_discovery_http_namespace.portuguese",
            "module.ecs.aws_service_discovery_private_dns_namespace.private_portuguese",
            "module.ecs.aws_service_discovery_public_dns_namespace.public_portuguese",
            "module.ecs.aws_service_discovery_service.private_service",
            "module.ecs.aws_service_discovery_service.public_service",
            "module.iam.aws_iam_role.ecs_task_execution_role",
            "module.iam.data.aws_iam_policy_document.assume_role_policy",
            "module.internal_alb.aws_alb_target_group.alb_target_group",
            "module.internal_alb_security_group.aws_security_group.security_group",
            "module.public_alb.aws_alb_target_group.alb_target_group",
            "module.public_alb_security_group.aws_security_group.security_group",
            "module.vpc.aws_subnet.private_subnet",
            "module.vpc.aws_subnet.public_subnet",
            "module.vpc.aws_vpc.vpc"
          ]
        },
        {
          "index_key": "client",
          "schema_version": 0,
          "attributes": {
            "arn": "arn:aws:autoscaling:us-east-2:606387284755:scalingPolicy:0fe50b78-d5e8-4898-a3aa-4eb3b89c0016:resource/ecs/service/portuguese-verbs-cluster/client-service:policyName/portuguese-verbs-cpu-autoscaling",
            "id": "portuguese-verbs-cpu-autoscaling",
            "name": "portuguese-verbs-cpu-autoscaling",
            "policy_type": "TargetTrackingScaling",
            "resource_id": "service/portuguese-verbs-cluster/client-service",
            "scalable_dimension": "ecs:service:DesiredCount",
            "service_namespace": "ecs",
            "step_scaling_policy_configuration": [],
            "target_tracking_scaling_policy_configuration": [
              {
                "customized_metric_specification": [],
                "disable_scale_in": false,
                "predefined_metric_specification": [
                  {
                    "predefined_metric_type": "ECSServiceAverageCPUUtilization",
                    "resource_label": ""
                  }
                ],
                "scale_in_cooldown": 0,
                "scale_out_cooldown": 0,
                "target_value": 75
              }
            ]
          },
          "sensitive_attributes": [],
          "private": "bnVsbA==",
          "dependencies": [
            "module.ecs.aws_appautoscaling_target.service_autoscaling",
            "module.ecs.aws_ecs_cluster.ecs_cluster",
            "module.ecs.aws_ecs_service.private_service",
            "module.ecs.aws_ecs_task_definition.ecs_task_definition",
            "module.ecs.aws_security_group.service_security_group",
            "module.ecs.aws_security_group.webapp_security_group",
            "module.ecs.aws_service_discovery_http_namespace.portuguese",
            "module.ecs.aws_service_discovery_private_dns_namespace.private_portuguese",
            "module.ecs.aws_service_discovery_public_dns_namespace.public_portuguese",
            "module.ecs.aws_service_discovery_service.private_service",
            "module.ecs.aws_service_discovery_service.public_service",
            "module.iam.aws_iam_role.ecs_task_execution_role",
            "module.iam.data.aws_iam_policy_document.assume_role_policy",
            "module.internal_alb.aws_alb_target_group.alb_target_group",
            "module.internal_alb_security_group.aws_security_group.security_group",
            "module.public_alb.aws_alb_target_group.alb_target_group",
            "module.public_alb_security_group.aws_security_group.security_group",
            "module.vpc.aws_subnet.private_subnet",
            "module.vpc.aws_subnet.public_subnet",
            "module.vpc.aws_vpc.vpc"
          ]
        },
        {
          "index_key": "nginx",
          "schema_version": 0,
          "attributes": {
            "arn": "arn:aws:autoscaling:us-east-2:606387284755:scalingPolicy:2db08f27-2a09-4485-b113-b2db666571e4:resource/ecs/service/portuguese-verbs-cluster/nginx-service:policyName/portuguese-verbs-cpu-autoscaling",
            "id": "portuguese-verbs-cpu-autoscaling",
            "name": "portuguese-verbs-cpu-autoscaling",
            "policy_type": "TargetTrackingScaling",
            "resource_id": "service/portuguese-verbs-cluster/nginx-service",
            "scalable_dimension": "ecs:service:DesiredCount",
            "service_namespace": "ecs",
            "step_scaling_policy_configuration": [],
            "target_tracking_scaling_policy_configuration": [
              {
                "customized_metric_specification": [],
                "disable_scale_in": false,
                "predefined_metric_specification": [
                  {
                    "predefined_metric_type": "ECSServiceAverageCPUUtilization",
                    "resource_label": ""
                  }
                ],
                "scale_in_cooldown": 0,
                "scale_out_cooldown": 0,
                "target_value": 75
              }
            ]
          },
          "sensitive_attributes": [],
          "private": "bnVsbA==",
          "dependencies": [
            "module.ecs.aws_appautoscaling_target.service_autoscaling",
            "module.ecs.aws_ecs_cluster.ecs_cluster",
            "module.ecs.aws_ecs_service.private_service",
            "module.ecs.aws_ecs_task_definition.ecs_task_definition",
            "module.ecs.aws_security_group.service_security_group",
            "module.ecs.aws_security_group.webapp_security_group",
            "module.ecs.aws_service_discovery_http_namespace.portuguese",
            "module.ecs.aws_service_discovery_private_dns_namespace.private_portuguese",
            "module.ecs.aws_service_discovery_public_dns_namespace.public_portuguese",
            "module.ecs.aws_service_discovery_service.private_service",
            "module.ecs.aws_service_discovery_service.public_service",
            "module.iam.aws_iam_role.ecs_task_execution_role",
            "module.iam.data.aws_iam_policy_document.assume_role_policy",
            "module.internal_alb.aws_alb_target_group.alb_target_group",
            "module.internal_alb_security_group.aws_security_group.security_group",
            "module.public_alb.aws_alb_target_group.alb_target_group",
            "module.public_alb_security_group.aws_security_group.security_group",
            "module.vpc.aws_subnet.private_subnet",
            "module.vpc.aws_subnet.public_subnet",
            "module.vpc.aws_vpc.vpc"
          ]
        },
        {
          "index_key": "verbecc",
          "schema_version": 0,
          "attributes": {
            "arn": "arn:aws:autoscaling:us-east-2:606387284755:scalingPolicy:3478229e-7048-4f9d-9e94-4fced8a92277:resource/ecs/service/portuguese-verbs-cluster/verbecc-service:policyName/portuguese-verbs-cpu-autoscaling",
            "id": "portuguese-verbs-cpu-autoscaling",
            "name": "portuguese-verbs-cpu-autoscaling",
            "policy_type": "TargetTrackingScaling",
            "resource_id": "service/portuguese-verbs-cluster/verbecc-service",
            "scalable_dimension": "ecs:service:DesiredCount",
            "service_namespace": "ecs",
            "step_scaling_policy_configuration": [],
            "target_tracking_scaling_policy_configuration": [
              {
                "customized_metric_specification": [],
                "disable_scale_in": false,
                "predefined_metric_specification": [
                  {
                    "predefined_metric_type": "ECSServiceAverageCPUUtilization",
                    "resource_label": ""
                  }
                ],
                "scale_in_cooldown": 0,
                "scale_out_cooldown": 0,
                "target_value": 75
              }
            ]
          },
          "sensitive_attributes": [],
          "private": "bnVsbA==",
          "dependencies": [
            "module.ecs.aws_appautoscaling_target.service_autoscaling",
            "module.ecs.aws_ecs_cluster.ecs_cluster",
            "module.ecs.aws_ecs_service.private_service",
            "module.ecs.aws_ecs_task_definition.ecs_task_definition",
            "module.ecs.aws_security_group.service_security_group",
            "module.ecs.aws_security_group.webapp_security_group",
            "module.ecs.aws_service_discovery_http_namespace.portuguese",
            "module.ecs.aws_service_discovery_private_dns_namespace.private_portuguese",
            "module.ecs.aws_service_discovery_public_dns_namespace.public_portuguese",
            "module.ecs.aws_service_discovery_service.private_service",
            "module.ecs.aws_service_discovery_service.public_service",
            "module.iam.aws_iam_role.ecs_task_execution_role",
            "module.iam.data.aws_iam_policy_document.assume_role_policy",
            "module.internal_alb.aws_alb_target_group.alb_target_group",
            "module.internal_alb_security_group.aws_security_group.security_group",
            "module.public_alb.aws_alb_target_group.alb_target_group",
            "module.public_alb_security_group.aws_security_group.security_group",
            "module.vpc.aws_subnet.private_subnet",
            "module.vpc.aws_subnet.public_subnet",
            "module.vpc.aws_vpc.vpc"
          ]
        }
      ]
    },
    {
      "module": "module.ecs",
      "mode": "managed",
      "type": "aws_appautoscaling_policy",
      "name": "ecs_policy_memory",
      "provider": "provider[\"registry.terraform.io/hashicorp/aws\"]",
      "instances": [
        {
          "index_key": "api",
          "schema_version": 0,
          "attributes": {
            "arn": "arn:aws:autoscaling:us-east-2:606387284755:scalingPolicy:c4f360e1-e5dd-461c-978f-5581c868cfd5:resource/ecs/service/portuguese-verbs-cluster/api-service:policyName/portuguese-verbs-memory-autoscaling",
            "id": "portuguese-verbs-memory-autoscaling",
            "name": "portuguese-verbs-memory-autoscaling",
            "policy_type": "TargetTrackingScaling",
            "resource_id": "service/portuguese-verbs-cluster/api-service",
            "scalable_dimension": "ecs:service:DesiredCount",
            "service_namespace": "ecs",
            "step_scaling_policy_configuration": [],
            "target_tracking_scaling_policy_configuration": [
              {
                "customized_metric_specification": [],
                "disable_scale_in": false,
                "predefined_metric_specification": [
                  {
                    "predefined_metric_type": "ECSServiceAverageMemoryUtilization",
                    "resource_label": ""
                  }
                ],
                "scale_in_cooldown": 0,
                "scale_out_cooldown": 0,
                "target_value": 75
              }
            ]
          },
          "sensitive_attributes": [],
          "private": "bnVsbA==",
          "dependencies": [
            "module.ecs.aws_appautoscaling_target.service_autoscaling",
            "module.ecs.aws_ecs_cluster.ecs_cluster",
            "module.ecs.aws_ecs_service.private_service",
            "module.ecs.aws_ecs_task_definition.ecs_task_definition",
            "module.ecs.aws_security_group.service_security_group",
            "module.ecs.aws_security_group.webapp_security_group",
            "module.ecs.aws_service_discovery_http_namespace.portuguese",
            "module.ecs.aws_service_discovery_private_dns_namespace.private_portuguese",
            "module.ecs.aws_service_discovery_public_dns_namespace.public_portuguese",
            "module.ecs.aws_service_discovery_service.private_service",
            "module.ecs.aws_service_discovery_service.public_service",
            "module.iam.aws_iam_role.ecs_task_execution_role",
            "module.iam.data.aws_iam_policy_document.assume_role_policy",
            "module.internal_alb.aws_alb_target_group.alb_target_group",
            "module.internal_alb_security_group.aws_security_group.security_group",
            "module.public_alb.aws_alb_target_group.alb_target_group",
            "module.public_alb_security_group.aws_security_group.security_group",
            "module.vpc.aws_subnet.private_subnet",
            "module.vpc.aws_subnet.public_subnet",
            "module.vpc.aws_vpc.vpc"
          ]
        },
        {
          "index_key": "client",
          "schema_version": 0,
          "attributes": {
            "arn": "arn:aws:autoscaling:us-east-2:606387284755:scalingPolicy:0fe50b78-d5e8-4898-a3aa-4eb3b89c0016:resource/ecs/service/portuguese-verbs-cluster/client-service:policyName/portuguese-verbs-memory-autoscaling",
            "id": "portuguese-verbs-memory-autoscaling",
            "name": "portuguese-verbs-memory-autoscaling",
            "policy_type": "TargetTrackingScaling",
            "resource_id": "service/portuguese-verbs-cluster/client-service",
            "scalable_dimension": "ecs:service:DesiredCount",
            "service_namespace": "ecs",
            "step_scaling_policy_configuration": [],
            "target_tracking_scaling_policy_configuration": [
              {
                "customized_metric_specification": [],
                "disable_scale_in": false,
                "predefined_metric_specification": [
                  {
                    "predefined_metric_type": "ECSServiceAverageMemoryUtilization",
                    "resource_label": ""
                  }
                ],
                "scale_in_cooldown": 0,
                "scale_out_cooldown": 0,
                "target_value": 75
              }
            ]
          },
          "sensitive_attributes": [],
          "private": "bnVsbA==",
          "dependencies": [
            "module.ecs.aws_appautoscaling_target.service_autoscaling",
            "module.ecs.aws_ecs_cluster.ecs_cluster",
            "module.ecs.aws_ecs_service.private_service",
            "module.ecs.aws_ecs_task_definition.ecs_task_definition",
            "module.ecs.aws_security_group.service_security_group",
            "module.ecs.aws_security_group.webapp_security_group",
            "module.ecs.aws_service_discovery_http_namespace.portuguese",
            "module.ecs.aws_service_discovery_private_dns_namespace.private_portuguese",
            "module.ecs.aws_service_discovery_public_dns_namespace.public_portuguese",
            "module.ecs.aws_service_discovery_service.private_service",
            "module.ecs.aws_service_discovery_service.public_service",
            "module.iam.aws_iam_role.ecs_task_execution_role",
            "module.iam.data.aws_iam_policy_document.assume_role_policy",
            "module.internal_alb.aws_alb_target_group.alb_target_group",
            "module.internal_alb_security_group.aws_security_group.security_group",
            "module.public_alb.aws_alb_target_group.alb_target_group",
            "module.public_alb_security_group.aws_security_group.security_group",
            "module.vpc.aws_subnet.private_subnet",
            "module.vpc.aws_subnet.public_subnet",
            "module.vpc.aws_vpc.vpc"
          ]
        },
        {
          "index_key": "nginx",
          "schema_version": 0,
          "attributes": {
            "arn": "arn:aws:autoscaling:us-east-2:606387284755:scalingPolicy:2db08f27-2a09-4485-b113-b2db666571e4:resource/ecs/service/portuguese-verbs-cluster/nginx-service:policyName/portuguese-verbs-memory-autoscaling",
            "id": "portuguese-verbs-memory-autoscaling",
            "name": "portuguese-verbs-memory-autoscaling",
            "policy_type": "TargetTrackingScaling",
            "resource_id": "service/portuguese-verbs-cluster/nginx-service",
            "scalable_dimension": "ecs:service:DesiredCount",
            "service_namespace": "ecs",
            "step_scaling_policy_configuration": [],
            "target_tracking_scaling_policy_configuration": [
              {
                "customized_metric_specification": [],
                "disable_scale_in": false,
                "predefined_metric_specification": [
                  {
                    "predefined_metric_type": "ECSServiceAverageMemoryUtilization",
                    "resource_label": ""
                  }
                ],
                "scale_in_cooldown": 0,
                "scale_out_cooldown": 0,
                "target_value": 75
              }
            ]
          },
          "sensitive_attributes": [],
          "private": "bnVsbA==",
          "dependencies": [
            "module.ecs.aws_appautoscaling_target.service_autoscaling",
            "module.ecs.aws_ecs_cluster.ecs_cluster",
            "module.ecs.aws_ecs_service.private_service",
            "module.ecs.aws_ecs_task_definition.ecs_task_definition",
            "module.ecs.aws_security_group.service_security_group",
            "module.ecs.aws_security_group.webapp_security_group",
            "module.ecs.aws_service_discovery_http_namespace.portuguese",
            "module.ecs.aws_service_discovery_private_dns_namespace.private_portuguese",
            "module.ecs.aws_service_discovery_public_dns_namespace.public_portuguese",
            "module.ecs.aws_service_discovery_service.private_service",
            "module.ecs.aws_service_discovery_service.public_service",
            "module.iam.aws_iam_role.ecs_task_execution_role",
            "module.iam.data.aws_iam_policy_document.assume_role_policy",
            "module.internal_alb.aws_alb_target_group.alb_target_group",
            "module.internal_alb_security_group.aws_security_group.security_group",
            "module.public_alb.aws_alb_target_group.alb_target_group",
            "module.public_alb_security_group.aws_security_group.security_group",
            "module.vpc.aws_subnet.private_subnet",
            "module.vpc.aws_subnet.public_subnet",
            "module.vpc.aws_vpc.vpc"
          ]
        },
        {
          "index_key": "verbecc",
          "schema_version": 0,
          "attributes": {
            "arn": "arn:aws:autoscaling:us-east-2:606387284755:scalingPolicy:3478229e-7048-4f9d-9e94-4fced8a92277:resource/ecs/service/portuguese-verbs-cluster/verbecc-service:policyName/portuguese-verbs-memory-autoscaling",
            "id": "portuguese-verbs-memory-autoscaling",
            "name": "portuguese-verbs-memory-autoscaling",
            "policy_type": "TargetTrackingScaling",
            "resource_id": "service/portuguese-verbs-cluster/verbecc-service",
            "scalable_dimension": "ecs:service:DesiredCount",
            "service_namespace": "ecs",
            "step_scaling_policy_configuration": [],
            "target_tracking_scaling_policy_configuration": [
              {
                "customized_metric_specification": [],
                "disable_scale_in": false,
                "predefined_metric_specification": [
                  {
                    "predefined_metric_type": "ECSServiceAverageMemoryUtilization",
                    "resource_label": ""
                  }
                ],
                "scale_in_cooldown": 0,
                "scale_out_cooldown": 0,
                "target_value": 75
              }
            ]
          },
          "sensitive_attributes": [],
          "private": "bnVsbA==",
          "dependencies": [
            "module.ecs.aws_appautoscaling_target.service_autoscaling",
            "module.ecs.aws_ecs_cluster.ecs_cluster",
            "module.ecs.aws_ecs_service.private_service",
            "module.ecs.aws_ecs_task_definition.ecs_task_definition",
            "module.ecs.aws_security_group.service_security_group",
            "module.ecs.aws_security_group.webapp_security_group",
            "module.ecs.aws_service_discovery_http_namespace.portuguese",
            "module.ecs.aws_service_discovery_private_dns_namespace.private_portuguese",
            "module.ecs.aws_service_discovery_public_dns_namespace.public_portuguese",
            "module.ecs.aws_service_discovery_service.private_service",
            "module.ecs.aws_service_discovery_service.public_service",
            "module.iam.aws_iam_role.ecs_task_execution_role",
            "module.iam.data.aws_iam_policy_document.assume_role_policy",
            "module.internal_alb.aws_alb_target_group.alb_target_group",
            "module.internal_alb_security_group.aws_security_group.security_group",
            "module.public_alb.aws_alb_target_group.alb_target_group",
            "module.public_alb_security_group.aws_security_group.security_group",
            "module.vpc.aws_subnet.private_subnet",
            "module.vpc.aws_subnet.public_subnet",
            "module.vpc.aws_vpc.vpc"
          ]
        }
      ]
    },
    {
      "module": "module.ecs",
      "mode": "managed",
      "type": "aws_appautoscaling_target",
      "name": "service_autoscaling",
      "provider": "provider[\"registry.terraform.io/hashicorp/aws\"]",
      "instances": [
        {
          "index_key": "api",
          "schema_version": 0,
          "attributes": {
            "id": "service/portuguese-verbs-cluster/api-service",
            "max_capacity": 2,
            "min_capacity": 1,
            "resource_id": "service/portuguese-verbs-cluster/api-service",
            "role_arn": "arn:aws:iam::606387284755:role/aws-service-role/ecs.application-autoscaling.amazonaws.com/AWSServiceRoleForApplicationAutoScaling_ECSService",
            "scalable_dimension": "ecs:service:DesiredCount",
            "service_namespace": "ecs"
          },
          "sensitive_attributes": [],
          "private": "bnVsbA==",
          "dependencies": [
            "module.ecs.aws_ecs_cluster.ecs_cluster",
            "module.ecs.aws_ecs_service.private_service",
            "module.ecs.aws_ecs_task_definition.ecs_task_definition",
            "module.ecs.aws_security_group.service_security_group",
            "module.ecs.aws_security_group.webapp_security_group",
            "module.ecs.aws_service_discovery_http_namespace.portuguese",
            "module.ecs.aws_service_discovery_private_dns_namespace.private_portuguese",
            "module.ecs.aws_service_discovery_public_dns_namespace.public_portuguese",
            "module.ecs.aws_service_discovery_service.private_service",
            "module.ecs.aws_service_discovery_service.public_service",
            "module.iam.aws_iam_role.ecs_task_execution_role",
            "module.iam.data.aws_iam_policy_document.assume_role_policy",
            "module.internal_alb.aws_alb_target_group.alb_target_group",
            "module.internal_alb_security_group.aws_security_group.security_group",
            "module.public_alb.aws_alb_target_group.alb_target_group",
            "module.public_alb_security_group.aws_security_group.security_group",
            "module.vpc.aws_subnet.private_subnet",
            "module.vpc.aws_subnet.public_subnet",
            "module.vpc.aws_vpc.vpc"
          ]
        },
        {
          "index_key": "client",
          "schema_version": 0,
          "attributes": {
            "id": "service/portuguese-verbs-cluster/client-service",
            "max_capacity": 2,
            "min_capacity": 1,
            "resource_id": "service/portuguese-verbs-cluster/client-service",
            "role_arn": "arn:aws:iam::606387284755:role/aws-service-role/ecs.application-autoscaling.amazonaws.com/AWSServiceRoleForApplicationAutoScaling_ECSService",
            "scalable_dimension": "ecs:service:DesiredCount",
            "service_namespace": "ecs"
          },
          "sensitive_attributes": [],
          "private": "bnVsbA==",
          "dependencies": [
            "module.ecs.aws_ecs_cluster.ecs_cluster",
            "module.ecs.aws_ecs_service.private_service",
            "module.ecs.aws_ecs_task_definition.ecs_task_definition",
            "module.ecs.aws_security_group.service_security_group",
            "module.ecs.aws_security_group.webapp_security_group",
            "module.ecs.aws_service_discovery_http_namespace.portuguese",
            "module.ecs.aws_service_discovery_private_dns_namespace.private_portuguese",
            "module.ecs.aws_service_discovery_public_dns_namespace.public_portuguese",
            "module.ecs.aws_service_discovery_service.private_service",
            "module.ecs.aws_service_discovery_service.public_service",
            "module.iam.aws_iam_role.ecs_task_execution_role",
            "module.iam.data.aws_iam_policy_document.assume_role_policy",
            "module.internal_alb.aws_alb_target_group.alb_target_group",
            "module.internal_alb_security_group.aws_security_group.security_group",
            "module.public_alb.aws_alb_target_group.alb_target_group",
            "module.public_alb_security_group.aws_security_group.security_group",
            "module.vpc.aws_subnet.private_subnet",
            "module.vpc.aws_subnet.public_subnet",
            "module.vpc.aws_vpc.vpc"
          ]
        },
        {
          "index_key": "nginx",
          "schema_version": 0,
          "attributes": {
            "id": "service/portuguese-verbs-cluster/nginx-service",
            "max_capacity": 2,
            "min_capacity": 1,
            "resource_id": "service/portuguese-verbs-cluster/nginx-service",
            "role_arn": "arn:aws:iam::606387284755:role/aws-service-role/ecs.application-autoscaling.amazonaws.com/AWSServiceRoleForApplicationAutoScaling_ECSService",
            "scalable_dimension": "ecs:service:DesiredCount",
            "service_namespace": "ecs"
          },
          "sensitive_attributes": [],
          "private": "bnVsbA==",
          "dependencies": [
            "module.ecs.aws_ecs_cluster.ecs_cluster",
            "module.ecs.aws_ecs_service.private_service",
            "module.ecs.aws_ecs_task_definition.ecs_task_definition",
            "module.ecs.aws_security_group.service_security_group",
            "module.ecs.aws_security_group.webapp_security_group",
            "module.ecs.aws_service_discovery_http_namespace.portuguese",
            "module.ecs.aws_service_discovery_private_dns_namespace.private_portuguese",
            "module.ecs.aws_service_discovery_public_dns_namespace.public_portuguese",
            "module.ecs.aws_service_discovery_service.private_service",
            "module.ecs.aws_service_discovery_service.public_service",
            "module.iam.aws_iam_role.ecs_task_execution_role",
            "module.iam.data.aws_iam_policy_document.assume_role_policy",
            "module.internal_alb.aws_alb_target_group.alb_target_group",
            "module.internal_alb_security_group.aws_security_group.security_group",
            "module.public_alb.aws_alb_target_group.alb_target_group",
            "module.public_alb_security_group.aws_security_group.security_group",
            "module.vpc.aws_subnet.private_subnet",
            "module.vpc.aws_subnet.public_subnet",
            "module.vpc.aws_vpc.vpc"
          ]
        },
        {
          "index_key": "verbecc",
          "schema_version": 0,
          "attributes": {
            "id": "service/portuguese-verbs-cluster/verbecc-service",
            "max_capacity": 2,
            "min_capacity": 1,
            "resource_id": "service/portuguese-verbs-cluster/verbecc-service",
            "role_arn": "arn:aws:iam::606387284755:role/aws-service-role/ecs.application-autoscaling.amazonaws.com/AWSServiceRoleForApplicationAutoScaling_ECSService",
            "scalable_dimension": "ecs:service:DesiredCount",
            "service_namespace": "ecs"
          },
          "sensitive_attributes": [],
          "private": "bnVsbA==",
          "dependencies": [
            "module.ecs.aws_ecs_cluster.ecs_cluster",
            "module.ecs.aws_ecs_service.private_service",
            "module.ecs.aws_ecs_task_definition.ecs_task_definition",
            "module.ecs.aws_security_group.service_security_group",
            "module.ecs.aws_security_group.webapp_security_group",
            "module.ecs.aws_service_discovery_http_namespace.portuguese",
            "module.ecs.aws_service_discovery_private_dns_namespace.private_portuguese",
            "module.ecs.aws_service_discovery_public_dns_namespace.public_portuguese",
            "module.ecs.aws_service_discovery_service.private_service",
            "module.ecs.aws_service_discovery_service.public_service",
            "module.iam.aws_iam_role.ecs_task_execution_role",
            "module.iam.data.aws_iam_policy_document.assume_role_policy",
            "module.internal_alb.aws_alb_target_group.alb_target_group",
            "module.internal_alb_security_group.aws_security_group.security_group",
            "module.public_alb.aws_alb_target_group.alb_target_group",
            "module.public_alb_security_group.aws_security_group.security_group",
            "module.vpc.aws_subnet.private_subnet",
            "module.vpc.aws_subnet.public_subnet",
            "module.vpc.aws_vpc.vpc"
          ]
        }
      ]
    },
    {
      "module": "module.ecs",
      "mode": "managed",
      "type": "aws_cloudwatch_log_group",
      "name": "ecs_cw_log_group",
      "provider": "provider[\"registry.terraform.io/hashicorp/aws\"]",
      "instances": [
        {
          "index_key": "api",
          "schema_version": 0,
          "attributes": {
            "arn": "arn:aws:logs:us-east-2:606387284755:log-group:api-logs",
            "id": "api-logs",
            "kms_key_id": "",
            "name": "api-logs",
            "name_prefix": null,
            "retention_in_days": 0,
            "tags": null,
            "tags_all": {}
          },
          "sensitive_attributes": [],
          "private": "bnVsbA=="
        },
        {
          "index_key": "client",
          "schema_version": 0,
          "attributes": {
            "arn": "arn:aws:logs:us-east-2:606387284755:log-group:client-logs",
            "id": "client-logs",
            "kms_key_id": "",
            "name": "client-logs",
            "name_prefix": null,
            "retention_in_days": 0,
            "tags": null,
            "tags_all": {}
          },
          "sensitive_attributes": [],
          "private": "bnVsbA=="
        },
        {
          "index_key": "nginx",
          "schema_version": 0,
          "attributes": {
            "arn": "arn:aws:logs:us-east-2:606387284755:log-group:nginx-logs",
            "id": "nginx-logs",
            "kms_key_id": "",
            "name": "nginx-logs",
            "name_prefix": null,
            "retention_in_days": 0,
            "tags": null,
            "tags_all": {}
          },
          "sensitive_attributes": [],
          "private": "bnVsbA=="
        },
        {
          "index_key": "verbecc",
          "schema_version": 0,
          "attributes": {
            "arn": "arn:aws:logs:us-east-2:606387284755:log-group:verbecc-logs",
            "id": "verbecc-logs",
            "kms_key_id": "",
            "name": "verbecc-logs",
            "name_prefix": null,
            "retention_in_days": 0,
            "tags": null,
            "tags_all": {}
          },
          "sensitive_attributes": [],
          "private": "bnVsbA=="
        }
      ]
    },
    {
      "module": "module.ecs",
      "mode": "managed",
      "type": "aws_ecs_cluster",
      "name": "ecs_cluster",
      "provider": "provider[\"registry.terraform.io/hashicorp/aws\"]",
      "instances": [
        {
          "schema_version": 0,
          "attributes": {
            "arn": "arn:aws:ecs:us-east-2:606387284755:cluster/portuguese-verbs-cluster",
            "capacity_providers": [],
            "configuration": [],
            "default_capacity_provider_strategy": [],
            "id": "arn:aws:ecs:us-east-2:606387284755:cluster/portuguese-verbs-cluster",
            "name": "portuguese-verbs-cluster",
            "setting": [
              {
                "name": "containerInsights",
                "value": "disabled"
              }
            ],
            "tags": null,
            "tags_all": {}
          },
          "sensitive_attributes": [],
          "private": "bnVsbA=="
        }
      ]
    },
    {
      "module": "module.ecs",
      "mode": "managed",
      "type": "aws_ecs_service",
      "name": "private_service",
      "provider": "provider[\"registry.terraform.io/hashicorp/aws\"]",
      "instances": [
        {
          "index_key": "api",
          "schema_version": 0,
          "attributes": {
            "capacity_provider_strategy": [],
            "cluster": "arn:aws:ecs:us-east-2:606387284755:cluster/portuguese-verbs-cluster",
            "deployment_circuit_breaker": [
              {
                "enable": false,
                "rollback": false
              }
            ],
            "deployment_controller": [
              {
                "type": "ECS"
              }
            ],
            "deployment_maximum_percent": 200,
            "deployment_minimum_healthy_percent": 100,
            "desired_count": 1,
            "enable_ecs_managed_tags": false,
            "enable_execute_command": true,
            "force_new_deployment": null,
            "health_check_grace_period_seconds": 0,
            "iam_role": "aws-service-role",
            "id": "arn:aws:ecs:us-east-2:606387284755:service/portuguese-verbs-cluster/api-service",
            "launch_type": "FARGATE",
            "load_balancer": [
              {
                "container_name": "api",
                "container_port": 4000,
                "elb_name": "",
                "target_group_arn": "arn:aws:elasticloadbalancing:us-east-2:606387284755:targetgroup/api-tg/499399e9f7c076b2"
              }
            ],
            "name": "api-service",
            "network_configuration": [
              {
                "assign_public_ip": false,
                "security_groups": [
                  "sg-0dd6a8506d428a7a3"
                ],
                "subnets": [
                  "subnet-009bb8c4ba5d0b247",
                  "subnet-051697a8976aa5234"
                ]
              }
            ],
            "ordered_placement_strategy": [],
            "placement_constraints": [],
            "platform_version": "LATEST",
            "propagate_tags": "NONE",
            "scheduling_strategy": "REPLICA",
            "service_registries": [
              {
                "container_name": "",
                "container_port": 0,
                "port": 0,
                "registry_arn": "arn:aws:servicediscovery:us-east-2:606387284755:service/srv-jd56jrgio5bhj7dz"
              }
            ],
            "tags": null,
            "tags_all": {},
            "task_definition": "arn:aws:ecs:us-east-2:606387284755:task-definition/portuguese-verbs-api:48",
            "timeouts": null,
            "wait_for_steady_state": false
          },
          "sensitive_attributes": [],
          "private": "eyJlMmJmYjczMC1lY2FhLTExZTYtOGY4OC0zNDM2M2JjN2M0YzAiOnsiZGVsZXRlIjoxMjAwMDAwMDAwMDAwfX0=",
          "dependencies": [
            "module.ecs.aws_ecs_cluster.ecs_cluster",
            "module.ecs.aws_ecs_task_definition.ecs_task_definition",
            "module.ecs.aws_security_group.service_security_group",
            "module.ecs.aws_security_group.webapp_security_group",
            "module.ecs.aws_service_discovery_http_namespace.portuguese",
            "module.ecs.aws_service_discovery_private_dns_namespace.private_portuguese",
            "module.ecs.aws_service_discovery_public_dns_namespace.public_portuguese",
            "module.ecs.aws_service_discovery_service.private_service",
            "module.ecs.aws_service_discovery_service.public_service",
            "module.iam.aws_iam_role.ecs_task_execution_role",
            "module.iam.data.aws_iam_policy_document.assume_role_policy",
            "module.internal_alb.aws_alb_target_group.alb_target_group",
            "module.internal_alb_security_group.aws_security_group.security_group",
            "module.public_alb.aws_alb_target_group.alb_target_group",
            "module.public_alb_security_group.aws_security_group.security_group",
            "module.vpc.aws_subnet.private_subnet",
            "module.vpc.aws_subnet.public_subnet",
            "module.vpc.aws_vpc.vpc"
          ]
        },
        {
          "index_key": "client",
          "schema_version": 0,
          "attributes": {
            "capacity_provider_strategy": [],
            "cluster": "arn:aws:ecs:us-east-2:606387284755:cluster/portuguese-verbs-cluster",
            "deployment_circuit_breaker": [
              {
                "enable": false,
                "rollback": false
              }
            ],
            "deployment_controller": [
              {
                "type": "ECS"
              }
            ],
            "deployment_maximum_percent": 200,
            "deployment_minimum_healthy_percent": 100,
            "desired_count": 1,
            "enable_ecs_managed_tags": false,
            "enable_execute_command": true,
            "force_new_deployment": null,
            "health_check_grace_period_seconds": 0,
            "iam_role": "aws-service-role",
            "id": "arn:aws:ecs:us-east-2:606387284755:service/portuguese-verbs-cluster/client-service",
            "launch_type": "FARGATE",
            "load_balancer": [
              {
                "container_name": "client",
                "container_port": 3000,
                "elb_name": "",
                "target_group_arn": "arn:aws:elasticloadbalancing:us-east-2:606387284755:targetgroup/client-tg/034eda9cf4d6c8bb"
              }
            ],
            "name": "client-service",
            "network_configuration": [
              {
                "assign_public_ip": false,
                "security_groups": [
                  "sg-0dd6a8506d428a7a3"
                ],
                "subnets": [
                  "subnet-009bb8c4ba5d0b247",
                  "subnet-051697a8976aa5234"
                ]
              }
            ],
            "ordered_placement_strategy": [],
            "placement_constraints": [],
            "platform_version": "LATEST",
            "propagate_tags": "NONE",
            "scheduling_strategy": "REPLICA",
            "service_registries": [
              {
                "container_name": "",
                "container_port": 0,
                "port": 0,
                "registry_arn": "arn:aws:servicediscovery:us-east-2:606387284755:service/srv-5gsg76gynnjn6dpi"
              }
            ],
            "tags": null,
            "tags_all": {},
            "task_definition": "arn:aws:ecs:us-east-2:606387284755:task-definition/portuguese-verbs-client:48",
            "timeouts": null,
            "wait_for_steady_state": false
          },
          "sensitive_attributes": [],
          "private": "eyJlMmJmYjczMC1lY2FhLTExZTYtOGY4OC0zNDM2M2JjN2M0YzAiOnsiZGVsZXRlIjoxMjAwMDAwMDAwMDAwfX0=",
          "dependencies": [
            "module.ecs.aws_ecs_cluster.ecs_cluster",
            "module.ecs.aws_ecs_task_definition.ecs_task_definition",
            "module.ecs.aws_security_group.service_security_group",
            "module.ecs.aws_security_group.webapp_security_group",
            "module.ecs.aws_service_discovery_http_namespace.portuguese",
            "module.ecs.aws_service_discovery_private_dns_namespace.private_portuguese",
            "module.ecs.aws_service_discovery_public_dns_namespace.public_portuguese",
            "module.ecs.aws_service_discovery_service.private_service",
            "module.ecs.aws_service_discovery_service.public_service",
            "module.iam.aws_iam_role.ecs_task_execution_role",
            "module.iam.data.aws_iam_policy_document.assume_role_policy",
            "module.internal_alb.aws_alb_target_group.alb_target_group",
            "module.internal_alb_security_group.aws_security_group.security_group",
            "module.public_alb.aws_alb_target_group.alb_target_group",
            "module.public_alb_security_group.aws_security_group.security_group",
            "module.vpc.aws_subnet.private_subnet",
            "module.vpc.aws_subnet.public_subnet",
            "module.vpc.aws_vpc.vpc"
          ]
        },
        {
          "index_key": "nginx",
          "schema_version": 0,
          "attributes": {
            "capacity_provider_strategy": [],
            "cluster": "arn:aws:ecs:us-east-2:606387284755:cluster/portuguese-verbs-cluster",
            "deployment_circuit_breaker": [
              {
                "enable": false,
                "rollback": false
              }
            ],
            "deployment_controller": [
              {
                "type": "ECS"
              }
            ],
            "deployment_maximum_percent": 200,
            "deployment_minimum_healthy_percent": 100,
            "desired_count": 1,
            "enable_ecs_managed_tags": false,
            "enable_execute_command": true,
            "force_new_deployment": null,
            "health_check_grace_period_seconds": 0,
            "iam_role": "aws-service-role",
            "id": "arn:aws:ecs:us-east-2:606387284755:service/portuguese-verbs-cluster/nginx-service",
            "launch_type": "FARGATE",
            "load_balancer": [
              {
                "container_name": "nginx",
                "container_port": 80,
                "elb_name": "",
                "target_group_arn": "arn:aws:elasticloadbalancing:us-east-2:606387284755:targetgroup/nginx-tg/9965625f338341fa"
              }
            ],
            "name": "nginx-service",
            "network_configuration": [
              {
                "assign_public_ip": true,
                "security_groups": [
                  "sg-0edbcf855e5f6f843"
                ],
                "subnets": [
                  "subnet-02ef86279dd71f016",
                  "subnet-03ff59b8a5a16962a"
                ]
              }
            ],
            "ordered_placement_strategy": [],
            "placement_constraints": [],
            "platform_version": "LATEST",
            "propagate_tags": "NONE",
            "scheduling_strategy": "REPLICA",
            "service_registries": [
              {
                "container_name": "",
                "container_port": 0,
                "port": 0,
                "registry_arn": "arn:aws:servicediscovery:us-east-2:606387284755:service/srv-lwkn4lwzqkuinrfm"
              }
            ],
            "tags": null,
            "tags_all": {},
            "task_definition": "arn:aws:ecs:us-east-2:606387284755:task-definition/portuguese-verbs-nginx:38",
            "timeouts": null,
            "wait_for_steady_state": false
          },
          "sensitive_attributes": [],
          "private": "eyJlMmJmYjczMC1lY2FhLTExZTYtOGY4OC0zNDM2M2JjN2M0YzAiOnsiZGVsZXRlIjoxMjAwMDAwMDAwMDAwfX0=",
          "dependencies": [
            "module.ecs.aws_ecs_cluster.ecs_cluster",
            "module.ecs.aws_ecs_task_definition.ecs_task_definition",
            "module.ecs.aws_security_group.service_security_group",
            "module.ecs.aws_security_group.webapp_security_group",
            "module.ecs.aws_service_discovery_http_namespace.portuguese",
            "module.ecs.aws_service_discovery_private_dns_namespace.private_portuguese",
            "module.ecs.aws_service_discovery_public_dns_namespace.public_portuguese",
            "module.ecs.aws_service_discovery_service.private_service",
            "module.ecs.aws_service_discovery_service.public_service",
            "module.iam.aws_iam_role.ecs_task_execution_role",
            "module.iam.data.aws_iam_policy_document.assume_role_policy",
            "module.internal_alb.aws_alb_target_group.alb_target_group",
            "module.internal_alb_security_group.aws_security_group.security_group",
            "module.public_alb.aws_alb_target_group.alb_target_group",
            "module.public_alb_security_group.aws_security_group.security_group",
            "module.vpc.aws_subnet.private_subnet",
            "module.vpc.aws_subnet.public_subnet",
            "module.vpc.aws_vpc.vpc"
          ]
        },
        {
          "index_key": "verbecc",
          "schema_version": 0,
          "attributes": {
            "capacity_provider_strategy": [],
            "cluster": "arn:aws:ecs:us-east-2:606387284755:cluster/portuguese-verbs-cluster",
            "deployment_circuit_breaker": [
              {
                "enable": false,
                "rollback": false
              }
            ],
            "deployment_controller": [
              {
                "type": "ECS"
              }
            ],
            "deployment_maximum_percent": 200,
            "deployment_minimum_healthy_percent": 100,
            "desired_count": 1,
            "enable_ecs_managed_tags": false,
            "enable_execute_command": true,
            "force_new_deployment": null,
            "health_check_grace_period_seconds": 0,
            "iam_role": "aws-service-role",
            "id": "arn:aws:ecs:us-east-2:606387284755:service/portuguese-verbs-cluster/verbecc-service",
            "launch_type": "FARGATE",
            "load_balancer": [
              {
                "container_name": "verbecc",
                "container_port": 8000,
                "elb_name": "",
                "target_group_arn": "arn:aws:elasticloadbalancing:us-east-2:606387284755:targetgroup/verbecc-tg/ae85f4e04c3d4e22"
              }
            ],
            "name": "verbecc-service",
            "network_configuration": [
              {
                "assign_public_ip": false,
                "security_groups": [
                  "sg-0dd6a8506d428a7a3"
                ],
                "subnets": [
                  "subnet-009bb8c4ba5d0b247",
                  "subnet-051697a8976aa5234"
                ]
              }
            ],
            "ordered_placement_strategy": [],
            "placement_constraints": [],
            "platform_version": "LATEST",
            "propagate_tags": "NONE",
            "scheduling_strategy": "REPLICA",
            "service_registries": [
              {
                "container_name": "",
                "container_port": 0,
                "port": 0,
                "registry_arn": "arn:aws:servicediscovery:us-east-2:606387284755:service/srv-z7qeftdgdbjfy5tc"
              }
            ],
            "tags": null,
            "tags_all": {},
            "task_definition": "arn:aws:ecs:us-east-2:606387284755:task-definition/portuguese-verbs-verbecc:48",
            "timeouts": null,
            "wait_for_steady_state": false
          },
          "sensitive_attributes": [],
          "private": "eyJlMmJmYjczMC1lY2FhLTExZTYtOGY4OC0zNDM2M2JjN2M0YzAiOnsiZGVsZXRlIjoxMjAwMDAwMDAwMDAwfX0=",
          "dependencies": [
            "module.ecs.aws_ecs_cluster.ecs_cluster",
            "module.ecs.aws_ecs_task_definition.ecs_task_definition",
            "module.ecs.aws_security_group.service_security_group",
            "module.ecs.aws_security_group.webapp_security_group",
            "module.ecs.aws_service_discovery_http_namespace.portuguese",
            "module.ecs.aws_service_discovery_private_dns_namespace.private_portuguese",
            "module.ecs.aws_service_discovery_public_dns_namespace.public_portuguese",
            "module.ecs.aws_service_discovery_service.private_service",
            "module.ecs.aws_service_discovery_service.public_service",
            "module.iam.aws_iam_role.ecs_task_execution_role",
            "module.iam.data.aws_iam_policy_document.assume_role_policy",
            "module.internal_alb.aws_alb_target_group.alb_target_group",
            "module.internal_alb_security_group.aws_security_group.security_group",
            "module.public_alb.aws_alb_target_group.alb_target_group",
            "module.public_alb_security_group.aws_security_group.security_group",
            "module.vpc.aws_subnet.private_subnet",
            "module.vpc.aws_subnet.public_subnet",
            "module.vpc.aws_vpc.vpc"
          ]
        }
      ]
    },
    {
      "module": "module.ecs",
      "mode": "managed",
      "type": "aws_ecs_task_definition",
      "name": "ecs_task_definition",
      "provider": "provider[\"registry.terraform.io/hashicorp/aws\"]",
      "instances": [
        {
          "index_key": "api",
          "schema_version": 1,
          "attributes": {
            "arn": "arn:aws:ecs:us-east-2:606387284755:task-definition/portuguese-verbs-api:48",
            "container_definitions": "[{\"cpu\":512,\"environment\":[{\"name\":\"CLIENT_PORT\",\"value\":\"3000\"},{\"name\":\"Cookies\",\"value\":\"fudge\"},{\"name\":\"NEXT_PUBLIC_TRPC_API\",\"value\":\"http://api:4000\"},{\"name\":\"NODE_ENV\",\"value\":\"development\"},{\"name\":\"TRPC_PORT\",\"value\":\"4000\"},{\"name\":\"VERBECC_API\",\"value\":\"http://verbecc:8000\"},{\"name\":\"VERBECC_PORT\",\"value\":\"8000\"}],\"essential\":true,\"image\":\"606387284755.dkr.ecr.us-east-2.amazonaws.com/portuguese-verbs:api\",\"logConfiguration\":{\"logDriver\":\"awslogs\",\"options\":{\"awslogs-group\":\"api-logs\",\"awslogs-region\":\"us-east-2\",\"awslogs-stream-prefix\":\"portuguese-verbs\"}},\"memory\":1024,\"mountPoints\":[],\"name\":\"api\",\"portMappings\":[{\"containerPort\":4000,\"hostPort\":4000,\"protocol\":\"tcp\"}],\"volumesFrom\":[]}]",
            "cpu": "512",
            "ephemeral_storage": [],
            "execution_role_arn": "arn:aws:iam::606387284755:role/portuguese-verbs-ecs-task-execution-role",
            "family": "portuguese-verbs-api",
            "id": "portuguese-verbs-api",
            "inference_accelerator": [],
            "ipc_mode": "",
            "memory": "1024",
            "network_mode": "awsvpc",
            "pid_mode": "",
            "placement_constraints": [],
            "proxy_configuration": [],
            "requires_compatibilities": [
              "FARGATE"
            ],
            "revision": 48,
            "runtime_platform": [],
            "skip_destroy": false,
            "tags": null,
            "tags_all": {},
            "task_role_arn": "arn:aws:iam::606387284755:role/portuguese-verbs-ecs-task-execution-role",
            "volume": []
          },
          "sensitive_attributes": [],
          "private": "eyJzY2hlbWFfdmVyc2lvbiI6IjEifQ==",
          "dependencies": [
            "module.ecs.aws_service_discovery_http_namespace.portuguese",
            "module.iam.aws_iam_role.ecs_task_execution_role",
            "module.iam.data.aws_iam_policy_document.assume_role_policy"
          ]
        },
        {
          "index_key": "client",
          "schema_version": 1,
          "attributes": {
            "arn": "arn:aws:ecs:us-east-2:606387284755:task-definition/portuguese-verbs-client:48",
            "container_definitions": "[{\"cpu\":512,\"environment\":[{\"name\":\"CLIENT_PORT\",\"value\":\"3000\"},{\"name\":\"Cookies\",\"value\":\"fudge\"},{\"name\":\"NEXT_PUBLIC_TRPC_API\",\"value\":\"http://api:4000\"},{\"name\":\"NODE_ENV\",\"value\":\"development\"},{\"name\":\"TRPC_PORT\",\"value\":\"4000\"},{\"name\":\"VERBECC_API\",\"value\":\"http://verbecc:8000\"},{\"name\":\"VERBECC_PORT\",\"value\":\"8000\"}],\"essential\":true,\"image\":\"606387284755.dkr.ecr.us-east-2.amazonaws.com/portuguese-verbs:client\",\"logConfiguration\":{\"logDriver\":\"awslogs\",\"options\":{\"awslogs-group\":\"client-logs\",\"awslogs-region\":\"us-east-2\",\"awslogs-stream-prefix\":\"portuguese-verbs\"}},\"memory\":1024,\"mountPoints\":[],\"name\":\"client\",\"portMappings\":[{\"containerPort\":3000,\"hostPort\":3000,\"protocol\":\"tcp\"}],\"volumesFrom\":[]}]",
            "cpu": "512",
            "ephemeral_storage": [],
            "execution_role_arn": "arn:aws:iam::606387284755:role/portuguese-verbs-ecs-task-execution-role",
            "family": "portuguese-verbs-client",
            "id": "portuguese-verbs-client",
            "inference_accelerator": [],
            "ipc_mode": "",
            "memory": "1024",
            "network_mode": "awsvpc",
            "pid_mode": "",
            "placement_constraints": [],
            "proxy_configuration": [],
            "requires_compatibilities": [
              "FARGATE"
            ],
            "revision": 48,
            "runtime_platform": [],
            "skip_destroy": false,
            "tags": null,
            "tags_all": {},
            "task_role_arn": "arn:aws:iam::606387284755:role/portuguese-verbs-ecs-task-execution-role",
            "volume": []
          },
          "sensitive_attributes": [],
          "private": "eyJzY2hlbWFfdmVyc2lvbiI6IjEifQ==",
          "dependencies": [
            "module.ecs.aws_service_discovery_http_namespace.portuguese",
            "module.iam.aws_iam_role.ecs_task_execution_role",
            "module.iam.data.aws_iam_policy_document.assume_role_policy"
          ]
        },
        {
          "index_key": "nginx",
          "schema_version": 1,
          "attributes": {
            "arn": "arn:aws:ecs:us-east-2:606387284755:task-definition/portuguese-verbs-nginx:38",
            "container_definitions": "[{\"cpu\":512,\"environment\":[{\"name\":\"CLIENT_PORT\",\"value\":\"3000\"},{\"name\":\"Cookies\",\"value\":\"fudge\"},{\"name\":\"NEXT_PUBLIC_TRPC_API\",\"value\":\"http://api:4000\"},{\"name\":\"NODE_ENV\",\"value\":\"development\"},{\"name\":\"TRPC_PORT\",\"value\":\"4000\"},{\"name\":\"VERBECC_API\",\"value\":\"http://verbecc:8000\"},{\"name\":\"VERBECC_PORT\",\"value\":\"8000\"}],\"essential\":true,\"image\":\"606387284755.dkr.ecr.us-east-2.amazonaws.com/portuguese-verbs:nginx\",\"logConfiguration\":{\"logDriver\":\"awslogs\",\"options\":{\"awslogs-group\":\"nginx-logs\",\"awslogs-region\":\"us-east-2\",\"awslogs-stream-prefix\":\"portuguese-verbs\"}},\"memory\":1024,\"mountPoints\":[],\"name\":\"nginx\",\"portMappings\":[{\"containerPort\":80,\"hostPort\":80,\"protocol\":\"tcp\"}],\"volumesFrom\":[]}]",
            "cpu": "512",
            "ephemeral_storage": [],
            "execution_role_arn": "arn:aws:iam::606387284755:role/portuguese-verbs-ecs-task-execution-role",
            "family": "portuguese-verbs-nginx",
            "id": "portuguese-verbs-nginx",
            "inference_accelerator": [],
            "ipc_mode": "",
            "memory": "1024",
            "network_mode": "awsvpc",
            "pid_mode": "",
            "placement_constraints": [],
            "proxy_configuration": [],
            "requires_compatibilities": [
              "FARGATE"
            ],
            "revision": 38,
            "runtime_platform": [],
            "skip_destroy": false,
            "tags": null,
            "tags_all": {},
            "task_role_arn": "arn:aws:iam::606387284755:role/portuguese-verbs-ecs-task-execution-role",
            "volume": []
          },
          "sensitive_attributes": [],
          "private": "eyJzY2hlbWFfdmVyc2lvbiI6IjEifQ==",
          "dependencies": [
            "module.ecs.aws_service_discovery_http_namespace.portuguese",
            "module.iam.aws_iam_role.ecs_task_execution_role",
            "module.iam.data.aws_iam_policy_document.assume_role_policy"
          ]
        },
        {
          "index_key": "verbecc",
          "schema_version": 1,
          "attributes": {
            "arn": "arn:aws:ecs:us-east-2:606387284755:task-definition/portuguese-verbs-verbecc:48",
            "container_definitions": "[{\"cpu\":512,\"environment\":[{\"name\":\"CLIENT_PORT\",\"value\":\"3000\"},{\"name\":\"Cookies\",\"value\":\"fudge\"},{\"name\":\"NEXT_PUBLIC_TRPC_API\",\"value\":\"http://api:4000\"},{\"name\":\"NODE_ENV\",\"value\":\"development\"},{\"name\":\"TRPC_PORT\",\"value\":\"4000\"},{\"name\":\"VERBECC_API\",\"value\":\"http://verbecc:8000\"},{\"name\":\"VERBECC_PORT\",\"value\":\"8000\"}],\"essential\":true,\"image\":\"606387284755.dkr.ecr.us-east-2.amazonaws.com/portuguese-verbs:verbecc\",\"logConfiguration\":{\"logDriver\":\"awslogs\",\"options\":{\"awslogs-group\":\"verbecc-logs\",\"awslogs-region\":\"us-east-2\",\"awslogs-stream-prefix\":\"portuguese-verbs\"}},\"memory\":1024,\"mountPoints\":[],\"name\":\"verbecc\",\"portMappings\":[{\"containerPort\":8000,\"hostPort\":8000,\"protocol\":\"tcp\"}],\"volumesFrom\":[]}]",
            "cpu": "512",
            "ephemeral_storage": [],
            "execution_role_arn": "arn:aws:iam::606387284755:role/portuguese-verbs-ecs-task-execution-role",
            "family": "portuguese-verbs-verbecc",
            "id": "portuguese-verbs-verbecc",
            "inference_accelerator": [],
            "ipc_mode": "",
            "memory": "1024",
            "network_mode": "awsvpc",
            "pid_mode": "",
            "placement_constraints": [],
            "proxy_configuration": [],
            "requires_compatibilities": [
              "FARGATE"
            ],
            "revision": 48,
            "runtime_platform": [],
            "skip_destroy": false,
            "tags": null,
            "tags_all": {},
            "task_role_arn": "arn:aws:iam::606387284755:role/portuguese-verbs-ecs-task-execution-role",
            "volume": []
          },
          "sensitive_attributes": [],
          "private": "eyJzY2hlbWFfdmVyc2lvbiI6IjEifQ==",
          "dependencies": [
            "module.ecs.aws_service_discovery_http_namespace.portuguese",
            "module.iam.aws_iam_role.ecs_task_execution_role",
            "module.iam.data.aws_iam_policy_document.assume_role_policy"
          ]
        }
      ]
    },
    {
      "module": "module.ecs",
      "mode": "managed",
      "type": "aws_security_group",
      "name": "service_security_group",
      "provider": "provider[\"registry.terraform.io/hashicorp/aws\"]",
      "instances": [
        {
          "schema_version": 1,
          "attributes": {
            "arn": "arn:aws:ec2:us-east-2:606387284755:security-group/sg-0dd6a8506d428a7a3",
            "description": "Managed by Terraform",
            "egress": [
              {
                "cidr_blocks": [
                  "0.0.0.0/0"
                ],
                "description": "",
                "from_port": 0,
                "ipv6_cidr_blocks": [
                  "::/0"
                ],
                "prefix_list_ids": [],
                "protocol": "-1",
                "security_groups": [],
                "self": false,
                "to_port": 0
              }
            ],
            "id": "sg-0dd6a8506d428a7a3",
            "ingress": [
              {
                "cidr_blocks": [],
                "description": "",
                "from_port": 0,
                "ipv6_cidr_blocks": [],
                "prefix_list_ids": [],
                "protocol": "-1",
                "security_groups": [
                  "sg-0159c5bfa6286a240"
                ],
                "self": false,
                "to_port": 0
              }
            ],
            "name": "terraform-20230922202016071100000008",
            "name_prefix": "terraform-",
            "owner_id": "606387284755",
            "revoke_rules_on_delete": false,
            "tags": null,
            "tags_all": {},
            "timeouts": null,
            "vpc_id": "vpc-03df8f400c914e3e0"
          },
          "sensitive_attributes": [],
          "private": "eyJlMmJmYjczMC1lY2FhLTExZTYtOGY4OC0zNDM2M2JjN2M0YzAiOnsiY3JlYXRlIjo2MDAwMDAwMDAwMDAsImRlbGV0ZSI6OTAwMDAwMDAwMDAwfSwic2NoZW1hX3ZlcnNpb24iOiIxIn0=",
          "dependencies": [
            "module.internal_alb_security_group.aws_security_group.security_group",
            "module.vpc.aws_vpc.vpc"
          ]
        }
      ]
    },
    {
      "module": "module.ecs",
      "mode": "managed",
      "type": "aws_security_group",
      "name": "webapp_security_group",
      "provider": "provider[\"registry.terraform.io/hashicorp/aws\"]",
      "instances": [
        {
          "schema_version": 1,
          "attributes": {
            "arn": "arn:aws:ec2:us-east-2:606387284755:security-group/sg-0edbcf855e5f6f843",
            "description": "Managed by Terraform",
            "egress": [
              {
                "cidr_blocks": [
                  "0.0.0.0/0"
                ],
                "description": "",
                "from_port": 0,
                "ipv6_cidr_blocks": [],
                "prefix_list_ids": [],
                "protocol": "-1",
                "security_groups": [],
                "self": false,
                "to_port": 0
              }
            ],
            "id": "sg-0edbcf855e5f6f843",
            "ingress": [
              {
                "cidr_blocks": [],
                "description": "",
                "from_port": 0,
                "ipv6_cidr_blocks": [],
                "prefix_list_ids": [],
                "protocol": "-1",
                "security_groups": [
                  "sg-059fc95849600bb13"
                ],
                "self": false,
                "to_port": 0
              }
            ],
            "name": "terraform-20230922202015679600000007",
            "name_prefix": "terraform-",
            "owner_id": "606387284755",
            "revoke_rules_on_delete": false,
            "tags": null,
            "tags_all": {},
            "timeouts": null,
            "vpc_id": "vpc-03df8f400c914e3e0"
          },
          "sensitive_attributes": [],
          "private": "eyJlMmJmYjczMC1lY2FhLTExZTYtOGY4OC0zNDM2M2JjN2M0YzAiOnsiY3JlYXRlIjo2MDAwMDAwMDAwMDAsImRlbGV0ZSI6OTAwMDAwMDAwMDAwfSwic2NoZW1hX3ZlcnNpb24iOiIxIn0=",
          "dependencies": [
            "module.public_alb_security_group.aws_security_group.security_group",
            "module.vpc.aws_vpc.vpc"
          ]
        }
      ]
    },
    {
      "module": "module.ecs",
      "mode": "managed",
      "type": "aws_service_discovery_http_namespace",
      "name": "portuguese",
      "provider": "provider[\"registry.terraform.io/hashicorp/aws\"]",
      "instances": [
        {
          "schema_version": 0,
          "attributes": {
            "arn": "arn:aws:servicediscovery:us-east-2:606387284755:namespace/ns-vupcja4u3ix4jhqu",
            "description": "",
            "id": "ns-vupcja4u3ix4jhqu",
            "name": "portuguese-verbs",
            "tags": null,
            "tags_all": {}
          },
          "sensitive_attributes": [],
          "private": "bnVsbA=="
        }
      ]
    },
    {
      "module": "module.ecs",
      "mode": "managed",
      "type": "aws_service_discovery_private_dns_namespace",
      "name": "private_portuguese",
      "provider": "provider[\"registry.terraform.io/hashicorp/aws\"]",
      "instances": [
        {
          "schema_version": 0,
          "attributes": {
            "arn": "arn:aws:servicediscovery:us-east-2:606387284755:namespace/ns-hchm67kja3xmrh7w",
            "description": "portuguese",
            "hosted_zone": "Z052809710DLILPNW9J3N",
            "id": "ns-hchm67kja3xmrh7w",
            "name": "private-service.local",
            "tags": null,
            "tags_all": {},
            "vpc": "vpc-03df8f400c914e3e0"
          },
          "sensitive_attributes": [],
          "private": "bnVsbA==",
          "dependencies": [
            "module.vpc.aws_vpc.vpc"
          ]
        }
      ]
    },
    {
      "module": "module.ecs",
      "mode": "managed",
      "type": "aws_service_discovery_public_dns_namespace",
      "name": "public_portuguese",
      "provider": "provider[\"registry.terraform.io/hashicorp/aws\"]",
      "instances": [
        {
          "schema_version": 0,
          "attributes": {
            "arn": "arn:aws:servicediscovery:us-east-2:606387284755:namespace/ns-v6omyrkuacyab6ah",
            "description": "portuguese",
            "hosted_zone": "Z096752731KDCFAA237M6",
            "id": "ns-v6omyrkuacyab6ah",
            "name": "public-service.local",
            "tags": null,
            "tags_all": {}
          },
          "sensitive_attributes": [],
          "private": "bnVsbA=="
        }
      ]
    },
    {
      "module": "module.ecs",
      "mode": "managed",
      "type": "aws_service_discovery_service",
      "name": "private_service",
      "provider": "provider[\"registry.terraform.io/hashicorp/aws\"]",
      "instances": [
        {
          "index_key": "api",
          "schema_version": 0,
          "attributes": {
            "arn": "arn:aws:servicediscovery:us-east-2:606387284755:service/srv-jd56jrgio5bhj7dz",
            "description": "",
            "dns_config": [
              {
                "dns_records": [
                  {
                    "ttl": 10,
                    "type": "A"
                  }
                ],
                "namespace_id": "ns-hchm67kja3xmrh7w",
                "routing_policy": "MULTIVALUE"
              }
            ],
            "force_destroy": false,
            "health_check_config": [],
            "health_check_custom_config": [],
            "id": "srv-jd56jrgio5bhj7dz",
            "name": "api-service",
            "namespace_id": "ns-hchm67kja3xmrh7w",
            "tags": null,
            "tags_all": {}
          },
          "sensitive_attributes": [],
          "private": "bnVsbA==",
          "dependencies": [
            "module.ecs.aws_service_discovery_private_dns_namespace.private_portuguese",
            "module.vpc.aws_vpc.vpc"
          ]
        },
        {
          "index_key": "client",
          "schema_version": 0,
          "attributes": {
            "arn": "arn:aws:servicediscovery:us-east-2:606387284755:service/srv-5gsg76gynnjn6dpi",
            "description": "",
            "dns_config": [
              {
                "dns_records": [
                  {
                    "ttl": 10,
                    "type": "A"
                  }
                ],
                "namespace_id": "ns-hchm67kja3xmrh7w",
                "routing_policy": "MULTIVALUE"
              }
            ],
            "force_destroy": false,
            "health_check_config": [],
            "health_check_custom_config": [],
            "id": "srv-5gsg76gynnjn6dpi",
            "name": "client-service",
            "namespace_id": "ns-hchm67kja3xmrh7w",
            "tags": null,
            "tags_all": {}
          },
          "sensitive_attributes": [],
          "private": "bnVsbA==",
          "dependencies": [
            "module.ecs.aws_service_discovery_private_dns_namespace.private_portuguese",
            "module.vpc.aws_vpc.vpc"
          ]
        },
        {
          "index_key": "verbecc",
          "schema_version": 0,
          "attributes": {
            "arn": "arn:aws:servicediscovery:us-east-2:606387284755:service/srv-z7qeftdgdbjfy5tc",
            "description": "",
            "dns_config": [
              {
                "dns_records": [
                  {
                    "ttl": 10,
                    "type": "A"
                  }
                ],
                "namespace_id": "ns-hchm67kja3xmrh7w",
                "routing_policy": "MULTIVALUE"
              }
            ],
            "force_destroy": false,
            "health_check_config": [],
            "health_check_custom_config": [],
            "id": "srv-z7qeftdgdbjfy5tc",
            "name": "verbecc-service",
            "namespace_id": "ns-hchm67kja3xmrh7w",
            "tags": null,
            "tags_all": {}
          },
          "sensitive_attributes": [],
          "private": "bnVsbA==",
          "dependencies": [
            "module.ecs.aws_service_discovery_private_dns_namespace.private_portuguese",
            "module.vpc.aws_vpc.vpc"
          ]
        }
      ]
    },
    {
      "module": "module.ecs",
      "mode": "managed",
      "type": "aws_service_discovery_service",
      "name": "public_service",
      "provider": "provider[\"registry.terraform.io/hashicorp/aws\"]",
      "instances": [
        {
          "index_key": "nginx",
          "schema_version": 0,
          "attributes": {
            "arn": "arn:aws:servicediscovery:us-east-2:606387284755:service/srv-lwkn4lwzqkuinrfm",
            "description": "",
            "dns_config": [
              {
                "dns_records": [
                  {
                    "ttl": 10,
                    "type": "A"
                  }
                ],
                "namespace_id": "ns-v6omyrkuacyab6ah",
                "routing_policy": "MULTIVALUE"
              }
            ],
            "force_destroy": false,
            "health_check_config": [],
            "health_check_custom_config": [],
            "id": "srv-lwkn4lwzqkuinrfm",
            "name": "nginx-service",
            "namespace_id": "ns-v6omyrkuacyab6ah",
            "tags": null,
            "tags_all": {}
          },
          "sensitive_attributes": [],
          "private": "bnVsbA==",
          "dependencies": [
            "module.ecs.aws_service_discovery_public_dns_namespace.public_portuguese"
          ]
        }
      ]
    },
    {
      "module": "module.iam",
      "mode": "data",
      "type": "aws_iam_policy_document",
      "name": "assume_role_policy",
      "provider": "provider[\"registry.terraform.io/hashicorp/aws\"]",
      "instances": [
        {
          "schema_version": 0,
          "attributes": {
            "id": "320642683",
            "json": "{\n  \"Version\": \"2012-10-17\",\n  \"Statement\": [\n    {\n      \"Sid\": \"\",\n      \"Effect\": \"Allow\",\n      \"Action\": \"sts:AssumeRole\",\n      \"Principal\": {\n        \"Service\": \"ecs-tasks.amazonaws.com\"\n      }\n    }\n  ]\n}",
            "override_json": null,
            "override_policy_documents": null,
            "policy_id": null,
            "source_json": null,
            "source_policy_documents": null,
            "statement": [
              {
                "actions": [
                  "sts:AssumeRole"
                ],
                "condition": [],
                "effect": "Allow",
                "not_actions": [],
                "not_principals": [],
                "not_resources": [],
                "principals": [
                  {
                    "identifiers": [
                      "ecs-tasks.amazonaws.com"
                    ],
                    "type": "Service"
                  }
                ],
                "resources": [],
                "sid": ""
              }
            ],
            "version": "2012-10-17"
          },
          "sensitive_attributes": []
        }
      ]
    },
    {
      "module": "module.iam",
      "mode": "managed",
      "type": "aws_iam_role",
      "name": "ecs_task_execution_role",
      "provider": "provider[\"registry.terraform.io/hashicorp/aws\"]",
      "instances": [
        {
          "schema_version": 0,
          "attributes": {
            "arn": "arn:aws:iam::606387284755:role/portuguese-verbs-ecs-task-execution-role",
            "assume_role_policy": "{\"Version\":\"2012-10-17\",\"Statement\":[{\"Sid\":\"\",\"Effect\":\"Allow\",\"Principal\":{\"Service\":\"ecs-tasks.amazonaws.com\"},\"Action\":\"sts:AssumeRole\"}]}",
            "create_date": "2023-09-22T20:19:56Z",
            "description": "",
            "force_detach_policies": false,
            "id": "portuguese-verbs-ecs-task-execution-role",
            "inline_policy": [
              {
                "name": "",
                "policy": ""
              }
            ],
            "managed_policy_arns": [],
            "max_session_duration": 3600,
            "name": "portuguese-verbs-ecs-task-execution-role",
            "name_prefix": "",
            "path": "/",
            "permissions_boundary": null,
            "tags": null,
            "tags_all": {},
            "unique_id": "AROAY2L37VMJSUPZV3GNV"
          },
          "sensitive_attributes": [],
          "private": "bnVsbA==",
          "dependencies": [
            "module.iam.data.aws_iam_policy_document.assume_role_policy"
          ]
        }
      ]
    },
    {
      "module": "module.iam",
      "mode": "managed",
      "type": "aws_iam_role_policy_attachment",
      "name": "ecs_task_execution_role_policy",
      "provider": "provider[\"registry.terraform.io/hashicorp/aws\"]",
      "instances": [
        {
          "schema_version": 0,
          "attributes": {
            "id": "portuguese-verbs-ecs-task-execution-role-20230922201958114400000003",
            "policy_arn": "arn:aws:iam::aws:policy/service-role/AmazonECSTaskExecutionRolePolicy",
            "role": "portuguese-verbs-ecs-task-execution-role"
          },
          "sensitive_attributes": [],
          "private": "bnVsbA==",
          "dependencies": [
            "module.iam.aws_iam_role.ecs_task_execution_role",
            "module.iam.data.aws_iam_policy_document.assume_role_policy"
          ]
        }
      ]
    },
    {
      "module": "module.iam",
      "mode": "managed",
      "type": "aws_iam_role_policy_attachment",
      "name": "ecs_task_execution_role_ssm_policy",
      "provider": "provider[\"registry.terraform.io/hashicorp/aws\"]",
      "instances": [
        {
          "schema_version": 0,
          "attributes": {
            "id": "portuguese-verbs-ecs-task-execution-role-20230922201958209400000004",
            "policy_arn": "arn:aws:iam::aws:policy/AmazonSSMManagedInstanceCore",
            "role": "portuguese-verbs-ecs-task-execution-role"
          },
          "sensitive_attributes": [],
          "private": "bnVsbA==",
          "dependencies": [
            "module.iam.aws_iam_role.ecs_task_execution_role",
            "module.iam.data.aws_iam_policy_document.assume_role_policy"
          ]
        }
      ]
    },
    {
      "module": "module.internal_alb",
      "mode": "managed",
      "type": "aws_alb",
      "name": "alb",
      "provider": "provider[\"registry.terraform.io/hashicorp/aws\"]",
      "instances": [
        {
          "schema_version": 0,
          "attributes": {
            "access_logs": [
              {
                "bucket": "",
                "enabled": false,
                "prefix": ""
              }
            ],
            "arn": "arn:aws:elasticloadbalancing:us-east-2:606387284755:loadbalancer/app/portuguese-verbs-internal-alb/86d0262c308cd54b",
            "arn_suffix": "app/portuguese-verbs-internal-alb/86d0262c308cd54b",
            "customer_owned_ipv4_pool": "",
            "desync_mitigation_mode": "defensive",
            "dns_name": "internal-portuguese-verbs-internal-alb-184215383.us-east-2.elb.amazonaws.com",
            "drop_invalid_header_fields": false,
            "enable_cross_zone_load_balancing": true,
            "enable_deletion_protection": false,
            "enable_http2": true,
            "enable_waf_fail_open": false,
            "id": "arn:aws:elasticloadbalancing:us-east-2:606387284755:loadbalancer/app/portuguese-verbs-internal-alb/86d0262c308cd54b",
            "idle_timeout": 60,
            "internal": true,
            "ip_address_type": "ipv4",
            "load_balancer_type": "application",
            "name": "portuguese-verbs-internal-alb",
            "name_prefix": null,
            "security_groups": [
              "sg-0159c5bfa6286a240"
            ],
            "subnet_mapping": [
              {
                "allocation_id": "",
                "ipv6_address": "",
                "outpost_id": "",
                "private_ipv4_address": "",
                "subnet_id": "subnet-009bb8c4ba5d0b247"
              },
              {
                "allocation_id": "",
                "ipv6_address": "",
                "outpost_id": "",
                "private_ipv4_address": "",
                "subnet_id": "subnet-051697a8976aa5234"
              }
            ],
            "subnets": [
              "subnet-009bb8c4ba5d0b247",
              "subnet-051697a8976aa5234"
            ],
            "tags": null,
            "tags_all": {},
            "timeouts": null,
            "vpc_id": "vpc-03df8f400c914e3e0",
            "zone_id": "Z3AADJGX6KTTL2"
          },
          "sensitive_attributes": [],
          "private": "eyJlMmJmYjczMC1lY2FhLTExZTYtOGY4OC0zNDM2M2JjN2M0YzAiOnsiY3JlYXRlIjo2MDAwMDAwMDAwMDAsImRlbGV0ZSI6NjAwMDAwMDAwMDAwLCJ1cGRhdGUiOjYwMDAwMDAwMDAwMH19",
          "dependencies": [
            "module.internal_alb_security_group.aws_security_group.security_group",
            "module.vpc.aws_subnet.private_subnet",
            "module.vpc.aws_vpc.vpc"
          ]
        }
      ]
    },
    {
      "module": "module.internal_alb",
      "mode": "managed",
      "type": "aws_alb_listener",
      "name": "alb_listener",
      "provider": "provider[\"registry.terraform.io/hashicorp/aws\"]",
      "instances": [
        {
          "index_key": "HTTP",
          "schema_version": 0,
          "attributes": {
            "alpn_policy": null,
            "arn": "arn:aws:elasticloadbalancing:us-east-2:606387284755:listener/app/portuguese-verbs-internal-alb/86d0262c308cd54b/aa6afb4b5c2c081e",
            "certificate_arn": null,
            "default_action": [
              {
                "authenticate_cognito": [],
                "authenticate_oidc": [],
                "fixed_response": [
                  {
                    "content_type": "text/plain",
                    "message_body": "No routes defined",
                    "status_code": "200"
                  }
                ],
                "forward": [],
                "order": 1,
                "redirect": [],
                "target_group_arn": "",
                "type": "fixed-response"
              }
            ],
            "id": "arn:aws:elasticloadbalancing:us-east-2:606387284755:listener/app/portuguese-verbs-internal-alb/86d0262c308cd54b/aa6afb4b5c2c081e",
            "load_balancer_arn": "arn:aws:elasticloadbalancing:us-east-2:606387284755:loadbalancer/app/portuguese-verbs-internal-alb/86d0262c308cd54b",
            "port": 80,
            "protocol": "HTTP",
            "ssl_policy": "",
            "tags": null,
            "tags_all": {},
            "timeouts": null
          },
          "sensitive_attributes": [],
          "private": "eyJlMmJmYjczMC1lY2FhLTExZTYtOGY4OC0zNDM2M2JjN2M0YzAiOnsicmVhZCI6NjAwMDAwMDAwMDAwfX0=",
          "dependencies": [
            "module.internal_alb.aws_alb.alb",
            "module.internal_alb_security_group.aws_security_group.security_group",
            "module.vpc.aws_subnet.private_subnet",
            "module.vpc.aws_vpc.vpc"
          ]
        }
      ]
    },
    {
      "module": "module.internal_alb",
      "mode": "managed",
      "type": "aws_alb_listener_rule",
      "name": "alb_listener_rule",
      "provider": "provider[\"registry.terraform.io/hashicorp/aws\"]",
      "instances": [
        {
          "index_key": "api",
          "schema_version": 0,
          "attributes": {
            "action": [
              {
                "authenticate_cognito": [],
                "authenticate_oidc": [],
                "fixed_response": [],
                "forward": [],
                "order": 1,
                "redirect": [],
                "target_group_arn": "arn:aws:elasticloadbalancing:us-east-2:606387284755:targetgroup/api-tg/499399e9f7c076b2",
                "type": "forward"
              }
            ],
            "arn": "arn:aws:elasticloadbalancing:us-east-2:606387284755:listener-rule/app/portuguese-verbs-internal-alb/86d0262c308cd54b/aa6afb4b5c2c081e/0321e45d1e46b2b5",
            "condition": [
              {
                "host_header": [],
                "http_header": [],
                "http_request_method": [],
                "path_pattern": [
                  {
                    "values": [
                      "/api*"
                    ]
                  }
                ],
                "query_string": [],
                "source_ip": []
              }
            ],
            "id": "arn:aws:elasticloadbalancing:us-east-2:606387284755:listener-rule/app/portuguese-verbs-internal-alb/86d0262c308cd54b/aa6afb4b5c2c081e/0321e45d1e46b2b5",
            "listener_arn": "arn:aws:elasticloadbalancing:us-east-2:606387284755:listener/app/portuguese-verbs-internal-alb/86d0262c308cd54b/aa6afb4b5c2c081e",
            "priority": 3,
            "tags": null,
            "tags_all": {}
          },
          "sensitive_attributes": [],
          "private": "bnVsbA==",
          "dependencies": [
            "module.internal_alb.aws_alb.alb",
            "module.internal_alb.aws_alb_listener.alb_listener",
            "module.internal_alb.aws_alb_target_group.alb_target_group",
            "module.internal_alb_security_group.aws_security_group.security_group",
            "module.vpc.aws_subnet.private_subnet",
            "module.vpc.aws_vpc.vpc"
          ]
        },
        {
          "index_key": "client",
          "schema_version": 0,
          "attributes": {
            "action": [
              {
                "authenticate_cognito": [],
                "authenticate_oidc": [],
                "fixed_response": [],
                "forward": [],
                "order": 1,
                "redirect": [],
                "target_group_arn": "arn:aws:elasticloadbalancing:us-east-2:606387284755:targetgroup/client-tg/034eda9cf4d6c8bb",
                "type": "forward"
              }
            ],
            "arn": "arn:aws:elasticloadbalancing:us-east-2:606387284755:listener-rule/app/portuguese-verbs-internal-alb/86d0262c308cd54b/aa6afb4b5c2c081e/6d50a309b70c2b50",
            "condition": [
              {
                "host_header": [],
                "http_header": [],
                "http_request_method": [],
                "path_pattern": [
                  {
                    "values": [
                      "/*"
                    ]
                  }
                ],
                "query_string": [],
                "source_ip": []
              }
            ],
            "id": "arn:aws:elasticloadbalancing:us-east-2:606387284755:listener-rule/app/portuguese-verbs-internal-alb/86d0262c308cd54b/aa6afb4b5c2c081e/6d50a309b70c2b50",
            "listener_arn": "arn:aws:elasticloadbalancing:us-east-2:606387284755:listener/app/portuguese-verbs-internal-alb/86d0262c308cd54b/aa6afb4b5c2c081e",
            "priority": 2,
            "tags": null,
            "tags_all": {}
          },
          "sensitive_attributes": [],
          "private": "bnVsbA==",
          "dependencies": [
            "module.internal_alb.aws_alb.alb",
            "module.internal_alb.aws_alb_listener.alb_listener",
            "module.internal_alb.aws_alb_target_group.alb_target_group",
            "module.internal_alb_security_group.aws_security_group.security_group",
            "module.vpc.aws_subnet.private_subnet",
            "module.vpc.aws_vpc.vpc"
          ]
        },
        {
          "index_key": "verbecc",
          "schema_version": 0,
          "attributes": {
            "action": [
              {
                "authenticate_cognito": [],
                "authenticate_oidc": [],
                "fixed_response": [],
                "forward": [],
                "order": 1,
                "redirect": [],
                "target_group_arn": "arn:aws:elasticloadbalancing:us-east-2:606387284755:targetgroup/verbecc-tg/ae85f4e04c3d4e22",
                "type": "forward"
              }
            ],
            "arn": "arn:aws:elasticloadbalancing:us-east-2:606387284755:listener-rule/app/portuguese-verbs-internal-alb/86d0262c308cd54b/aa6afb4b5c2c081e/6d565c58913544e6",
            "condition": [
              {
                "host_header": [],
                "http_header": [],
                "http_request_method": [],
                "path_pattern": [
                  {
                    "values": [
                      "/verbecc*"
                    ]
                  }
                ],
                "query_string": [],
                "source_ip": []
              }
            ],
            "id": "arn:aws:elasticloadbalancing:us-east-2:606387284755:listener-rule/app/portuguese-verbs-internal-alb/86d0262c308cd54b/aa6afb4b5c2c081e/6d565c58913544e6",
            "listener_arn": "arn:aws:elasticloadbalancing:us-east-2:606387284755:listener/app/portuguese-verbs-internal-alb/86d0262c308cd54b/aa6afb4b5c2c081e",
            "priority": 1,
            "tags": null,
            "tags_all": {}
          },
          "sensitive_attributes": [],
          "private": "bnVsbA==",
          "dependencies": [
            "module.internal_alb.aws_alb.alb",
            "module.internal_alb.aws_alb_listener.alb_listener",
            "module.internal_alb.aws_alb_target_group.alb_target_group",
            "module.internal_alb_security_group.aws_security_group.security_group",
            "module.vpc.aws_subnet.private_subnet",
            "module.vpc.aws_vpc.vpc"
          ]
        }
      ]
    },
    {
      "module": "module.internal_alb",
      "mode": "managed",
      "type": "aws_alb_target_group",
      "name": "alb_target_group",
      "provider": "provider[\"registry.terraform.io/hashicorp/aws\"]",
      "instances": [
        {
          "index_key": "api",
          "schema_version": 0,
          "attributes": {
            "arn": "arn:aws:elasticloadbalancing:us-east-2:606387284755:targetgroup/api-tg/499399e9f7c076b2",
            "arn_suffix": "targetgroup/api-tg/499399e9f7c076b2",
            "connection_termination": false,
            "deregistration_delay": "300",
            "health_check": [
              {
                "enabled": true,
                "healthy_threshold": 3,
                "interval": 30,
                "matcher": "200",
                "path": "/health",
                "port": "traffic-port",
                "protocol": "HTTP",
                "timeout": 5,
                "unhealthy_threshold": 3
              }
            ],
            "id": "arn:aws:elasticloadbalancing:us-east-2:606387284755:targetgroup/api-tg/499399e9f7c076b2",
            "lambda_multi_value_headers_enabled": false,
            "load_balancing_algorithm_type": "round_robin",
            "name": "api-tg",
            "name_prefix": null,
            "port": 4000,
            "preserve_client_ip": null,
            "protocol": "HTTP",
            "protocol_version": "HTTP1",
            "proxy_protocol_v2": false,
            "slow_start": 0,
            "stickiness": [
              {
                "cookie_duration": 86400,
                "cookie_name": "",
                "enabled": false,
                "type": "lb_cookie"
              }
            ],
            "tags": null,
            "tags_all": {},
            "target_type": "ip",
            "vpc_id": "vpc-03df8f400c914e3e0"
          },
          "sensitive_attributes": [],
          "private": "bnVsbA==",
          "dependencies": [
            "module.vpc.aws_vpc.vpc"
          ]
        },
        {
          "index_key": "client",
          "schema_version": 0,
          "attributes": {
            "arn": "arn:aws:elasticloadbalancing:us-east-2:606387284755:targetgroup/client-tg/034eda9cf4d6c8bb",
            "arn_suffix": "targetgroup/client-tg/034eda9cf4d6c8bb",
            "connection_termination": false,
            "deregistration_delay": "300",
            "health_check": [
              {
                "enabled": true,
                "healthy_threshold": 3,
                "interval": 30,
                "matcher": "200",
                "path": "/#",
                "port": "traffic-port",
                "protocol": "HTTP",
                "timeout": 5,
                "unhealthy_threshold": 3
              }
            ],
            "id": "arn:aws:elasticloadbalancing:us-east-2:606387284755:targetgroup/client-tg/034eda9cf4d6c8bb",
            "lambda_multi_value_headers_enabled": false,
            "load_balancing_algorithm_type": "round_robin",
            "name": "client-tg",
            "name_prefix": null,
            "port": 3000,
            "preserve_client_ip": null,
            "protocol": "HTTP",
            "protocol_version": "HTTP1",
            "proxy_protocol_v2": false,
            "slow_start": 0,
            "stickiness": [
              {
                "cookie_duration": 86400,
                "cookie_name": "",
                "enabled": false,
                "type": "lb_cookie"
              }
            ],
            "tags": null,
            "tags_all": {},
            "target_type": "ip",
            "vpc_id": "vpc-03df8f400c914e3e0"
          },
          "sensitive_attributes": [],
          "private": "bnVsbA==",
          "dependencies": [
            "module.vpc.aws_vpc.vpc"
          ]
        },
        {
          "index_key": "verbecc",
          "schema_version": 0,
          "attributes": {
            "arn": "arn:aws:elasticloadbalancing:us-east-2:606387284755:targetgroup/verbecc-tg/ae85f4e04c3d4e22",
            "arn_suffix": "targetgroup/verbecc-tg/ae85f4e04c3d4e22",
            "connection_termination": false,
            "deregistration_delay": "300",
            "health_check": [
              {
                "enabled": true,
                "healthy_threshold": 3,
                "interval": 30,
                "matcher": "200",
                "path": "/",
                "port": "traffic-port",
                "protocol": "HTTP",
                "timeout": 5,
                "unhealthy_threshold": 3
              }
            ],
            "id": "arn:aws:elasticloadbalancing:us-east-2:606387284755:targetgroup/verbecc-tg/ae85f4e04c3d4e22",
            "lambda_multi_value_headers_enabled": false,
            "load_balancing_algorithm_type": "round_robin",
            "name": "verbecc-tg",
            "name_prefix": null,
            "port": 8000,
            "preserve_client_ip": null,
            "protocol": "HTTP",
            "protocol_version": "HTTP1",
            "proxy_protocol_v2": false,
            "slow_start": 0,
            "stickiness": [
              {
                "cookie_duration": 86400,
                "cookie_name": "",
                "enabled": false,
                "type": "lb_cookie"
              }
            ],
            "tags": null,
            "tags_all": {},
            "target_type": "ip",
            "vpc_id": "vpc-03df8f400c914e3e0"
          },
          "sensitive_attributes": [],
          "private": "bnVsbA==",
          "dependencies": [
            "module.vpc.aws_vpc.vpc"
          ]
        }
      ]
    },
    {
      "module": "module.internal_alb_security_group",
      "mode": "managed",
      "type": "aws_security_group",
      "name": "security_group",
      "provider": "provider[\"registry.terraform.io/hashicorp/aws\"]",
      "instances": [
        {
          "schema_version": 1,
          "attributes": {
            "arn": "arn:aws:ec2:us-east-2:606387284755:security-group/sg-0159c5bfa6286a240",
            "description": "portuguese-verbs-internal-alb-sg",
            "egress": [
              {
                "cidr_blocks": [
                  "10.10.0.0/16"
                ],
                "description": "",
                "from_port": 0,
                "ipv6_cidr_blocks": [],
                "prefix_list_ids": [],
                "protocol": "-1",
                "security_groups": [],
                "self": false,
                "to_port": 0
              }
            ],
            "id": "sg-0159c5bfa6286a240",
            "ingress": [
              {
                "cidr_blocks": [
                  "10.10.0.0/16"
                ],
                "description": "",
                "from_port": 8000,
                "ipv6_cidr_blocks": [],
                "prefix_list_ids": [],
                "protocol": "tcp",
                "security_groups": [],
                "self": false,
                "to_port": 8000
              }
            ],
            "name": "portuguese-verbs-internal-alb-sg",
            "name_prefix": "",
            "owner_id": "606387284755",
            "revoke_rules_on_delete": false,
            "tags": null,
            "tags_all": {},
            "timeouts": null,
            "vpc_id": "vpc-03df8f400c914e3e0"
          },
          "sensitive_attributes": [],
          "private": "eyJlMmJmYjczMC1lY2FhLTExZTYtOGY4OC0zNDM2M2JjN2M0YzAiOnsiY3JlYXRlIjo2MDAwMDAwMDAwMDAsImRlbGV0ZSI6OTAwMDAwMDAwMDAwfSwic2NoZW1hX3ZlcnNpb24iOiIxIn0=",
          "dependencies": [
            "module.vpc.aws_vpc.vpc"
          ]
        }
      ]
    },
    {
      "module": "module.public_alb",
      "mode": "managed",
      "type": "aws_alb",
      "name": "alb",
      "provider": "provider[\"registry.terraform.io/hashicorp/aws\"]",
      "instances": [
        {
          "schema_version": 0,
          "attributes": {
            "access_logs": [
              {
                "bucket": "",
                "enabled": false,
                "prefix": ""
              }
            ],
            "arn": "arn:aws:elasticloadbalancing:us-east-2:606387284755:loadbalancer/app/portuguese-verbs-public-alb/0800667a045f0649",
            "arn_suffix": "app/portuguese-verbs-public-alb/0800667a045f0649",
            "customer_owned_ipv4_pool": "",
            "desync_mitigation_mode": "defensive",
            "dns_name": "portuguese-verbs-public-alb-46338455.us-east-2.elb.amazonaws.com",
            "drop_invalid_header_fields": false,
            "enable_cross_zone_load_balancing": true,
            "enable_deletion_protection": false,
            "enable_http2": true,
            "enable_waf_fail_open": false,
            "id": "arn:aws:elasticloadbalancing:us-east-2:606387284755:loadbalancer/app/portuguese-verbs-public-alb/0800667a045f0649",
            "idle_timeout": 60,
            "internal": false,
            "ip_address_type": "ipv4",
            "load_balancer_type": "application",
            "name": "portuguese-verbs-public-alb",
            "name_prefix": null,
            "security_groups": [
              "sg-059fc95849600bb13"
            ],
            "subnet_mapping": [
              {
                "allocation_id": "",
                "ipv6_address": "",
                "outpost_id": "",
                "private_ipv4_address": "",
                "subnet_id": "subnet-02ef86279dd71f016"
              },
              {
                "allocation_id": "",
                "ipv6_address": "",
                "outpost_id": "",
                "private_ipv4_address": "",
                "subnet_id": "subnet-03ff59b8a5a16962a"
              }
            ],
            "subnets": [
              "subnet-02ef86279dd71f016",
              "subnet-03ff59b8a5a16962a"
            ],
            "tags": null,
            "tags_all": {},
            "timeouts": null,
            "vpc_id": "vpc-03df8f400c914e3e0",
            "zone_id": "Z3AADJGX6KTTL2"
          },
          "sensitive_attributes": [],
          "private": "eyJlMmJmYjczMC1lY2FhLTExZTYtOGY4OC0zNDM2M2JjN2M0YzAiOnsiY3JlYXRlIjo2MDAwMDAwMDAwMDAsImRlbGV0ZSI6NjAwMDAwMDAwMDAwLCJ1cGRhdGUiOjYwMDAwMDAwMDAwMH19",
          "dependencies": [
            "module.public_alb_security_group.aws_security_group.security_group",
            "module.vpc.aws_subnet.public_subnet",
            "module.vpc.aws_vpc.vpc"
          ]
        }
      ]
    },
    {
      "module": "module.public_alb",
      "mode": "managed",
      "type": "aws_alb_listener",
      "name": "alb_listener",
      "provider": "provider[\"registry.terraform.io/hashicorp/aws\"]",
      "instances": [
        {
          "index_key": "HTTP",
          "schema_version": 0,
          "attributes": {
            "alpn_policy": null,
            "arn": "arn:aws:elasticloadbalancing:us-east-2:606387284755:listener/app/portuguese-verbs-public-alb/0800667a045f0649/b08320b11d988d6e",
            "certificate_arn": null,
            "default_action": [
              {
                "authenticate_cognito": [],
                "authenticate_oidc": [],
                "fixed_response": [
                  {
                    "content_type": "text/plain",
                    "message_body": "No routes defined",
                    "status_code": "200"
                  }
                ],
                "forward": [],
                "order": 1,
                "redirect": [],
                "target_group_arn": "",
                "type": "fixed-response"
              }
            ],
            "id": "arn:aws:elasticloadbalancing:us-east-2:606387284755:listener/app/portuguese-verbs-public-alb/0800667a045f0649/b08320b11d988d6e",
            "load_balancer_arn": "arn:aws:elasticloadbalancing:us-east-2:606387284755:loadbalancer/app/portuguese-verbs-public-alb/0800667a045f0649",
            "port": 80,
            "protocol": "HTTP",
            "ssl_policy": "",
            "tags": null,
            "tags_all": {},
            "timeouts": null
          },
          "sensitive_attributes": [],
          "private": "eyJlMmJmYjczMC1lY2FhLTExZTYtOGY4OC0zNDM2M2JjN2M0YzAiOnsicmVhZCI6NjAwMDAwMDAwMDAwfX0=",
          "dependencies": [
            "module.public_alb.aws_alb.alb",
            "module.public_alb_security_group.aws_security_group.security_group",
            "module.vpc.aws_subnet.public_subnet",
            "module.vpc.aws_vpc.vpc"
          ]
        }
      ]
    },
    {
      "module": "module.public_alb",
      "mode": "managed",
      "type": "aws_alb_listener_rule",
      "name": "alb_listener_rule",
      "provider": "provider[\"registry.terraform.io/hashicorp/aws\"]",
      "instances": [
        {
          "index_key": "nginx",
          "schema_version": 0,
          "attributes": {
            "action": [
              {
                "authenticate_cognito": [],
                "authenticate_oidc": [],
                "fixed_response": [],
                "forward": [],
                "order": 1,
                "redirect": [],
                "target_group_arn": "arn:aws:elasticloadbalancing:us-east-2:606387284755:targetgroup/nginx-tg/9965625f338341fa",
                "type": "forward"
              }
            ],
            "arn": "arn:aws:elasticloadbalancing:us-east-2:606387284755:listener-rule/app/portuguese-verbs-public-alb/0800667a045f0649/b08320b11d988d6e/dcd53c5ac4a4ee07",
            "condition": [
              {
                "host_header": [],
                "http_header": [],
                "http_request_method": [],
                "path_pattern": [
                  {
                    "values": [
                      "/*"
                    ]
                  }
                ],
                "query_string": [],
                "source_ip": []
              }
            ],
            "id": "arn:aws:elasticloadbalancing:us-east-2:606387284755:listener-rule/app/portuguese-verbs-public-alb/0800667a045f0649/b08320b11d988d6e/dcd53c5ac4a4ee07",
            "listener_arn": "arn:aws:elasticloadbalancing:us-east-2:606387284755:listener/app/portuguese-verbs-public-alb/0800667a045f0649/b08320b11d988d6e",
            "priority": 1,
            "tags": null,
            "tags_all": {}
          },
          "sensitive_attributes": [],
          "private": "bnVsbA==",
          "dependencies": [
            "module.public_alb.aws_alb.alb",
            "module.public_alb.aws_alb_listener.alb_listener",
            "module.public_alb.aws_alb_target_group.alb_target_group",
            "module.public_alb_security_group.aws_security_group.security_group",
            "module.vpc.aws_subnet.public_subnet",
            "module.vpc.aws_vpc.vpc"
          ]
        }
      ]
    },
    {
      "module": "module.public_alb",
      "mode": "managed",
      "type": "aws_alb_target_group",
      "name": "alb_target_group",
      "provider": "provider[\"registry.terraform.io/hashicorp/aws\"]",
      "instances": [
        {
          "index_key": "nginx",
          "schema_version": 0,
          "attributes": {
            "arn": "arn:aws:elasticloadbalancing:us-east-2:606387284755:targetgroup/nginx-tg/9965625f338341fa",
            "arn_suffix": "targetgroup/nginx-tg/9965625f338341fa",
            "connection_termination": false,
            "deregistration_delay": "300",
            "health_check": [
              {
                "enabled": true,
                "healthy_threshold": 3,
                "interval": 30,
                "matcher": "200",
                "path": "/",
                "port": "traffic-port",
                "protocol": "HTTP",
                "timeout": 5,
                "unhealthy_threshold": 3
              }
            ],
            "id": "arn:aws:elasticloadbalancing:us-east-2:606387284755:targetgroup/nginx-tg/9965625f338341fa",
            "lambda_multi_value_headers_enabled": false,
            "load_balancing_algorithm_type": "round_robin",
            "name": "nginx-tg",
            "name_prefix": null,
            "port": 80,
            "preserve_client_ip": null,
            "protocol": "HTTP",
            "protocol_version": "HTTP1",
            "proxy_protocol_v2": false,
            "slow_start": 0,
            "stickiness": [
              {
                "cookie_duration": 86400,
                "cookie_name": "",
                "enabled": false,
                "type": "lb_cookie"
              }
            ],
            "tags": null,
            "tags_all": {},
            "target_type": "ip",
            "vpc_id": "vpc-03df8f400c914e3e0"
          },
          "sensitive_attributes": [],
          "private": "bnVsbA==",
          "dependencies": [
            "module.vpc.aws_vpc.vpc"
          ]
        }
      ]
    },
    {
      "module": "module.public_alb_security_group",
      "mode": "managed",
      "type": "aws_security_group",
      "name": "security_group",
      "provider": "provider[\"registry.terraform.io/hashicorp/aws\"]",
      "instances": [
        {
          "schema_version": 1,
          "attributes": {
            "arn": "arn:aws:ec2:us-east-2:606387284755:security-group/sg-059fc95849600bb13",
            "description": "portuguese-verbs-public-alb-sg",
            "egress": [
              {
                "cidr_blocks": [
                  "0.0.0.0/0"
                ],
                "description": "",
                "from_port": 0,
                "ipv6_cidr_blocks": [],
                "prefix_list_ids": [],
                "protocol": "-1",
                "security_groups": [],
                "self": false,
                "to_port": 0
              }
            ],
            "id": "sg-059fc95849600bb13",
            "ingress": [
              {
                "cidr_blocks": [
                  "0.0.0.0/0"
                ],
                "description": "",
                "from_port": 80,
                "ipv6_cidr_blocks": [],
                "prefix_list_ids": [],
                "protocol": "tcp",
                "security_groups": [],
                "self": false,
                "to_port": 80
              }
            ],
            "name": "portuguese-verbs-public-alb-sg",
            "name_prefix": "",
            "owner_id": "606387284755",
            "revoke_rules_on_delete": false,
            "tags": null,
            "tags_all": {},
            "timeouts": null,
            "vpc_id": "vpc-03df8f400c914e3e0"
          },
          "sensitive_attributes": [],
          "private": "eyJlMmJmYjczMC1lY2FhLTExZTYtOGY4OC0zNDM2M2JjN2M0YzAiOnsiY3JlYXRlIjo2MDAwMDAwMDAwMDAsImRlbGV0ZSI6OTAwMDAwMDAwMDAwfSwic2NoZW1hX3ZlcnNpb24iOiIxIn0=",
          "dependencies": [
            "module.vpc.aws_vpc.vpc"
          ]
        }
      ]
    },
    {
      "module": "module.route53_private_zone",
      "mode": "managed",
      "type": "aws_route53_record",
      "name": "internal_service_record",
      "provider": "provider[\"registry.terraform.io/hashicorp/aws\"]",
      "instances": [
        {
          "schema_version": 2,
          "attributes": {
            "alias": [
              {
                "evaluate_target_health": true,
                "name": "internal-portuguese-verbs-internal-alb-184215383.us-east-2.elb.amazonaws.com",
                "zone_id": "Z3AADJGX6KTTL2"
              }
            ],
            "allow_overwrite": null,
            "failover_routing_policy": [],
            "fqdn": "service.internal",
            "geolocation_routing_policy": [],
            "health_check_id": null,
            "id": "Z018313310TEZ6COTEKAE_service.internal_A",
            "latency_routing_policy": [],
            "multivalue_answer_routing_policy": null,
            "name": "service.internal",
            "records": null,
            "set_identifier": null,
            "ttl": null,
            "type": "A",
            "weighted_routing_policy": [],
            "zone_id": "Z018313310TEZ6COTEKAE"
          },
          "sensitive_attributes": [],
          "private": "eyJzY2hlbWFfdmVyc2lvbiI6IjIifQ==",
          "dependencies": [
            "module.internal_alb.aws_alb.alb",
            "module.internal_alb_security_group.aws_security_group.security_group",
            "module.route53_private_zone.aws_route53_zone.private_zone",
            "module.vpc.aws_subnet.private_subnet",
            "module.vpc.aws_vpc.vpc"
          ]
        }
      ]
    },
    {
      "module": "module.route53_private_zone",
      "mode": "managed",
      "type": "aws_route53_zone",
      "name": "private_zone",
      "provider": "provider[\"registry.terraform.io/hashicorp/aws\"]",
      "instances": [
        {
          "schema_version": 0,
          "attributes": {
            "arn": "arn:aws:route53:::hostedzone/Z018313310TEZ6COTEKAE",
            "comment": "Managed by Terraform",
            "delegation_set_id": "",
            "force_destroy": false,
            "id": "Z018313310TEZ6COTEKAE",
            "name": "service.internal",
            "name_servers": [
              "ns-0.awsdns-00.com.",
              "ns-1024.awsdns-00.org.",
              "ns-1536.awsdns-00.co.uk.",
              "ns-512.awsdns-00.net."
            ],
            "tags": null,
            "tags_all": {},
            "vpc": [
              {
                "vpc_id": "vpc-03df8f400c914e3e0",
                "vpc_region": "us-east-2"
              }
            ],
            "zone_id": "Z018313310TEZ6COTEKAE"
          },
          "sensitive_attributes": [],
          "private": "bnVsbA==",
          "dependencies": [
            "module.vpc.aws_vpc.vpc"
          ]
        }
      ]
    },
    {
      "module": "module.vpc",
      "mode": "managed",
      "type": "aws_eip",
      "name": "eip",
      "provider": "module.vpc.provider[\"registry.terraform.io/hashicorp/aws\"]",
      "instances": [
        {
          "schema_version": 0,
          "attributes": {
            "address": null,
            "allocation_id": "eipalloc-002fff5baf7f45380",
            "associate_with_private_ip": null,
            "association_id": "",
            "carrier_ip": "",
            "customer_owned_ip": "",
            "customer_owned_ipv4_pool": "",
            "domain": "vpc",
            "id": "eipalloc-002fff5baf7f45380",
            "instance": "",
            "network_border_group": "us-east-2",
            "network_interface": "",
            "private_dns": null,
            "private_ip": "",
            "public_dns": "ec2-18-116-250-27.us-east-2.compute.amazonaws.com",
            "public_ip": "18.116.250.27",
            "public_ipv4_pool": "amazon",
            "tags": null,
            "tags_all": {},
            "timeouts": null,
            "vpc": true
          },
          "sensitive_attributes": [],
          "private": "eyJlMmJmYjczMC1lY2FhLTExZTYtOGY4OC0zNDM2M2JjN2M0YzAiOnsiZGVsZXRlIjoxODAwMDAwMDAwMDAsInJlYWQiOjkwMDAwMDAwMDAwMCwidXBkYXRlIjozMDAwMDAwMDAwMDB9fQ=="
        }
      ]
    },
    {
      "module": "module.vpc",
      "mode": "managed",
      "type": "aws_internet_gateway",
      "name": "igw",
      "provider": "module.vpc.provider[\"registry.terraform.io/hashicorp/aws\"]",
      "instances": [
        {
          "schema_version": 0,
          "attributes": {
            "arn": "arn:aws:ec2:us-east-2:606387284755:internet-gateway/igw-0d5108fc2e19b59ae",
            "id": "igw-0d5108fc2e19b59ae",
            "owner_id": "606387284755",
            "tags": {
              "Env": "dev",
              "Name": "portuguese-verbs"
            },
            "tags_all": {
              "Env": "dev",
              "Name": "portuguese-verbs"
            },
            "vpc_id": "vpc-03df8f400c914e3e0"
          },
          "sensitive_attributes": [],
          "private": "bnVsbA==",
          "dependencies": [
            "module.vpc.aws_vpc.vpc"
          ]
        }
      ]
    },
    {
      "module": "module.vpc",
      "mode": "managed",
      "type": "aws_nat_gateway",
      "name": "nat_gateway",
      "provider": "module.vpc.provider[\"registry.terraform.io/hashicorp/aws\"]",
      "instances": [
        {
          "schema_version": 0,
          "attributes": {
            "allocation_id": "eipalloc-002fff5baf7f45380",
            "connectivity_type": "public",
            "id": "nat-0d490dbdfc3ebd8da",
            "network_interface_id": "eni-04632607fbbf06a55",
            "private_ip": "10.10.50.194",
            "public_ip": "18.116.250.27",
            "subnet_id": "subnet-03ff59b8a5a16962a",
            "tags": null,
            "tags_all": {}
          },
          "sensitive_attributes": [],
          "private": "bnVsbA==",
          "dependencies": [
            "module.vpc.aws_eip.eip",
            "module.vpc.aws_internet_gateway.igw",
            "module.vpc.aws_subnet.public_subnet",
            "module.vpc.aws_vpc.vpc"
          ]
        }
      ]
    },
    {
      "module": "module.vpc",
      "mode": "managed",
      "type": "aws_route",
      "name": "private_route",
      "provider": "module.vpc.provider[\"registry.terraform.io/hashicorp/aws\"]",
      "instances": [
        {
          "schema_version": 0,
          "attributes": {
            "carrier_gateway_id": "",
            "destination_cidr_block": "0.0.0.0/0",
            "destination_ipv6_cidr_block": "",
            "destination_prefix_list_id": "",
            "egress_only_gateway_id": "",
            "gateway_id": "",
            "id": "r-rtb-00a91ee938a0a8d001080289494",
            "instance_id": "",
            "instance_owner_id": "",
            "local_gateway_id": "",
            "nat_gateway_id": "nat-0d490dbdfc3ebd8da",
            "network_interface_id": "",
            "origin": "CreateRoute",
            "route_table_id": "rtb-00a91ee938a0a8d00",
            "state": "active",
            "timeouts": null,
            "transit_gateway_id": "",
            "vpc_endpoint_id": "",
            "vpc_peering_connection_id": ""
          },
          "sensitive_attributes": [],
          "private": "eyJlMmJmYjczMC1lY2FhLTExZTYtOGY4OC0zNDM2M2JjN2M0YzAiOnsiY3JlYXRlIjozMDAwMDAwMDAwMDAsImRlbGV0ZSI6MzAwMDAwMDAwMDAwLCJ1cGRhdGUiOjEyMDAwMDAwMDAwMH19",
          "dependencies": [
            "module.vpc.aws_eip.eip",
            "module.vpc.aws_internet_gateway.igw",
            "module.vpc.aws_nat_gateway.nat_gateway",
            "module.vpc.aws_route_table.private_route_table",
            "module.vpc.aws_subnet.public_subnet",
            "module.vpc.aws_vpc.vpc"
          ]
        }
      ]
    },
    {
      "module": "module.vpc",
      "mode": "managed",
      "type": "aws_route",
      "name": "public-route",
      "provider": "module.vpc.provider[\"registry.terraform.io/hashicorp/aws\"]",
      "instances": [
        {
          "schema_version": 0,
          "attributes": {
            "carrier_gateway_id": "",
            "destination_cidr_block": "0.0.0.0/0",
            "destination_ipv6_cidr_block": "",
            "destination_prefix_list_id": "",
            "egress_only_gateway_id": "",
            "gateway_id": "igw-0d5108fc2e19b59ae",
            "id": "r-rtb-0c4fdd5ae143f67c91080289494",
            "instance_id": "",
            "instance_owner_id": "",
            "local_gateway_id": "",
            "nat_gateway_id": "",
            "network_interface_id": "",
            "origin": "CreateRoute",
            "route_table_id": "rtb-0c4fdd5ae143f67c9",
            "state": "active",
            "timeouts": null,
            "transit_gateway_id": "",
            "vpc_endpoint_id": "",
            "vpc_peering_connection_id": ""
          },
          "sensitive_attributes": [],
          "private": "eyJlMmJmYjczMC1lY2FhLTExZTYtOGY4OC0zNDM2M2JjN2M0YzAiOnsiY3JlYXRlIjozMDAwMDAwMDAwMDAsImRlbGV0ZSI6MzAwMDAwMDAwMDAwLCJ1cGRhdGUiOjEyMDAwMDAwMDAwMH19",
          "dependencies": [
            "module.vpc.aws_internet_gateway.igw",
            "module.vpc.aws_route_table.public_route_table",
            "module.vpc.aws_vpc.vpc"
          ]
        }
      ]
    },
    {
      "module": "module.vpc",
      "mode": "managed",
      "type": "aws_route_table",
      "name": "private_route_table",
      "provider": "module.vpc.provider[\"registry.terraform.io/hashicorp/aws\"]",
      "instances": [
        {
          "schema_version": 0,
          "attributes": {
            "arn": "arn:aws:ec2:us-east-2:606387284755:route-table/rtb-00a91ee938a0a8d00",
            "id": "rtb-00a91ee938a0a8d00",
            "owner_id": "606387284755",
            "propagating_vgws": [],
            "route": [],
            "tags": {
              "Env": "dev",
              "Name": "portuguese-verbsprivate-route-table"
            },
            "tags_all": {
              "Env": "dev",
              "Name": "portuguese-verbsprivate-route-table"
            },
            "timeouts": null,
            "vpc_id": "vpc-03df8f400c914e3e0"
          },
          "sensitive_attributes": [],
          "private": "eyJlMmJmYjczMC1lY2FhLTExZTYtOGY4OC0zNDM2M2JjN2M0YzAiOnsiY3JlYXRlIjozMDAwMDAwMDAwMDAsImRlbGV0ZSI6MzAwMDAwMDAwMDAwLCJ1cGRhdGUiOjEyMDAwMDAwMDAwMH19",
          "dependencies": [
            "module.vpc.aws_vpc.vpc"
          ]
        }
      ]
    },
    {
      "module": "module.vpc",
      "mode": "managed",
      "type": "aws_route_table",
      "name": "public_route_table",
      "provider": "module.vpc.provider[\"registry.terraform.io/hashicorp/aws\"]",
      "instances": [
        {
          "schema_version": 0,
          "attributes": {
            "arn": "arn:aws:ec2:us-east-2:606387284755:route-table/rtb-0c4fdd5ae143f67c9",
            "id": "rtb-0c4fdd5ae143f67c9",
            "owner_id": "606387284755",
            "propagating_vgws": [],
            "route": [],
            "tags": {
              "Env": "dev",
              "Name": "portuguese-verbspublic-route-table"
            },
            "tags_all": {
              "Env": "dev",
              "Name": "portuguese-verbspublic-route-table"
            },
            "timeouts": null,
            "vpc_id": "vpc-03df8f400c914e3e0"
          },
          "sensitive_attributes": [],
          "private": "eyJlMmJmYjczMC1lY2FhLTExZTYtOGY4OC0zNDM2M2JjN2M0YzAiOnsiY3JlYXRlIjozMDAwMDAwMDAwMDAsImRlbGV0ZSI6MzAwMDAwMDAwMDAwLCJ1cGRhdGUiOjEyMDAwMDAwMDAwMH19",
          "dependencies": [
            "module.vpc.aws_vpc.vpc"
          ]
        }
      ]
    },
    {
      "module": "module.vpc",
      "mode": "managed",
      "type": "aws_route_table_association",
      "name": "private_route_association",
      "provider": "module.vpc.provider[\"registry.terraform.io/hashicorp/aws\"]",
      "instances": [
        {
          "index_key": 0,
          "schema_version": 0,
          "attributes": {
            "gateway_id": "",
            "id": "rtbassoc-0909fd832efcfbdac",
            "route_table_id": "rtb-00a91ee938a0a8d00",
            "subnet_id": "subnet-009bb8c4ba5d0b247"
          },
          "sensitive_attributes": [],
          "private": "bnVsbA==",
          "dependencies": [
            "module.vpc.aws_route_table.private_route_table",
            "module.vpc.aws_subnet.private_subnet",
            "module.vpc.aws_vpc.vpc"
          ]
        },
        {
          "index_key": 1,
          "schema_version": 0,
          "attributes": {
            "gateway_id": "",
            "id": "rtbassoc-04c6de9b4559ff18f",
            "route_table_id": "rtb-00a91ee938a0a8d00",
            "subnet_id": "subnet-051697a8976aa5234"
          },
          "sensitive_attributes": [],
          "private": "bnVsbA==",
          "dependencies": [
            "module.vpc.aws_route_table.private_route_table",
            "module.vpc.aws_subnet.private_subnet",
            "module.vpc.aws_vpc.vpc"
          ]
        }
      ]
    },
    {
      "module": "module.vpc",
      "mode": "managed",
      "type": "aws_route_table_association",
      "name": "public-route-association",
      "provider": "module.vpc.provider[\"registry.terraform.io/hashicorp/aws\"]",
      "instances": [
        {
          "index_key": 0,
          "schema_version": 0,
          "attributes": {
            "gateway_id": "",
            "id": "rtbassoc-00e28d07b5a85ac39",
            "route_table_id": "rtb-0c4fdd5ae143f67c9",
            "subnet_id": "subnet-03ff59b8a5a16962a"
          },
          "sensitive_attributes": [],
          "private": "bnVsbA==",
          "dependencies": [
            "module.vpc.aws_route_table.public_route_table",
            "module.vpc.aws_subnet.public_subnet",
            "module.vpc.aws_vpc.vpc"
          ]
        },
        {
          "index_key": 1,
          "schema_version": 0,
          "attributes": {
            "gateway_id": "",
            "id": "rtbassoc-00d0ace38ead93f16",
            "route_table_id": "rtb-0c4fdd5ae143f67c9",
            "subnet_id": "subnet-02ef86279dd71f016"
          },
          "sensitive_attributes": [],
          "private": "bnVsbA==",
          "dependencies": [
            "module.vpc.aws_route_table.public_route_table",
            "module.vpc.aws_subnet.public_subnet",
            "module.vpc.aws_vpc.vpc"
          ]
        }
      ]
    },
    {
      "module": "module.vpc",
      "mode": "managed",
      "type": "aws_subnet",
      "name": "private_subnet",
      "provider": "module.vpc.provider[\"registry.terraform.io/hashicorp/aws\"]",
      "instances": [
        {
          "index_key": 0,
          "schema_version": 1,
          "attributes": {
            "arn": "arn:aws:ec2:us-east-2:606387284755:subnet/subnet-009bb8c4ba5d0b247",
            "assign_ipv6_address_on_creation": false,
            "availability_zone": "us-east-2a",
            "availability_zone_id": "use2-az1",
            "cidr_block": "10.10.0.0/24",
            "customer_owned_ipv4_pool": "",
            "enable_dns64": false,
            "enable_resource_name_dns_a_record_on_launch": false,
            "enable_resource_name_dns_aaaa_record_on_launch": false,
            "id": "subnet-009bb8c4ba5d0b247",
            "ipv6_cidr_block": "",
            "ipv6_cidr_block_association_id": "",
            "ipv6_native": false,
            "map_customer_owned_ip_on_launch": false,
            "map_public_ip_on_launch": false,
            "outpost_arn": "",
            "owner_id": "606387284755",
            "private_dns_hostname_type_on_launch": "ip-name",
            "tags": {
              "Env": "dev",
              "Name": "portuguese-verbs-private-subnet-0"
            },
            "tags_all": {
              "Env": "dev",
              "Name": "portuguese-verbs-private-subnet-0"
            },
            "timeouts": null,
            "vpc_id": "vpc-03df8f400c914e3e0"
          },
          "sensitive_attributes": [],
          "private": "eyJlMmJmYjczMC1lY2FhLTExZTYtOGY4OC0zNDM2M2JjN2M0YzAiOnsiY3JlYXRlIjo2MDAwMDAwMDAwMDAsImRlbGV0ZSI6MTIwMDAwMDAwMDAwMH0sInNjaGVtYV92ZXJzaW9uIjoiMSJ9",
          "dependencies": [
            "module.vpc.aws_vpc.vpc"
          ]
        },
        {
          "index_key": 1,
          "schema_version": 1,
          "attributes": {
            "arn": "arn:aws:ec2:us-east-2:606387284755:subnet/subnet-051697a8976aa5234",
            "assign_ipv6_address_on_creation": false,
            "availability_zone": "us-east-2b",
            "availability_zone_id": "use2-az2",
            "cidr_block": "10.10.1.0/24",
            "customer_owned_ipv4_pool": "",
            "enable_dns64": false,
            "enable_resource_name_dns_a_record_on_launch": false,
            "enable_resource_name_dns_aaaa_record_on_launch": false,
            "id": "subnet-051697a8976aa5234",
            "ipv6_cidr_block": "",
            "ipv6_cidr_block_association_id": "",
            "ipv6_native": false,
            "map_customer_owned_ip_on_launch": false,
            "map_public_ip_on_launch": false,
            "outpost_arn": "",
            "owner_id": "606387284755",
            "private_dns_hostname_type_on_launch": "ip-name",
            "tags": {
              "Env": "dev",
              "Name": "portuguese-verbs-private-subnet-1"
            },
            "tags_all": {
              "Env": "dev",
              "Name": "portuguese-verbs-private-subnet-1"
            },
            "timeouts": null,
            "vpc_id": "vpc-03df8f400c914e3e0"
          },
          "sensitive_attributes": [],
          "private": "eyJlMmJmYjczMC1lY2FhLTExZTYtOGY4OC0zNDM2M2JjN2M0YzAiOnsiY3JlYXRlIjo2MDAwMDAwMDAwMDAsImRlbGV0ZSI6MTIwMDAwMDAwMDAwMH0sInNjaGVtYV92ZXJzaW9uIjoiMSJ9",
          "dependencies": [
            "module.vpc.aws_vpc.vpc"
          ]
        }
      ]
    },
    {
      "module": "module.vpc",
      "mode": "managed",
      "type": "aws_subnet",
      "name": "public_subnet",
      "provider": "module.vpc.provider[\"registry.terraform.io/hashicorp/aws\"]",
      "instances": [
        {
          "index_key": 0,
          "schema_version": 1,
          "attributes": {
            "arn": "arn:aws:ec2:us-east-2:606387284755:subnet/subnet-03ff59b8a5a16962a",
            "assign_ipv6_address_on_creation": false,
            "availability_zone": "us-east-2a",
            "availability_zone_id": "use2-az1",
            "cidr_block": "10.10.50.0/24",
            "customer_owned_ipv4_pool": "",
            "enable_dns64": false,
            "enable_resource_name_dns_a_record_on_launch": false,
            "enable_resource_name_dns_aaaa_record_on_launch": false,
            "id": "subnet-03ff59b8a5a16962a",
            "ipv6_cidr_block": "",
            "ipv6_cidr_block_association_id": "",
            "ipv6_native": false,
            "map_customer_owned_ip_on_launch": false,
            "map_public_ip_on_launch": true,
            "outpost_arn": "",
            "owner_id": "606387284755",
            "private_dns_hostname_type_on_launch": "ip-name",
            "tags": {
              "Env": "dev",
              "Name": "portuguese-verbs-public-subnet-0"
            },
            "tags_all": {
              "Env": "dev",
              "Name": "portuguese-verbs-public-subnet-0"
            },
            "timeouts": null,
            "vpc_id": "vpc-03df8f400c914e3e0"
          },
          "sensitive_attributes": [],
          "private": "eyJlMmJmYjczMC1lY2FhLTExZTYtOGY4OC0zNDM2M2JjN2M0YzAiOnsiY3JlYXRlIjo2MDAwMDAwMDAwMDAsImRlbGV0ZSI6MTIwMDAwMDAwMDAwMH0sInNjaGVtYV92ZXJzaW9uIjoiMSJ9",
          "dependencies": [
            "module.vpc.aws_vpc.vpc"
          ]
        },
        {
          "index_key": 1,
          "schema_version": 1,
          "attributes": {
            "arn": "arn:aws:ec2:us-east-2:606387284755:subnet/subnet-02ef86279dd71f016",
            "assign_ipv6_address_on_creation": false,
            "availability_zone": "us-east-2b",
            "availability_zone_id": "use2-az2",
            "cidr_block": "10.10.51.0/24",
            "customer_owned_ipv4_pool": "",
            "enable_dns64": false,
            "enable_resource_name_dns_a_record_on_launch": false,
            "enable_resource_name_dns_aaaa_record_on_launch": false,
            "id": "subnet-02ef86279dd71f016",
            "ipv6_cidr_block": "",
            "ipv6_cidr_block_association_id": "",
            "ipv6_native": false,
            "map_customer_owned_ip_on_launch": false,
            "map_public_ip_on_launch": true,
            "outpost_arn": "",
            "owner_id": "606387284755",
            "private_dns_hostname_type_on_launch": "ip-name",
            "tags": {
              "Env": "dev",
              "Name": "portuguese-verbs-public-subnet-1"
            },
            "tags_all": {
              "Env": "dev",
              "Name": "portuguese-verbs-public-subnet-1"
            },
            "timeouts": null,
            "vpc_id": "vpc-03df8f400c914e3e0"
          },
          "sensitive_attributes": [],
          "private": "eyJlMmJmYjczMC1lY2FhLTExZTYtOGY4OC0zNDM2M2JjN2M0YzAiOnsiY3JlYXRlIjo2MDAwMDAwMDAwMDAsImRlbGV0ZSI6MTIwMDAwMDAwMDAwMH0sInNjaGVtYV92ZXJzaW9uIjoiMSJ9",
          "dependencies": [
            "module.vpc.aws_vpc.vpc"
          ]
        }
      ]
    },
    {
      "module": "module.vpc",
      "mode": "managed",
      "type": "aws_vpc",
      "name": "vpc",
      "provider": "module.vpc.provider[\"registry.terraform.io/hashicorp/aws\"]",
      "instances": [
        {
          "schema_version": 1,
          "attributes": {
            "arn": "arn:aws:ec2:us-east-2:606387284755:vpc/vpc-03df8f400c914e3e0",
            "assign_generated_ipv6_cidr_block": false,
            "cidr_block": "10.10.0.0/16",
            "default_network_acl_id": "acl-03da803cf3c246db8",
            "default_route_table_id": "rtb-08fd07e33022a4d50",
            "default_security_group_id": "sg-066c2c0749267893c",
            "dhcp_options_id": "dopt-0c8172e66b8e5cbe4",
            "enable_classiclink": false,
            "enable_classiclink_dns_support": false,
            "enable_dns_hostnames": true,
            "enable_dns_support": true,
            "id": "vpc-03df8f400c914e3e0",
            "instance_tenancy": "default",
            "ipv4_ipam_pool_id": null,
            "ipv4_netmask_length": null,
            "ipv6_association_id": "",
            "ipv6_cidr_block": "",
            "ipv6_cidr_block_network_border_group": "",
            "ipv6_ipam_pool_id": "",
            "ipv6_netmask_length": 0,
            "main_route_table_id": "rtb-08fd07e33022a4d50",
            "owner_id": "606387284755",
            "tags": {
              "Env": "dev",
              "Name": "portuguese-verbs"
            },
            "tags_all": {
              "Env": "dev",
              "Name": "portuguese-verbs"
            }
          },
          "sensitive_attributes": [],
          "private": "eyJzY2hlbWFfdmVyc2lvbiI6IjEifQ=="
        }
      ]
    }
  ],
  "check_results": null
}
