{
  "version": 4,
  "terraform_version": "1.5.7",
  "serial": 3084,
  "lineage": "8c6d03c4-ffe8-c285-0827-7c8d13959ab1",
  "outputs": {
    "alb": {
      "value": {
        "aws_alb_listener": {
          "HTTP": {
            "alpn_policy": null,
            "arn": "arn:aws:elasticloadbalancing:us-east-2:606387284755:listener/app/portuguese-verbs-public-alb/0d23c38d29f75417/4835a9145e99bb68",
            "certificate_arn": null,
            "default_action": [
              {
                "authenticate_cognito": [],
                "authenticate_oidc": [],
                "fixed_response": [
                  {
                    "content_type": "text/plain",
                    "message_body": "No routes defined",
                    "status_code": "200"
                  }
                ],
                "forward": [],
                "order": 1,
                "redirect": [],
                "target_group_arn": "",
                "type": "fixed-response"
              }
            ],
            "id": "arn:aws:elasticloadbalancing:us-east-2:606387284755:listener/app/portuguese-verbs-public-alb/0d23c38d29f75417/4835a9145e99bb68",
            "load_balancer_arn": "arn:aws:elasticloadbalancing:us-east-2:606387284755:loadbalancer/app/portuguese-verbs-public-alb/0d23c38d29f75417",
            "port": 80,
            "protocol": "HTTP",
            "ssl_policy": "",
            "tags": {},
            "tags_all": {},
            "timeouts": null
          }
        },
        "domain_validations": [
          {
            "domain_name": "conjugame.org",
            "resource_record_name": "_87a0da41f8ed3b79661ce80c1c59155d.conjugame.org.",
            "resource_record_type": "CNAME",
            "resource_record_value": "_f3457a36c8eff7a4c17db47275d9371b.zwhvhxfsld.acm-validations.aws."
          }
        ],
        "internal_alb": {
          "access_logs": [
            {
              "bucket": "",
              "enabled": false,
              "prefix": ""
            }
          ],
          "arn": "arn:aws:elasticloadbalancing:us-east-2:606387284755:loadbalancer/app/portuguese-verbs-public-alb/0d23c38d29f75417",
          "arn_suffix": "app/portuguese-verbs-public-alb/0d23c38d29f75417",
          "customer_owned_ipv4_pool": "",
          "desync_mitigation_mode": "defensive",
          "dns_name": "portuguese-verbs-public-alb-1052601625.us-east-2.elb.amazonaws.com",
          "drop_invalid_header_fields": false,
          "enable_cross_zone_load_balancing": true,
          "enable_deletion_protection": false,
          "enable_http2": true,
          "enable_waf_fail_open": false,
          "id": "arn:aws:elasticloadbalancing:us-east-2:606387284755:loadbalancer/app/portuguese-verbs-public-alb/0d23c38d29f75417",
          "idle_timeout": 60,
          "internal": false,
          "ip_address_type": "ipv4",
          "load_balancer_type": "application",
          "name": "portuguese-verbs-public-alb",
          "name_prefix": null,
          "security_groups": [
            "sg-054c0f8c5883f5e3e"
          ],
          "subnet_mapping": [
            {
              "allocation_id": "",
              "ipv6_address": "",
              "outpost_id": "",
              "private_ipv4_address": "",
              "subnet_id": "subnet-0781ab8f572e29572"
            },
            {
              "allocation_id": "",
              "ipv6_address": "",
              "outpost_id": "",
              "private_ipv4_address": "",
              "subnet_id": "subnet-097fb7e09319e9759"
            }
          ],
          "subnets": [
            "subnet-0781ab8f572e29572",
            "subnet-097fb7e09319e9759"
          ],
          "tags": {},
          "tags_all": {},
          "timeouts": null,
          "vpc_id": "vpc-0090636559ee932a4",
          "zone_id": "Z3AADJGX6KTTL2"
        },
        "internal_alb-dns": "portuguese-verbs-public-alb-1052601625.us-east-2.elb.amazonaws.com",
        "internal_alb_id": "arn:aws:elasticloadbalancing:us-east-2:606387284755:loadbalancer/app/portuguese-verbs-public-alb/0d23c38d29f75417",
        "target_groups": {
          "api": {
            "arn": "arn:aws:elasticloadbalancing:us-east-2:606387284755:targetgroup/api-tg/0ddcb816a986fe1e",
            "arn_suffix": "targetgroup/api-tg/0ddcb816a986fe1e",
            "connection_termination": false,
            "deregistration_delay": "300",
            "health_check": [
              {
                "enabled": true,
                "healthy_threshold": 3,
                "interval": 30,
                "matcher": "200",
                "path": "/health",
                "port": "traffic-port",
                "protocol": "HTTP",
                "timeout": 5,
                "unhealthy_threshold": 3
              }
            ],
            "id": "arn:aws:elasticloadbalancing:us-east-2:606387284755:targetgroup/api-tg/0ddcb816a986fe1e",
            "lambda_multi_value_headers_enabled": false,
            "load_balancing_algorithm_type": "round_robin",
            "name": "api-tg",
            "name_prefix": null,
            "port": 4000,
            "preserve_client_ip": null,
            "protocol": "HTTP",
            "protocol_version": "HTTP1",
            "proxy_protocol_v2": false,
            "slow_start": 0,
            "stickiness": [
              {
                "cookie_duration": 86400,
                "cookie_name": "",
                "enabled": false,
                "type": "lb_cookie"
              }
            ],
            "tags": null,
            "tags_all": {},
            "target_type": "ip",
            "vpc_id": "vpc-0090636559ee932a4"
          },
          "client": {
            "arn": "arn:aws:elasticloadbalancing:us-east-2:606387284755:targetgroup/client-tg/f1198b0049da14b2",
            "arn_suffix": "targetgroup/client-tg/f1198b0049da14b2",
            "connection_termination": false,
            "deregistration_delay": "300",
            "health_check": [
              {
                "enabled": true,
                "healthy_threshold": 3,
                "interval": 30,
                "matcher": "200",
                "path": "/#",
                "port": "traffic-port",
                "protocol": "HTTP",
                "timeout": 5,
                "unhealthy_threshold": 3
              }
            ],
            "id": "arn:aws:elasticloadbalancing:us-east-2:606387284755:targetgroup/client-tg/f1198b0049da14b2",
            "lambda_multi_value_headers_enabled": false,
            "load_balancing_algorithm_type": "round_robin",
            "name": "client-tg",
            "name_prefix": null,
            "port": 3000,
            "preserve_client_ip": null,
            "protocol": "HTTP",
            "protocol_version": "HTTP1",
            "proxy_protocol_v2": false,
            "slow_start": 0,
            "stickiness": [
              {
                "cookie_duration": 86400,
                "cookie_name": "",
                "enabled": false,
                "type": "lb_cookie"
              }
            ],
            "tags": {},
            "tags_all": {},
            "target_type": "ip",
            "vpc_id": "vpc-0090636559ee932a4"
          },
          "nginx": {
            "arn": "arn:aws:elasticloadbalancing:us-east-2:606387284755:targetgroup/nginx-tg/155b6fd4f96a2b31",
            "arn_suffix": "targetgroup/nginx-tg/155b6fd4f96a2b31",
            "connection_termination": false,
            "deregistration_delay": "300",
            "health_check": [
              {
                "enabled": true,
                "healthy_threshold": 3,
                "interval": 30,
                "matcher": "200",
                "path": "/",
                "port": "traffic-port",
                "protocol": "HTTP",
                "timeout": 5,
                "unhealthy_threshold": 3
              }
            ],
            "id": "arn:aws:elasticloadbalancing:us-east-2:606387284755:targetgroup/nginx-tg/155b6fd4f96a2b31",
            "lambda_multi_value_headers_enabled": false,
            "load_balancing_algorithm_type": "round_robin",
            "name": "nginx-tg",
            "name_prefix": null,
            "port": 80,
            "preserve_client_ip": null,
            "protocol": "HTTP",
            "protocol_version": "HTTP1",
            "proxy_protocol_v2": false,
            "slow_start": 0,
            "stickiness": [
              {
                "cookie_duration": 86400,
                "cookie_name": "",
                "enabled": false,
                "type": "lb_cookie"
              }
            ],
            "tags": {},
            "tags_all": {},
            "target_type": "ip",
            "vpc_id": "vpc-0090636559ee932a4"
          },
          "verbecc": {
            "arn": "arn:aws:elasticloadbalancing:us-east-2:606387284755:targetgroup/verbecc-tg/6b2ead66a67f1da5",
            "arn_suffix": "targetgroup/verbecc-tg/6b2ead66a67f1da5",
            "connection_termination": false,
            "deregistration_delay": "300",
            "health_check": [
              {
                "enabled": true,
                "healthy_threshold": 3,
                "interval": 30,
                "matcher": "200",
                "path": "/",
                "port": "traffic-port",
                "protocol": "HTTP",
                "timeout": 5,
                "unhealthy_threshold": 3
              }
            ],
            "id": "arn:aws:elasticloadbalancing:us-east-2:606387284755:targetgroup/verbecc-tg/6b2ead66a67f1da5",
            "lambda_multi_value_headers_enabled": false,
            "load_balancing_algorithm_type": "round_robin",
            "name": "verbecc-tg",
            "name_prefix": null,
            "port": 8000,
            "preserve_client_ip": null,
            "protocol": "HTTP",
            "protocol_version": "HTTP1",
            "proxy_protocol_v2": false,
            "slow_start": 0,
            "stickiness": [
              {
                "cookie_duration": 86400,
                "cookie_name": "",
                "enabled": false,
                "type": "lb_cookie"
              }
            ],
            "tags": null,
            "tags_all": {},
            "target_type": "ip",
            "vpc_id": "vpc-0090636559ee932a4"
          }
        }
      },
      "type": [
        "object",
        {
          "aws_alb_listener": [
            "object",
            {
              "HTTP": [
                "object",
                {
                  "alpn_policy": "string",
                  "arn": "string",
                  "certificate_arn": "string",
                  "default_action": [
                    "list",
                    [
                      "object",
                      {
                        "authenticate_cognito": [
                          "list",
                          [
                            "object",
                            {
                              "authentication_request_extra_params": [
                                "map",
                                "string"
                              ],
                              "on_unauthenticated_request": "string",
                              "scope": "string",
                              "session_cookie_name": "string",
                              "session_timeout": "number",
                              "user_pool_arn": "string",
                              "user_pool_client_id": "string",
                              "user_pool_domain": "string"
                            }
                          ]
                        ],
                        "authenticate_oidc": [
                          "list",
                          [
                            "object",
                            {
                              "authentication_request_extra_params": [
                                "map",
                                "string"
                              ],
                              "authorization_endpoint": "string",
                              "client_id": "string",
                              "client_secret": "string",
                              "issuer": "string",
                              "on_unauthenticated_request": "string",
                              "scope": "string",
                              "session_cookie_name": "string",
                              "session_timeout": "number",
                              "token_endpoint": "string",
                              "user_info_endpoint": "string"
                            }
                          ]
                        ],
                        "fixed_response": [
                          "list",
                          [
                            "object",
                            {
                              "content_type": "string",
                              "message_body": "string",
                              "status_code": "string"
                            }
                          ]
                        ],
                        "forward": [
                          "list",
                          [
                            "object",
                            {
                              "stickiness": [
                                "list",
                                [
                                  "object",
                                  {
                                    "duration": "number",
                                    "enabled": "bool"
                                  }
                                ]
                              ],
                              "target_group": [
                                "set",
                                [
                                  "object",
                                  {
                                    "arn": "string",
                                    "weight": "number"
                                  }
                                ]
                              ]
                            }
                          ]
                        ],
                        "order": "number",
                        "redirect": [
                          "list",
                          [
                            "object",
                            {
                              "host": "string",
                              "path": "string",
                              "port": "string",
                              "protocol": "string",
                              "query": "string",
                              "status_code": "string"
                            }
                          ]
                        ],
                        "target_group_arn": "string",
                        "type": "string"
                      }
                    ]
                  ],
                  "id": "string",
                  "load_balancer_arn": "string",
                  "port": "number",
                  "protocol": "string",
                  "ssl_policy": "string",
                  "tags": [
                    "map",
                    "string"
                  ],
                  "tags_all": [
                    "map",
                    "string"
                  ],
                  "timeouts": [
                    "object",
                    {
                      "read": "string"
                    }
                  ]
                }
              ]
            }
          ],
          "domain_validations": [
            "set",
            [
              "object",
              {
                "domain_name": "string",
                "resource_record_name": "string",
                "resource_record_type": "string",
                "resource_record_value": "string"
              }
            ]
          ],
          "internal_alb": [
            "object",
            {
              "access_logs": [
                "list",
                [
                  "object",
                  {
                    "bucket": "string",
                    "enabled": "bool",
                    "prefix": "string"
                  }
                ]
              ],
              "arn": "string",
              "arn_suffix": "string",
              "customer_owned_ipv4_pool": "string",
              "desync_mitigation_mode": "string",
              "dns_name": "string",
              "drop_invalid_header_fields": "bool",
              "enable_cross_zone_load_balancing": "bool",
              "enable_deletion_protection": "bool",
              "enable_http2": "bool",
              "enable_waf_fail_open": "bool",
              "id": "string",
              "idle_timeout": "number",
              "internal": "bool",
              "ip_address_type": "string",
              "load_balancer_type": "string",
              "name": "string",
              "name_prefix": "string",
              "security_groups": [
                "set",
                "string"
              ],
              "subnet_mapping": [
                "set",
                [
                  "object",
                  {
                    "allocation_id": "string",
                    "ipv6_address": "string",
                    "outpost_id": "string",
                    "private_ipv4_address": "string",
                    "subnet_id": "string"
                  }
                ]
              ],
              "subnets": [
                "set",
                "string"
              ],
              "tags": [
                "map",
                "string"
              ],
              "tags_all": [
                "map",
                "string"
              ],
              "timeouts": [
                "object",
                {
                  "create": "string",
                  "delete": "string",
                  "update": "string"
                }
              ],
              "vpc_id": "string",
              "zone_id": "string"
            }
          ],
          "internal_alb-dns": "string",
          "internal_alb_id": "string",
          "target_groups": [
            "object",
            {
              "api": [
                "object",
                {
                  "arn": "string",
                  "arn_suffix": "string",
                  "connection_termination": "bool",
                  "deregistration_delay": "string",
                  "health_check": [
                    "list",
                    [
                      "object",
                      {
                        "enabled": "bool",
                        "healthy_threshold": "number",
                        "interval": "number",
                        "matcher": "string",
                        "path": "string",
                        "port": "string",
                        "protocol": "string",
                        "timeout": "number",
                        "unhealthy_threshold": "number"
                      }
                    ]
                  ],
                  "id": "string",
                  "lambda_multi_value_headers_enabled": "bool",
                  "load_balancing_algorithm_type": "string",
                  "name": "string",
                  "name_prefix": "string",
                  "port": "number",
                  "preserve_client_ip": "string",
                  "protocol": "string",
                  "protocol_version": "string",
                  "proxy_protocol_v2": "bool",
                  "slow_start": "number",
                  "stickiness": [
                    "list",
                    [
                      "object",
                      {
                        "cookie_duration": "number",
                        "cookie_name": "string",
                        "enabled": "bool",
                        "type": "string"
                      }
                    ]
                  ],
                  "tags": [
                    "map",
                    "string"
                  ],
                  "tags_all": [
                    "map",
                    "string"
                  ],
                  "target_type": "string",
                  "vpc_id": "string"
                }
              ],
              "client": [
                "object",
                {
                  "arn": "string",
                  "arn_suffix": "string",
                  "connection_termination": "bool",
                  "deregistration_delay": "string",
                  "health_check": [
                    "list",
                    [
                      "object",
                      {
                        "enabled": "bool",
                        "healthy_threshold": "number",
                        "interval": "number",
                        "matcher": "string",
                        "path": "string",
                        "port": "string",
                        "protocol": "string",
                        "timeout": "number",
                        "unhealthy_threshold": "number"
                      }
                    ]
                  ],
                  "id": "string",
                  "lambda_multi_value_headers_enabled": "bool",
                  "load_balancing_algorithm_type": "string",
                  "name": "string",
                  "name_prefix": "string",
                  "port": "number",
                  "preserve_client_ip": "string",
                  "protocol": "string",
                  "protocol_version": "string",
                  "proxy_protocol_v2": "bool",
                  "slow_start": "number",
                  "stickiness": [
                    "list",
                    [
                      "object",
                      {
                        "cookie_duration": "number",
                        "cookie_name": "string",
                        "enabled": "bool",
                        "type": "string"
                      }
                    ]
                  ],
                  "tags": [
                    "map",
                    "string"
                  ],
                  "tags_all": [
                    "map",
                    "string"
                  ],
                  "target_type": "string",
                  "vpc_id": "string"
                }
              ],
              "nginx": [
                "object",
                {
                  "arn": "string",
                  "arn_suffix": "string",
                  "connection_termination": "bool",
                  "deregistration_delay": "string",
                  "health_check": [
                    "list",
                    [
                      "object",
                      {
                        "enabled": "bool",
                        "healthy_threshold": "number",
                        "interval": "number",
                        "matcher": "string",
                        "path": "string",
                        "port": "string",
                        "protocol": "string",
                        "timeout": "number",
                        "unhealthy_threshold": "number"
                      }
                    ]
                  ],
                  "id": "string",
                  "lambda_multi_value_headers_enabled": "bool",
                  "load_balancing_algorithm_type": "string",
                  "name": "string",
                  "name_prefix": "string",
                  "port": "number",
                  "preserve_client_ip": "string",
                  "protocol": "string",
                  "protocol_version": "string",
                  "proxy_protocol_v2": "bool",
                  "slow_start": "number",
                  "stickiness": [
                    "list",
                    [
                      "object",
                      {
                        "cookie_duration": "number",
                        "cookie_name": "string",
                        "enabled": "bool",
                        "type": "string"
                      }
                    ]
                  ],
                  "tags": [
                    "map",
                    "string"
                  ],
                  "tags_all": [
                    "map",
                    "string"
                  ],
                  "target_type": "string",
                  "vpc_id": "string"
                }
              ],
              "verbecc": [
                "object",
                {
                  "arn": "string",
                  "arn_suffix": "string",
                  "connection_termination": "bool",
                  "deregistration_delay": "string",
                  "health_check": [
                    "list",
                    [
                      "object",
                      {
                        "enabled": "bool",
                        "healthy_threshold": "number",
                        "interval": "number",
                        "matcher": "string",
                        "path": "string",
                        "port": "string",
                        "protocol": "string",
                        "timeout": "number",
                        "unhealthy_threshold": "number"
                      }
                    ]
                  ],
                  "id": "string",
                  "lambda_multi_value_headers_enabled": "bool",
                  "load_balancing_algorithm_type": "string",
                  "name": "string",
                  "name_prefix": "string",
                  "port": "number",
                  "preserve_client_ip": "string",
                  "protocol": "string",
                  "protocol_version": "string",
                  "proxy_protocol_v2": "bool",
                  "slow_start": "number",
                  "stickiness": [
                    "list",
                    [
                      "object",
                      {
                        "cookie_duration": "number",
                        "cookie_name": "string",
                        "enabled": "bool",
                        "type": "string"
                      }
                    ]
                  ],
                  "tags": [
                    "map",
                    "string"
                  ],
                  "tags_all": [
                    "map",
                    "string"
                  ],
                  "target_type": "string",
                  "vpc_id": "string"
                }
              ]
            }
          ]
        }
      ]
    },
    "ecs": {
      "value": {
        "aws_cloudwatch_log_group": [
          "api-logs",
          "client-logs",
          "nginx-logs",
          "verbecc-logs"
        ],
        "aws_ecs_task_definition": [
          {
            "arn": "arn:aws:ecs:us-east-2:606387284755:task-definition/portuguese-verbs-api:55",
            "container_definitions": "[{\"cpu\":512,\"environment\":[{\"name\":\"CLIENT_PORT\",\"value\":\"3000\"},{\"name\":\"NEXT_PUBLIC_TRPC_API\",\"value\":\"http://api:4000\"},{\"name\":\"NODE_ENV\",\"value\":\"development\"},{\"name\":\"TRPC_PORT\",\"value\":\"4000\"},{\"name\":\"VERBECC_API\",\"value\":\"http://verbecc:8000\"},{\"name\":\"VERBECC_PORT\",\"value\":\"8000\"}],\"essential\":true,\"image\":\"606387284755.dkr.ecr.us-east-2.amazonaws.com/portuguese-verbs:api\",\"logConfiguration\":{\"logDriver\":\"awslogs\",\"options\":{\"awslogs-group\":\"api-logs\",\"awslogs-region\":\"us-east-2\",\"awslogs-stream-prefix\":\"portuguese-verbs\"}},\"memory\":1024,\"mountPoints\":[],\"name\":\"api\",\"portMappings\":[{\"containerPort\":4000,\"hostPort\":4000,\"protocol\":\"tcp\"}],\"volumesFrom\":[]}]",
            "cpu": "512",
            "ephemeral_storage": [],
            "execution_role_arn": "arn:aws:iam::606387284755:role/portuguese-verbs-ecs-task-execution-role",
            "family": "portuguese-verbs-api",
            "id": "portuguese-verbs-api",
            "inference_accelerator": [],
            "ipc_mode": "",
            "memory": "1024",
            "network_mode": "awsvpc",
            "pid_mode": "",
            "placement_constraints": [],
            "proxy_configuration": [],
            "requires_compatibilities": [
              "FARGATE"
            ],
            "revision": 55,
            "runtime_platform": [],
            "skip_destroy": false,
            "tags": {},
            "tags_all": {},
            "task_role_arn": "arn:aws:iam::606387284755:role/portuguese-verbs-ecs-task-execution-role",
            "volume": []
          },
          {
            "arn": "arn:aws:ecs:us-east-2:606387284755:task-definition/portuguese-verbs-client:55",
            "container_definitions": "[{\"cpu\":512,\"environment\":[{\"name\":\"CLIENT_PORT\",\"value\":\"3000\"},{\"name\":\"NEXT_PUBLIC_TRPC_API\",\"value\":\"http://api:4000\"},{\"name\":\"NODE_ENV\",\"value\":\"development\"},{\"name\":\"TRPC_PORT\",\"value\":\"4000\"},{\"name\":\"VERBECC_API\",\"value\":\"http://verbecc:8000\"},{\"name\":\"VERBECC_PORT\",\"value\":\"8000\"}],\"essential\":true,\"image\":\"606387284755.dkr.ecr.us-east-2.amazonaws.com/portuguese-verbs:client\",\"logConfiguration\":{\"logDriver\":\"awslogs\",\"options\":{\"awslogs-group\":\"client-logs\",\"awslogs-region\":\"us-east-2\",\"awslogs-stream-prefix\":\"portuguese-verbs\"}},\"memory\":1024,\"mountPoints\":[],\"name\":\"client\",\"portMappings\":[{\"containerPort\":3000,\"hostPort\":3000,\"protocol\":\"tcp\"}],\"volumesFrom\":[]}]",
            "cpu": "512",
            "ephemeral_storage": [],
            "execution_role_arn": "arn:aws:iam::606387284755:role/portuguese-verbs-ecs-task-execution-role",
            "family": "portuguese-verbs-client",
            "id": "portuguese-verbs-client",
            "inference_accelerator": [],
            "ipc_mode": "",
            "memory": "1024",
            "network_mode": "awsvpc",
            "pid_mode": "",
            "placement_constraints": [],
            "proxy_configuration": [],
            "requires_compatibilities": [
              "FARGATE"
            ],
            "revision": 55,
            "runtime_platform": [],
            "skip_destroy": false,
            "tags": {},
            "tags_all": {},
            "task_role_arn": "arn:aws:iam::606387284755:role/portuguese-verbs-ecs-task-execution-role",
            "volume": []
          },
          {
            "arn": "arn:aws:ecs:us-east-2:606387284755:task-definition/portuguese-verbs-nginx:45",
            "container_definitions": "[{\"cpu\":512,\"environment\":[{\"name\":\"CLIENT_PORT\",\"value\":\"3000\"},{\"name\":\"NEXT_PUBLIC_TRPC_API\",\"value\":\"http://api:4000\"},{\"name\":\"NODE_ENV\",\"value\":\"development\"},{\"name\":\"TRPC_PORT\",\"value\":\"4000\"},{\"name\":\"VERBECC_API\",\"value\":\"http://verbecc:8000\"},{\"name\":\"VERBECC_PORT\",\"value\":\"8000\"}],\"essential\":true,\"image\":\"606387284755.dkr.ecr.us-east-2.amazonaws.com/portuguese-verbs:nginx\",\"logConfiguration\":{\"logDriver\":\"awslogs\",\"options\":{\"awslogs-group\":\"nginx-logs\",\"awslogs-region\":\"us-east-2\",\"awslogs-stream-prefix\":\"portuguese-verbs\"}},\"memory\":1024,\"mountPoints\":[],\"name\":\"nginx\",\"portMappings\":[{\"containerPort\":80,\"hostPort\":80,\"protocol\":\"tcp\"}],\"volumesFrom\":[]}]",
            "cpu": "512",
            "ephemeral_storage": [],
            "execution_role_arn": "arn:aws:iam::606387284755:role/portuguese-verbs-ecs-task-execution-role",
            "family": "portuguese-verbs-nginx",
            "id": "portuguese-verbs-nginx",
            "inference_accelerator": [],
            "ipc_mode": "",
            "memory": "1024",
            "network_mode": "awsvpc",
            "pid_mode": "",
            "placement_constraints": [],
            "proxy_configuration": [],
            "requires_compatibilities": [
              "FARGATE"
            ],
            "revision": 45,
            "runtime_platform": [],
            "skip_destroy": false,
            "tags": {},
            "tags_all": {},
            "task_role_arn": "arn:aws:iam::606387284755:role/portuguese-verbs-ecs-task-execution-role",
            "volume": []
          },
          {
            "arn": "arn:aws:ecs:us-east-2:606387284755:task-definition/portuguese-verbs-verbecc:55",
            "container_definitions": "[{\"cpu\":512,\"environment\":[{\"name\":\"CLIENT_PORT\",\"value\":\"3000\"},{\"name\":\"NEXT_PUBLIC_TRPC_API\",\"value\":\"http://api:4000\"},{\"name\":\"NODE_ENV\",\"value\":\"development\"},{\"name\":\"TRPC_PORT\",\"value\":\"4000\"},{\"name\":\"VERBECC_API\",\"value\":\"http://verbecc:8000\"},{\"name\":\"VERBECC_PORT\",\"value\":\"8000\"}],\"essential\":true,\"image\":\"606387284755.dkr.ecr.us-east-2.amazonaws.com/portuguese-verbs:verbecc\",\"logConfiguration\":{\"logDriver\":\"awslogs\",\"options\":{\"awslogs-group\":\"verbecc-logs\",\"awslogs-region\":\"us-east-2\",\"awslogs-stream-prefix\":\"portuguese-verbs\"}},\"memory\":1024,\"mountPoints\":[],\"name\":\"verbecc\",\"portMappings\":[{\"containerPort\":8000,\"hostPort\":8000,\"protocol\":\"tcp\"}],\"volumesFrom\":[]}]",
            "cpu": "512",
            "ephemeral_storage": [],
            "execution_role_arn": "arn:aws:iam::606387284755:role/portuguese-verbs-ecs-task-execution-role",
            "family": "portuguese-verbs-verbecc",
            "id": "portuguese-verbs-verbecc",
            "inference_accelerator": [],
            "ipc_mode": "",
            "memory": "1024",
            "network_mode": "awsvpc",
            "pid_mode": "",
            "placement_constraints": [],
            "proxy_configuration": [],
            "requires_compatibilities": [
              "FARGATE"
            ],
            "revision": 55,
            "runtime_platform": [],
            "skip_destroy": false,
            "tags": {},
            "tags_all": {},
            "task_role_arn": "arn:aws:iam::606387284755:role/portuguese-verbs-ecs-task-execution-role",
            "volume": []
          }
        ],
        "aws_service_discovery_service": [
          {
            "arn": "arn:aws:servicediscovery:us-east-2:606387284755:service/srv-cyimu34gfqnj4nmh",
            "description": "",
            "dns_config": [
              {
                "dns_records": [
                  {
                    "ttl": 10,
                    "type": "A"
                  }
                ],
                "namespace_id": "ns-v6omyrkuacyab6ah",
                "routing_policy": "MULTIVALUE"
              }
            ],
            "force_destroy": false,
            "health_check_config": [],
            "health_check_custom_config": [],
            "id": "srv-cyimu34gfqnj4nmh",
            "name": "api-service",
            "namespace_id": "ns-v6omyrkuacyab6ah",
            "tags": null,
            "tags_all": {}
          },
          {
            "arn": "arn:aws:servicediscovery:us-east-2:606387284755:service/srv-f5vul6biqkdsbyfv",
            "description": "",
            "dns_config": [
              {
                "dns_records": [
                  {
                    "ttl": 10,
                    "type": "A"
                  }
                ],
                "namespace_id": "ns-v6omyrkuacyab6ah",
                "routing_policy": "MULTIVALUE"
              }
            ],
            "force_destroy": false,
            "health_check_config": [],
            "health_check_custom_config": [],
            "id": "srv-f5vul6biqkdsbyfv",
            "name": "client-service",
            "namespace_id": "ns-v6omyrkuacyab6ah",
            "tags": {},
            "tags_all": {}
          },
          {
            "arn": "arn:aws:servicediscovery:us-east-2:606387284755:service/srv-lwkn4lwzqkuinrfm",
            "description": "",
            "dns_config": [
              {
                "dns_records": [
                  {
                    "ttl": 10,
                    "type": "A"
                  }
                ],
                "namespace_id": "ns-v6omyrkuacyab6ah",
                "routing_policy": "MULTIVALUE"
              }
            ],
            "force_destroy": false,
            "health_check_config": [],
            "health_check_custom_config": [],
            "id": "srv-lwkn4lwzqkuinrfm",
            "name": "nginx-service",
            "namespace_id": "ns-v6omyrkuacyab6ah",
            "tags": {},
            "tags_all": {}
          },
          {
            "arn": "arn:aws:servicediscovery:us-east-2:606387284755:service/srv-hnfxyv7n4td2tw7n",
            "description": "",
            "dns_config": [
              {
                "dns_records": [
                  {
                    "ttl": 10,
                    "type": "A"
                  }
                ],
                "namespace_id": "ns-v6omyrkuacyab6ah",
                "routing_policy": "MULTIVALUE"
              }
            ],
            "force_destroy": false,
            "health_check_config": [],
            "health_check_custom_config": [],
            "id": "srv-hnfxyv7n4td2tw7n",
            "name": "verbecc-service",
            "namespace_id": "ns-v6omyrkuacyab6ah",
            "tags": null,
            "tags_all": {}
          }
        ]
      },
      "type": [
        "object",
        {
          "aws_cloudwatch_log_group": [
            "tuple",
            [
              "string",
              "string",
              "string",
              "string"
            ]
          ],
          "aws_ecs_task_definition": [
            "tuple",
            [
              [
                "object",
                {
                  "arn": "string",
                  "container_definitions": "string",
                  "cpu": "string",
                  "ephemeral_storage": [
                    "list",
                    [
                      "object",
                      {
                        "size_in_gib": "number"
                      }
                    ]
                  ],
                  "execution_role_arn": "string",
                  "family": "string",
                  "id": "string",
                  "inference_accelerator": [
                    "set",
                    [
                      "object",
                      {
                        "device_name": "string",
                        "device_type": "string"
                      }
                    ]
                  ],
                  "ipc_mode": "string",
                  "memory": "string",
                  "network_mode": "string",
                  "pid_mode": "string",
                  "placement_constraints": [
                    "set",
                    [
                      "object",
                      {
                        "expression": "string",
                        "type": "string"
                      }
                    ]
                  ],
                  "proxy_configuration": [
                    "list",
                    [
                      "object",
                      {
                        "container_name": "string",
                        "properties": [
                          "map",
                          "string"
                        ],
                        "type": "string"
                      }
                    ]
                  ],
                  "requires_compatibilities": [
                    "set",
                    "string"
                  ],
                  "revision": "number",
                  "runtime_platform": [
                    "list",
                    [
                      "object",
                      {
                        "cpu_architecture": "string",
                        "operating_system_family": "string"
                      }
                    ]
                  ],
                  "skip_destroy": "bool",
                  "tags": [
                    "map",
                    "string"
                  ],
                  "tags_all": [
                    "map",
                    "string"
                  ],
                  "task_role_arn": "string",
                  "volume": [
                    "set",
                    [
                      "object",
                      {
                        "docker_volume_configuration": [
                          "list",
                          [
                            "object",
                            {
                              "autoprovision": "bool",
                              "driver": "string",
                              "driver_opts": [
                                "map",
                                "string"
                              ],
                              "labels": [
                                "map",
                                "string"
                              ],
                              "scope": "string"
                            }
                          ]
                        ],
                        "efs_volume_configuration": [
                          "list",
                          [
                            "object",
                            {
                              "authorization_config": [
                                "list",
                                [
                                  "object",
                                  {
                                    "access_point_id": "string",
                                    "iam": "string"
                                  }
                                ]
                              ],
                              "file_system_id": "string",
                              "root_directory": "string",
                              "transit_encryption": "string",
                              "transit_encryption_port": "number"
                            }
                          ]
                        ],
                        "fsx_windows_file_server_volume_configuration": [
                          "list",
                          [
                            "object",
                            {
                              "authorization_config": [
                                "list",
                                [
                                  "object",
                                  {
                                    "credentials_parameter": "string",
                                    "domain": "string"
                                  }
                                ]
                              ],
                              "file_system_id": "string",
                              "root_directory": "string"
                            }
                          ]
                        ],
                        "host_path": "string",
                        "name": "string"
                      }
                    ]
                  ]
                }
              ],
              [
                "object",
                {
                  "arn": "string",
                  "container_definitions": "string",
                  "cpu": "string",
                  "ephemeral_storage": [
                    "list",
                    [
                      "object",
                      {
                        "size_in_gib": "number"
                      }
                    ]
                  ],
                  "execution_role_arn": "string",
                  "family": "string",
                  "id": "string",
                  "inference_accelerator": [
                    "set",
                    [
                      "object",
                      {
                        "device_name": "string",
                        "device_type": "string"
                      }
                    ]
                  ],
                  "ipc_mode": "string",
                  "memory": "string",
                  "network_mode": "string",
                  "pid_mode": "string",
                  "placement_constraints": [
                    "set",
                    [
                      "object",
                      {
                        "expression": "string",
                        "type": "string"
                      }
                    ]
                  ],
                  "proxy_configuration": [
                    "list",
                    [
                      "object",
                      {
                        "container_name": "string",
                        "properties": [
                          "map",
                          "string"
                        ],
                        "type": "string"
                      }
                    ]
                  ],
                  "requires_compatibilities": [
                    "set",
                    "string"
                  ],
                  "revision": "number",
                  "runtime_platform": [
                    "list",
                    [
                      "object",
                      {
                        "cpu_architecture": "string",
                        "operating_system_family": "string"
                      }
                    ]
                  ],
                  "skip_destroy": "bool",
                  "tags": [
                    "map",
                    "string"
                  ],
                  "tags_all": [
                    "map",
                    "string"
                  ],
                  "task_role_arn": "string",
                  "volume": [
                    "set",
                    [
                      "object",
                      {
                        "docker_volume_configuration": [
                          "list",
                          [
                            "object",
                            {
                              "autoprovision": "bool",
                              "driver": "string",
                              "driver_opts": [
                                "map",
                                "string"
                              ],
                              "labels": [
                                "map",
                                "string"
                              ],
                              "scope": "string"
                            }
                          ]
                        ],
                        "efs_volume_configuration": [
                          "list",
                          [
                            "object",
                            {
                              "authorization_config": [
                                "list",
                                [
                                  "object",
                                  {
                                    "access_point_id": "string",
                                    "iam": "string"
                                  }
                                ]
                              ],
                              "file_system_id": "string",
                              "root_directory": "string",
                              "transit_encryption": "string",
                              "transit_encryption_port": "number"
                            }
                          ]
                        ],
                        "fsx_windows_file_server_volume_configuration": [
                          "list",
                          [
                            "object",
                            {
                              "authorization_config": [
                                "list",
                                [
                                  "object",
                                  {
                                    "credentials_parameter": "string",
                                    "domain": "string"
                                  }
                                ]
                              ],
                              "file_system_id": "string",
                              "root_directory": "string"
                            }
                          ]
                        ],
                        "host_path": "string",
                        "name": "string"
                      }
                    ]
                  ]
                }
              ],
              [
                "object",
                {
                  "arn": "string",
                  "container_definitions": "string",
                  "cpu": "string",
                  "ephemeral_storage": [
                    "list",
                    [
                      "object",
                      {
                        "size_in_gib": "number"
                      }
                    ]
                  ],
                  "execution_role_arn": "string",
                  "family": "string",
                  "id": "string",
                  "inference_accelerator": [
                    "set",
                    [
                      "object",
                      {
                        "device_name": "string",
                        "device_type": "string"
                      }
                    ]
                  ],
                  "ipc_mode": "string",
                  "memory": "string",
                  "network_mode": "string",
                  "pid_mode": "string",
                  "placement_constraints": [
                    "set",
                    [
                      "object",
                      {
                        "expression": "string",
                        "type": "string"
                      }
                    ]
                  ],
                  "proxy_configuration": [
                    "list",
                    [
                      "object",
                      {
                        "container_name": "string",
                        "properties": [
                          "map",
                          "string"
                        ],
                        "type": "string"
                      }
                    ]
                  ],
                  "requires_compatibilities": [
                    "set",
                    "string"
                  ],
                  "revision": "number",
                  "runtime_platform": [
                    "list",
                    [
                      "object",
                      {
                        "cpu_architecture": "string",
                        "operating_system_family": "string"
                      }
                    ]
                  ],
                  "skip_destroy": "bool",
                  "tags": [
                    "map",
                    "string"
                  ],
                  "tags_all": [
                    "map",
                    "string"
                  ],
                  "task_role_arn": "string",
                  "volume": [
                    "set",
                    [
                      "object",
                      {
                        "docker_volume_configuration": [
                          "list",
                          [
                            "object",
                            {
                              "autoprovision": "bool",
                              "driver": "string",
                              "driver_opts": [
                                "map",
                                "string"
                              ],
                              "labels": [
                                "map",
                                "string"
                              ],
                              "scope": "string"
                            }
                          ]
                        ],
                        "efs_volume_configuration": [
                          "list",
                          [
                            "object",
                            {
                              "authorization_config": [
                                "list",
                                [
                                  "object",
                                  {
                                    "access_point_id": "string",
                                    "iam": "string"
                                  }
                                ]
                              ],
                              "file_system_id": "string",
                              "root_directory": "string",
                              "transit_encryption": "string",
                              "transit_encryption_port": "number"
                            }
                          ]
                        ],
                        "fsx_windows_file_server_volume_configuration": [
                          "list",
                          [
                            "object",
                            {
                              "authorization_config": [
                                "list",
                                [
                                  "object",
                                  {
                                    "credentials_parameter": "string",
                                    "domain": "string"
                                  }
                                ]
                              ],
                              "file_system_id": "string",
                              "root_directory": "string"
                            }
                          ]
                        ],
                        "host_path": "string",
                        "name": "string"
                      }
                    ]
                  ]
                }
              ],
              [
                "object",
                {
                  "arn": "string",
                  "container_definitions": "string",
                  "cpu": "string",
                  "ephemeral_storage": [
                    "list",
                    [
                      "object",
                      {
                        "size_in_gib": "number"
                      }
                    ]
                  ],
                  "execution_role_arn": "string",
                  "family": "string",
                  "id": "string",
                  "inference_accelerator": [
                    "set",
                    [
                      "object",
                      {
                        "device_name": "string",
                        "device_type": "string"
                      }
                    ]
                  ],
                  "ipc_mode": "string",
                  "memory": "string",
                  "network_mode": "string",
                  "pid_mode": "string",
                  "placement_constraints": [
                    "set",
                    [
                      "object",
                      {
                        "expression": "string",
                        "type": "string"
                      }
                    ]
                  ],
                  "proxy_configuration": [
                    "list",
                    [
                      "object",
                      {
                        "container_name": "string",
                        "properties": [
                          "map",
                          "string"
                        ],
                        "type": "string"
                      }
                    ]
                  ],
                  "requires_compatibilities": [
                    "set",
                    "string"
                  ],
                  "revision": "number",
                  "runtime_platform": [
                    "list",
                    [
                      "object",
                      {
                        "cpu_architecture": "string",
                        "operating_system_family": "string"
                      }
                    ]
                  ],
                  "skip_destroy": "bool",
                  "tags": [
                    "map",
                    "string"
                  ],
                  "tags_all": [
                    "map",
                    "string"
                  ],
                  "task_role_arn": "string",
                  "volume": [
                    "set",
                    [
                      "object",
                      {
                        "docker_volume_configuration": [
                          "list",
                          [
                            "object",
                            {
                              "autoprovision": "bool",
                              "driver": "string",
                              "driver_opts": [
                                "map",
                                "string"
                              ],
                              "labels": [
                                "map",
                                "string"
                              ],
                              "scope": "string"
                            }
                          ]
                        ],
                        "efs_volume_configuration": [
                          "list",
                          [
                            "object",
                            {
                              "authorization_config": [
                                "list",
                                [
                                  "object",
                                  {
                                    "access_point_id": "string",
                                    "iam": "string"
                                  }
                                ]
                              ],
                              "file_system_id": "string",
                              "root_directory": "string",
                              "transit_encryption": "string",
                              "transit_encryption_port": "number"
                            }
                          ]
                        ],
                        "fsx_windows_file_server_volume_configuration": [
                          "list",
                          [
                            "object",
                            {
                              "authorization_config": [
                                "list",
                                [
                                  "object",
                                  {
                                    "credentials_parameter": "string",
                                    "domain": "string"
                                  }
                                ]
                              ],
                              "file_system_id": "string",
                              "root_directory": "string"
                            }
                          ]
                        ],
                        "host_path": "string",
                        "name": "string"
                      }
                    ]
                  ]
                }
              ]
            ]
          ],
          "aws_service_discovery_service": [
            "tuple",
            [
              [
                "object",
                {
                  "arn": "string",
                  "description": "string",
                  "dns_config": [
                    "list",
                    [
                      "object",
                      {
                        "dns_records": [
                          "list",
                          [
                            "object",
                            {
                              "ttl": "number",
                              "type": "string"
                            }
                          ]
                        ],
                        "namespace_id": "string",
                        "routing_policy": "string"
                      }
                    ]
                  ],
                  "force_destroy": "bool",
                  "health_check_config": [
                    "list",
                    [
                      "object",
                      {
                        "failure_threshold": "number",
                        "resource_path": "string",
                        "type": "string"
                      }
                    ]
                  ],
                  "health_check_custom_config": [
                    "list",
                    [
                      "object",
                      {
                        "failure_threshold": "number"
                      }
                    ]
                  ],
                  "id": "string",
                  "name": "string",
                  "namespace_id": "string",
                  "tags": [
                    "map",
                    "string"
                  ],
                  "tags_all": [
                    "map",
                    "string"
                  ]
                }
              ],
              [
                "object",
                {
                  "arn": "string",
                  "description": "string",
                  "dns_config": [
                    "list",
                    [
                      "object",
                      {
                        "dns_records": [
                          "list",
                          [
                            "object",
                            {
                              "ttl": "number",
                              "type": "string"
                            }
                          ]
                        ],
                        "namespace_id": "string",
                        "routing_policy": "string"
                      }
                    ]
                  ],
                  "force_destroy": "bool",
                  "health_check_config": [
                    "list",
                    [
                      "object",
                      {
                        "failure_threshold": "number",
                        "resource_path": "string",
                        "type": "string"
                      }
                    ]
                  ],
                  "health_check_custom_config": [
                    "list",
                    [
                      "object",
                      {
                        "failure_threshold": "number"
                      }
                    ]
                  ],
                  "id": "string",
                  "name": "string",
                  "namespace_id": "string",
                  "tags": [
                    "map",
                    "string"
                  ],
                  "tags_all": [
                    "map",
                    "string"
                  ]
                }
              ],
              [
                "object",
                {
                  "arn": "string",
                  "description": "string",
                  "dns_config": [
                    "list",
                    [
                      "object",
                      {
                        "dns_records": [
                          "list",
                          [
                            "object",
                            {
                              "ttl": "number",
                              "type": "string"
                            }
                          ]
                        ],
                        "namespace_id": "string",
                        "routing_policy": "string"
                      }
                    ]
                  ],
                  "force_destroy": "bool",
                  "health_check_config": [
                    "list",
                    [
                      "object",
                      {
                        "failure_threshold": "number",
                        "resource_path": "string",
                        "type": "string"
                      }
                    ]
                  ],
                  "health_check_custom_config": [
                    "list",
                    [
                      "object",
                      {
                        "failure_threshold": "number"
                      }
                    ]
                  ],
                  "id": "string",
                  "name": "string",
                  "namespace_id": "string",
                  "tags": [
                    "map",
                    "string"
                  ],
                  "tags_all": [
                    "map",
                    "string"
                  ]
                }
              ],
              [
                "object",
                {
                  "arn": "string",
                  "description": "string",
                  "dns_config": [
                    "list",
                    [
                      "object",
                      {
                        "dns_records": [
                          "list",
                          [
                            "object",
                            {
                              "ttl": "number",
                              "type": "string"
                            }
                          ]
                        ],
                        "namespace_id": "string",
                        "routing_policy": "string"
                      }
                    ]
                  ],
                  "force_destroy": "bool",
                  "health_check_config": [
                    "list",
                    [
                      "object",
                      {
                        "failure_threshold": "number",
                        "resource_path": "string",
                        "type": "string"
                      }
                    ]
                  ],
                  "health_check_custom_config": [
                    "list",
                    [
                      "object",
                      {
                        "failure_threshold": "number"
                      }
                    ]
                  ],
                  "id": "string",
                  "name": "string",
                  "namespace_id": "string",
                  "tags": [
                    "map",
                    "string"
                  ],
                  "tags_all": [
                    "map",
                    "string"
                  ]
                }
              ]
            ]
          ]
        }
      ]
    },
    "internal_alb": {
      "value": {
        "aws_alb_listener": {
          "HTTP": {
            "alpn_policy": null,
            "arn": "arn:aws:elasticloadbalancing:us-east-2:606387284755:listener/app/portuguese-verbs-internal-alb/2ab948e2aff17aa0/2cfa625fe0f9c13c",
            "certificate_arn": null,
            "default_action": [
              {
                "authenticate_cognito": [],
                "authenticate_oidc": [],
                "fixed_response": [
                  {
                    "content_type": "text/plain",
                    "message_body": "No routes defined",
                    "status_code": "200"
                  }
                ],
                "forward": [],
                "order": 1,
                "redirect": [],
                "target_group_arn": "",
                "type": "fixed-response"
              }
            ],
            "id": "arn:aws:elasticloadbalancing:us-east-2:606387284755:listener/app/portuguese-verbs-internal-alb/2ab948e2aff17aa0/2cfa625fe0f9c13c",
            "load_balancer_arn": "arn:aws:elasticloadbalancing:us-east-2:606387284755:loadbalancer/app/portuguese-verbs-internal-alb/2ab948e2aff17aa0",
            "port": 80,
            "protocol": "HTTP",
            "ssl_policy": "",
            "tags": {},
            "tags_all": {},
            "timeouts": null
          }
        },
        "domain_validations": [
          {
            "domain_name": "conjugame.org",
            "resource_record_name": "_87a0da41f8ed3b79661ce80c1c59155d.conjugame.org.",
            "resource_record_type": "CNAME",
            "resource_record_value": "_f3457a36c8eff7a4c17db47275d9371b.zwhvhxfsld.acm-validations.aws."
          }
        ],
        "internal_alb": {
          "access_logs": [
            {
              "bucket": "",
              "enabled": false,
              "prefix": ""
            }
          ],
          "arn": "arn:aws:elasticloadbalancing:us-east-2:606387284755:loadbalancer/app/portuguese-verbs-internal-alb/2ab948e2aff17aa0",
          "arn_suffix": "app/portuguese-verbs-internal-alb/2ab948e2aff17aa0",
          "customer_owned_ipv4_pool": "",
          "desync_mitigation_mode": "defensive",
          "dns_name": "internal-portuguese-verbs-internal-alb-897646029.us-east-2.elb.amazonaws.com",
          "drop_invalid_header_fields": false,
          "enable_cross_zone_load_balancing": true,
          "enable_deletion_protection": false,
          "enable_http2": true,
          "enable_waf_fail_open": false,
          "id": "arn:aws:elasticloadbalancing:us-east-2:606387284755:loadbalancer/app/portuguese-verbs-internal-alb/2ab948e2aff17aa0",
          "idle_timeout": 60,
          "internal": true,
          "ip_address_type": "ipv4",
          "load_balancer_type": "application",
          "name": "portuguese-verbs-internal-alb",
          "name_prefix": null,
          "security_groups": [
            "sg-0825cb6cfe25d5aad"
          ],
          "subnet_mapping": [
            {
              "allocation_id": "",
              "ipv6_address": "",
              "outpost_id": "",
              "private_ipv4_address": "",
              "subnet_id": "subnet-02c34fc789d430e8d"
            },
            {
              "allocation_id": "",
              "ipv6_address": "",
              "outpost_id": "",
              "private_ipv4_address": "",
              "subnet_id": "subnet-0d39bff124d3ecde2"
            }
          ],
          "subnets": [
            "subnet-02c34fc789d430e8d",
            "subnet-0d39bff124d3ecde2"
          ],
          "tags": {},
          "tags_all": {},
          "timeouts": null,
          "vpc_id": "vpc-0090636559ee932a4",
          "zone_id": "Z3AADJGX6KTTL2"
        },
        "internal_alb-dns": "internal-portuguese-verbs-internal-alb-897646029.us-east-2.elb.amazonaws.com",
        "internal_alb_id": "arn:aws:elasticloadbalancing:us-east-2:606387284755:loadbalancer/app/portuguese-verbs-internal-alb/2ab948e2aff17aa0",
        "target_groups": {}
      },
      "type": [
        "object",
        {
          "aws_alb_listener": [
            "object",
            {
              "HTTP": [
                "object",
                {
                  "alpn_policy": "string",
                  "arn": "string",
                  "certificate_arn": "string",
                  "default_action": [
                    "list",
                    [
                      "object",
                      {
                        "authenticate_cognito": [
                          "list",
                          [
                            "object",
                            {
                              "authentication_request_extra_params": [
                                "map",
                                "string"
                              ],
                              "on_unauthenticated_request": "string",
                              "scope": "string",
                              "session_cookie_name": "string",
                              "session_timeout": "number",
                              "user_pool_arn": "string",
                              "user_pool_client_id": "string",
                              "user_pool_domain": "string"
                            }
                          ]
                        ],
                        "authenticate_oidc": [
                          "list",
                          [
                            "object",
                            {
                              "authentication_request_extra_params": [
                                "map",
                                "string"
                              ],
                              "authorization_endpoint": "string",
                              "client_id": "string",
                              "client_secret": "string",
                              "issuer": "string",
                              "on_unauthenticated_request": "string",
                              "scope": "string",
                              "session_cookie_name": "string",
                              "session_timeout": "number",
                              "token_endpoint": "string",
                              "user_info_endpoint": "string"
                            }
                          ]
                        ],
                        "fixed_response": [
                          "list",
                          [
                            "object",
                            {
                              "content_type": "string",
                              "message_body": "string",
                              "status_code": "string"
                            }
                          ]
                        ],
                        "forward": [
                          "list",
                          [
                            "object",
                            {
                              "stickiness": [
                                "list",
                                [
                                  "object",
                                  {
                                    "duration": "number",
                                    "enabled": "bool"
                                  }
                                ]
                              ],
                              "target_group": [
                                "set",
                                [
                                  "object",
                                  {
                                    "arn": "string",
                                    "weight": "number"
                                  }
                                ]
                              ]
                            }
                          ]
                        ],
                        "order": "number",
                        "redirect": [
                          "list",
                          [
                            "object",
                            {
                              "host": "string",
                              "path": "string",
                              "port": "string",
                              "protocol": "string",
                              "query": "string",
                              "status_code": "string"
                            }
                          ]
                        ],
                        "target_group_arn": "string",
                        "type": "string"
                      }
                    ]
                  ],
                  "id": "string",
                  "load_balancer_arn": "string",
                  "port": "number",
                  "protocol": "string",
                  "ssl_policy": "string",
                  "tags": [
                    "map",
                    "string"
                  ],
                  "tags_all": [
                    "map",
                    "string"
                  ],
                  "timeouts": [
                    "object",
                    {
                      "read": "string"
                    }
                  ]
                }
              ]
            }
          ],
          "domain_validations": [
            "set",
            [
              "object",
              {
                "domain_name": "string",
                "resource_record_name": "string",
                "resource_record_type": "string",
                "resource_record_value": "string"
              }
            ]
          ],
          "internal_alb": [
            "object",
            {
              "access_logs": [
                "list",
                [
                  "object",
                  {
                    "bucket": "string",
                    "enabled": "bool",
                    "prefix": "string"
                  }
                ]
              ],
              "arn": "string",
              "arn_suffix": "string",
              "customer_owned_ipv4_pool": "string",
              "desync_mitigation_mode": "string",
              "dns_name": "string",
              "drop_invalid_header_fields": "bool",
              "enable_cross_zone_load_balancing": "bool",
              "enable_deletion_protection": "bool",
              "enable_http2": "bool",
              "enable_waf_fail_open": "bool",
              "id": "string",
              "idle_timeout": "number",
              "internal": "bool",
              "ip_address_type": "string",
              "load_balancer_type": "string",
              "name": "string",
              "name_prefix": "string",
              "security_groups": [
                "set",
                "string"
              ],
              "subnet_mapping": [
                "set",
                [
                  "object",
                  {
                    "allocation_id": "string",
                    "ipv6_address": "string",
                    "outpost_id": "string",
                    "private_ipv4_address": "string",
                    "subnet_id": "string"
                  }
                ]
              ],
              "subnets": [
                "set",
                "string"
              ],
              "tags": [
                "map",
                "string"
              ],
              "tags_all": [
                "map",
                "string"
              ],
              "timeouts": [
                "object",
                {
                  "create": "string",
                  "delete": "string",
                  "update": "string"
                }
              ],
              "vpc_id": "string",
              "zone_id": "string"
            }
          ],
          "internal_alb-dns": "string",
          "internal_alb_id": "string",
          "target_groups": [
            "object",
            {}
          ]
        }
      ]
    }
  },
  "resources": [
    {
      "mode": "data",
      "type": "aws_ami",
      "name": "latest_amazon_linux2",
      "provider": "provider[\"registry.terraform.io/hashicorp/aws\"]",
      "instances": [
        {
          "schema_version": 0,
          "attributes": {
            "architecture": "x86_64",
            "arn": "arn:aws:ec2:us-east-2::image/ami-0d50e9ae42eead5cd",
            "block_device_mappings": [
              {
                "device_name": "/dev/xvda",
                "ebs": {
                  "delete_on_termination": "true",
                  "encrypted": "false",
                  "iops": "0",
                  "snapshot_id": "snap-0f0809ada799b6d35",
                  "throughput": "0",
                  "volume_size": "8",
                  "volume_type": "gp2"
                },
                "no_device": "",
                "virtual_name": ""
              }
            ],
            "creation_date": "2023-09-13T00:02:01.000Z",
            "description": "Amazon Linux 2 Kernel 5.10 AMI 2.0.20230912.0 x86_64 HVM gp2",
            "ena_support": true,
            "executable_users": null,
            "filter": [
              {
                "name": "architecture",
                "values": [
                  "x86_64"
                ]
              },
              {
                "name": "name",
                "values": [
                  "amzn2-ami-kernel-*-x86_64-gp2"
                ]
              }
            ],
            "hypervisor": "xen",
            "id": "ami-0d50e9ae42eead5cd",
            "image_id": "ami-0d50e9ae42eead5cd",
            "image_location": "amazon/amzn2-ami-kernel-5.10-hvm-2.0.20230912.0-x86_64-gp2",
            "image_owner_alias": "amazon",
            "image_type": "machine",
            "kernel_id": null,
            "most_recent": true,
            "name": "amzn2-ami-kernel-5.10-hvm-2.0.20230912.0-x86_64-gp2",
            "name_regex": null,
            "owner_id": "137112412989",
            "owners": [
              "amazon"
            ],
            "platform": null,
            "platform_details": "Linux/UNIX",
            "product_codes": [],
            "public": true,
            "ramdisk_id": null,
            "root_device_name": "/dev/xvda",
            "root_device_type": "ebs",
            "root_snapshot_id": "snap-0f0809ada799b6d35",
            "sriov_net_support": "simple",
            "state": "available",
            "state_reason": {
              "code": "UNSET",
              "message": "UNSET"
            },
            "tags": {},
            "usage_operation": "RunInstances",
            "virtualization_type": "hvm"
          },
          "sensitive_attributes": []
        }
      ]
    },
    {
      "module": "module.ecr",
      "mode": "managed",
      "type": "aws_ecr_repository",
      "name": "ecr_repository",
      "provider": "provider[\"registry.terraform.io/hashicorp/aws\"]",
      "instances": [
        {
          "schema_version": 0,
          "attributes": {
            "arn": "arn:aws:ecr:us-east-2:606387284755:repository/portuguese-verbs",
            "encryption_configuration": [
              {
                "encryption_type": "AES256",
                "kms_key": ""
              }
            ],
            "id": "portuguese-verbs",
            "image_scanning_configuration": [
              {
                "scan_on_push": true
              }
            ],
            "image_tag_mutability": "MUTABLE",
            "name": "portuguese-verbs",
            "registry_id": "606387284755",
            "repository_url": "606387284755.dkr.ecr.us-east-2.amazonaws.com/portuguese-verbs",
            "tags": {},
            "tags_all": {},
            "timeouts": null
          },
          "sensitive_attributes": [],
          "private": "eyJlMmJmYjczMC1lY2FhLTExZTYtOGY4OC0zNDM2M2JjN2M0YzAiOnsiZGVsZXRlIjoxMjAwMDAwMDAwMDAwfX0=",
          "create_before_destroy": true
        }
      ]
    },
    {
      "module": "module.ecs",
      "mode": "data",
      "type": "aws_iam_policy_document",
      "name": "ecs_task_assume_policy",
      "provider": "provider[\"registry.terraform.io/hashicorp/aws\"]",
      "instances": [
        {
          "schema_version": 0,
          "attributes": {
            "id": "320642683",
            "json": "{\n  \"Version\": \"2012-10-17\",\n  \"Statement\": [\n    {\n      \"Sid\": \"\",\n      \"Effect\": \"Allow\",\n      \"Action\": \"sts:AssumeRole\",\n      \"Principal\": {\n        \"Service\": \"ecs-tasks.amazonaws.com\"\n      }\n    }\n  ]\n}",
            "override_json": null,
            "override_policy_documents": null,
            "policy_id": null,
            "source_json": null,
            "source_policy_documents": null,
            "statement": [
              {
                "actions": [
                  "sts:AssumeRole"
                ],
                "condition": [],
                "effect": "Allow",
                "not_actions": [],
                "not_principals": [],
                "not_resources": [],
                "principals": [
                  {
                    "identifiers": [
                      "ecs-tasks.amazonaws.com"
                    ],
                    "type": "Service"
                  }
                ],
                "resources": [],
                "sid": ""
              }
            ],
            "version": "2012-10-17"
          },
          "sensitive_attributes": []
        }
      ]
    },
    {
      "module": "module.ecs",
      "mode": "managed",
      "type": "aws_appautoscaling_policy",
      "name": "ecs_policy_cpu",
      "provider": "provider[\"registry.terraform.io/hashicorp/aws\"]",
      "instances": [
        {
          "index_key": "api",
          "schema_version": 0,
          "attributes": {
            "arn": "arn:aws:autoscaling:us-east-2:606387284755:scalingPolicy:a44af937-3fe8-4f23-bbfe-b73493ad09b6:resource/ecs/service/portuguese-verbs-cluster/api-service:policyName/portuguese-verbs-cpu-autoscaling",
            "id": "portuguese-verbs-cpu-autoscaling",
            "name": "portuguese-verbs-cpu-autoscaling",
            "policy_type": "TargetTrackingScaling",
            "resource_id": "service/portuguese-verbs-cluster/api-service",
            "scalable_dimension": "ecs:service:DesiredCount",
            "service_namespace": "ecs",
            "step_scaling_policy_configuration": [],
            "target_tracking_scaling_policy_configuration": [
              {
                "customized_metric_specification": [],
                "disable_scale_in": false,
                "predefined_metric_specification": [
                  {
                    "predefined_metric_type": "ECSServiceAverageCPUUtilization",
                    "resource_label": ""
                  }
                ],
                "scale_in_cooldown": 0,
                "scale_out_cooldown": 0,
                "target_value": 75
              }
            ]
          },
          "sensitive_attributes": [],
          "private": "bnVsbA==",
          "dependencies": [
            "module.ecs.aws_appautoscaling_target.service_autoscaling",
            "module.ecs.aws_ecs_cluster.ecs_cluster",
            "module.ecs.aws_ecs_service.private_service",
            "module.ecs.aws_ecs_task_definition.ecs_task_definition",
            "module.ecs.aws_security_group.service_security_group",
            "module.ecs.aws_security_group.webapp_security_group",
            "module.ecs.aws_service_discovery_http_namespace.portuguese",
            "module.ecs.aws_service_discovery_private_dns_namespace.private_portuguese",
            "module.ecs.aws_service_discovery_public_dns_namespace.public_portuguese",
            "module.ecs.aws_service_discovery_service.private_service",
            "module.ecs.aws_service_discovery_service.public_service",
            "module.iam.aws_iam_role.ecs_task_execution_role",
            "module.iam.data.aws_iam_policy_document.assume_role_policy",
            "module.internal_alb.aws_alb_target_group.alb_target_group",
            "module.internal_alb_security_group.aws_security_group.security_group",
            "module.public_alb.aws_alb_target_group.alb_target_group",
            "module.public_alb_security_group.aws_security_group.security_group",
            "module.vpc.aws_subnet.private_subnet",
            "module.vpc.aws_subnet.public_subnet",
            "module.vpc.aws_vpc.vpc"
          ]
        },
        {
          "index_key": "client",
          "schema_version": 0,
          "attributes": {
            "arn": "arn:aws:autoscaling:us-east-2:606387284755:scalingPolicy:309dd824-7712-467c-8f00-8089e3e823d1:resource/ecs/service/portuguese-verbs-cluster/client-service:policyName/portuguese-verbs-cpu-autoscaling",
            "id": "portuguese-verbs-cpu-autoscaling",
            "name": "portuguese-verbs-cpu-autoscaling",
            "policy_type": "TargetTrackingScaling",
            "resource_id": "service/portuguese-verbs-cluster/client-service",
            "scalable_dimension": "ecs:service:DesiredCount",
            "service_namespace": "ecs",
            "step_scaling_policy_configuration": [],
            "target_tracking_scaling_policy_configuration": [
              {
                "customized_metric_specification": [],
                "disable_scale_in": false,
                "predefined_metric_specification": [
                  {
                    "predefined_metric_type": "ECSServiceAverageCPUUtilization",
                    "resource_label": ""
                  }
                ],
                "scale_in_cooldown": 0,
                "scale_out_cooldown": 0,
                "target_value": 75
              }
            ]
          },
          "sensitive_attributes": [],
          "private": "bnVsbA==",
          "dependencies": [
            "module.ecs.aws_appautoscaling_target.service_autoscaling",
            "module.ecs.aws_ecs_cluster.ecs_cluster",
            "module.ecs.aws_ecs_service.private_service",
            "module.ecs.aws_ecs_task_definition.ecs_task_definition",
            "module.ecs.aws_security_group.service_security_group",
            "module.ecs.aws_security_group.webapp_security_group",
            "module.ecs.aws_service_discovery_http_namespace.portuguese",
            "module.ecs.aws_service_discovery_private_dns_namespace.private_portuguese",
            "module.ecs.aws_service_discovery_public_dns_namespace.public_portuguese",
            "module.ecs.aws_service_discovery_service.private_service",
            "module.ecs.aws_service_discovery_service.public_service",
            "module.iam.aws_iam_role.ecs_task_execution_role",
            "module.iam.data.aws_iam_policy_document.assume_role_policy",
            "module.internal_alb.aws_alb_target_group.alb_target_group",
            "module.internal_alb_security_group.aws_security_group.security_group",
            "module.public_alb.aws_alb_target_group.alb_target_group",
            "module.public_alb_security_group.aws_security_group.security_group",
            "module.vpc.aws_subnet.private_subnet",
            "module.vpc.aws_subnet.public_subnet",
            "module.vpc.aws_vpc.vpc"
          ]
        },
        {
          "index_key": "nginx",
          "schema_version": 0,
          "attributes": {
            "arn": "arn:aws:autoscaling:us-east-2:606387284755:scalingPolicy:9c656665-8dd4-4421-a99a-ee716f965d47:resource/ecs/service/portuguese-verbs-cluster/nginx-service:policyName/portuguese-verbs-cpu-autoscaling",
            "id": "portuguese-verbs-cpu-autoscaling",
            "name": "portuguese-verbs-cpu-autoscaling",
            "policy_type": "TargetTrackingScaling",
            "resource_id": "service/portuguese-verbs-cluster/nginx-service",
            "scalable_dimension": "ecs:service:DesiredCount",
            "service_namespace": "ecs",
            "step_scaling_policy_configuration": [],
            "target_tracking_scaling_policy_configuration": [
              {
                "customized_metric_specification": [],
                "disable_scale_in": false,
                "predefined_metric_specification": [
                  {
                    "predefined_metric_type": "ECSServiceAverageCPUUtilization",
                    "resource_label": ""
                  }
                ],
                "scale_in_cooldown": 0,
                "scale_out_cooldown": 0,
                "target_value": 75
              }
            ]
          },
          "sensitive_attributes": [],
          "private": "bnVsbA==",
          "dependencies": [
            "module.ecs.aws_appautoscaling_target.service_autoscaling",
            "module.ecs.aws_ecs_cluster.ecs_cluster",
            "module.ecs.aws_ecs_service.private_service",
            "module.ecs.aws_ecs_task_definition.ecs_task_definition",
            "module.ecs.aws_security_group.service_security_group",
            "module.ecs.aws_security_group.webapp_security_group",
            "module.ecs.aws_service_discovery_http_namespace.portuguese",
            "module.ecs.aws_service_discovery_private_dns_namespace.private_portuguese",
            "module.ecs.aws_service_discovery_public_dns_namespace.public_portuguese",
            "module.ecs.aws_service_discovery_service.private_service",
            "module.ecs.aws_service_discovery_service.public_service",
            "module.iam.aws_iam_role.ecs_task_execution_role",
            "module.iam.data.aws_iam_policy_document.assume_role_policy",
            "module.internal_alb.aws_alb_target_group.alb_target_group",
            "module.internal_alb_security_group.aws_security_group.security_group",
            "module.public_alb.aws_alb_target_group.alb_target_group",
            "module.public_alb_security_group.aws_security_group.security_group",
            "module.vpc.aws_subnet.private_subnet",
            "module.vpc.aws_subnet.public_subnet",
            "module.vpc.aws_vpc.vpc"
          ]
        },
        {
          "index_key": "verbecc",
          "schema_version": 0,
          "attributes": {
            "arn": "arn:aws:autoscaling:us-east-2:606387284755:scalingPolicy:f52d5d67-952f-4f33-b2ed-4ad032202c62:resource/ecs/service/portuguese-verbs-cluster/verbecc-service:policyName/portuguese-verbs-cpu-autoscaling",
            "id": "portuguese-verbs-cpu-autoscaling",
            "name": "portuguese-verbs-cpu-autoscaling",
            "policy_type": "TargetTrackingScaling",
            "resource_id": "service/portuguese-verbs-cluster/verbecc-service",
            "scalable_dimension": "ecs:service:DesiredCount",
            "service_namespace": "ecs",
            "step_scaling_policy_configuration": [],
            "target_tracking_scaling_policy_configuration": [
              {
                "customized_metric_specification": [],
                "disable_scale_in": false,
                "predefined_metric_specification": [
                  {
                    "predefined_metric_type": "ECSServiceAverageCPUUtilization",
                    "resource_label": ""
                  }
                ],
                "scale_in_cooldown": 0,
                "scale_out_cooldown": 0,
                "target_value": 75
              }
            ]
          },
          "sensitive_attributes": [],
          "private": "bnVsbA==",
          "dependencies": [
            "module.ecs.aws_appautoscaling_target.service_autoscaling",
            "module.ecs.aws_ecs_cluster.ecs_cluster",
            "module.ecs.aws_ecs_service.private_service",
            "module.ecs.aws_ecs_task_definition.ecs_task_definition",
            "module.ecs.aws_security_group.service_security_group",
            "module.ecs.aws_security_group.webapp_security_group",
            "module.ecs.aws_service_discovery_http_namespace.portuguese",
            "module.ecs.aws_service_discovery_private_dns_namespace.private_portuguese",
            "module.ecs.aws_service_discovery_public_dns_namespace.public_portuguese",
            "module.ecs.aws_service_discovery_service.private_service",
            "module.ecs.aws_service_discovery_service.public_service",
            "module.iam.aws_iam_role.ecs_task_execution_role",
            "module.iam.data.aws_iam_policy_document.assume_role_policy",
            "module.internal_alb.aws_alb_target_group.alb_target_group",
            "module.internal_alb_security_group.aws_security_group.security_group",
            "module.public_alb.aws_alb_target_group.alb_target_group",
            "module.public_alb_security_group.aws_security_group.security_group",
            "module.vpc.aws_subnet.private_subnet",
            "module.vpc.aws_subnet.public_subnet",
            "module.vpc.aws_vpc.vpc"
          ]
        }
      ]
    },
    {
      "module": "module.ecs",
      "mode": "managed",
      "type": "aws_appautoscaling_policy",
      "name": "ecs_policy_memory",
      "provider": "provider[\"registry.terraform.io/hashicorp/aws\"]",
      "instances": [
        {
          "index_key": "api",
          "schema_version": 0,
          "attributes": {
            "arn": "arn:aws:autoscaling:us-east-2:606387284755:scalingPolicy:a44af937-3fe8-4f23-bbfe-b73493ad09b6:resource/ecs/service/portuguese-verbs-cluster/api-service:policyName/portuguese-verbs-memory-autoscaling",
            "id": "portuguese-verbs-memory-autoscaling",
            "name": "portuguese-verbs-memory-autoscaling",
            "policy_type": "TargetTrackingScaling",
            "resource_id": "service/portuguese-verbs-cluster/api-service",
            "scalable_dimension": "ecs:service:DesiredCount",
            "service_namespace": "ecs",
            "step_scaling_policy_configuration": [],
            "target_tracking_scaling_policy_configuration": [
              {
                "customized_metric_specification": [],
                "disable_scale_in": false,
                "predefined_metric_specification": [
                  {
                    "predefined_metric_type": "ECSServiceAverageMemoryUtilization",
                    "resource_label": ""
                  }
                ],
                "scale_in_cooldown": 0,
                "scale_out_cooldown": 0,
                "target_value": 75
              }
            ]
          },
          "sensitive_attributes": [],
          "private": "bnVsbA==",
          "dependencies": [
            "module.ecs.aws_appautoscaling_target.service_autoscaling",
            "module.ecs.aws_ecs_cluster.ecs_cluster",
            "module.ecs.aws_ecs_service.private_service",
            "module.ecs.aws_ecs_task_definition.ecs_task_definition",
            "module.ecs.aws_security_group.service_security_group",
            "module.ecs.aws_security_group.webapp_security_group",
            "module.ecs.aws_service_discovery_http_namespace.portuguese",
            "module.ecs.aws_service_discovery_private_dns_namespace.private_portuguese",
            "module.ecs.aws_service_discovery_public_dns_namespace.public_portuguese",
            "module.ecs.aws_service_discovery_service.private_service",
            "module.ecs.aws_service_discovery_service.public_service",
            "module.iam.aws_iam_role.ecs_task_execution_role",
            "module.iam.data.aws_iam_policy_document.assume_role_policy",
            "module.internal_alb.aws_alb_target_group.alb_target_group",
            "module.internal_alb_security_group.aws_security_group.security_group",
            "module.public_alb.aws_alb_target_group.alb_target_group",
            "module.public_alb_security_group.aws_security_group.security_group",
            "module.vpc.aws_subnet.private_subnet",
            "module.vpc.aws_subnet.public_subnet",
            "module.vpc.aws_vpc.vpc"
          ]
        },
        {
          "index_key": "client",
          "schema_version": 0,
          "attributes": {
            "arn": "arn:aws:autoscaling:us-east-2:606387284755:scalingPolicy:309dd824-7712-467c-8f00-8089e3e823d1:resource/ecs/service/portuguese-verbs-cluster/client-service:policyName/portuguese-verbs-memory-autoscaling",
            "id": "portuguese-verbs-memory-autoscaling",
            "name": "portuguese-verbs-memory-autoscaling",
            "policy_type": "TargetTrackingScaling",
            "resource_id": "service/portuguese-verbs-cluster/client-service",
            "scalable_dimension": "ecs:service:DesiredCount",
            "service_namespace": "ecs",
            "step_scaling_policy_configuration": [],
            "target_tracking_scaling_policy_configuration": [
              {
                "customized_metric_specification": [],
                "disable_scale_in": false,
                "predefined_metric_specification": [
                  {
                    "predefined_metric_type": "ECSServiceAverageMemoryUtilization",
                    "resource_label": ""
                  }
                ],
                "scale_in_cooldown": 0,
                "scale_out_cooldown": 0,
                "target_value": 75
              }
            ]
          },
          "sensitive_attributes": [],
          "private": "bnVsbA==",
          "dependencies": [
            "module.ecs.aws_appautoscaling_target.service_autoscaling",
            "module.ecs.aws_ecs_cluster.ecs_cluster",
            "module.ecs.aws_ecs_service.private_service",
            "module.ecs.aws_ecs_task_definition.ecs_task_definition",
            "module.ecs.aws_security_group.service_security_group",
            "module.ecs.aws_security_group.webapp_security_group",
            "module.ecs.aws_service_discovery_http_namespace.portuguese",
            "module.ecs.aws_service_discovery_private_dns_namespace.private_portuguese",
            "module.ecs.aws_service_discovery_public_dns_namespace.public_portuguese",
            "module.ecs.aws_service_discovery_service.private_service",
            "module.ecs.aws_service_discovery_service.public_service",
            "module.iam.aws_iam_role.ecs_task_execution_role",
            "module.iam.data.aws_iam_policy_document.assume_role_policy",
            "module.internal_alb.aws_alb_target_group.alb_target_group",
            "module.internal_alb_security_group.aws_security_group.security_group",
            "module.public_alb.aws_alb_target_group.alb_target_group",
            "module.public_alb_security_group.aws_security_group.security_group",
            "module.vpc.aws_subnet.private_subnet",
            "module.vpc.aws_subnet.public_subnet",
            "module.vpc.aws_vpc.vpc"
          ]
        },
        {
          "index_key": "nginx",
          "schema_version": 0,
          "attributes": {
            "arn": "arn:aws:autoscaling:us-east-2:606387284755:scalingPolicy:9c656665-8dd4-4421-a99a-ee716f965d47:resource/ecs/service/portuguese-verbs-cluster/nginx-service:policyName/portuguese-verbs-memory-autoscaling",
            "id": "portuguese-verbs-memory-autoscaling",
            "name": "portuguese-verbs-memory-autoscaling",
            "policy_type": "TargetTrackingScaling",
            "resource_id": "service/portuguese-verbs-cluster/nginx-service",
            "scalable_dimension": "ecs:service:DesiredCount",
            "service_namespace": "ecs",
            "step_scaling_policy_configuration": [],
            "target_tracking_scaling_policy_configuration": [
              {
                "customized_metric_specification": [],
                "disable_scale_in": false,
                "predefined_metric_specification": [
                  {
                    "predefined_metric_type": "ECSServiceAverageMemoryUtilization",
                    "resource_label": ""
                  }
                ],
                "scale_in_cooldown": 0,
                "scale_out_cooldown": 0,
                "target_value": 75
              }
            ]
          },
          "sensitive_attributes": [],
          "private": "bnVsbA==",
          "dependencies": [
            "module.ecs.aws_appautoscaling_target.service_autoscaling",
            "module.ecs.aws_ecs_cluster.ecs_cluster",
            "module.ecs.aws_ecs_service.private_service",
            "module.ecs.aws_ecs_task_definition.ecs_task_definition",
            "module.ecs.aws_security_group.service_security_group",
            "module.ecs.aws_security_group.webapp_security_group",
            "module.ecs.aws_service_discovery_http_namespace.portuguese",
            "module.ecs.aws_service_discovery_private_dns_namespace.private_portuguese",
            "module.ecs.aws_service_discovery_public_dns_namespace.public_portuguese",
            "module.ecs.aws_service_discovery_service.private_service",
            "module.ecs.aws_service_discovery_service.public_service",
            "module.iam.aws_iam_role.ecs_task_execution_role",
            "module.iam.data.aws_iam_policy_document.assume_role_policy",
            "module.internal_alb.aws_alb_target_group.alb_target_group",
            "module.internal_alb_security_group.aws_security_group.security_group",
            "module.public_alb.aws_alb_target_group.alb_target_group",
            "module.public_alb_security_group.aws_security_group.security_group",
            "module.vpc.aws_subnet.private_subnet",
            "module.vpc.aws_subnet.public_subnet",
            "module.vpc.aws_vpc.vpc"
          ]
        },
        {
          "index_key": "verbecc",
          "schema_version": 0,
          "attributes": {
            "arn": "arn:aws:autoscaling:us-east-2:606387284755:scalingPolicy:f52d5d67-952f-4f33-b2ed-4ad032202c62:resource/ecs/service/portuguese-verbs-cluster/verbecc-service:policyName/portuguese-verbs-memory-autoscaling",
            "id": "portuguese-verbs-memory-autoscaling",
            "name": "portuguese-verbs-memory-autoscaling",
            "policy_type": "TargetTrackingScaling",
            "resource_id": "service/portuguese-verbs-cluster/verbecc-service",
            "scalable_dimension": "ecs:service:DesiredCount",
            "service_namespace": "ecs",
            "step_scaling_policy_configuration": [],
            "target_tracking_scaling_policy_configuration": [
              {
                "customized_metric_specification": [],
                "disable_scale_in": false,
                "predefined_metric_specification": [
                  {
                    "predefined_metric_type": "ECSServiceAverageMemoryUtilization",
                    "resource_label": ""
                  }
                ],
                "scale_in_cooldown": 0,
                "scale_out_cooldown": 0,
                "target_value": 75
              }
            ]
          },
          "sensitive_attributes": [],
          "private": "bnVsbA==",
          "dependencies": [
            "module.ecs.aws_appautoscaling_target.service_autoscaling",
            "module.ecs.aws_ecs_cluster.ecs_cluster",
            "module.ecs.aws_ecs_service.private_service",
            "module.ecs.aws_ecs_task_definition.ecs_task_definition",
            "module.ecs.aws_security_group.service_security_group",
            "module.ecs.aws_security_group.webapp_security_group",
            "module.ecs.aws_service_discovery_http_namespace.portuguese",
            "module.ecs.aws_service_discovery_private_dns_namespace.private_portuguese",
            "module.ecs.aws_service_discovery_public_dns_namespace.public_portuguese",
            "module.ecs.aws_service_discovery_service.private_service",
            "module.ecs.aws_service_discovery_service.public_service",
            "module.iam.aws_iam_role.ecs_task_execution_role",
            "module.iam.data.aws_iam_policy_document.assume_role_policy",
            "module.internal_alb.aws_alb_target_group.alb_target_group",
            "module.internal_alb_security_group.aws_security_group.security_group",
            "module.public_alb.aws_alb_target_group.alb_target_group",
            "module.public_alb_security_group.aws_security_group.security_group",
            "module.vpc.aws_subnet.private_subnet",
            "module.vpc.aws_subnet.public_subnet",
            "module.vpc.aws_vpc.vpc"
          ]
        }
      ]
    },
    {
      "module": "module.ecs",
      "mode": "managed",
      "type": "aws_appautoscaling_target",
      "name": "service_autoscaling",
      "provider": "provider[\"registry.terraform.io/hashicorp/aws\"]",
      "instances": [
        {
          "index_key": "api",
          "schema_version": 0,
          "attributes": {
            "id": "service/portuguese-verbs-cluster/api-service",
            "max_capacity": 2,
            "min_capacity": 1,
            "resource_id": "service/portuguese-verbs-cluster/api-service",
            "role_arn": "arn:aws:iam::606387284755:role/aws-service-role/ecs.application-autoscaling.amazonaws.com/AWSServiceRoleForApplicationAutoScaling_ECSService",
            "scalable_dimension": "ecs:service:DesiredCount",
            "service_namespace": "ecs"
          },
          "sensitive_attributes": [],
          "private": "bnVsbA==",
          "dependencies": [
            "module.ecs.aws_ecs_cluster.ecs_cluster",
            "module.ecs.aws_ecs_service.private_service",
            "module.ecs.aws_ecs_task_definition.ecs_task_definition",
            "module.ecs.aws_security_group.service_security_group",
            "module.ecs.aws_security_group.webapp_security_group",
            "module.ecs.aws_service_discovery_http_namespace.portuguese",
            "module.ecs.aws_service_discovery_private_dns_namespace.private_portuguese",
            "module.ecs.aws_service_discovery_public_dns_namespace.public_portuguese",
            "module.ecs.aws_service_discovery_service.private_service",
            "module.ecs.aws_service_discovery_service.public_service",
            "module.iam.aws_iam_role.ecs_task_execution_role",
            "module.iam.data.aws_iam_policy_document.assume_role_policy",
            "module.internal_alb.aws_alb_target_group.alb_target_group",
            "module.internal_alb_security_group.aws_security_group.security_group",
            "module.public_alb.aws_alb_target_group.alb_target_group",
            "module.public_alb_security_group.aws_security_group.security_group",
            "module.vpc.aws_subnet.private_subnet",
            "module.vpc.aws_subnet.public_subnet",
            "module.vpc.aws_vpc.vpc"
          ]
        },
        {
          "index_key": "client",
          "schema_version": 0,
          "attributes": {
            "id": "service/portuguese-verbs-cluster/client-service",
            "max_capacity": 2,
            "min_capacity": 1,
            "resource_id": "service/portuguese-verbs-cluster/client-service",
            "role_arn": "arn:aws:iam::606387284755:role/aws-service-role/ecs.application-autoscaling.amazonaws.com/AWSServiceRoleForApplicationAutoScaling_ECSService",
            "scalable_dimension": "ecs:service:DesiredCount",
            "service_namespace": "ecs"
          },
          "sensitive_attributes": [],
          "private": "bnVsbA==",
          "dependencies": [
            "module.ecs.aws_ecs_cluster.ecs_cluster",
            "module.ecs.aws_ecs_service.private_service",
            "module.ecs.aws_ecs_task_definition.ecs_task_definition",
            "module.ecs.aws_security_group.service_security_group",
            "module.ecs.aws_security_group.webapp_security_group",
            "module.ecs.aws_service_discovery_http_namespace.portuguese",
            "module.ecs.aws_service_discovery_private_dns_namespace.private_portuguese",
            "module.ecs.aws_service_discovery_public_dns_namespace.public_portuguese",
            "module.ecs.aws_service_discovery_service.private_service",
            "module.ecs.aws_service_discovery_service.public_service",
            "module.iam.aws_iam_role.ecs_task_execution_role",
            "module.iam.data.aws_iam_policy_document.assume_role_policy",
            "module.internal_alb.aws_alb_target_group.alb_target_group",
            "module.internal_alb_security_group.aws_security_group.security_group",
            "module.public_alb.aws_alb_target_group.alb_target_group",
            "module.public_alb_security_group.aws_security_group.security_group",
            "module.vpc.aws_subnet.private_subnet",
            "module.vpc.aws_subnet.public_subnet",
            "module.vpc.aws_vpc.vpc"
          ]
        },
        {
          "index_key": "nginx",
          "schema_version": 0,
          "attributes": {
            "id": "service/portuguese-verbs-cluster/nginx-service",
            "max_capacity": 2,
            "min_capacity": 1,
            "resource_id": "service/portuguese-verbs-cluster/nginx-service",
            "role_arn": "arn:aws:iam::606387284755:role/aws-service-role/ecs.application-autoscaling.amazonaws.com/AWSServiceRoleForApplicationAutoScaling_ECSService",
            "scalable_dimension": "ecs:service:DesiredCount",
            "service_namespace": "ecs"
          },
          "sensitive_attributes": [],
          "private": "bnVsbA==",
          "dependencies": [
            "module.ecs.aws_ecs_cluster.ecs_cluster",
            "module.ecs.aws_ecs_service.private_service",
            "module.ecs.aws_ecs_task_definition.ecs_task_definition",
            "module.ecs.aws_security_group.service_security_group",
            "module.ecs.aws_security_group.webapp_security_group",
            "module.ecs.aws_service_discovery_http_namespace.portuguese",
            "module.ecs.aws_service_discovery_private_dns_namespace.private_portuguese",
            "module.ecs.aws_service_discovery_public_dns_namespace.public_portuguese",
            "module.ecs.aws_service_discovery_service.private_service",
            "module.ecs.aws_service_discovery_service.public_service",
            "module.iam.aws_iam_role.ecs_task_execution_role",
            "module.iam.data.aws_iam_policy_document.assume_role_policy",
            "module.internal_alb.aws_alb_target_group.alb_target_group",
            "module.internal_alb_security_group.aws_security_group.security_group",
            "module.public_alb.aws_alb_target_group.alb_target_group",
            "module.public_alb_security_group.aws_security_group.security_group",
            "module.vpc.aws_subnet.private_subnet",
            "module.vpc.aws_subnet.public_subnet",
            "module.vpc.aws_vpc.vpc"
          ]
        },
        {
          "index_key": "verbecc",
          "schema_version": 0,
          "attributes": {
            "id": "service/portuguese-verbs-cluster/verbecc-service",
            "max_capacity": 2,
            "min_capacity": 1,
            "resource_id": "service/portuguese-verbs-cluster/verbecc-service",
            "role_arn": "arn:aws:iam::606387284755:role/aws-service-role/ecs.application-autoscaling.amazonaws.com/AWSServiceRoleForApplicationAutoScaling_ECSService",
            "scalable_dimension": "ecs:service:DesiredCount",
            "service_namespace": "ecs"
          },
          "sensitive_attributes": [],
          "private": "bnVsbA==",
          "dependencies": [
            "module.ecs.aws_ecs_cluster.ecs_cluster",
            "module.ecs.aws_ecs_service.private_service",
            "module.ecs.aws_ecs_task_definition.ecs_task_definition",
            "module.ecs.aws_security_group.service_security_group",
            "module.ecs.aws_security_group.webapp_security_group",
            "module.ecs.aws_service_discovery_http_namespace.portuguese",
            "module.ecs.aws_service_discovery_private_dns_namespace.private_portuguese",
            "module.ecs.aws_service_discovery_public_dns_namespace.public_portuguese",
            "module.ecs.aws_service_discovery_service.private_service",
            "module.ecs.aws_service_discovery_service.public_service",
            "module.iam.aws_iam_role.ecs_task_execution_role",
            "module.iam.data.aws_iam_policy_document.assume_role_policy",
            "module.internal_alb.aws_alb_target_group.alb_target_group",
            "module.internal_alb_security_group.aws_security_group.security_group",
            "module.public_alb.aws_alb_target_group.alb_target_group",
            "module.public_alb_security_group.aws_security_group.security_group",
            "module.vpc.aws_subnet.private_subnet",
            "module.vpc.aws_subnet.public_subnet",
            "module.vpc.aws_vpc.vpc"
          ]
        }
      ]
    },
    {
      "module": "module.ecs",
      "mode": "managed",
      "type": "aws_cloudwatch_log_group",
      "name": "ecs_cw_log_group",
      "provider": "provider[\"registry.terraform.io/hashicorp/aws\"]",
      "instances": [
        {
          "index_key": "api",
          "schema_version": 0,
          "attributes": {
            "arn": "arn:aws:logs:us-east-2:606387284755:log-group:api-logs",
            "id": "api-logs",
            "kms_key_id": "",
            "name": "api-logs",
            "name_prefix": null,
            "retention_in_days": 0,
            "tags": {},
            "tags_all": {}
          },
          "sensitive_attributes": [],
          "private": "bnVsbA=="
        },
        {
          "index_key": "client",
          "schema_version": 0,
          "attributes": {
            "arn": "arn:aws:logs:us-east-2:606387284755:log-group:client-logs",
            "id": "client-logs",
            "kms_key_id": "",
            "name": "client-logs",
            "name_prefix": null,
            "retention_in_days": 0,
            "tags": {},
            "tags_all": {}
          },
          "sensitive_attributes": [],
          "private": "bnVsbA=="
        },
        {
          "index_key": "nginx",
          "schema_version": 0,
          "attributes": {
            "arn": "arn:aws:logs:us-east-2:606387284755:log-group:nginx-logs",
            "id": "nginx-logs",
            "kms_key_id": "",
            "name": "nginx-logs",
            "name_prefix": null,
            "retention_in_days": 0,
            "tags": {},
            "tags_all": {}
          },
          "sensitive_attributes": [],
          "private": "bnVsbA=="
        },
        {
          "index_key": "verbecc",
          "schema_version": 0,
          "attributes": {
            "arn": "arn:aws:logs:us-east-2:606387284755:log-group:verbecc-logs",
            "id": "verbecc-logs",
            "kms_key_id": "",
            "name": "verbecc-logs",
            "name_prefix": null,
            "retention_in_days": 0,
            "tags": {},
            "tags_all": {}
          },
          "sensitive_attributes": [],
          "private": "bnVsbA=="
        }
      ]
    },
    {
      "module": "module.ecs",
      "mode": "managed",
      "type": "aws_ecs_cluster",
      "name": "ecs_cluster",
      "provider": "provider[\"registry.terraform.io/hashicorp/aws\"]",
      "instances": [
        {
          "schema_version": 0,
          "attributes": {
            "arn": "arn:aws:ecs:us-east-2:606387284755:cluster/portuguese-verbs-cluster",
            "capacity_providers": [],
            "configuration": [],
            "default_capacity_provider_strategy": [],
            "id": "arn:aws:ecs:us-east-2:606387284755:cluster/portuguese-verbs-cluster",
            "name": "portuguese-verbs-cluster",
            "setting": [
              {
                "name": "containerInsights",
                "value": "disabled"
              }
            ],
            "tags": {},
            "tags_all": {}
          },
          "sensitive_attributes": [],
          "private": "bnVsbA=="
        }
      ]
    },
    {
      "module": "module.ecs",
      "mode": "managed",
      "type": "aws_ecs_service",
      "name": "private_service",
      "provider": "provider[\"registry.terraform.io/hashicorp/aws\"]",
      "instances": [
        {
          "index_key": "api",
          "schema_version": 0,
          "attributes": {
            "capacity_provider_strategy": [],
            "cluster": "arn:aws:ecs:us-east-2:606387284755:cluster/portuguese-verbs-cluster",
            "deployment_circuit_breaker": [
              {
                "enable": false,
                "rollback": false
              }
            ],
            "deployment_controller": [
              {
                "type": "ECS"
              }
            ],
            "deployment_maximum_percent": 200,
            "deployment_minimum_healthy_percent": 100,
            "desired_count": 1,
            "enable_ecs_managed_tags": false,
            "enable_execute_command": true,
            "force_new_deployment": null,
            "health_check_grace_period_seconds": 0,
            "iam_role": "aws-service-role",
            "id": "arn:aws:ecs:us-east-2:606387284755:service/portuguese-verbs-cluster/api-service",
            "launch_type": "FARGATE",
            "load_balancer": [
              {
                "container_name": "api",
                "container_port": 4000,
                "elb_name": "",
                "target_group_arn": "arn:aws:elasticloadbalancing:us-east-2:606387284755:targetgroup/api-tg/0ddcb816a986fe1e"
              }
            ],
            "name": "api-service",
            "network_configuration": [
              {
                "assign_public_ip": true,
                "security_groups": [
                  "sg-0e68c25b3b33d93af"
                ],
                "subnets": [
                  "subnet-0781ab8f572e29572",
                  "subnet-097fb7e09319e9759"
                ]
              }
            ],
            "ordered_placement_strategy": [],
            "placement_constraints": [],
            "platform_version": "LATEST",
            "propagate_tags": "NONE",
            "scheduling_strategy": "REPLICA",
            "service_registries": [
              {
                "container_name": "",
                "container_port": 0,
                "port": 0,
                "registry_arn": "arn:aws:servicediscovery:us-east-2:606387284755:service/srv-cyimu34gfqnj4nmh"
              }
            ],
            "tags": null,
            "tags_all": {},
            "task_definition": "arn:aws:ecs:us-east-2:606387284755:task-definition/portuguese-verbs-api:55",
            "timeouts": null,
            "wait_for_steady_state": false
          },
          "sensitive_attributes": [],
          "private": "eyJlMmJmYjczMC1lY2FhLTExZTYtOGY4OC0zNDM2M2JjN2M0YzAiOnsiZGVsZXRlIjoxMjAwMDAwMDAwMDAwfX0=",
          "dependencies": [
            "module.ecs.aws_ecs_cluster.ecs_cluster",
            "module.ecs.aws_ecs_task_definition.ecs_task_definition",
            "module.ecs.aws_security_group.service_security_group",
            "module.ecs.aws_security_group.webapp_security_group",
            "module.ecs.aws_service_discovery_public_dns_namespace.public_portuguese",
            "module.ecs.aws_service_discovery_service.private_service",
            "module.ecs.aws_service_discovery_service.public_service",
            "module.internal_alb.aws_alb_target_group.alb_target_group",
            "module.public_alb.aws_alb_target_group.alb_target_group",
            "module.vpc.aws_subnet.private_subnet",
            "module.vpc.aws_subnet.public_subnet",
            "module.vpc.aws_vpc.vpc"
          ]
        },
        {
          "index_key": "client",
          "schema_version": 0,
          "attributes": {
            "capacity_provider_strategy": [],
            "cluster": "arn:aws:ecs:us-east-2:606387284755:cluster/portuguese-verbs-cluster",
            "deployment_circuit_breaker": [
              {
                "enable": false,
                "rollback": false
              }
            ],
            "deployment_controller": [
              {
                "type": "ECS"
              }
            ],
            "deployment_maximum_percent": 200,
            "deployment_minimum_healthy_percent": 100,
            "desired_count": 1,
            "enable_ecs_managed_tags": false,
            "enable_execute_command": true,
            "force_new_deployment": null,
            "health_check_grace_period_seconds": 0,
            "iam_role": "aws-service-role",
            "id": "arn:aws:ecs:us-east-2:606387284755:service/portuguese-verbs-cluster/client-service",
            "launch_type": "FARGATE",
            "load_balancer": [
              {
                "container_name": "client",
                "container_port": 3000,
                "elb_name": "",
                "target_group_arn": "arn:aws:elasticloadbalancing:us-east-2:606387284755:targetgroup/client-tg/f1198b0049da14b2"
              }
            ],
            "name": "client-service",
            "network_configuration": [
              {
                "assign_public_ip": true,
                "security_groups": [
                  "sg-0e68c25b3b33d93af"
                ],
                "subnets": [
                  "subnet-0781ab8f572e29572",
                  "subnet-097fb7e09319e9759"
                ]
              }
            ],
            "ordered_placement_strategy": [],
            "placement_constraints": [],
            "platform_version": "LATEST",
            "propagate_tags": "NONE",
            "scheduling_strategy": "REPLICA",
            "service_registries": [
              {
                "container_name": "",
                "container_port": 0,
                "port": 0,
                "registry_arn": "arn:aws:servicediscovery:us-east-2:606387284755:service/srv-f5vul6biqkdsbyfv"
              }
            ],
            "tags": {},
            "tags_all": {},
            "task_definition": "arn:aws:ecs:us-east-2:606387284755:task-definition/portuguese-verbs-client:55",
            "timeouts": null,
            "wait_for_steady_state": false
          },
          "sensitive_attributes": [],
          "private": "eyJlMmJmYjczMC1lY2FhLTExZTYtOGY4OC0zNDM2M2JjN2M0YzAiOnsiZGVsZXRlIjoxMjAwMDAwMDAwMDAwfX0=",
          "dependencies": [
            "module.ecs.aws_ecs_cluster.ecs_cluster",
            "module.ecs.aws_ecs_task_definition.ecs_task_definition",
            "module.ecs.aws_security_group.service_security_group",
            "module.ecs.aws_security_group.webapp_security_group",
            "module.ecs.aws_service_discovery_http_namespace.portuguese",
            "module.ecs.aws_service_discovery_private_dns_namespace.private_portuguese",
            "module.ecs.aws_service_discovery_public_dns_namespace.public_portuguese",
            "module.ecs.aws_service_discovery_service.private_service",
            "module.ecs.aws_service_discovery_service.public_service",
            "module.iam.aws_iam_role.ecs_task_execution_role",
            "module.iam.data.aws_iam_policy_document.assume_role_policy",
            "module.internal_alb.aws_alb_target_group.alb_target_group",
            "module.internal_alb_security_group.aws_security_group.security_group",
            "module.public_alb.aws_alb_target_group.alb_target_group",
            "module.public_alb_security_group.aws_security_group.security_group",
            "module.vpc.aws_subnet.private_subnet",
            "module.vpc.aws_subnet.public_subnet",
            "module.vpc.aws_vpc.vpc"
          ]
        },
        {
          "index_key": "nginx",
          "schema_version": 0,
          "attributes": {
            "capacity_provider_strategy": [],
            "cluster": "arn:aws:ecs:us-east-2:606387284755:cluster/portuguese-verbs-cluster",
            "deployment_circuit_breaker": [
              {
                "enable": false,
                "rollback": false
              }
            ],
            "deployment_controller": [
              {
                "type": "ECS"
              }
            ],
            "deployment_maximum_percent": 200,
            "deployment_minimum_healthy_percent": 100,
            "desired_count": 1,
            "enable_ecs_managed_tags": false,
            "enable_execute_command": true,
            "force_new_deployment": null,
            "health_check_grace_period_seconds": 0,
            "iam_role": "aws-service-role",
            "id": "arn:aws:ecs:us-east-2:606387284755:service/portuguese-verbs-cluster/nginx-service",
            "launch_type": "FARGATE",
            "load_balancer": [
              {
                "container_name": "nginx",
                "container_port": 80,
                "elb_name": "",
                "target_group_arn": "arn:aws:elasticloadbalancing:us-east-2:606387284755:targetgroup/nginx-tg/155b6fd4f96a2b31"
              }
            ],
            "name": "nginx-service",
            "network_configuration": [
              {
                "assign_public_ip": true,
                "security_groups": [
                  "sg-0e68c25b3b33d93af"
                ],
                "subnets": [
                  "subnet-0781ab8f572e29572",
                  "subnet-097fb7e09319e9759"
                ]
              }
            ],
            "ordered_placement_strategy": [],
            "placement_constraints": [],
            "platform_version": "LATEST",
            "propagate_tags": "NONE",
            "scheduling_strategy": "REPLICA",
            "service_registries": [
              {
                "container_name": "",
                "container_port": 0,
                "port": 0,
                "registry_arn": "arn:aws:servicediscovery:us-east-2:606387284755:service/srv-lwkn4lwzqkuinrfm"
              }
            ],
            "tags": {},
            "tags_all": {},
            "task_definition": "arn:aws:ecs:us-east-2:606387284755:task-definition/portuguese-verbs-nginx:45",
            "timeouts": null,
            "wait_for_steady_state": false
          },
          "sensitive_attributes": [],
          "private": "eyJlMmJmYjczMC1lY2FhLTExZTYtOGY4OC0zNDM2M2JjN2M0YzAiOnsiZGVsZXRlIjoxMjAwMDAwMDAwMDAwfX0=",
          "dependencies": [
            "module.ecs.aws_ecs_cluster.ecs_cluster",
            "module.ecs.aws_ecs_task_definition.ecs_task_definition",
            "module.ecs.aws_security_group.service_security_group",
            "module.ecs.aws_security_group.webapp_security_group",
            "module.ecs.aws_service_discovery_http_namespace.portuguese",
            "module.ecs.aws_service_discovery_private_dns_namespace.private_portuguese",
            "module.ecs.aws_service_discovery_public_dns_namespace.public_portuguese",
            "module.ecs.aws_service_discovery_service.private_service",
            "module.ecs.aws_service_discovery_service.public_service",
            "module.iam.aws_iam_role.ecs_task_execution_role",
            "module.iam.data.aws_iam_policy_document.assume_role_policy",
            "module.internal_alb.aws_alb_target_group.alb_target_group",
            "module.internal_alb_security_group.aws_security_group.security_group",
            "module.public_alb.aws_alb_target_group.alb_target_group",
            "module.public_alb_security_group.aws_security_group.security_group",
            "module.vpc.aws_subnet.private_subnet",
            "module.vpc.aws_subnet.public_subnet",
            "module.vpc.aws_vpc.vpc"
          ]
        },
        {
          "index_key": "verbecc",
          "schema_version": 0,
          "attributes": {
            "capacity_provider_strategy": [],
            "cluster": "arn:aws:ecs:us-east-2:606387284755:cluster/portuguese-verbs-cluster",
            "deployment_circuit_breaker": [
              {
                "enable": false,
                "rollback": false
              }
            ],
            "deployment_controller": [
              {
                "type": "ECS"
              }
            ],
            "deployment_maximum_percent": 200,
            "deployment_minimum_healthy_percent": 100,
            "desired_count": 1,
            "enable_ecs_managed_tags": false,
            "enable_execute_command": true,
            "force_new_deployment": null,
            "health_check_grace_period_seconds": 0,
            "iam_role": "aws-service-role",
            "id": "arn:aws:ecs:us-east-2:606387284755:service/portuguese-verbs-cluster/verbecc-service",
            "launch_type": "FARGATE",
            "load_balancer": [
              {
                "container_name": "verbecc",
                "container_port": 8000,
                "elb_name": "",
                "target_group_arn": "arn:aws:elasticloadbalancing:us-east-2:606387284755:targetgroup/verbecc-tg/6b2ead66a67f1da5"
              }
            ],
            "name": "verbecc-service",
            "network_configuration": [
              {
                "assign_public_ip": true,
                "security_groups": [
                  "sg-0e68c25b3b33d93af"
                ],
                "subnets": [
                  "subnet-0781ab8f572e29572",
                  "subnet-097fb7e09319e9759"
                ]
              }
            ],
            "ordered_placement_strategy": [],
            "placement_constraints": [],
            "platform_version": "LATEST",
            "propagate_tags": "NONE",
            "scheduling_strategy": "REPLICA",
            "service_registries": [
              {
                "container_name": "",
                "container_port": 0,
                "port": 0,
                "registry_arn": "arn:aws:servicediscovery:us-east-2:606387284755:service/srv-hnfxyv7n4td2tw7n"
              }
            ],
            "tags": null,
            "tags_all": {},
            "task_definition": "arn:aws:ecs:us-east-2:606387284755:task-definition/portuguese-verbs-verbecc:55",
            "timeouts": null,
            "wait_for_steady_state": false
          },
          "sensitive_attributes": [],
          "private": "eyJlMmJmYjczMC1lY2FhLTExZTYtOGY4OC0zNDM2M2JjN2M0YzAiOnsiZGVsZXRlIjoxMjAwMDAwMDAwMDAwfX0=",
          "dependencies": [
            "module.ecs.aws_ecs_cluster.ecs_cluster",
            "module.ecs.aws_ecs_task_definition.ecs_task_definition",
            "module.ecs.aws_security_group.service_security_group",
            "module.ecs.aws_security_group.webapp_security_group",
            "module.ecs.aws_service_discovery_public_dns_namespace.public_portuguese",
            "module.ecs.aws_service_discovery_service.private_service",
            "module.ecs.aws_service_discovery_service.public_service",
            "module.internal_alb.aws_alb_target_group.alb_target_group",
            "module.public_alb.aws_alb_target_group.alb_target_group",
            "module.vpc.aws_subnet.private_subnet",
            "module.vpc.aws_subnet.public_subnet",
            "module.vpc.aws_vpc.vpc"
          ]
        }
      ]
    },
    {
      "module": "module.ecs",
      "mode": "managed",
      "type": "aws_ecs_task_definition",
      "name": "ecs_task_definition",
      "provider": "provider[\"registry.terraform.io/hashicorp/aws\"]",
      "instances": [
        {
          "index_key": "api",
          "schema_version": 1,
          "attributes": {
            "arn": "arn:aws:ecs:us-east-2:606387284755:task-definition/portuguese-verbs-api:55",
            "container_definitions": "[{\"cpu\":512,\"environment\":[{\"name\":\"CLIENT_PORT\",\"value\":\"3000\"},{\"name\":\"NEXT_PUBLIC_TRPC_API\",\"value\":\"http://api:4000\"},{\"name\":\"NODE_ENV\",\"value\":\"development\"},{\"name\":\"TRPC_PORT\",\"value\":\"4000\"},{\"name\":\"VERBECC_API\",\"value\":\"http://verbecc:8000\"},{\"name\":\"VERBECC_PORT\",\"value\":\"8000\"}],\"essential\":true,\"image\":\"606387284755.dkr.ecr.us-east-2.amazonaws.com/portuguese-verbs:api\",\"logConfiguration\":{\"logDriver\":\"awslogs\",\"options\":{\"awslogs-group\":\"api-logs\",\"awslogs-region\":\"us-east-2\",\"awslogs-stream-prefix\":\"portuguese-verbs\"}},\"memory\":1024,\"mountPoints\":[],\"name\":\"api\",\"portMappings\":[{\"containerPort\":4000,\"hostPort\":4000,\"protocol\":\"tcp\"}],\"volumesFrom\":[]}]",
            "cpu": "512",
            "ephemeral_storage": [],
            "execution_role_arn": "arn:aws:iam::606387284755:role/portuguese-verbs-ecs-task-execution-role",
            "family": "portuguese-verbs-api",
            "id": "portuguese-verbs-api",
            "inference_accelerator": [],
            "ipc_mode": "",
            "memory": "1024",
            "network_mode": "awsvpc",
            "pid_mode": "",
            "placement_constraints": [],
            "proxy_configuration": [],
            "requires_compatibilities": [
              "FARGATE"
            ],
            "revision": 55,
            "runtime_platform": [],
            "skip_destroy": false,
            "tags": {},
            "tags_all": {},
            "task_role_arn": "arn:aws:iam::606387284755:role/portuguese-verbs-ecs-task-execution-role",
            "volume": []
          },
          "sensitive_attributes": [],
          "private": "eyJzY2hlbWFfdmVyc2lvbiI6IjEifQ==",
          "dependencies": [
            "module.ecs.aws_service_discovery_http_namespace.portuguese",
            "module.iam.aws_iam_role.ecs_task_execution_role",
            "module.iam.data.aws_iam_policy_document.assume_role_policy"
          ]
        },
        {
          "index_key": "client",
          "schema_version": 1,
          "attributes": {
            "arn": "arn:aws:ecs:us-east-2:606387284755:task-definition/portuguese-verbs-client:55",
            "container_definitions": "[{\"cpu\":512,\"environment\":[{\"name\":\"CLIENT_PORT\",\"value\":\"3000\"},{\"name\":\"NEXT_PUBLIC_TRPC_API\",\"value\":\"http://api:4000\"},{\"name\":\"NODE_ENV\",\"value\":\"development\"},{\"name\":\"TRPC_PORT\",\"value\":\"4000\"},{\"name\":\"VERBECC_API\",\"value\":\"http://verbecc:8000\"},{\"name\":\"VERBECC_PORT\",\"value\":\"8000\"}],\"essential\":true,\"image\":\"606387284755.dkr.ecr.us-east-2.amazonaws.com/portuguese-verbs:client\",\"logConfiguration\":{\"logDriver\":\"awslogs\",\"options\":{\"awslogs-group\":\"client-logs\",\"awslogs-region\":\"us-east-2\",\"awslogs-stream-prefix\":\"portuguese-verbs\"}},\"memory\":1024,\"mountPoints\":[],\"name\":\"client\",\"portMappings\":[{\"containerPort\":3000,\"hostPort\":3000,\"protocol\":\"tcp\"}],\"volumesFrom\":[]}]",
            "cpu": "512",
            "ephemeral_storage": [],
            "execution_role_arn": "arn:aws:iam::606387284755:role/portuguese-verbs-ecs-task-execution-role",
            "family": "portuguese-verbs-client",
            "id": "portuguese-verbs-client",
            "inference_accelerator": [],
            "ipc_mode": "",
            "memory": "1024",
            "network_mode": "awsvpc",
            "pid_mode": "",
            "placement_constraints": [],
            "proxy_configuration": [],
            "requires_compatibilities": [
              "FARGATE"
            ],
            "revision": 55,
            "runtime_platform": [],
            "skip_destroy": false,
            "tags": {},
            "tags_all": {},
            "task_role_arn": "arn:aws:iam::606387284755:role/portuguese-verbs-ecs-task-execution-role",
            "volume": []
          },
          "sensitive_attributes": [],
          "private": "eyJzY2hlbWFfdmVyc2lvbiI6IjEifQ==",
          "dependencies": [
            "module.ecs.aws_service_discovery_http_namespace.portuguese",
            "module.iam.aws_iam_role.ecs_task_execution_role",
            "module.iam.data.aws_iam_policy_document.assume_role_policy"
          ]
        },
        {
          "index_key": "nginx",
          "schema_version": 1,
          "attributes": {
            "arn": "arn:aws:ecs:us-east-2:606387284755:task-definition/portuguese-verbs-nginx:45",
            "container_definitions": "[{\"cpu\":512,\"environment\":[{\"name\":\"CLIENT_PORT\",\"value\":\"3000\"},{\"name\":\"NEXT_PUBLIC_TRPC_API\",\"value\":\"http://api:4000\"},{\"name\":\"NODE_ENV\",\"value\":\"development\"},{\"name\":\"TRPC_PORT\",\"value\":\"4000\"},{\"name\":\"VERBECC_API\",\"value\":\"http://verbecc:8000\"},{\"name\":\"VERBECC_PORT\",\"value\":\"8000\"}],\"essential\":true,\"image\":\"606387284755.dkr.ecr.us-east-2.amazonaws.com/portuguese-verbs:nginx\",\"logConfiguration\":{\"logDriver\":\"awslogs\",\"options\":{\"awslogs-group\":\"nginx-logs\",\"awslogs-region\":\"us-east-2\",\"awslogs-stream-prefix\":\"portuguese-verbs\"}},\"memory\":1024,\"mountPoints\":[],\"name\":\"nginx\",\"portMappings\":[{\"containerPort\":80,\"hostPort\":80,\"protocol\":\"tcp\"}],\"volumesFrom\":[]}]",
            "cpu": "512",
            "ephemeral_storage": [],
            "execution_role_arn": "arn:aws:iam::606387284755:role/portuguese-verbs-ecs-task-execution-role",
            "family": "portuguese-verbs-nginx",
            "id": "portuguese-verbs-nginx",
            "inference_accelerator": [],
            "ipc_mode": "",
            "memory": "1024",
            "network_mode": "awsvpc",
            "pid_mode": "",
            "placement_constraints": [],
            "proxy_configuration": [],
            "requires_compatibilities": [
              "FARGATE"
            ],
            "revision": 45,
            "runtime_platform": [],
            "skip_destroy": false,
            "tags": {},
            "tags_all": {},
            "task_role_arn": "arn:aws:iam::606387284755:role/portuguese-verbs-ecs-task-execution-role",
            "volume": []
          },
          "sensitive_attributes": [],
          "private": "eyJzY2hlbWFfdmVyc2lvbiI6IjEifQ==",
          "dependencies": [
            "module.ecs.aws_service_discovery_http_namespace.portuguese",
            "module.iam.aws_iam_role.ecs_task_execution_role",
            "module.iam.data.aws_iam_policy_document.assume_role_policy"
          ]
        },
        {
          "index_key": "verbecc",
          "schema_version": 1,
          "attributes": {
            "arn": "arn:aws:ecs:us-east-2:606387284755:task-definition/portuguese-verbs-verbecc:55",
            "container_definitions": "[{\"cpu\":512,\"environment\":[{\"name\":\"CLIENT_PORT\",\"value\":\"3000\"},{\"name\":\"NEXT_PUBLIC_TRPC_API\",\"value\":\"http://api:4000\"},{\"name\":\"NODE_ENV\",\"value\":\"development\"},{\"name\":\"TRPC_PORT\",\"value\":\"4000\"},{\"name\":\"VERBECC_API\",\"value\":\"http://verbecc:8000\"},{\"name\":\"VERBECC_PORT\",\"value\":\"8000\"}],\"essential\":true,\"image\":\"606387284755.dkr.ecr.us-east-2.amazonaws.com/portuguese-verbs:verbecc\",\"logConfiguration\":{\"logDriver\":\"awslogs\",\"options\":{\"awslogs-group\":\"verbecc-logs\",\"awslogs-region\":\"us-east-2\",\"awslogs-stream-prefix\":\"portuguese-verbs\"}},\"memory\":1024,\"mountPoints\":[],\"name\":\"verbecc\",\"portMappings\":[{\"containerPort\":8000,\"hostPort\":8000,\"protocol\":\"tcp\"}],\"volumesFrom\":[]}]",
            "cpu": "512",
            "ephemeral_storage": [],
            "execution_role_arn": "arn:aws:iam::606387284755:role/portuguese-verbs-ecs-task-execution-role",
            "family": "portuguese-verbs-verbecc",
            "id": "portuguese-verbs-verbecc",
            "inference_accelerator": [],
            "ipc_mode": "",
            "memory": "1024",
            "network_mode": "awsvpc",
            "pid_mode": "",
            "placement_constraints": [],
            "proxy_configuration": [],
            "requires_compatibilities": [
              "FARGATE"
            ],
            "revision": 55,
            "runtime_platform": [],
            "skip_destroy": false,
            "tags": {},
            "tags_all": {},
            "task_role_arn": "arn:aws:iam::606387284755:role/portuguese-verbs-ecs-task-execution-role",
            "volume": []
          },
          "sensitive_attributes": [],
          "private": "eyJzY2hlbWFfdmVyc2lvbiI6IjEifQ==",
          "dependencies": [
            "module.ecs.aws_service_discovery_http_namespace.portuguese",
            "module.iam.aws_iam_role.ecs_task_execution_role",
            "module.iam.data.aws_iam_policy_document.assume_role_policy"
          ]
        }
      ]
    },
    {
      "module": "module.ecs",
      "mode": "managed",
      "type": "aws_security_group",
      "name": "service_security_group",
      "provider": "provider[\"registry.terraform.io/hashicorp/aws\"]",
      "instances": [
        {
          "schema_version": 1,
          "attributes": {
            "arn": "arn:aws:ec2:us-east-2:606387284755:security-group/sg-029915edb63f1269f",
            "description": "Managed by Terraform",
            "egress": [
              {
                "cidr_blocks": [
                  "0.0.0.0/0"
                ],
                "description": "",
                "from_port": 0,
                "ipv6_cidr_blocks": [
                  "::/0"
                ],
                "prefix_list_ids": [],
                "protocol": "-1",
                "security_groups": [],
                "self": false,
                "to_port": 0
              }
            ],
            "id": "sg-029915edb63f1269f",
            "ingress": [
              {
                "cidr_blocks": [],
                "description": "",
                "from_port": 0,
                "ipv6_cidr_blocks": [],
                "prefix_list_ids": [],
                "protocol": "-1",
                "security_groups": [
                  "sg-0825cb6cfe25d5aad"
                ],
                "self": false,
                "to_port": 0
              }
            ],
            "name": "terraform-20230923222429750500000009",
            "name_prefix": "terraform-",
            "owner_id": "606387284755",
            "revoke_rules_on_delete": false,
            "tags": {},
            "tags_all": {},
            "timeouts": null,
            "vpc_id": "vpc-0090636559ee932a4"
          },
          "sensitive_attributes": [],
          "private": "eyJlMmJmYjczMC1lY2FhLTExZTYtOGY4OC0zNDM2M2JjN2M0YzAiOnsiY3JlYXRlIjo2MDAwMDAwMDAwMDAsImRlbGV0ZSI6OTAwMDAwMDAwMDAwfSwic2NoZW1hX3ZlcnNpb24iOiIxIn0=",
          "dependencies": [
            "module.internal_alb_security_group.aws_security_group.security_group",
            "module.vpc.aws_vpc.vpc"
          ]
        }
      ]
    },
    {
      "module": "module.ecs",
      "mode": "managed",
      "type": "aws_security_group",
      "name": "webapp_security_group",
      "provider": "provider[\"registry.terraform.io/hashicorp/aws\"]",
      "instances": [
        {
          "schema_version": 1,
          "attributes": {
            "arn": "arn:aws:ec2:us-east-2:606387284755:security-group/sg-0e68c25b3b33d93af",
            "description": "Managed by Terraform",
            "egress": [
              {
                "cidr_blocks": [
                  "0.0.0.0/0"
                ],
                "description": "",
                "from_port": 0,
                "ipv6_cidr_blocks": [],
                "prefix_list_ids": [],
                "protocol": "-1",
                "security_groups": [],
                "self": false,
                "to_port": 0
              }
            ],
            "id": "sg-0e68c25b3b33d93af",
            "ingress": [
              {
                "cidr_blocks": [],
                "description": "",
                "from_port": 0,
                "ipv6_cidr_blocks": [],
                "prefix_list_ids": [],
                "protocol": "-1",
                "security_groups": [
                  "sg-054c0f8c5883f5e3e"
                ],
                "self": false,
                "to_port": 0
              }
            ],
            "name": "terraform-2023092322243282500000000a",
            "name_prefix": "terraform-",
            "owner_id": "606387284755",
            "revoke_rules_on_delete": false,
            "tags": {},
            "tags_all": {},
            "timeouts": null,
            "vpc_id": "vpc-0090636559ee932a4"
          },
          "sensitive_attributes": [],
          "private": "eyJlMmJmYjczMC1lY2FhLTExZTYtOGY4OC0zNDM2M2JjN2M0YzAiOnsiY3JlYXRlIjo2MDAwMDAwMDAwMDAsImRlbGV0ZSI6OTAwMDAwMDAwMDAwfSwic2NoZW1hX3ZlcnNpb24iOiIxIn0=",
          "dependencies": [
            "module.public_alb_security_group.aws_security_group.security_group",
            "module.vpc.aws_vpc.vpc"
          ]
        }
      ]
    },
    {
      "module": "module.ecs",
      "mode": "managed",
      "type": "aws_service_discovery_http_namespace",
      "name": "portuguese",
      "provider": "provider[\"registry.terraform.io/hashicorp/aws\"]",
      "instances": [
        {
          "schema_version": 0,
          "attributes": {
            "arn": "arn:aws:servicediscovery:us-east-2:606387284755:namespace/ns-vupcja4u3ix4jhqu",
            "description": "",
            "id": "ns-vupcja4u3ix4jhqu",
            "name": "portuguese-verbs",
            "tags": {},
            "tags_all": {}
          },
          "sensitive_attributes": [],
          "private": "bnVsbA=="
        }
      ]
    },
    {
      "module": "module.ecs",
      "mode": "managed",
      "type": "aws_service_discovery_private_dns_namespace",
      "name": "private_portuguese",
      "provider": "provider[\"registry.terraform.io/hashicorp/aws\"]",
      "instances": [
        {
          "schema_version": 0,
          "attributes": {
            "arn": "arn:aws:servicediscovery:us-east-2:606387284755:namespace/ns-hchm67kja3xmrh7w",
            "description": "portuguese",
            "hosted_zone": "Z0284890ZL2MBMID6Y5P",
            "id": "ns-hchm67kja3xmrh7w",
            "name": "private-service.local",
            "tags": {},
            "tags_all": {},
            "vpc": "vpc-0090636559ee932a4"
          },
          "sensitive_attributes": [],
          "private": "bnVsbA==",
          "dependencies": [
            "module.vpc.aws_vpc.vpc"
          ]
        }
      ]
    },
    {
      "module": "module.ecs",
      "mode": "managed",
      "type": "aws_service_discovery_public_dns_namespace",
      "name": "public_portuguese",
      "provider": "provider[\"registry.terraform.io/hashicorp/aws\"]",
      "instances": [
        {
          "schema_version": 0,
          "attributes": {
            "arn": "arn:aws:servicediscovery:us-east-2:606387284755:namespace/ns-v6omyrkuacyab6ah",
            "description": "portuguese",
            "hosted_zone": "Z0516039208GM0Q1JFJM9",
            "id": "ns-v6omyrkuacyab6ah",
            "name": "public-service.local",
            "tags": {},
            "tags_all": {}
          },
          "sensitive_attributes": [],
          "private": "bnVsbA=="
        }
      ]
    },
    {
      "module": "module.ecs",
      "mode": "managed",
      "type": "aws_service_discovery_service",
      "name": "public_service",
      "provider": "provider[\"registry.terraform.io/hashicorp/aws\"]",
      "instances": [
        {
          "index_key": "api",
          "schema_version": 0,
          "attributes": {
            "arn": "arn:aws:servicediscovery:us-east-2:606387284755:service/srv-cyimu34gfqnj4nmh",
            "description": "",
            "dns_config": [
              {
                "dns_records": [
                  {
                    "ttl": 10,
                    "type": "A"
                  }
                ],
                "namespace_id": "ns-v6omyrkuacyab6ah",
                "routing_policy": "MULTIVALUE"
              }
            ],
            "force_destroy": false,
            "health_check_config": [],
            "health_check_custom_config": [],
            "id": "srv-cyimu34gfqnj4nmh",
            "name": "api-service",
            "namespace_id": "ns-v6omyrkuacyab6ah",
            "tags": null,
            "tags_all": {}
          },
          "sensitive_attributes": [],
          "private": "bnVsbA==",
          "dependencies": [
            "module.ecs.aws_service_discovery_public_dns_namespace.public_portuguese"
          ]
        },
        {
          "index_key": "client",
          "schema_version": 0,
          "attributes": {
            "arn": "arn:aws:servicediscovery:us-east-2:606387284755:service/srv-f5vul6biqkdsbyfv",
            "description": "",
            "dns_config": [
              {
                "dns_records": [
                  {
                    "ttl": 10,
                    "type": "A"
                  }
                ],
                "namespace_id": "ns-v6omyrkuacyab6ah",
                "routing_policy": "MULTIVALUE"
              }
            ],
            "force_destroy": false,
            "health_check_config": [],
            "health_check_custom_config": [],
            "id": "srv-f5vul6biqkdsbyfv",
            "name": "client-service",
            "namespace_id": "ns-v6omyrkuacyab6ah",
            "tags": {},
            "tags_all": {}
          },
          "sensitive_attributes": [],
          "private": "bnVsbA==",
          "dependencies": [
            "module.ecs.aws_service_discovery_public_dns_namespace.public_portuguese"
          ]
        },
        {
          "index_key": "nginx",
          "schema_version": 0,
          "attributes": {
            "arn": "arn:aws:servicediscovery:us-east-2:606387284755:service/srv-lwkn4lwzqkuinrfm",
            "description": "",
            "dns_config": [
              {
                "dns_records": [
                  {
                    "ttl": 10,
                    "type": "A"
                  }
                ],
                "namespace_id": "ns-v6omyrkuacyab6ah",
                "routing_policy": "MULTIVALUE"
              }
            ],
            "force_destroy": false,
            "health_check_config": [],
            "health_check_custom_config": [],
            "id": "srv-lwkn4lwzqkuinrfm",
            "name": "nginx-service",
            "namespace_id": "ns-v6omyrkuacyab6ah",
            "tags": {},
            "tags_all": {}
          },
          "sensitive_attributes": [],
          "private": "bnVsbA==",
          "dependencies": [
            "module.ecs.aws_service_discovery_public_dns_namespace.public_portuguese"
          ]
        },
        {
          "index_key": "verbecc",
          "schema_version": 0,
          "attributes": {
            "arn": "arn:aws:servicediscovery:us-east-2:606387284755:service/srv-hnfxyv7n4td2tw7n",
            "description": "",
            "dns_config": [
              {
                "dns_records": [
                  {
                    "ttl": 10,
                    "type": "A"
                  }
                ],
                "namespace_id": "ns-v6omyrkuacyab6ah",
                "routing_policy": "MULTIVALUE"
              }
            ],
            "force_destroy": false,
            "health_check_config": [],
            "health_check_custom_config": [],
            "id": "srv-hnfxyv7n4td2tw7n",
            "name": "verbecc-service",
            "namespace_id": "ns-v6omyrkuacyab6ah",
            "tags": null,
            "tags_all": {}
          },
          "sensitive_attributes": [],
          "private": "bnVsbA==",
          "dependencies": [
            "module.ecs.aws_service_discovery_public_dns_namespace.public_portuguese"
          ]
        }
      ]
    },
    {
      "module": "module.iam",
      "mode": "data",
      "type": "aws_iam_policy_document",
      "name": "assume_role_policy",
      "provider": "provider[\"registry.terraform.io/hashicorp/aws\"]",
      "instances": [
        {
          "schema_version": 0,
          "attributes": {
            "id": "320642683",
            "json": "{\n  \"Version\": \"2012-10-17\",\n  \"Statement\": [\n    {\n      \"Sid\": \"\",\n      \"Effect\": \"Allow\",\n      \"Action\": \"sts:AssumeRole\",\n      \"Principal\": {\n        \"Service\": \"ecs-tasks.amazonaws.com\"\n      }\n    }\n  ]\n}",
            "override_json": null,
            "override_policy_documents": null,
            "policy_id": null,
            "source_json": null,
            "source_policy_documents": null,
            "statement": [
              {
                "actions": [
                  "sts:AssumeRole"
                ],
                "condition": [],
                "effect": "Allow",
                "not_actions": [],
                "not_principals": [],
                "not_resources": [],
                "principals": [
                  {
                    "identifiers": [
                      "ecs-tasks.amazonaws.com"
                    ],
                    "type": "Service"
                  }
                ],
                "resources": [],
                "sid": ""
              }
            ],
            "version": "2012-10-17"
          },
          "sensitive_attributes": []
        }
      ]
    },
    {
      "module": "module.iam",
      "mode": "managed",
      "type": "aws_iam_role",
      "name": "ecs_task_execution_role",
      "provider": "provider[\"registry.terraform.io/hashicorp/aws\"]",
      "instances": [
        {
          "schema_version": 0,
          "attributes": {
            "arn": "arn:aws:iam::606387284755:role/portuguese-verbs-ecs-task-execution-role",
            "assume_role_policy": "{\"Version\":\"2012-10-17\",\"Statement\":[{\"Sid\":\"\",\"Effect\":\"Allow\",\"Principal\":{\"Service\":\"ecs-tasks.amazonaws.com\"},\"Action\":\"sts:AssumeRole\"}]}",
            "create_date": "2023-09-23T22:24:09Z",
            "description": "",
            "force_detach_policies": false,
            "id": "portuguese-verbs-ecs-task-execution-role",
            "inline_policy": [
              {
                "name": "",
                "policy": ""
              }
            ],
            "managed_policy_arns": [
              "arn:aws:iam::aws:policy/AmazonSSMManagedInstanceCore",
              "arn:aws:iam::aws:policy/service-role/AmazonECSTaskExecutionRolePolicy"
            ],
            "max_session_duration": 3600,
            "name": "portuguese-verbs-ecs-task-execution-role",
            "name_prefix": "",
            "path": "/",
            "permissions_boundary": null,
            "tags": {},
            "tags_all": {},
            "unique_id": "AROAY2L37VMJTR56KI52S"
          },
          "sensitive_attributes": [],
          "private": "bnVsbA==",
          "dependencies": [
            "module.iam.data.aws_iam_policy_document.assume_role_policy"
          ]
        }
      ]
    },
    {
      "module": "module.iam",
      "mode": "managed",
      "type": "aws_iam_role_policy_attachment",
      "name": "ecs_task_execution_role_policy",
      "provider": "provider[\"registry.terraform.io/hashicorp/aws\"]",
      "instances": [
        {
          "schema_version": 0,
          "attributes": {
            "id": "portuguese-verbs-ecs-task-execution-role-20230923222411256500000005",
            "policy_arn": "arn:aws:iam::aws:policy/service-role/AmazonECSTaskExecutionRolePolicy",
            "role": "portuguese-verbs-ecs-task-execution-role"
          },
          "sensitive_attributes": [],
          "private": "bnVsbA==",
          "dependencies": [
            "module.iam.aws_iam_role.ecs_task_execution_role",
            "module.iam.data.aws_iam_policy_document.assume_role_policy"
          ]
        }
      ]
    },
    {
      "module": "module.iam",
      "mode": "managed",
      "type": "aws_iam_role_policy_attachment",
      "name": "ecs_task_execution_role_ssm_policy",
      "provider": "provider[\"registry.terraform.io/hashicorp/aws\"]",
      "instances": [
        {
          "schema_version": 0,
          "attributes": {
            "id": "portuguese-verbs-ecs-task-execution-role-20230923222411306000000006",
            "policy_arn": "arn:aws:iam::aws:policy/AmazonSSMManagedInstanceCore",
            "role": "portuguese-verbs-ecs-task-execution-role"
          },
          "sensitive_attributes": [],
          "private": "bnVsbA==",
          "dependencies": [
            "module.iam.aws_iam_role.ecs_task_execution_role",
            "module.iam.data.aws_iam_policy_document.assume_role_policy"
          ]
        }
      ]
    },
    {
      "module": "module.internal_alb",
      "mode": "managed",
      "type": "aws_acm_certificate",
      "name": "portuguese-verbs",
      "provider": "provider[\"registry.terraform.io/hashicorp/aws\"]",
      "instances": [
        {
          "schema_version": 0,
          "attributes": {
            "arn": "arn:aws:acm:us-east-2:606387284755:certificate/676af089-e4b3-4192-a5cc-27a4ef8ed294",
            "certificate_authority_arn": "",
            "certificate_body": null,
            "certificate_chain": null,
            "domain_name": "conjugame.org",
            "domain_validation_options": [
              {
                "domain_name": "conjugame.org",
                "resource_record_name": "_87a0da41f8ed3b79661ce80c1c59155d.conjugame.org.",
                "resource_record_type": "CNAME",
                "resource_record_value": "_f3457a36c8eff7a4c17db47275d9371b.zwhvhxfsld.acm-validations.aws."
              }
            ],
            "id": "arn:aws:acm:us-east-2:606387284755:certificate/676af089-e4b3-4192-a5cc-27a4ef8ed294",
            "options": [
              {
                "certificate_transparency_logging_preference": "ENABLED"
              }
            ],
            "private_key": null,
            "status": "ISSUED",
            "subject_alternative_names": [],
            "tags": {},
            "tags_all": {},
            "validation_emails": [],
            "validation_method": "DNS"
          },
          "sensitive_attributes": [],
          "private": "bnVsbA==",
          "create_before_destroy": true
        }
      ]
    },
    {
      "module": "module.internal_alb",
      "mode": "managed",
      "type": "aws_alb",
      "name": "alb",
      "provider": "provider[\"registry.terraform.io/hashicorp/aws\"]",
      "instances": [
        {
          "schema_version": 0,
          "attributes": {
            "access_logs": [
              {
                "bucket": "",
                "enabled": false,
                "prefix": ""
              }
            ],
            "arn": "arn:aws:elasticloadbalancing:us-east-2:606387284755:loadbalancer/app/portuguese-verbs-internal-alb/2ab948e2aff17aa0",
            "arn_suffix": "app/portuguese-verbs-internal-alb/2ab948e2aff17aa0",
            "customer_owned_ipv4_pool": "",
            "desync_mitigation_mode": "defensive",
            "dns_name": "internal-portuguese-verbs-internal-alb-897646029.us-east-2.elb.amazonaws.com",
            "drop_invalid_header_fields": false,
            "enable_cross_zone_load_balancing": true,
            "enable_deletion_protection": false,
            "enable_http2": true,
            "enable_waf_fail_open": false,
            "id": "arn:aws:elasticloadbalancing:us-east-2:606387284755:loadbalancer/app/portuguese-verbs-internal-alb/2ab948e2aff17aa0",
            "idle_timeout": 60,
            "internal": true,
            "ip_address_type": "ipv4",
            "load_balancer_type": "application",
            "name": "portuguese-verbs-internal-alb",
            "name_prefix": null,
            "security_groups": [
              "sg-0825cb6cfe25d5aad"
            ],
            "subnet_mapping": [
              {
                "allocation_id": "",
                "ipv6_address": "",
                "outpost_id": "",
                "private_ipv4_address": "",
                "subnet_id": "subnet-02c34fc789d430e8d"
              },
              {
                "allocation_id": "",
                "ipv6_address": "",
                "outpost_id": "",
                "private_ipv4_address": "",
                "subnet_id": "subnet-0d39bff124d3ecde2"
              }
            ],
            "subnets": [
              "subnet-02c34fc789d430e8d",
              "subnet-0d39bff124d3ecde2"
            ],
            "tags": {},
            "tags_all": {},
            "timeouts": null,
            "vpc_id": "vpc-0090636559ee932a4",
            "zone_id": "Z3AADJGX6KTTL2"
          },
          "sensitive_attributes": [],
          "private": "eyJlMmJmYjczMC1lY2FhLTExZTYtOGY4OC0zNDM2M2JjN2M0YzAiOnsiY3JlYXRlIjo2MDAwMDAwMDAwMDAsImRlbGV0ZSI6NjAwMDAwMDAwMDAwLCJ1cGRhdGUiOjYwMDAwMDAwMDAwMH19",
          "dependencies": [
            "module.internal_alb_security_group.aws_security_group.security_group",
            "module.vpc.aws_subnet.private_subnet",
            "module.vpc.aws_vpc.vpc"
          ]
        }
      ]
    },
    {
      "module": "module.internal_alb",
      "mode": "managed",
      "type": "aws_alb_listener",
      "name": "alb_listener",
      "provider": "provider[\"registry.terraform.io/hashicorp/aws\"]",
      "instances": [
        {
          "index_key": "HTTP",
          "schema_version": 0,
          "attributes": {
            "alpn_policy": null,
            "arn": "arn:aws:elasticloadbalancing:us-east-2:606387284755:listener/app/portuguese-verbs-internal-alb/2ab948e2aff17aa0/2cfa625fe0f9c13c",
            "certificate_arn": null,
            "default_action": [
              {
                "authenticate_cognito": [],
                "authenticate_oidc": [],
                "fixed_response": [
                  {
                    "content_type": "text/plain",
                    "message_body": "No routes defined",
                    "status_code": "200"
                  }
                ],
                "forward": [],
                "order": 1,
                "redirect": [],
                "target_group_arn": "",
                "type": "fixed-response"
              }
            ],
            "id": "arn:aws:elasticloadbalancing:us-east-2:606387284755:listener/app/portuguese-verbs-internal-alb/2ab948e2aff17aa0/2cfa625fe0f9c13c",
            "load_balancer_arn": "arn:aws:elasticloadbalancing:us-east-2:606387284755:loadbalancer/app/portuguese-verbs-internal-alb/2ab948e2aff17aa0",
            "port": 80,
            "protocol": "HTTP",
            "ssl_policy": "",
            "tags": {},
            "tags_all": {},
            "timeouts": null
          },
          "sensitive_attributes": [],
          "private": "eyJlMmJmYjczMC1lY2FhLTExZTYtOGY4OC0zNDM2M2JjN2M0YzAiOnsicmVhZCI6NjAwMDAwMDAwMDAwfX0=",
          "dependencies": [
            "module.internal_alb.aws_alb.alb",
            "module.internal_alb_security_group.aws_security_group.security_group",
            "module.vpc.aws_subnet.private_subnet",
            "module.vpc.aws_vpc.vpc"
          ]
        }
      ]
    },
    {
      "module": "module.internal_alb_security_group",
      "mode": "managed",
      "type": "aws_security_group",
      "name": "security_group",
      "provider": "provider[\"registry.terraform.io/hashicorp/aws\"]",
      "instances": [
        {
          "schema_version": 1,
          "attributes": {
            "arn": "arn:aws:ec2:us-east-2:606387284755:security-group/sg-0825cb6cfe25d5aad",
            "description": "portuguese-verbs-internal-alb-sg",
            "egress": [
              {
                "cidr_blocks": [
                  "10.10.0.0/16"
                ],
                "description": "",
                "from_port": 0,
                "ipv6_cidr_blocks": [],
                "prefix_list_ids": [],
                "protocol": "-1",
                "security_groups": [],
                "self": false,
                "to_port": 0
              }
            ],
            "id": "sg-0825cb6cfe25d5aad",
            "ingress": [
              {
                "cidr_blocks": [
                  "10.10.0.0/16"
                ],
                "description": "",
                "from_port": 80,
                "ipv6_cidr_blocks": [],
                "prefix_list_ids": [],
                "protocol": "tcp",
                "security_groups": [],
                "self": false,
                "to_port": 8000
              }
            ],
            "name": "portuguese-verbs-internal-alb-sg",
            "name_prefix": "",
            "owner_id": "606387284755",
            "revoke_rules_on_delete": false,
            "tags": {},
            "tags_all": {},
            "timeouts": null,
            "vpc_id": "vpc-0090636559ee932a4"
          },
          "sensitive_attributes": [],
          "private": "eyJlMmJmYjczMC1lY2FhLTExZTYtOGY4OC0zNDM2M2JjN2M0YzAiOnsiY3JlYXRlIjo2MDAwMDAwMDAwMDAsImRlbGV0ZSI6OTAwMDAwMDAwMDAwfSwic2NoZW1hX3ZlcnNpb24iOiIxIn0=",
          "dependencies": [
            "module.vpc.aws_vpc.vpc"
          ]
        }
      ]
    },
    {
      "module": "module.public_alb",
      "mode": "managed",
      "type": "aws_acm_certificate",
      "name": "portuguese-verbs",
      "provider": "provider[\"registry.terraform.io/hashicorp/aws\"]",
      "instances": [
        {
          "schema_version": 0,
          "attributes": {
            "arn": "arn:aws:acm:us-east-2:606387284755:certificate/29761c10-79c6-4ce3-8e3a-7f712376c495",
            "certificate_authority_arn": "",
            "certificate_body": null,
            "certificate_chain": null,
            "domain_name": "conjugame.org",
            "domain_validation_options": [
              {
                "domain_name": "conjugame.org",
                "resource_record_name": "_87a0da41f8ed3b79661ce80c1c59155d.conjugame.org.",
                "resource_record_type": "CNAME",
                "resource_record_value": "_f3457a36c8eff7a4c17db47275d9371b.zwhvhxfsld.acm-validations.aws."
              }
            ],
            "id": "arn:aws:acm:us-east-2:606387284755:certificate/29761c10-79c6-4ce3-8e3a-7f712376c495",
            "options": [
              {
                "certificate_transparency_logging_preference": "ENABLED"
              }
            ],
            "private_key": null,
            "status": "ISSUED",
            "subject_alternative_names": [],
            "tags": {},
            "tags_all": {},
            "validation_emails": [],
            "validation_method": "DNS"
          },
          "sensitive_attributes": [],
          "private": "bnVsbA==",
          "create_before_destroy": true
        }
      ]
    },
    {
      "module": "module.public_alb",
      "mode": "managed",
      "type": "aws_alb",
      "name": "alb",
      "provider": "provider[\"registry.terraform.io/hashicorp/aws\"]",
      "instances": [
        {
          "schema_version": 0,
          "attributes": {
            "access_logs": [
              {
                "bucket": "",
                "enabled": false,
                "prefix": ""
              }
            ],
            "arn": "arn:aws:elasticloadbalancing:us-east-2:606387284755:loadbalancer/app/portuguese-verbs-public-alb/0d23c38d29f75417",
            "arn_suffix": "app/portuguese-verbs-public-alb/0d23c38d29f75417",
            "customer_owned_ipv4_pool": "",
            "desync_mitigation_mode": "defensive",
            "dns_name": "portuguese-verbs-public-alb-1052601625.us-east-2.elb.amazonaws.com",
            "drop_invalid_header_fields": false,
            "enable_cross_zone_load_balancing": true,
            "enable_deletion_protection": false,
            "enable_http2": true,
            "enable_waf_fail_open": false,
            "id": "arn:aws:elasticloadbalancing:us-east-2:606387284755:loadbalancer/app/portuguese-verbs-public-alb/0d23c38d29f75417",
            "idle_timeout": 60,
            "internal": false,
            "ip_address_type": "ipv4",
            "load_balancer_type": "application",
            "name": "portuguese-verbs-public-alb",
            "name_prefix": null,
            "security_groups": [
              "sg-054c0f8c5883f5e3e"
            ],
            "subnet_mapping": [
              {
                "allocation_id": "",
                "ipv6_address": "",
                "outpost_id": "",
                "private_ipv4_address": "",
                "subnet_id": "subnet-0781ab8f572e29572"
              },
              {
                "allocation_id": "",
                "ipv6_address": "",
                "outpost_id": "",
                "private_ipv4_address": "",
                "subnet_id": "subnet-097fb7e09319e9759"
              }
            ],
            "subnets": [
              "subnet-0781ab8f572e29572",
              "subnet-097fb7e09319e9759"
            ],
            "tags": {},
            "tags_all": {},
            "timeouts": null,
            "vpc_id": "vpc-0090636559ee932a4",
            "zone_id": "Z3AADJGX6KTTL2"
          },
          "sensitive_attributes": [],
          "private": "eyJlMmJmYjczMC1lY2FhLTExZTYtOGY4OC0zNDM2M2JjN2M0YzAiOnsiY3JlYXRlIjo2MDAwMDAwMDAwMDAsImRlbGV0ZSI6NjAwMDAwMDAwMDAwLCJ1cGRhdGUiOjYwMDAwMDAwMDAwMH19",
          "dependencies": [
            "module.public_alb_security_group.aws_security_group.security_group",
            "module.vpc.aws_subnet.public_subnet",
            "module.vpc.aws_vpc.vpc"
          ]
        }
      ]
    },
    {
      "module": "module.public_alb",
      "mode": "managed",
      "type": "aws_alb_listener",
      "name": "alb_listener",
      "provider": "provider[\"registry.terraform.io/hashicorp/aws\"]",
      "instances": [
        {
          "index_key": "HTTP",
          "schema_version": 0,
          "attributes": {
            "alpn_policy": null,
            "arn": "arn:aws:elasticloadbalancing:us-east-2:606387284755:listener/app/portuguese-verbs-public-alb/0d23c38d29f75417/4835a9145e99bb68",
            "certificate_arn": null,
            "default_action": [
              {
                "authenticate_cognito": [],
                "authenticate_oidc": [],
                "fixed_response": [
                  {
                    "content_type": "text/plain",
                    "message_body": "No routes defined",
                    "status_code": "200"
                  }
                ],
                "forward": [],
                "order": 1,
                "redirect": [],
                "target_group_arn": "",
                "type": "fixed-response"
              }
            ],
            "id": "arn:aws:elasticloadbalancing:us-east-2:606387284755:listener/app/portuguese-verbs-public-alb/0d23c38d29f75417/4835a9145e99bb68",
            "load_balancer_arn": "arn:aws:elasticloadbalancing:us-east-2:606387284755:loadbalancer/app/portuguese-verbs-public-alb/0d23c38d29f75417",
            "port": 80,
            "protocol": "HTTP",
            "ssl_policy": "",
            "tags": {},
            "tags_all": {},
            "timeouts": null
          },
          "sensitive_attributes": [],
          "private": "eyJlMmJmYjczMC1lY2FhLTExZTYtOGY4OC0zNDM2M2JjN2M0YzAiOnsicmVhZCI6NjAwMDAwMDAwMDAwfX0=",
          "dependencies": [
            "module.public_alb.aws_alb.alb",
            "module.public_alb_security_group.aws_security_group.security_group",
            "module.vpc.aws_subnet.public_subnet",
            "module.vpc.aws_vpc.vpc"
          ]
        }
      ]
    },
    {
      "module": "module.public_alb",
      "mode": "managed",
      "type": "aws_alb_listener_rule",
      "name": "alb_listener_rule",
      "provider": "provider[\"registry.terraform.io/hashicorp/aws\"]",
      "instances": [
        {
          "index_key": "api",
          "schema_version": 0,
          "attributes": {
            "action": [
              {
                "authenticate_cognito": [],
                "authenticate_oidc": [],
                "fixed_response": [],
                "forward": [],
                "order": 1,
                "redirect": [],
                "target_group_arn": "arn:aws:elasticloadbalancing:us-east-2:606387284755:targetgroup/api-tg/0ddcb816a986fe1e",
                "type": "forward"
              }
            ],
            "arn": "arn:aws:elasticloadbalancing:us-east-2:606387284755:listener-rule/app/portuguese-verbs-public-alb/0d23c38d29f75417/4835a9145e99bb68/9ee44ac778e0ea12",
            "condition": [
              {
                "host_header": [],
                "http_header": [],
                "http_request_method": [],
                "path_pattern": [
                  {
                    "values": [
                      "/api*"
                    ]
                  }
                ],
                "query_string": [],
                "source_ip": []
              }
            ],
            "id": "arn:aws:elasticloadbalancing:us-east-2:606387284755:listener-rule/app/portuguese-verbs-public-alb/0d23c38d29f75417/4835a9145e99bb68/9ee44ac778e0ea12",
            "listener_arn": "arn:aws:elasticloadbalancing:us-east-2:606387284755:listener/app/portuguese-verbs-public-alb/0d23c38d29f75417/4835a9145e99bb68",
            "priority": 4,
            "tags": null,
            "tags_all": {}
          },
          "sensitive_attributes": [],
          "private": "bnVsbA==",
          "dependencies": [
            "module.public_alb.aws_alb_listener.alb_listener",
            "module.public_alb.aws_alb_target_group.alb_target_group",
            "module.vpc.aws_vpc.vpc"
          ]
        },
        {
          "index_key": "client",
          "schema_version": 0,
          "attributes": {
            "action": [
              {
                "authenticate_cognito": [],
                "authenticate_oidc": [],
                "fixed_response": [],
                "forward": [],
                "order": 1,
                "redirect": [],
                "target_group_arn": "arn:aws:elasticloadbalancing:us-east-2:606387284755:targetgroup/client-tg/f1198b0049da14b2",
                "type": "forward"
              }
            ],
            "arn": "arn:aws:elasticloadbalancing:us-east-2:606387284755:listener-rule/app/portuguese-verbs-public-alb/0d23c38d29f75417/4835a9145e99bb68/2d9d9d088a684d1d",
            "condition": [
              {
                "host_header": [],
                "http_header": [],
                "http_request_method": [],
                "path_pattern": [
                  {
                    "values": [
                      "/*"
                    ]
                  }
                ],
                "query_string": [],
                "source_ip": []
              }
            ],
            "id": "arn:aws:elasticloadbalancing:us-east-2:606387284755:listener-rule/app/portuguese-verbs-public-alb/0d23c38d29f75417/4835a9145e99bb68/2d9d9d088a684d1d",
            "listener_arn": "arn:aws:elasticloadbalancing:us-east-2:606387284755:listener/app/portuguese-verbs-public-alb/0d23c38d29f75417/4835a9145e99bb68",
            "priority": 1,
            "tags": {},
            "tags_all": {}
          },
          "sensitive_attributes": [],
          "private": "bnVsbA==",
          "dependencies": [
            "module.public_alb.aws_alb.alb",
            "module.public_alb.aws_alb_listener.alb_listener",
            "module.public_alb.aws_alb_target_group.alb_target_group",
            "module.public_alb_security_group.aws_security_group.security_group",
            "module.vpc.aws_subnet.public_subnet",
            "module.vpc.aws_vpc.vpc"
          ]
        },
        {
          "index_key": "nginx",
          "schema_version": 0,
          "attributes": {
            "action": [
              {
                "authenticate_cognito": [],
                "authenticate_oidc": [],
                "fixed_response": [],
                "forward": [],
                "order": 1,
                "redirect": [],
                "target_group_arn": "arn:aws:elasticloadbalancing:us-east-2:606387284755:targetgroup/nginx-tg/155b6fd4f96a2b31",
                "type": "forward"
              }
            ],
            "arn": "arn:aws:elasticloadbalancing:us-east-2:606387284755:listener-rule/app/portuguese-verbs-public-alb/0d23c38d29f75417/4835a9145e99bb68/ee74c09233219188",
            "condition": [
              {
                "host_header": [],
                "http_header": [],
                "http_request_method": [],
                "path_pattern": [
                  {
                    "values": [
                      "/*"
                    ]
                  }
                ],
                "query_string": [],
                "source_ip": []
              }
            ],
            "id": "arn:aws:elasticloadbalancing:us-east-2:606387284755:listener-rule/app/portuguese-verbs-public-alb/0d23c38d29f75417/4835a9145e99bb68/ee74c09233219188",
            "listener_arn": "arn:aws:elasticloadbalancing:us-east-2:606387284755:listener/app/portuguese-verbs-public-alb/0d23c38d29f75417/4835a9145e99bb68",
            "priority": 2,
            "tags": {},
            "tags_all": {}
          },
          "sensitive_attributes": [],
          "private": "bnVsbA==",
          "dependencies": [
            "module.public_alb.aws_alb.alb",
            "module.public_alb.aws_alb_listener.alb_listener",
            "module.public_alb.aws_alb_target_group.alb_target_group",
            "module.public_alb_security_group.aws_security_group.security_group",
            "module.vpc.aws_subnet.public_subnet",
            "module.vpc.aws_vpc.vpc"
          ]
        },
        {
          "index_key": "verbecc",
          "schema_version": 0,
          "attributes": {
            "action": [
              {
                "authenticate_cognito": [],
                "authenticate_oidc": [],
                "fixed_response": [],
                "forward": [],
                "order": 1,
                "redirect": [],
                "target_group_arn": "arn:aws:elasticloadbalancing:us-east-2:606387284755:targetgroup/verbecc-tg/6b2ead66a67f1da5",
                "type": "forward"
              }
            ],
            "arn": "arn:aws:elasticloadbalancing:us-east-2:606387284755:listener-rule/app/portuguese-verbs-public-alb/0d23c38d29f75417/4835a9145e99bb68/fc5bebcf48e8f595",
            "condition": [
              {
                "host_header": [],
                "http_header": [],
                "http_request_method": [],
                "path_pattern": [
                  {
                    "values": [
                      "/verbecc*"
                    ]
                  }
                ],
                "query_string": [],
                "source_ip": []
              }
            ],
            "id": "arn:aws:elasticloadbalancing:us-east-2:606387284755:listener-rule/app/portuguese-verbs-public-alb/0d23c38d29f75417/4835a9145e99bb68/fc5bebcf48e8f595",
            "listener_arn": "arn:aws:elasticloadbalancing:us-east-2:606387284755:listener/app/portuguese-verbs-public-alb/0d23c38d29f75417/4835a9145e99bb68",
            "priority": 3,
            "tags": null,
            "tags_all": {}
          },
          "sensitive_attributes": [],
          "private": "bnVsbA==",
          "dependencies": [
            "module.public_alb.aws_alb_listener.alb_listener",
            "module.public_alb.aws_alb_target_group.alb_target_group",
            "module.vpc.aws_vpc.vpc"
          ]
        }
      ]
    },
    {
      "module": "module.public_alb",
      "mode": "managed",
      "type": "aws_alb_target_group",
      "name": "alb_target_group",
      "provider": "provider[\"registry.terraform.io/hashicorp/aws\"]",
      "instances": [
        {
          "index_key": "api",
          "schema_version": 0,
          "attributes": {
            "arn": "arn:aws:elasticloadbalancing:us-east-2:606387284755:targetgroup/api-tg/0ddcb816a986fe1e",
            "arn_suffix": "targetgroup/api-tg/0ddcb816a986fe1e",
            "connection_termination": false,
            "deregistration_delay": "300",
            "health_check": [
              {
                "enabled": true,
                "healthy_threshold": 3,
                "interval": 30,
                "matcher": "200",
                "path": "/health",
                "port": "traffic-port",
                "protocol": "HTTP",
                "timeout": 5,
                "unhealthy_threshold": 3
              }
            ],
            "id": "arn:aws:elasticloadbalancing:us-east-2:606387284755:targetgroup/api-tg/0ddcb816a986fe1e",
            "lambda_multi_value_headers_enabled": false,
            "load_balancing_algorithm_type": "round_robin",
            "name": "api-tg",
            "name_prefix": null,
            "port": 4000,
            "preserve_client_ip": null,
            "protocol": "HTTP",
            "protocol_version": "HTTP1",
            "proxy_protocol_v2": false,
            "slow_start": 0,
            "stickiness": [
              {
                "cookie_duration": 86400,
                "cookie_name": "",
                "enabled": false,
                "type": "lb_cookie"
              }
            ],
            "tags": null,
            "tags_all": {},
            "target_type": "ip",
            "vpc_id": "vpc-0090636559ee932a4"
          },
          "sensitive_attributes": [],
          "private": "bnVsbA==",
          "dependencies": [
            "module.vpc.aws_vpc.vpc"
          ]
        },
        {
          "index_key": "client",
          "schema_version": 0,
          "attributes": {
            "arn": "arn:aws:elasticloadbalancing:us-east-2:606387284755:targetgroup/client-tg/f1198b0049da14b2",
            "arn_suffix": "targetgroup/client-tg/f1198b0049da14b2",
            "connection_termination": false,
            "deregistration_delay": "300",
            "health_check": [
              {
                "enabled": true,
                "healthy_threshold": 3,
                "interval": 30,
                "matcher": "200",
                "path": "/#",
                "port": "traffic-port",
                "protocol": "HTTP",
                "timeout": 5,
                "unhealthy_threshold": 3
              }
            ],
            "id": "arn:aws:elasticloadbalancing:us-east-2:606387284755:targetgroup/client-tg/f1198b0049da14b2",
            "lambda_multi_value_headers_enabled": false,
            "load_balancing_algorithm_type": "round_robin",
            "name": "client-tg",
            "name_prefix": null,
            "port": 3000,
            "preserve_client_ip": null,
            "protocol": "HTTP",
            "protocol_version": "HTTP1",
            "proxy_protocol_v2": false,
            "slow_start": 0,
            "stickiness": [
              {
                "cookie_duration": 86400,
                "cookie_name": "",
                "enabled": false,
                "type": "lb_cookie"
              }
            ],
            "tags": {},
            "tags_all": {},
            "target_type": "ip",
            "vpc_id": "vpc-0090636559ee932a4"
          },
          "sensitive_attributes": [],
          "private": "bnVsbA==",
          "dependencies": [
            "module.vpc.aws_vpc.vpc"
          ]
        },
        {
          "index_key": "nginx",
          "schema_version": 0,
          "attributes": {
            "arn": "arn:aws:elasticloadbalancing:us-east-2:606387284755:targetgroup/nginx-tg/155b6fd4f96a2b31",
            "arn_suffix": "targetgroup/nginx-tg/155b6fd4f96a2b31",
            "connection_termination": false,
            "deregistration_delay": "300",
            "health_check": [
              {
                "enabled": true,
                "healthy_threshold": 3,
                "interval": 30,
                "matcher": "200",
                "path": "/",
                "port": "traffic-port",
                "protocol": "HTTP",
                "timeout": 5,
                "unhealthy_threshold": 3
              }
            ],
            "id": "arn:aws:elasticloadbalancing:us-east-2:606387284755:targetgroup/nginx-tg/155b6fd4f96a2b31",
            "lambda_multi_value_headers_enabled": false,
            "load_balancing_algorithm_type": "round_robin",
            "name": "nginx-tg",
            "name_prefix": null,
            "port": 80,
            "preserve_client_ip": null,
            "protocol": "HTTP",
            "protocol_version": "HTTP1",
            "proxy_protocol_v2": false,
            "slow_start": 0,
            "stickiness": [
              {
                "cookie_duration": 86400,
                "cookie_name": "",
                "enabled": false,
                "type": "lb_cookie"
              }
            ],
            "tags": {},
            "tags_all": {},
            "target_type": "ip",
            "vpc_id": "vpc-0090636559ee932a4"
          },
          "sensitive_attributes": [],
          "private": "bnVsbA==",
          "dependencies": [
            "module.vpc.aws_vpc.vpc"
          ]
        },
        {
          "index_key": "verbecc",
          "schema_version": 0,
          "attributes": {
            "arn": "arn:aws:elasticloadbalancing:us-east-2:606387284755:targetgroup/verbecc-tg/6b2ead66a67f1da5",
            "arn_suffix": "targetgroup/verbecc-tg/6b2ead66a67f1da5",
            "connection_termination": false,
            "deregistration_delay": "300",
            "health_check": [
              {
                "enabled": true,
                "healthy_threshold": 3,
                "interval": 30,
                "matcher": "200",
                "path": "/",
                "port": "traffic-port",
                "protocol": "HTTP",
                "timeout": 5,
                "unhealthy_threshold": 3
              }
            ],
            "id": "arn:aws:elasticloadbalancing:us-east-2:606387284755:targetgroup/verbecc-tg/6b2ead66a67f1da5",
            "lambda_multi_value_headers_enabled": false,
            "load_balancing_algorithm_type": "round_robin",
            "name": "verbecc-tg",
            "name_prefix": null,
            "port": 8000,
            "preserve_client_ip": null,
            "protocol": "HTTP",
            "protocol_version": "HTTP1",
            "proxy_protocol_v2": false,
            "slow_start": 0,
            "stickiness": [
              {
                "cookie_duration": 86400,
                "cookie_name": "",
                "enabled": false,
                "type": "lb_cookie"
              }
            ],
            "tags": null,
            "tags_all": {},
            "target_type": "ip",
            "vpc_id": "vpc-0090636559ee932a4"
          },
          "sensitive_attributes": [],
          "private": "bnVsbA==",
          "dependencies": [
            "module.vpc.aws_vpc.vpc"
          ]
        }
      ]
    },
    {
      "module": "module.public_alb_security_group",
      "mode": "managed",
      "type": "aws_security_group",
      "name": "security_group",
      "provider": "provider[\"registry.terraform.io/hashicorp/aws\"]",
      "instances": [
        {
          "schema_version": 1,
          "attributes": {
            "arn": "arn:aws:ec2:us-east-2:606387284755:security-group/sg-054c0f8c5883f5e3e",
            "description": "portuguese-verbs-public-alb-sg",
            "egress": [
              {
                "cidr_blocks": [
                  "0.0.0.0/0"
                ],
                "description": "",
                "from_port": 0,
                "ipv6_cidr_blocks": [],
                "prefix_list_ids": [],
                "protocol": "-1",
                "security_groups": [],
                "self": false,
                "to_port": 0
              }
            ],
            "id": "sg-054c0f8c5883f5e3e",
            "ingress": [
              {
                "cidr_blocks": [
                  "0.0.0.0/0"
                ],
                "description": "",
                "from_port": 80,
                "ipv6_cidr_blocks": [],
                "prefix_list_ids": [],
                "protocol": "tcp",
                "security_groups": [],
                "self": false,
                "to_port": 80
              }
            ],
            "name": "portuguese-verbs-public-alb-sg",
            "name_prefix": "",
            "owner_id": "606387284755",
            "revoke_rules_on_delete": false,
            "tags": {},
            "tags_all": {},
            "timeouts": null,
            "vpc_id": "vpc-0090636559ee932a4"
          },
          "sensitive_attributes": [],
          "private": "eyJlMmJmYjczMC1lY2FhLTExZTYtOGY4OC0zNDM2M2JjN2M0YzAiOnsiY3JlYXRlIjo2MDAwMDAwMDAwMDAsImRlbGV0ZSI6OTAwMDAwMDAwMDAwfSwic2NoZW1hX3ZlcnNpb24iOiIxIn0=",
          "dependencies": [
            "module.vpc.aws_vpc.vpc"
          ]
        }
      ]
    },
    {
      "module": "module.route53_private_zone",
      "mode": "managed",
      "type": "aws_route53_record",
      "name": "internal_service_record",
      "provider": "provider[\"registry.terraform.io/hashicorp/aws\"]",
      "instances": [
        {
          "schema_version": 2,
          "attributes": {
            "alias": [
              {
                "evaluate_target_health": true,
                "name": "internal-portuguese-verbs-internal-alb-897646029.us-east-2.elb.amazonaws.com",
                "zone_id": "Z3AADJGX6KTTL2"
              }
            ],
            "allow_overwrite": null,
            "failover_routing_policy": [],
            "fqdn": "service.internal",
            "geolocation_routing_policy": [],
            "health_check_id": "",
            "id": "Z04049803OFUN9DYMDYEU_service.internal_A",
            "latency_routing_policy": [],
            "multivalue_answer_routing_policy": null,
            "name": "service.internal",
            "records": [],
            "set_identifier": "",
            "ttl": 0,
            "type": "A",
            "weighted_routing_policy": [],
            "zone_id": "Z04049803OFUN9DYMDYEU"
          },
          "sensitive_attributes": [],
          "private": "eyJzY2hlbWFfdmVyc2lvbiI6IjIifQ==",
          "dependencies": [
            "module.internal_alb.aws_alb.alb",
            "module.internal_alb_security_group.aws_security_group.security_group",
            "module.route53_private_zone.aws_route53_zone.private_zone",
            "module.vpc.aws_subnet.private_subnet",
            "module.vpc.aws_vpc.vpc"
          ]
        }
      ]
    },
    {
      "module": "module.route53_private_zone",
      "mode": "managed",
      "type": "aws_route53_zone",
      "name": "private_zone",
      "provider": "provider[\"registry.terraform.io/hashicorp/aws\"]",
      "instances": [
        {
          "schema_version": 0,
          "attributes": {
            "arn": "arn:aws:route53:::hostedzone/Z04049803OFUN9DYMDYEU",
            "comment": "Managed by Terraform",
            "delegation_set_id": "",
            "force_destroy": false,
            "id": "Z04049803OFUN9DYMDYEU",
            "name": "service.internal",
            "name_servers": [
              "ns-0.awsdns-00.com.",
              "ns-1024.awsdns-00.org.",
              "ns-1536.awsdns-00.co.uk.",
              "ns-512.awsdns-00.net."
            ],
            "tags": {},
            "tags_all": {},
            "vpc": [
              {
                "vpc_id": "vpc-0090636559ee932a4",
                "vpc_region": "us-east-2"
              }
            ],
            "zone_id": "Z04049803OFUN9DYMDYEU"
          },
          "sensitive_attributes": [],
          "private": "bnVsbA==",
          "dependencies": [
            "module.vpc.aws_vpc.vpc"
          ]
        }
      ]
    },
    {
      "module": "module.vpc",
      "mode": "managed",
      "type": "aws_eip",
      "name": "eip",
      "provider": "module.vpc.provider[\"registry.terraform.io/hashicorp/aws\"]",
      "instances": [
        {
          "schema_version": 0,
          "attributes": {
            "address": null,
            "allocation_id": "eipalloc-05ceba2fd6bec4e2d",
            "associate_with_private_ip": null,
            "association_id": "eipassoc-09ed2eed25308d24e",
            "carrier_ip": "",
            "customer_owned_ip": "",
            "customer_owned_ipv4_pool": "",
            "domain": "vpc",
            "id": "eipalloc-05ceba2fd6bec4e2d",
            "instance": "",
            "network_border_group": "us-east-2",
            "network_interface": "eni-01e6c02abf2068c18",
            "private_dns": "ip-10-10-50-216.us-east-2.compute.internal",
            "private_ip": "10.10.50.216",
            "public_dns": "ec2-3-21-136-149.us-east-2.compute.amazonaws.com",
            "public_ip": "3.21.136.149",
            "public_ipv4_pool": "amazon",
            "tags": {},
            "tags_all": {},
            "timeouts": null,
            "vpc": true
          },
          "sensitive_attributes": [],
          "private": "eyJlMmJmYjczMC1lY2FhLTExZTYtOGY4OC0zNDM2M2JjN2M0YzAiOnsiZGVsZXRlIjoxODAwMDAwMDAwMDAsInJlYWQiOjkwMDAwMDAwMDAwMCwidXBkYXRlIjozMDAwMDAwMDAwMDB9fQ=="
        }
      ]
    },
    {
      "module": "module.vpc",
      "mode": "managed",
      "type": "aws_internet_gateway",
      "name": "igw",
      "provider": "module.vpc.provider[\"registry.terraform.io/hashicorp/aws\"]",
      "instances": [
        {
          "schema_version": 0,
          "attributes": {
            "arn": "arn:aws:ec2:us-east-2:606387284755:internet-gateway/igw-003868b8490def276",
            "id": "igw-003868b8490def276",
            "owner_id": "606387284755",
            "tags": {
              "Env": "dev",
              "Name": "portuguese-verbs"
            },
            "tags_all": {
              "Env": "dev",
              "Name": "portuguese-verbs"
            },
            "vpc_id": "vpc-0090636559ee932a4"
          },
          "sensitive_attributes": [],
          "private": "bnVsbA==",
          "dependencies": [
            "module.vpc.aws_vpc.vpc"
          ]
        }
      ]
    },
    {
      "module": "module.vpc",
      "mode": "managed",
      "type": "aws_nat_gateway",
      "name": "nat_gateway",
      "provider": "module.vpc.provider[\"registry.terraform.io/hashicorp/aws\"]",
      "instances": [
        {
          "schema_version": 0,
          "attributes": {
            "allocation_id": "eipalloc-05ceba2fd6bec4e2d",
            "connectivity_type": "public",
            "id": "nat-0709dde447ace6b89",
            "network_interface_id": "eni-01e6c02abf2068c18",
            "private_ip": "10.10.50.216",
            "public_ip": "3.21.136.149",
            "subnet_id": "subnet-0781ab8f572e29572",
            "tags": {},
            "tags_all": {}
          },
          "sensitive_attributes": [],
          "private": "bnVsbA==",
          "dependencies": [
            "module.vpc.aws_eip.eip",
            "module.vpc.aws_internet_gateway.igw",
            "module.vpc.aws_subnet.public_subnet",
            "module.vpc.aws_vpc.vpc"
          ]
        }
      ]
    },
    {
      "module": "module.vpc",
      "mode": "managed",
      "type": "aws_route",
      "name": "private_route",
      "provider": "module.vpc.provider[\"registry.terraform.io/hashicorp/aws\"]",
      "instances": [
        {
          "schema_version": 0,
          "attributes": {
            "carrier_gateway_id": "",
            "destination_cidr_block": "0.0.0.0/0",
            "destination_ipv6_cidr_block": "",
            "destination_prefix_list_id": "",
            "egress_only_gateway_id": "",
            "gateway_id": "",
            "id": "r-rtb-02a4a3b1f8a816a231080289494",
            "instance_id": "",
            "instance_owner_id": "",
            "local_gateway_id": "",
            "nat_gateway_id": "nat-0709dde447ace6b89",
            "network_interface_id": "",
            "origin": "CreateRoute",
            "route_table_id": "rtb-02a4a3b1f8a816a23",
            "state": "active",
            "timeouts": null,
            "transit_gateway_id": "",
            "vpc_endpoint_id": "",
            "vpc_peering_connection_id": ""
          },
          "sensitive_attributes": [],
          "private": "eyJlMmJmYjczMC1lY2FhLTExZTYtOGY4OC0zNDM2M2JjN2M0YzAiOnsiY3JlYXRlIjozMDAwMDAwMDAwMDAsImRlbGV0ZSI6MzAwMDAwMDAwMDAwLCJ1cGRhdGUiOjEyMDAwMDAwMDAwMH19",
          "dependencies": [
            "module.vpc.aws_nat_gateway.nat_gateway",
            "module.vpc.aws_route_table.private_route_table"
          ]
        }
      ]
    },
    {
      "module": "module.vpc",
      "mode": "managed",
      "type": "aws_route",
      "name": "public-route",
      "provider": "module.vpc.provider[\"registry.terraform.io/hashicorp/aws\"]",
      "instances": [
        {
          "schema_version": 0,
          "attributes": {
            "carrier_gateway_id": "",
            "destination_cidr_block": "0.0.0.0/0",
            "destination_ipv6_cidr_block": "",
            "destination_prefix_list_id": "",
            "egress_only_gateway_id": "",
            "gateway_id": "igw-003868b8490def276",
            "id": "r-rtb-0638f08c20fb8a3471080289494",
            "instance_id": "",
            "instance_owner_id": "",
            "local_gateway_id": "",
            "nat_gateway_id": "",
            "network_interface_id": "",
            "origin": "CreateRoute",
            "route_table_id": "rtb-0638f08c20fb8a347",
            "state": "active",
            "timeouts": null,
            "transit_gateway_id": "",
            "vpc_endpoint_id": "",
            "vpc_peering_connection_id": ""
          },
          "sensitive_attributes": [],
          "private": "eyJlMmJmYjczMC1lY2FhLTExZTYtOGY4OC0zNDM2M2JjN2M0YzAiOnsiY3JlYXRlIjozMDAwMDAwMDAwMDAsImRlbGV0ZSI6MzAwMDAwMDAwMDAwLCJ1cGRhdGUiOjEyMDAwMDAwMDAwMH19",
          "dependencies": [
            "module.vpc.aws_internet_gateway.igw",
            "module.vpc.aws_route_table.public_route_table",
            "module.vpc.aws_vpc.vpc"
          ]
        }
      ]
    },
    {
      "module": "module.vpc",
      "mode": "managed",
      "type": "aws_route_table",
      "name": "private_route_table",
      "provider": "module.vpc.provider[\"registry.terraform.io/hashicorp/aws\"]",
      "instances": [
        {
          "schema_version": 0,
          "attributes": {
            "arn": "arn:aws:ec2:us-east-2:606387284755:route-table/rtb-02a4a3b1f8a816a23",
            "id": "rtb-02a4a3b1f8a816a23",
            "owner_id": "606387284755",
            "propagating_vgws": [],
            "route": [
              {
                "carrier_gateway_id": "",
                "cidr_block": "0.0.0.0/0",
                "destination_prefix_list_id": "",
                "egress_only_gateway_id": "",
                "gateway_id": "",
                "instance_id": "",
                "ipv6_cidr_block": "",
                "local_gateway_id": "",
                "nat_gateway_id": "nat-0709dde447ace6b89",
                "network_interface_id": "",
                "transit_gateway_id": "",
                "vpc_endpoint_id": "",
                "vpc_peering_connection_id": ""
              }
            ],
            "tags": {
              "Env": "dev",
              "Name": "portuguese-verbsprivate-route-table"
            },
            "tags_all": {
              "Env": "dev",
              "Name": "portuguese-verbsprivate-route-table"
            },
            "timeouts": null,
            "vpc_id": "vpc-0090636559ee932a4"
          },
          "sensitive_attributes": [],
          "private": "eyJlMmJmYjczMC1lY2FhLTExZTYtOGY4OC0zNDM2M2JjN2M0YzAiOnsiY3JlYXRlIjozMDAwMDAwMDAwMDAsImRlbGV0ZSI6MzAwMDAwMDAwMDAwLCJ1cGRhdGUiOjEyMDAwMDAwMDAwMH19",
          "dependencies": [
            "module.vpc.aws_vpc.vpc"
          ]
        }
      ]
    },
    {
      "module": "module.vpc",
      "mode": "managed",
      "type": "aws_route_table",
      "name": "public_route_table",
      "provider": "module.vpc.provider[\"registry.terraform.io/hashicorp/aws\"]",
      "instances": [
        {
          "schema_version": 0,
          "attributes": {
            "arn": "arn:aws:ec2:us-east-2:606387284755:route-table/rtb-0638f08c20fb8a347",
            "id": "rtb-0638f08c20fb8a347",
            "owner_id": "606387284755",
            "propagating_vgws": [],
            "route": [
              {
                "carrier_gateway_id": "",
                "cidr_block": "0.0.0.0/0",
                "destination_prefix_list_id": "",
                "egress_only_gateway_id": "",
                "gateway_id": "igw-003868b8490def276",
                "instance_id": "",
                "ipv6_cidr_block": "",
                "local_gateway_id": "",
                "nat_gateway_id": "",
                "network_interface_id": "",
                "transit_gateway_id": "",
                "vpc_endpoint_id": "",
                "vpc_peering_connection_id": ""
              }
            ],
            "tags": {
              "Env": "dev",
              "Name": "portuguese-verbspublic-route-table"
            },
            "tags_all": {
              "Env": "dev",
              "Name": "portuguese-verbspublic-route-table"
            },
            "timeouts": null,
            "vpc_id": "vpc-0090636559ee932a4"
          },
          "sensitive_attributes": [],
          "private": "eyJlMmJmYjczMC1lY2FhLTExZTYtOGY4OC0zNDM2M2JjN2M0YzAiOnsiY3JlYXRlIjozMDAwMDAwMDAwMDAsImRlbGV0ZSI6MzAwMDAwMDAwMDAwLCJ1cGRhdGUiOjEyMDAwMDAwMDAwMH19",
          "dependencies": [
            "module.vpc.aws_vpc.vpc"
          ]
        }
      ]
    },
    {
      "module": "module.vpc",
      "mode": "managed",
      "type": "aws_route_table_association",
      "name": "private_route_association",
      "provider": "module.vpc.provider[\"registry.terraform.io/hashicorp/aws\"]",
      "instances": [
        {
          "index_key": 0,
          "schema_version": 0,
          "attributes": {
            "gateway_id": "",
            "id": "rtbassoc-0175fb663723d243d",
            "route_table_id": "rtb-02a4a3b1f8a816a23",
            "subnet_id": "subnet-0d39bff124d3ecde2"
          },
          "sensitive_attributes": [],
          "private": "bnVsbA==",
          "dependencies": [
            "module.vpc.aws_route_table.private_route_table",
            "module.vpc.aws_subnet.private_subnet",
            "module.vpc.aws_vpc.vpc"
          ]
        },
        {
          "index_key": 1,
          "schema_version": 0,
          "attributes": {
            "gateway_id": "",
            "id": "rtbassoc-0fa6e0eb4e72bab0f",
            "route_table_id": "rtb-02a4a3b1f8a816a23",
            "subnet_id": "subnet-02c34fc789d430e8d"
          },
          "sensitive_attributes": [],
          "private": "bnVsbA==",
          "dependencies": [
            "module.vpc.aws_route_table.private_route_table",
            "module.vpc.aws_subnet.private_subnet",
            "module.vpc.aws_vpc.vpc"
          ]
        }
      ]
    },
    {
      "module": "module.vpc",
      "mode": "managed",
      "type": "aws_route_table_association",
      "name": "public-route-association",
      "provider": "module.vpc.provider[\"registry.terraform.io/hashicorp/aws\"]",
      "instances": [
        {
          "index_key": 0,
          "schema_version": 0,
          "attributes": {
            "gateway_id": "",
            "id": "rtbassoc-0e0869417451b4d7b",
            "route_table_id": "rtb-0638f08c20fb8a347",
            "subnet_id": "subnet-0781ab8f572e29572"
          },
          "sensitive_attributes": [],
          "private": "bnVsbA==",
          "dependencies": [
            "module.vpc.aws_route_table.public_route_table",
            "module.vpc.aws_subnet.public_subnet",
            "module.vpc.aws_vpc.vpc"
          ]
        },
        {
          "index_key": 1,
          "schema_version": 0,
          "attributes": {
            "gateway_id": "",
            "id": "rtbassoc-049bdb1e958e3d6fd",
            "route_table_id": "rtb-0638f08c20fb8a347",
            "subnet_id": "subnet-097fb7e09319e9759"
          },
          "sensitive_attributes": [],
          "private": "bnVsbA==",
          "dependencies": [
            "module.vpc.aws_route_table.public_route_table",
            "module.vpc.aws_subnet.public_subnet",
            "module.vpc.aws_vpc.vpc"
          ]
        }
      ]
    },
    {
      "module": "module.vpc",
      "mode": "managed",
      "type": "aws_subnet",
      "name": "private_subnet",
      "provider": "module.vpc.provider[\"registry.terraform.io/hashicorp/aws\"]",
      "instances": [
        {
          "index_key": 0,
          "schema_version": 1,
          "attributes": {
            "arn": "arn:aws:ec2:us-east-2:606387284755:subnet/subnet-0d39bff124d3ecde2",
            "assign_ipv6_address_on_creation": false,
            "availability_zone": "us-east-2a",
            "availability_zone_id": "use2-az1",
            "cidr_block": "10.10.0.0/24",
            "customer_owned_ipv4_pool": "",
            "enable_dns64": false,
            "enable_resource_name_dns_a_record_on_launch": false,
            "enable_resource_name_dns_aaaa_record_on_launch": false,
            "id": "subnet-0d39bff124d3ecde2",
            "ipv6_cidr_block": "",
            "ipv6_cidr_block_association_id": "",
            "ipv6_native": false,
            "map_customer_owned_ip_on_launch": false,
            "map_public_ip_on_launch": false,
            "outpost_arn": "",
            "owner_id": "606387284755",
            "private_dns_hostname_type_on_launch": "ip-name",
            "tags": {
              "Env": "dev",
              "Name": "portuguese-verbs-private-subnet-0"
            },
            "tags_all": {
              "Env": "dev",
              "Name": "portuguese-verbs-private-subnet-0"
            },
            "timeouts": null,
            "vpc_id": "vpc-0090636559ee932a4"
          },
          "sensitive_attributes": [],
          "private": "eyJlMmJmYjczMC1lY2FhLTExZTYtOGY4OC0zNDM2M2JjN2M0YzAiOnsiY3JlYXRlIjo2MDAwMDAwMDAwMDAsImRlbGV0ZSI6MTIwMDAwMDAwMDAwMH0sInNjaGVtYV92ZXJzaW9uIjoiMSJ9",
          "dependencies": [
            "module.vpc.aws_vpc.vpc"
          ]
        },
        {
          "index_key": 1,
          "schema_version": 1,
          "attributes": {
            "arn": "arn:aws:ec2:us-east-2:606387284755:subnet/subnet-02c34fc789d430e8d",
            "assign_ipv6_address_on_creation": false,
            "availability_zone": "us-east-2b",
            "availability_zone_id": "use2-az2",
            "cidr_block": "10.10.1.0/24",
            "customer_owned_ipv4_pool": "",
            "enable_dns64": false,
            "enable_resource_name_dns_a_record_on_launch": false,
            "enable_resource_name_dns_aaaa_record_on_launch": false,
            "id": "subnet-02c34fc789d430e8d",
            "ipv6_cidr_block": "",
            "ipv6_cidr_block_association_id": "",
            "ipv6_native": false,
            "map_customer_owned_ip_on_launch": false,
            "map_public_ip_on_launch": false,
            "outpost_arn": "",
            "owner_id": "606387284755",
            "private_dns_hostname_type_on_launch": "ip-name",
            "tags": {
              "Env": "dev",
              "Name": "portuguese-verbs-private-subnet-1"
            },
            "tags_all": {
              "Env": "dev",
              "Name": "portuguese-verbs-private-subnet-1"
            },
            "timeouts": null,
            "vpc_id": "vpc-0090636559ee932a4"
          },
          "sensitive_attributes": [],
          "private": "eyJlMmJmYjczMC1lY2FhLTExZTYtOGY4OC0zNDM2M2JjN2M0YzAiOnsiY3JlYXRlIjo2MDAwMDAwMDAwMDAsImRlbGV0ZSI6MTIwMDAwMDAwMDAwMH0sInNjaGVtYV92ZXJzaW9uIjoiMSJ9",
          "dependencies": [
            "module.vpc.aws_vpc.vpc"
          ]
        }
      ]
    },
    {
      "module": "module.vpc",
      "mode": "managed",
      "type": "aws_subnet",
      "name": "public_subnet",
      "provider": "module.vpc.provider[\"registry.terraform.io/hashicorp/aws\"]",
      "instances": [
        {
          "index_key": 0,
          "schema_version": 1,
          "attributes": {
            "arn": "arn:aws:ec2:us-east-2:606387284755:subnet/subnet-0781ab8f572e29572",
            "assign_ipv6_address_on_creation": false,
            "availability_zone": "us-east-2a",
            "availability_zone_id": "use2-az1",
            "cidr_block": "10.10.50.0/24",
            "customer_owned_ipv4_pool": "",
            "enable_dns64": false,
            "enable_resource_name_dns_a_record_on_launch": false,
            "enable_resource_name_dns_aaaa_record_on_launch": false,
            "id": "subnet-0781ab8f572e29572",
            "ipv6_cidr_block": "",
            "ipv6_cidr_block_association_id": "",
            "ipv6_native": false,
            "map_customer_owned_ip_on_launch": false,
            "map_public_ip_on_launch": true,
            "outpost_arn": "",
            "owner_id": "606387284755",
            "private_dns_hostname_type_on_launch": "ip-name",
            "tags": {
              "Env": "dev",
              "Name": "portuguese-verbs-public-subnet-0"
            },
            "tags_all": {
              "Env": "dev",
              "Name": "portuguese-verbs-public-subnet-0"
            },
            "timeouts": null,
            "vpc_id": "vpc-0090636559ee932a4"
          },
          "sensitive_attributes": [],
          "private": "eyJlMmJmYjczMC1lY2FhLTExZTYtOGY4OC0zNDM2M2JjN2M0YzAiOnsiY3JlYXRlIjo2MDAwMDAwMDAwMDAsImRlbGV0ZSI6MTIwMDAwMDAwMDAwMH0sInNjaGVtYV92ZXJzaW9uIjoiMSJ9",
          "dependencies": [
            "module.vpc.aws_vpc.vpc"
          ]
        },
        {
          "index_key": 1,
          "schema_version": 1,
          "attributes": {
            "arn": "arn:aws:ec2:us-east-2:606387284755:subnet/subnet-097fb7e09319e9759",
            "assign_ipv6_address_on_creation": false,
            "availability_zone": "us-east-2b",
            "availability_zone_id": "use2-az2",
            "cidr_block": "10.10.51.0/24",
            "customer_owned_ipv4_pool": "",
            "enable_dns64": false,
            "enable_resource_name_dns_a_record_on_launch": false,
            "enable_resource_name_dns_aaaa_record_on_launch": false,
            "id": "subnet-097fb7e09319e9759",
            "ipv6_cidr_block": "",
            "ipv6_cidr_block_association_id": "",
            "ipv6_native": false,
            "map_customer_owned_ip_on_launch": false,
            "map_public_ip_on_launch": true,
            "outpost_arn": "",
            "owner_id": "606387284755",
            "private_dns_hostname_type_on_launch": "ip-name",
            "tags": {
              "Env": "dev",
              "Name": "portuguese-verbs-public-subnet-1"
            },
            "tags_all": {
              "Env": "dev",
              "Name": "portuguese-verbs-public-subnet-1"
            },
            "timeouts": null,
            "vpc_id": "vpc-0090636559ee932a4"
          },
          "sensitive_attributes": [],
          "private": "eyJlMmJmYjczMC1lY2FhLTExZTYtOGY4OC0zNDM2M2JjN2M0YzAiOnsiY3JlYXRlIjo2MDAwMDAwMDAwMDAsImRlbGV0ZSI6MTIwMDAwMDAwMDAwMH0sInNjaGVtYV92ZXJzaW9uIjoiMSJ9",
          "dependencies": [
            "module.vpc.aws_vpc.vpc"
          ]
        }
      ]
    },
    {
      "module": "module.vpc",
      "mode": "managed",
      "type": "aws_vpc",
      "name": "vpc",
      "provider": "module.vpc.provider[\"registry.terraform.io/hashicorp/aws\"]",
      "instances": [
        {
          "schema_version": 1,
          "attributes": {
            "arn": "arn:aws:ec2:us-east-2:606387284755:vpc/vpc-0090636559ee932a4",
            "assign_generated_ipv6_cidr_block": false,
            "cidr_block": "10.10.0.0/16",
            "default_network_acl_id": "acl-07921bf74bddb229e",
            "default_route_table_id": "rtb-002b66dd85ec034ad",
            "default_security_group_id": "sg-027e20af56a3ac64e",
            "dhcp_options_id": "dopt-0c8172e66b8e5cbe4",
            "enable_classiclink": false,
            "enable_classiclink_dns_support": false,
            "enable_dns_hostnames": true,
            "enable_dns_support": true,
            "id": "vpc-0090636559ee932a4",
            "instance_tenancy": "default",
            "ipv4_ipam_pool_id": null,
            "ipv4_netmask_length": null,
            "ipv6_association_id": "",
            "ipv6_cidr_block": "",
            "ipv6_cidr_block_network_border_group": "",
            "ipv6_ipam_pool_id": "",
            "ipv6_netmask_length": 0,
            "main_route_table_id": "rtb-002b66dd85ec034ad",
            "owner_id": "606387284755",
            "tags": {
              "Env": "dev",
              "Name": "portuguese-verbs"
            },
            "tags_all": {
              "Env": "dev",
              "Name": "portuguese-verbs"
            }
          },
          "sensitive_attributes": [],
          "private": "eyJzY2hlbWFfdmVyc2lvbiI6IjEifQ=="
        }
      ]
    }
  ],
  "check_results": null
}
