{
  "version": 4,
  "terraform_version": "1.4.6",
  "serial": 2054,
  "lineage": "654fabb4-9d2b-f190-e87e-aef4cfeef201",
  "outputs": {},
  "resources": [
    {
      "mode": "data",
      "type": "aws_ami",
      "name": "latest_amazon_linux2",
      "provider": "provider[\"registry.terraform.io/hashicorp/aws\"]",
      "instances": [
        {
          "schema_version": 0,
          "attributes": {
            "architecture": "x86_64",
            "arn": "arn:aws:ec2:us-east-2::image/ami-0911e88fb4687e06b",
            "block_device_mappings": [
              {
                "device_name": "/dev/xvda",
                "ebs": {
                  "delete_on_termination": "true",
                  "encrypted": "false",
                  "iops": "0",
                  "snapshot_id": "snap-0939c4668d7f2337c",
                  "throughput": "0",
                  "volume_size": "8",
                  "volume_type": "gp2"
                },
                "no_device": "",
                "virtual_name": ""
              }
            ],
            "creation_date": "2023-08-22T20:00:04.000Z",
            "description": "Amazon Linux 2 Kernel 5.10 AMI 2.0.20230822.0 x86_64 HVM gp2",
            "ena_support": true,
            "executable_users": null,
            "filter": [
              {
                "name": "architecture",
                "values": [
                  "x86_64"
                ]
              },
              {
                "name": "name",
                "values": [
                  "amzn2-ami-kernel-*-x86_64-gp2"
                ]
              }
            ],
            "hypervisor": "xen",
            "id": "ami-0911e88fb4687e06b",
            "image_id": "ami-0911e88fb4687e06b",
            "image_location": "amazon/amzn2-ami-kernel-5.10-hvm-2.0.20230822.0-x86_64-gp2",
            "image_owner_alias": "amazon",
            "image_type": "machine",
            "kernel_id": null,
            "most_recent": true,
            "name": "amzn2-ami-kernel-5.10-hvm-2.0.20230822.0-x86_64-gp2",
            "name_regex": null,
            "owner_id": "137112412989",
            "owners": [
              "amazon"
            ],
            "platform": null,
            "platform_details": "Linux/UNIX",
            "product_codes": [],
            "public": true,
            "ramdisk_id": null,
            "root_device_name": "/dev/xvda",
            "root_device_type": "ebs",
            "root_snapshot_id": "snap-0939c4668d7f2337c",
            "sriov_net_support": "simple",
            "state": "available",
            "state_reason": {
              "code": "UNSET",
              "message": "UNSET"
            },
            "tags": {},
            "usage_operation": "RunInstances",
            "virtualization_type": "hvm"
          },
          "sensitive_attributes": []
        }
      ]
    },
    {
      "module": "module.ecr",
      "mode": "managed",
      "type": "aws_ecr_repository",
      "name": "ecr_repository",
      "provider": "provider[\"registry.terraform.io/hashicorp/aws\"]",
      "instances": [
        {
          "index_key": "api",
          "schema_version": 0,
          "attributes": {
            "arn": "arn:aws:ecr:us-east-2:606387284755:repository/portuguese-verbs-api",
            "encryption_configuration": [
              {
                "encryption_type": "AES256",
                "kms_key": ""
              }
            ],
            "id": "portuguese-verbs-api",
            "image_scanning_configuration": [
              {
                "scan_on_push": false
              }
            ],
            "image_tag_mutability": "MUTABLE",
            "name": "portuguese-verbs-api",
            "registry_id": "606387284755",
            "repository_url": "606387284755.dkr.ecr.us-east-2.amazonaws.com/portuguese-verbs-api",
            "tags": {},
            "tags_all": {},
            "timeouts": null
          },
          "sensitive_attributes": [],
          "private": "eyJlMmJmYjczMC1lY2FhLTExZTYtOGY4OC0zNDM2M2JjN2M0YzAiOnsiZGVsZXRlIjoxMjAwMDAwMDAwMDAwfX0="
        },
        {
          "index_key": "client",
          "schema_version": 0,
          "attributes": {
            "arn": "arn:aws:ecr:us-east-2:606387284755:repository/portuguese-verbs-client",
            "encryption_configuration": [
              {
                "encryption_type": "AES256",
                "kms_key": ""
              }
            ],
            "id": "portuguese-verbs-client",
            "image_scanning_configuration": [
              {
                "scan_on_push": false
              }
            ],
            "image_tag_mutability": "MUTABLE",
            "name": "portuguese-verbs-client",
            "registry_id": "606387284755",
            "repository_url": "606387284755.dkr.ecr.us-east-2.amazonaws.com/portuguese-verbs-client",
            "tags": {},
            "tags_all": {},
            "timeouts": null
          },
          "sensitive_attributes": [],
          "private": "eyJlMmJmYjczMC1lY2FhLTExZTYtOGY4OC0zNDM2M2JjN2M0YzAiOnsiZGVsZXRlIjoxMjAwMDAwMDAwMDAwfX0="
        },
        {
          "index_key": "nginx",
          "schema_version": 0,
          "attributes": {
            "arn": "arn:aws:ecr:us-east-2:606387284755:repository/portuguese-verbs-nginx",
            "encryption_configuration": [
              {
                "encryption_type": "AES256",
                "kms_key": ""
              }
            ],
            "id": "portuguese-verbs-nginx",
            "image_scanning_configuration": [
              {
                "scan_on_push": false
              }
            ],
            "image_tag_mutability": "MUTABLE",
            "name": "portuguese-verbs-nginx",
            "registry_id": "606387284755",
            "repository_url": "606387284755.dkr.ecr.us-east-2.amazonaws.com/portuguese-verbs-nginx",
            "tags": {},
            "tags_all": {},
            "timeouts": null
          },
          "sensitive_attributes": [],
          "private": "eyJlMmJmYjczMC1lY2FhLTExZTYtOGY4OC0zNDM2M2JjN2M0YzAiOnsiZGVsZXRlIjoxMjAwMDAwMDAwMDAwfX0="
        },
        {
          "index_key": "verbecc",
          "schema_version": 0,
          "attributes": {
            "arn": "arn:aws:ecr:us-east-2:606387284755:repository/portuguese-verbs-verbecc",
            "encryption_configuration": [
              {
                "encryption_type": "AES256",
                "kms_key": ""
              }
            ],
            "id": "portuguese-verbs-verbecc",
            "image_scanning_configuration": [
              {
                "scan_on_push": false
              }
            ],
            "image_tag_mutability": "MUTABLE",
            "name": "portuguese-verbs-verbecc",
            "registry_id": "606387284755",
            "repository_url": "606387284755.dkr.ecr.us-east-2.amazonaws.com/portuguese-verbs-verbecc",
            "tags": {},
            "tags_all": {},
            "timeouts": null
          },
          "sensitive_attributes": [],
          "private": "eyJlMmJmYjczMC1lY2FhLTExZTYtOGY4OC0zNDM2M2JjN2M0YzAiOnsiZGVsZXRlIjoxMjAwMDAwMDAwMDAwfX0="
        }
      ]
    },
    {
      "module": "module.ecs",
      "mode": "data",
      "type": "aws_iam_policy_document",
      "name": "ecs_task_assume_policy",
      "provider": "provider[\"registry.terraform.io/hashicorp/aws\"]",
      "instances": [
        {
          "schema_version": 0,
          "attributes": {
            "id": "320642683",
            "json": "{\n  \"Version\": \"2012-10-17\",\n  \"Statement\": [\n    {\n      \"Sid\": \"\",\n      \"Effect\": \"Allow\",\n      \"Action\": \"sts:AssumeRole\",\n      \"Principal\": {\n        \"Service\": \"ecs-tasks.amazonaws.com\"\n      }\n    }\n  ]\n}",
            "override_json": null,
            "override_policy_documents": null,
            "policy_id": null,
            "source_json": null,
            "source_policy_documents": null,
            "statement": [
              {
                "actions": [
                  "sts:AssumeRole"
                ],
                "condition": [],
                "effect": "Allow",
                "not_actions": [],
                "not_principals": [],
                "not_resources": [],
                "principals": [
                  {
                    "identifiers": [
                      "ecs-tasks.amazonaws.com"
                    ],
                    "type": "Service"
                  }
                ],
                "resources": [],
                "sid": ""
              }
            ],
            "version": "2012-10-17"
          },
          "sensitive_attributes": []
        }
      ]
    },
    {
      "module": "module.ecs",
      "mode": "managed",
      "type": "aws_appautoscaling_policy",
      "name": "ecs_policy_cpu",
      "provider": "provider[\"registry.terraform.io/hashicorp/aws\"]",
      "instances": [
        {
          "index_key": "api",
          "schema_version": 0,
          "attributes": {
            "arn": "arn:aws:autoscaling:us-east-2:606387284755:scalingPolicy:fb5a9451-dc06-4a31-b50d-b942762e1f58:resource/ecs/service/portuguese-verbs-cluster/api-service:policyName/portuguese-verbs-cpu-autoscaling",
            "id": "portuguese-verbs-cpu-autoscaling",
            "name": "portuguese-verbs-cpu-autoscaling",
            "policy_type": "TargetTrackingScaling",
            "resource_id": "service/portuguese-verbs-cluster/api-service",
            "scalable_dimension": "ecs:service:DesiredCount",
            "service_namespace": "ecs",
            "step_scaling_policy_configuration": [],
            "target_tracking_scaling_policy_configuration": [
              {
                "customized_metric_specification": [],
                "disable_scale_in": false,
                "predefined_metric_specification": [
                  {
                    "predefined_metric_type": "ECSServiceAverageCPUUtilization",
                    "resource_label": ""
                  }
                ],
                "scale_in_cooldown": 0,
                "scale_out_cooldown": 0,
                "target_value": 75
              }
            ]
          },
          "sensitive_attributes": [],
          "private": "bnVsbA==",
          "dependencies": [
            "module.ecs.aws_appautoscaling_target.service_autoscaling",
            "module.ecs.aws_ecs_cluster.ecs_cluster",
            "module.ecs.aws_ecs_service.private_service",
            "module.ecs.aws_ecs_task_definition.ecs_task_definition",
            "module.ecs.aws_security_group.service_security_group",
            "module.ecs.aws_security_group.webapp_security_group",
            "module.iam.aws_iam_role.ecs_task_execution_role",
            "module.iam.data.aws_iam_policy_document.assume_role_policy",
            "module.internal_alb.aws_alb_target_group.alb_target_group",
            "module.internal_alb_security_group.aws_security_group.security_group",
            "module.public_alb.aws_alb_target_group.alb_target_group",
            "module.public_alb_security_group.aws_security_group.security_group",
            "module.vpc.aws_subnet.private_subnet",
            "module.vpc.aws_subnet.public_subnet",
            "module.vpc.aws_vpc.vpc"
          ]
        },
        {
          "index_key": "client",
          "schema_version": 0,
          "attributes": {
            "arn": "arn:aws:autoscaling:us-east-2:606387284755:scalingPolicy:d8b1fc51-3ef0-4016-b8f2-6533ea81a676:resource/ecs/service/portuguese-verbs-cluster/client-service:policyName/portuguese-verbs-cpu-autoscaling",
            "id": "portuguese-verbs-cpu-autoscaling",
            "name": "portuguese-verbs-cpu-autoscaling",
            "policy_type": "TargetTrackingScaling",
            "resource_id": "service/portuguese-verbs-cluster/client-service",
            "scalable_dimension": "ecs:service:DesiredCount",
            "service_namespace": "ecs",
            "step_scaling_policy_configuration": [],
            "target_tracking_scaling_policy_configuration": [
              {
                "customized_metric_specification": [],
                "disable_scale_in": false,
                "predefined_metric_specification": [
                  {
                    "predefined_metric_type": "ECSServiceAverageCPUUtilization",
                    "resource_label": ""
                  }
                ],
                "scale_in_cooldown": 0,
                "scale_out_cooldown": 0,
                "target_value": 75
              }
            ]
          },
          "sensitive_attributes": [],
          "private": "bnVsbA==",
          "dependencies": [
            "module.ecs.aws_appautoscaling_target.service_autoscaling",
            "module.ecs.aws_ecs_cluster.ecs_cluster",
            "module.ecs.aws_ecs_service.private_service",
            "module.ecs.aws_ecs_task_definition.ecs_task_definition",
            "module.ecs.aws_security_group.service_security_group",
            "module.ecs.aws_security_group.webapp_security_group",
            "module.iam.aws_iam_role.ecs_task_execution_role",
            "module.iam.data.aws_iam_policy_document.assume_role_policy",
            "module.internal_alb.aws_alb_target_group.alb_target_group",
            "module.internal_alb_security_group.aws_security_group.security_group",
            "module.public_alb.aws_alb_target_group.alb_target_group",
            "module.public_alb_security_group.aws_security_group.security_group",
            "module.vpc.aws_subnet.private_subnet",
            "module.vpc.aws_subnet.public_subnet",
            "module.vpc.aws_vpc.vpc"
          ]
        },
        {
          "index_key": "nginx",
          "schema_version": 0,
          "attributes": {
            "arn": "arn:aws:autoscaling:us-east-2:606387284755:scalingPolicy:f3573ac4-c2cc-4098-9219-55e7b71c8d9d:resource/ecs/service/portuguese-verbs-cluster/nginx-service:policyName/portuguese-verbs-cpu-autoscaling",
            "id": "portuguese-verbs-cpu-autoscaling",
            "name": "portuguese-verbs-cpu-autoscaling",
            "policy_type": "TargetTrackingScaling",
            "resource_id": "service/portuguese-verbs-cluster/nginx-service",
            "scalable_dimension": "ecs:service:DesiredCount",
            "service_namespace": "ecs",
            "step_scaling_policy_configuration": [],
            "target_tracking_scaling_policy_configuration": [
              {
                "customized_metric_specification": [],
                "disable_scale_in": false,
                "predefined_metric_specification": [
                  {
                    "predefined_metric_type": "ECSServiceAverageCPUUtilization",
                    "resource_label": ""
                  }
                ],
                "scale_in_cooldown": 0,
                "scale_out_cooldown": 0,
                "target_value": 75
              }
            ]
          },
          "sensitive_attributes": [],
          "private": "bnVsbA==",
          "dependencies": [
            "module.ecs.aws_appautoscaling_target.service_autoscaling",
            "module.ecs.aws_ecs_cluster.ecs_cluster",
            "module.ecs.aws_ecs_service.private_service",
            "module.ecs.aws_ecs_task_definition.ecs_task_definition",
            "module.ecs.aws_security_group.service_security_group",
            "module.ecs.aws_security_group.webapp_security_group",
            "module.iam.aws_iam_role.ecs_task_execution_role",
            "module.iam.data.aws_iam_policy_document.assume_role_policy",
            "module.internal_alb.aws_alb_target_group.alb_target_group",
            "module.internal_alb_security_group.aws_security_group.security_group",
            "module.public_alb.aws_alb_target_group.alb_target_group",
            "module.public_alb_security_group.aws_security_group.security_group",
            "module.vpc.aws_subnet.private_subnet",
            "module.vpc.aws_subnet.public_subnet",
            "module.vpc.aws_vpc.vpc"
          ]
        },
        {
          "index_key": "verbecc",
          "schema_version": 0,
          "attributes": {
            "arn": "arn:aws:autoscaling:us-east-2:606387284755:scalingPolicy:6a0ef7f8-09c7-493f-b324-517bc4f2fefc:resource/ecs/service/portuguese-verbs-cluster/verbecc-service:policyName/portuguese-verbs-cpu-autoscaling",
            "id": "portuguese-verbs-cpu-autoscaling",
            "name": "portuguese-verbs-cpu-autoscaling",
            "policy_type": "TargetTrackingScaling",
            "resource_id": "service/portuguese-verbs-cluster/verbecc-service",
            "scalable_dimension": "ecs:service:DesiredCount",
            "service_namespace": "ecs",
            "step_scaling_policy_configuration": [],
            "target_tracking_scaling_policy_configuration": [
              {
                "customized_metric_specification": [],
                "disable_scale_in": false,
                "predefined_metric_specification": [
                  {
                    "predefined_metric_type": "ECSServiceAverageCPUUtilization",
                    "resource_label": ""
                  }
                ],
                "scale_in_cooldown": 0,
                "scale_out_cooldown": 0,
                "target_value": 75
              }
            ]
          },
          "sensitive_attributes": [],
          "private": "bnVsbA==",
          "dependencies": [
            "module.ecs.aws_appautoscaling_target.service_autoscaling",
            "module.ecs.aws_ecs_cluster.ecs_cluster",
            "module.ecs.aws_ecs_service.private_service",
            "module.ecs.aws_ecs_task_definition.ecs_task_definition",
            "module.ecs.aws_security_group.service_security_group",
            "module.ecs.aws_security_group.webapp_security_group",
            "module.iam.aws_iam_role.ecs_task_execution_role",
            "module.iam.data.aws_iam_policy_document.assume_role_policy",
            "module.internal_alb.aws_alb_target_group.alb_target_group",
            "module.internal_alb_security_group.aws_security_group.security_group",
            "module.public_alb.aws_alb_target_group.alb_target_group",
            "module.public_alb_security_group.aws_security_group.security_group",
            "module.vpc.aws_subnet.private_subnet",
            "module.vpc.aws_subnet.public_subnet",
            "module.vpc.aws_vpc.vpc"
          ]
        }
      ]
    },
    {
      "module": "module.ecs",
      "mode": "managed",
      "type": "aws_appautoscaling_policy",
      "name": "ecs_policy_memory",
      "provider": "provider[\"registry.terraform.io/hashicorp/aws\"]",
      "instances": [
        {
          "index_key": "api",
          "schema_version": 0,
          "attributes": {
            "arn": "arn:aws:autoscaling:us-east-2:606387284755:scalingPolicy:fb5a9451-dc06-4a31-b50d-b942762e1f58:resource/ecs/service/portuguese-verbs-cluster/api-service:policyName/portuguese-verbs-memory-autoscaling",
            "id": "portuguese-verbs-memory-autoscaling",
            "name": "portuguese-verbs-memory-autoscaling",
            "policy_type": "TargetTrackingScaling",
            "resource_id": "service/portuguese-verbs-cluster/api-service",
            "scalable_dimension": "ecs:service:DesiredCount",
            "service_namespace": "ecs",
            "step_scaling_policy_configuration": [],
            "target_tracking_scaling_policy_configuration": [
              {
                "customized_metric_specification": [],
                "disable_scale_in": false,
                "predefined_metric_specification": [
                  {
                    "predefined_metric_type": "ECSServiceAverageMemoryUtilization",
                    "resource_label": ""
                  }
                ],
                "scale_in_cooldown": 0,
                "scale_out_cooldown": 0,
                "target_value": 75
              }
            ]
          },
          "sensitive_attributes": [],
          "private": "bnVsbA==",
          "dependencies": [
            "module.ecs.aws_appautoscaling_target.service_autoscaling",
            "module.ecs.aws_ecs_cluster.ecs_cluster",
            "module.ecs.aws_ecs_service.private_service",
            "module.ecs.aws_ecs_task_definition.ecs_task_definition",
            "module.ecs.aws_security_group.service_security_group",
            "module.ecs.aws_security_group.webapp_security_group",
            "module.iam.aws_iam_role.ecs_task_execution_role",
            "module.iam.data.aws_iam_policy_document.assume_role_policy",
            "module.internal_alb.aws_alb_target_group.alb_target_group",
            "module.internal_alb_security_group.aws_security_group.security_group",
            "module.public_alb.aws_alb_target_group.alb_target_group",
            "module.public_alb_security_group.aws_security_group.security_group",
            "module.vpc.aws_subnet.private_subnet",
            "module.vpc.aws_subnet.public_subnet",
            "module.vpc.aws_vpc.vpc"
          ]
        },
        {
          "index_key": "client",
          "schema_version": 0,
          "attributes": {
            "arn": "arn:aws:autoscaling:us-east-2:606387284755:scalingPolicy:d8b1fc51-3ef0-4016-b8f2-6533ea81a676:resource/ecs/service/portuguese-verbs-cluster/client-service:policyName/portuguese-verbs-memory-autoscaling",
            "id": "portuguese-verbs-memory-autoscaling",
            "name": "portuguese-verbs-memory-autoscaling",
            "policy_type": "TargetTrackingScaling",
            "resource_id": "service/portuguese-verbs-cluster/client-service",
            "scalable_dimension": "ecs:service:DesiredCount",
            "service_namespace": "ecs",
            "step_scaling_policy_configuration": [],
            "target_tracking_scaling_policy_configuration": [
              {
                "customized_metric_specification": [],
                "disable_scale_in": false,
                "predefined_metric_specification": [
                  {
                    "predefined_metric_type": "ECSServiceAverageMemoryUtilization",
                    "resource_label": ""
                  }
                ],
                "scale_in_cooldown": 0,
                "scale_out_cooldown": 0,
                "target_value": 75
              }
            ]
          },
          "sensitive_attributes": [],
          "private": "bnVsbA==",
          "dependencies": [
            "module.ecs.aws_appautoscaling_target.service_autoscaling",
            "module.ecs.aws_ecs_cluster.ecs_cluster",
            "module.ecs.aws_ecs_service.private_service",
            "module.ecs.aws_ecs_task_definition.ecs_task_definition",
            "module.ecs.aws_security_group.service_security_group",
            "module.ecs.aws_security_group.webapp_security_group",
            "module.iam.aws_iam_role.ecs_task_execution_role",
            "module.iam.data.aws_iam_policy_document.assume_role_policy",
            "module.internal_alb.aws_alb_target_group.alb_target_group",
            "module.internal_alb_security_group.aws_security_group.security_group",
            "module.public_alb.aws_alb_target_group.alb_target_group",
            "module.public_alb_security_group.aws_security_group.security_group",
            "module.vpc.aws_subnet.private_subnet",
            "module.vpc.aws_subnet.public_subnet",
            "module.vpc.aws_vpc.vpc"
          ]
        },
        {
          "index_key": "nginx",
          "schema_version": 0,
          "attributes": {
            "arn": "arn:aws:autoscaling:us-east-2:606387284755:scalingPolicy:f3573ac4-c2cc-4098-9219-55e7b71c8d9d:resource/ecs/service/portuguese-verbs-cluster/nginx-service:policyName/portuguese-verbs-memory-autoscaling",
            "id": "portuguese-verbs-memory-autoscaling",
            "name": "portuguese-verbs-memory-autoscaling",
            "policy_type": "TargetTrackingScaling",
            "resource_id": "service/portuguese-verbs-cluster/nginx-service",
            "scalable_dimension": "ecs:service:DesiredCount",
            "service_namespace": "ecs",
            "step_scaling_policy_configuration": [],
            "target_tracking_scaling_policy_configuration": [
              {
                "customized_metric_specification": [],
                "disable_scale_in": false,
                "predefined_metric_specification": [
                  {
                    "predefined_metric_type": "ECSServiceAverageMemoryUtilization",
                    "resource_label": ""
                  }
                ],
                "scale_in_cooldown": 0,
                "scale_out_cooldown": 0,
                "target_value": 75
              }
            ]
          },
          "sensitive_attributes": [],
          "private": "bnVsbA==",
          "dependencies": [
            "module.ecs.aws_appautoscaling_target.service_autoscaling",
            "module.ecs.aws_ecs_cluster.ecs_cluster",
            "module.ecs.aws_ecs_service.private_service",
            "module.ecs.aws_ecs_task_definition.ecs_task_definition",
            "module.ecs.aws_security_group.service_security_group",
            "module.ecs.aws_security_group.webapp_security_group",
            "module.iam.aws_iam_role.ecs_task_execution_role",
            "module.iam.data.aws_iam_policy_document.assume_role_policy",
            "module.internal_alb.aws_alb_target_group.alb_target_group",
            "module.internal_alb_security_group.aws_security_group.security_group",
            "module.public_alb.aws_alb_target_group.alb_target_group",
            "module.public_alb_security_group.aws_security_group.security_group",
            "module.vpc.aws_subnet.private_subnet",
            "module.vpc.aws_subnet.public_subnet",
            "module.vpc.aws_vpc.vpc"
          ]
        },
        {
          "index_key": "verbecc",
          "schema_version": 0,
          "attributes": {
            "arn": "arn:aws:autoscaling:us-east-2:606387284755:scalingPolicy:6a0ef7f8-09c7-493f-b324-517bc4f2fefc:resource/ecs/service/portuguese-verbs-cluster/verbecc-service:policyName/portuguese-verbs-memory-autoscaling",
            "id": "portuguese-verbs-memory-autoscaling",
            "name": "portuguese-verbs-memory-autoscaling",
            "policy_type": "TargetTrackingScaling",
            "resource_id": "service/portuguese-verbs-cluster/verbecc-service",
            "scalable_dimension": "ecs:service:DesiredCount",
            "service_namespace": "ecs",
            "step_scaling_policy_configuration": [],
            "target_tracking_scaling_policy_configuration": [
              {
                "customized_metric_specification": [],
                "disable_scale_in": false,
                "predefined_metric_specification": [
                  {
                    "predefined_metric_type": "ECSServiceAverageMemoryUtilization",
                    "resource_label": ""
                  }
                ],
                "scale_in_cooldown": 0,
                "scale_out_cooldown": 0,
                "target_value": 75
              }
            ]
          },
          "sensitive_attributes": [],
          "private": "bnVsbA==",
          "dependencies": [
            "module.ecs.aws_appautoscaling_target.service_autoscaling",
            "module.ecs.aws_ecs_cluster.ecs_cluster",
            "module.ecs.aws_ecs_service.private_service",
            "module.ecs.aws_ecs_task_definition.ecs_task_definition",
            "module.ecs.aws_security_group.service_security_group",
            "module.ecs.aws_security_group.webapp_security_group",
            "module.iam.aws_iam_role.ecs_task_execution_role",
            "module.iam.data.aws_iam_policy_document.assume_role_policy",
            "module.internal_alb.aws_alb_target_group.alb_target_group",
            "module.internal_alb_security_group.aws_security_group.security_group",
            "module.public_alb.aws_alb_target_group.alb_target_group",
            "module.public_alb_security_group.aws_security_group.security_group",
            "module.vpc.aws_subnet.private_subnet",
            "module.vpc.aws_subnet.public_subnet",
            "module.vpc.aws_vpc.vpc"
          ]
        }
      ]
    },
    {
      "module": "module.ecs",
      "mode": "managed",
      "type": "aws_appautoscaling_target",
      "name": "service_autoscaling",
      "provider": "provider[\"registry.terraform.io/hashicorp/aws\"]",
      "instances": [
        {
          "index_key": "api",
          "schema_version": 0,
          "attributes": {
            "id": "service/portuguese-verbs-cluster/api-service",
            "max_capacity": 2,
            "min_capacity": 1,
            "resource_id": "service/portuguese-verbs-cluster/api-service",
            "role_arn": "arn:aws:iam::606387284755:role/aws-service-role/ecs.application-autoscaling.amazonaws.com/AWSServiceRoleForApplicationAutoScaling_ECSService",
            "scalable_dimension": "ecs:service:DesiredCount",
            "service_namespace": "ecs"
          },
          "sensitive_attributes": [],
          "private": "bnVsbA==",
          "dependencies": [
            "module.ecs.aws_ecs_cluster.ecs_cluster",
            "module.ecs.aws_ecs_service.private_service",
            "module.ecs.aws_ecs_task_definition.ecs_task_definition",
            "module.ecs.aws_security_group.service_security_group",
            "module.ecs.aws_security_group.webapp_security_group",
            "module.iam.aws_iam_role.ecs_task_execution_role",
            "module.iam.data.aws_iam_policy_document.assume_role_policy",
            "module.internal_alb.aws_alb_target_group.alb_target_group",
            "module.internal_alb_security_group.aws_security_group.security_group",
            "module.public_alb.aws_alb_target_group.alb_target_group",
            "module.public_alb_security_group.aws_security_group.security_group",
            "module.vpc.aws_subnet.private_subnet",
            "module.vpc.aws_subnet.public_subnet",
            "module.vpc.aws_vpc.vpc"
          ]
        },
        {
          "index_key": "client",
          "schema_version": 0,
          "attributes": {
            "id": "service/portuguese-verbs-cluster/client-service",
            "max_capacity": 2,
            "min_capacity": 1,
            "resource_id": "service/portuguese-verbs-cluster/client-service",
            "role_arn": "arn:aws:iam::606387284755:role/aws-service-role/ecs.application-autoscaling.amazonaws.com/AWSServiceRoleForApplicationAutoScaling_ECSService",
            "scalable_dimension": "ecs:service:DesiredCount",
            "service_namespace": "ecs"
          },
          "sensitive_attributes": [],
          "private": "bnVsbA==",
          "dependencies": [
            "module.ecs.aws_ecs_cluster.ecs_cluster",
            "module.ecs.aws_ecs_service.private_service",
            "module.ecs.aws_ecs_task_definition.ecs_task_definition",
            "module.ecs.aws_security_group.service_security_group",
            "module.ecs.aws_security_group.webapp_security_group",
            "module.iam.aws_iam_role.ecs_task_execution_role",
            "module.iam.data.aws_iam_policy_document.assume_role_policy",
            "module.internal_alb.aws_alb_target_group.alb_target_group",
            "module.internal_alb_security_group.aws_security_group.security_group",
            "module.public_alb.aws_alb_target_group.alb_target_group",
            "module.public_alb_security_group.aws_security_group.security_group",
            "module.vpc.aws_subnet.private_subnet",
            "module.vpc.aws_subnet.public_subnet",
            "module.vpc.aws_vpc.vpc"
          ]
        },
        {
          "index_key": "nginx",
          "schema_version": 0,
          "attributes": {
            "id": "service/portuguese-verbs-cluster/nginx-service",
            "max_capacity": 2,
            "min_capacity": 1,
            "resource_id": "service/portuguese-verbs-cluster/nginx-service",
            "role_arn": "arn:aws:iam::606387284755:role/aws-service-role/ecs.application-autoscaling.amazonaws.com/AWSServiceRoleForApplicationAutoScaling_ECSService",
            "scalable_dimension": "ecs:service:DesiredCount",
            "service_namespace": "ecs"
          },
          "sensitive_attributes": [],
          "private": "bnVsbA==",
          "dependencies": [
            "module.ecs.aws_ecs_cluster.ecs_cluster",
            "module.ecs.aws_ecs_service.private_service",
            "module.ecs.aws_ecs_task_definition.ecs_task_definition",
            "module.ecs.aws_security_group.service_security_group",
            "module.ecs.aws_security_group.webapp_security_group",
            "module.iam.aws_iam_role.ecs_task_execution_role",
            "module.iam.data.aws_iam_policy_document.assume_role_policy",
            "module.internal_alb.aws_alb_target_group.alb_target_group",
            "module.internal_alb_security_group.aws_security_group.security_group",
            "module.public_alb.aws_alb_target_group.alb_target_group",
            "module.public_alb_security_group.aws_security_group.security_group",
            "module.vpc.aws_subnet.private_subnet",
            "module.vpc.aws_subnet.public_subnet",
            "module.vpc.aws_vpc.vpc"
          ]
        },
        {
          "index_key": "verbecc",
          "schema_version": 0,
          "attributes": {
            "id": "service/portuguese-verbs-cluster/verbecc-service",
            "max_capacity": 2,
            "min_capacity": 1,
            "resource_id": "service/portuguese-verbs-cluster/verbecc-service",
            "role_arn": "arn:aws:iam::606387284755:role/aws-service-role/ecs.application-autoscaling.amazonaws.com/AWSServiceRoleForApplicationAutoScaling_ECSService",
            "scalable_dimension": "ecs:service:DesiredCount",
            "service_namespace": "ecs"
          },
          "sensitive_attributes": [],
          "private": "bnVsbA==",
          "dependencies": [
            "module.ecs.aws_ecs_cluster.ecs_cluster",
            "module.ecs.aws_ecs_service.private_service",
            "module.ecs.aws_ecs_task_definition.ecs_task_definition",
            "module.ecs.aws_security_group.service_security_group",
            "module.ecs.aws_security_group.webapp_security_group",
            "module.iam.aws_iam_role.ecs_task_execution_role",
            "module.iam.data.aws_iam_policy_document.assume_role_policy",
            "module.internal_alb.aws_alb_target_group.alb_target_group",
            "module.internal_alb_security_group.aws_security_group.security_group",
            "module.public_alb.aws_alb_target_group.alb_target_group",
            "module.public_alb_security_group.aws_security_group.security_group",
            "module.vpc.aws_subnet.private_subnet",
            "module.vpc.aws_subnet.public_subnet",
            "module.vpc.aws_vpc.vpc"
          ]
        }
      ]
    },
    {
      "module": "module.ecs",
      "mode": "managed",
      "type": "aws_cloudwatch_log_group",
      "name": "ecs_cw_log_group",
      "provider": "provider[\"registry.terraform.io/hashicorp/aws\"]",
      "instances": [
        {
          "index_key": "api",
          "schema_version": 0,
          "attributes": {
            "arn": "arn:aws:logs:us-east-2:606387284755:log-group:api-logs",
            "id": "api-logs",
            "kms_key_id": "",
            "name": "api-logs",
            "name_prefix": null,
            "retention_in_days": 0,
            "tags": {},
            "tags_all": {}
          },
          "sensitive_attributes": [],
          "private": "bnVsbA=="
        },
        {
          "index_key": "client",
          "schema_version": 0,
          "attributes": {
            "arn": "arn:aws:logs:us-east-2:606387284755:log-group:client-logs",
            "id": "client-logs",
            "kms_key_id": "",
            "name": "client-logs",
            "name_prefix": null,
            "retention_in_days": 0,
            "tags": {},
            "tags_all": {}
          },
          "sensitive_attributes": [],
          "private": "bnVsbA=="
        },
        {
          "index_key": "nginx",
          "schema_version": 0,
          "attributes": {
            "arn": "arn:aws:logs:us-east-2:606387284755:log-group:nginx-logs",
            "id": "nginx-logs",
            "kms_key_id": "",
            "name": "nginx-logs",
            "name_prefix": null,
            "retention_in_days": 0,
            "tags": {},
            "tags_all": {}
          },
          "sensitive_attributes": [],
          "private": "bnVsbA=="
        },
        {
          "index_key": "verbecc",
          "schema_version": 0,
          "attributes": {
            "arn": "arn:aws:logs:us-east-2:606387284755:log-group:verbecc-logs",
            "id": "verbecc-logs",
            "kms_key_id": "",
            "name": "verbecc-logs",
            "name_prefix": null,
            "retention_in_days": 0,
            "tags": {},
            "tags_all": {}
          },
          "sensitive_attributes": [],
          "private": "bnVsbA=="
        }
      ]
    },
    {
      "module": "module.ecs",
      "mode": "managed",
      "type": "aws_ecs_cluster",
      "name": "ecs_cluster",
      "provider": "provider[\"registry.terraform.io/hashicorp/aws\"]",
      "instances": [
        {
          "schema_version": 0,
          "attributes": {
            "arn": "arn:aws:ecs:us-east-2:606387284755:cluster/portuguese-verbs-cluster",
            "capacity_providers": [],
            "configuration": [],
            "default_capacity_provider_strategy": [],
            "id": "arn:aws:ecs:us-east-2:606387284755:cluster/portuguese-verbs-cluster",
            "name": "portuguese-verbs-cluster",
            "setting": [
              {
                "name": "containerInsights",
                "value": "disabled"
              }
            ],
            "tags": {},
            "tags_all": {}
          },
          "sensitive_attributes": [],
          "private": "bnVsbA=="
        }
      ]
    },
    {
      "module": "module.ecs",
      "mode": "managed",
      "type": "aws_ecs_service",
      "name": "private_service",
      "provider": "provider[\"registry.terraform.io/hashicorp/aws\"]",
      "instances": [
        {
          "index_key": "api",
          "schema_version": 0,
          "attributes": {
            "capacity_provider_strategy": [],
            "cluster": "arn:aws:ecs:us-east-2:606387284755:cluster/portuguese-verbs-cluster",
            "deployment_circuit_breaker": [
              {
                "enable": false,
                "rollback": false
              }
            ],
            "deployment_controller": [
              {
                "type": "ECS"
              }
            ],
            "deployment_maximum_percent": 200,
            "deployment_minimum_healthy_percent": 100,
            "desired_count": 1,
            "enable_ecs_managed_tags": false,
            "enable_execute_command": false,
            "force_new_deployment": null,
            "health_check_grace_period_seconds": 0,
            "iam_role": "aws-service-role",
            "id": "arn:aws:ecs:us-east-2:606387284755:service/portuguese-verbs-cluster/api-service",
            "launch_type": "FARGATE",
            "load_balancer": [
              {
                "container_name": "api",
                "container_port": 4000,
                "elb_name": "",
                "target_group_arn": "arn:aws:elasticloadbalancing:us-east-2:606387284755:targetgroup/api-tg/b2d49f04bfee7fd7"
              }
            ],
            "name": "api-service",
            "network_configuration": [
              {
                "assign_public_ip": false,
                "security_groups": [
                  "sg-0a0745000276259f3"
                ],
                "subnets": [
                  "subnet-0b9fe33455b8103bc",
                  "subnet-0ed8be77462590611"
                ]
              }
            ],
            "ordered_placement_strategy": [],
            "placement_constraints": [],
            "platform_version": "LATEST",
            "propagate_tags": "NONE",
            "scheduling_strategy": "REPLICA",
            "service_registries": [],
            "tags": {},
            "tags_all": {},
            "task_definition": "arn:aws:ecs:us-east-2:606387284755:task-definition/portuguese-verbs-api:15",
            "timeouts": null,
            "wait_for_steady_state": false
          },
          "sensitive_attributes": [],
          "private": "eyJlMmJmYjczMC1lY2FhLTExZTYtOGY4OC0zNDM2M2JjN2M0YzAiOnsiZGVsZXRlIjoxMjAwMDAwMDAwMDAwfX0=",
          "dependencies": [
            "module.ecs.aws_ecs_cluster.ecs_cluster",
            "module.ecs.aws_ecs_task_definition.ecs_task_definition",
            "module.ecs.aws_security_group.service_security_group",
            "module.ecs.aws_security_group.webapp_security_group",
            "module.iam.aws_iam_role.ecs_task_execution_role",
            "module.iam.data.aws_iam_policy_document.assume_role_policy",
            "module.internal_alb.aws_alb_target_group.alb_target_group",
            "module.internal_alb_security_group.aws_security_group.security_group",
            "module.public_alb.aws_alb_target_group.alb_target_group",
            "module.public_alb_security_group.aws_security_group.security_group",
            "module.vpc.aws_subnet.private_subnet",
            "module.vpc.aws_subnet.public_subnet",
            "module.vpc.aws_vpc.vpc"
          ]
        },
        {
          "index_key": "client",
          "schema_version": 0,
          "attributes": {
            "capacity_provider_strategy": [],
            "cluster": "arn:aws:ecs:us-east-2:606387284755:cluster/portuguese-verbs-cluster",
            "deployment_circuit_breaker": [
              {
                "enable": false,
                "rollback": false
              }
            ],
            "deployment_controller": [
              {
                "type": "ECS"
              }
            ],
            "deployment_maximum_percent": 200,
            "deployment_minimum_healthy_percent": 100,
            "desired_count": 1,
            "enable_ecs_managed_tags": false,
            "enable_execute_command": false,
            "force_new_deployment": null,
            "health_check_grace_period_seconds": 0,
            "iam_role": "aws-service-role",
            "id": "arn:aws:ecs:us-east-2:606387284755:service/portuguese-verbs-cluster/client-service",
            "launch_type": "FARGATE",
            "load_balancer": [
              {
                "container_name": "client",
                "container_port": 3000,
                "elb_name": "",
                "target_group_arn": "arn:aws:elasticloadbalancing:us-east-2:606387284755:targetgroup/client-tg/4d22cfa2da27ae2f"
              }
            ],
            "name": "client-service",
            "network_configuration": [
              {
                "assign_public_ip": true,
                "security_groups": [
                  "sg-020d8c1861f09655d"
                ],
                "subnets": [
                  "subnet-02231f5e5613ec40b",
                  "subnet-0385db8922e3fc29d"
                ]
              }
            ],
            "ordered_placement_strategy": [],
            "placement_constraints": [],
            "platform_version": "LATEST",
            "propagate_tags": "NONE",
            "scheduling_strategy": "REPLICA",
            "service_registries": [],
            "tags": {},
            "tags_all": {},
            "task_definition": "arn:aws:ecs:us-east-2:606387284755:task-definition/portuguese-verbs-client:15",
            "timeouts": null,
            "wait_for_steady_state": false
          },
          "sensitive_attributes": [],
          "private": "eyJlMmJmYjczMC1lY2FhLTExZTYtOGY4OC0zNDM2M2JjN2M0YzAiOnsiZGVsZXRlIjoxMjAwMDAwMDAwMDAwfX0=",
          "dependencies": [
            "module.ecs.aws_ecs_cluster.ecs_cluster",
            "module.ecs.aws_ecs_task_definition.ecs_task_definition",
            "module.ecs.aws_security_group.service_security_group",
            "module.ecs.aws_security_group.webapp_security_group",
            "module.iam.aws_iam_role.ecs_task_execution_role",
            "module.iam.data.aws_iam_policy_document.assume_role_policy",
            "module.internal_alb.aws_alb_target_group.alb_target_group",
            "module.internal_alb_security_group.aws_security_group.security_group",
            "module.public_alb.aws_alb_target_group.alb_target_group",
            "module.public_alb_security_group.aws_security_group.security_group",
            "module.vpc.aws_subnet.private_subnet",
            "module.vpc.aws_subnet.public_subnet",
            "module.vpc.aws_vpc.vpc"
          ]
        },
        {
          "index_key": "nginx",
          "schema_version": 0,
          "attributes": {
            "capacity_provider_strategy": [],
            "cluster": "arn:aws:ecs:us-east-2:606387284755:cluster/portuguese-verbs-cluster",
            "deployment_circuit_breaker": [
              {
                "enable": false,
                "rollback": false
              }
            ],
            "deployment_controller": [
              {
                "type": "ECS"
              }
            ],
            "deployment_maximum_percent": 200,
            "deployment_minimum_healthy_percent": 100,
            "desired_count": 1,
            "enable_ecs_managed_tags": false,
            "enable_execute_command": false,
            "force_new_deployment": null,
            "health_check_grace_period_seconds": 0,
            "iam_role": "aws-service-role",
            "id": "arn:aws:ecs:us-east-2:606387284755:service/portuguese-verbs-cluster/nginx-service",
            "launch_type": "FARGATE",
            "load_balancer": [
              {
                "container_name": "nginx",
                "container_port": 80,
                "elb_name": "",
                "target_group_arn": "arn:aws:elasticloadbalancing:us-east-2:606387284755:targetgroup/nginx-tg/4627e5355db4a607"
              }
            ],
            "name": "nginx-service",
            "network_configuration": [
              {
                "assign_public_ip": true,
                "security_groups": [
                  "sg-020d8c1861f09655d"
                ],
                "subnets": [
                  "subnet-02231f5e5613ec40b",
                  "subnet-0385db8922e3fc29d"
                ]
              }
            ],
            "ordered_placement_strategy": [],
            "placement_constraints": [],
            "platform_version": "LATEST",
            "propagate_tags": "NONE",
            "scheduling_strategy": "REPLICA",
            "service_registries": [],
            "tags": {},
            "tags_all": {},
            "task_definition": "arn:aws:ecs:us-east-2:606387284755:task-definition/portuguese-verbs-nginx:5",
            "timeouts": null,
            "wait_for_steady_state": false
          },
          "sensitive_attributes": [],
          "private": "eyJlMmJmYjczMC1lY2FhLTExZTYtOGY4OC0zNDM2M2JjN2M0YzAiOnsiZGVsZXRlIjoxMjAwMDAwMDAwMDAwfX0=",
          "dependencies": [
            "module.ecs.aws_ecs_cluster.ecs_cluster",
            "module.ecs.aws_ecs_task_definition.ecs_task_definition",
            "module.ecs.aws_security_group.service_security_group",
            "module.ecs.aws_security_group.webapp_security_group",
            "module.iam.aws_iam_role.ecs_task_execution_role",
            "module.iam.data.aws_iam_policy_document.assume_role_policy",
            "module.internal_alb.aws_alb_target_group.alb_target_group",
            "module.internal_alb_security_group.aws_security_group.security_group",
            "module.public_alb.aws_alb_target_group.alb_target_group",
            "module.public_alb_security_group.aws_security_group.security_group",
            "module.vpc.aws_subnet.private_subnet",
            "module.vpc.aws_subnet.public_subnet",
            "module.vpc.aws_vpc.vpc"
          ]
        },
        {
          "index_key": "verbecc",
          "schema_version": 0,
          "attributes": {
            "capacity_provider_strategy": [],
            "cluster": "arn:aws:ecs:us-east-2:606387284755:cluster/portuguese-verbs-cluster",
            "deployment_circuit_breaker": [
              {
                "enable": false,
                "rollback": false
              }
            ],
            "deployment_controller": [
              {
                "type": "ECS"
              }
            ],
            "deployment_maximum_percent": 200,
            "deployment_minimum_healthy_percent": 100,
            "desired_count": 1,
            "enable_ecs_managed_tags": false,
            "enable_execute_command": false,
            "force_new_deployment": null,
            "health_check_grace_period_seconds": 0,
            "iam_role": "aws-service-role",
            "id": "arn:aws:ecs:us-east-2:606387284755:service/portuguese-verbs-cluster/verbecc-service",
            "launch_type": "FARGATE",
            "load_balancer": [
              {
                "container_name": "verbecc",
                "container_port": 8000,
                "elb_name": "",
                "target_group_arn": "arn:aws:elasticloadbalancing:us-east-2:606387284755:targetgroup/verbecc-tg/d44285b2c711c615"
              }
            ],
            "name": "verbecc-service",
            "network_configuration": [
              {
                "assign_public_ip": false,
                "security_groups": [
                  "sg-0a0745000276259f3"
                ],
                "subnets": [
                  "subnet-0b9fe33455b8103bc",
                  "subnet-0ed8be77462590611"
                ]
              }
            ],
            "ordered_placement_strategy": [],
            "placement_constraints": [],
            "platform_version": "LATEST",
            "propagate_tags": "NONE",
            "scheduling_strategy": "REPLICA",
            "service_registries": [],
            "tags": {},
            "tags_all": {},
            "task_definition": "arn:aws:ecs:us-east-2:606387284755:task-definition/portuguese-verbs-verbecc:15",
            "timeouts": null,
            "wait_for_steady_state": false
          },
          "sensitive_attributes": [],
          "private": "eyJlMmJmYjczMC1lY2FhLTExZTYtOGY4OC0zNDM2M2JjN2M0YzAiOnsiZGVsZXRlIjoxMjAwMDAwMDAwMDAwfX0=",
          "dependencies": [
            "module.ecs.aws_ecs_cluster.ecs_cluster",
            "module.ecs.aws_ecs_task_definition.ecs_task_definition",
            "module.ecs.aws_security_group.service_security_group",
            "module.ecs.aws_security_group.webapp_security_group",
            "module.iam.aws_iam_role.ecs_task_execution_role",
            "module.iam.data.aws_iam_policy_document.assume_role_policy",
            "module.internal_alb.aws_alb_target_group.alb_target_group",
            "module.internal_alb_security_group.aws_security_group.security_group",
            "module.public_alb.aws_alb_target_group.alb_target_group",
            "module.public_alb_security_group.aws_security_group.security_group",
            "module.vpc.aws_subnet.private_subnet",
            "module.vpc.aws_subnet.public_subnet",
            "module.vpc.aws_vpc.vpc"
          ]
        }
      ]
    },
    {
      "module": "module.ecs",
      "mode": "managed",
      "type": "aws_ecs_task_definition",
      "name": "ecs_task_definition",
      "provider": "provider[\"registry.terraform.io/hashicorp/aws\"]",
      "instances": [
        {
          "index_key": "api",
          "schema_version": 1,
          "attributes": {
            "arn": "arn:aws:ecs:us-east-2:606387284755:task-definition/portuguese-verbs-api:15",
            "container_definitions": "[{\"cpu\":512,\"environment\":[],\"essential\":true,\"image\":\"606387284755.dkr.ecr.us-east-2.amazonaws.com/portuguese-verbs:api\",\"logConfiguration\":{\"logDriver\":\"awslogs\",\"options\":{\"awslogs-group\":\"api-logs\",\"awslogs-region\":\"us-east-2\",\"awslogs-stream-prefix\":\"portuguese-verbs\"}},\"memory\":1024,\"mountPoints\":[],\"name\":\"api\",\"portMappings\":[{\"containerPort\":4000,\"hostPort\":4000,\"protocol\":\"tcp\"}],\"volumesFrom\":[]}]",
            "cpu": "512",
            "ephemeral_storage": [],
            "execution_role_arn": "arn:aws:iam::606387284755:role/portuguese-verbs-ecs-task-execution-role",
            "family": "portuguese-verbs-api",
            "id": "portuguese-verbs-api",
            "inference_accelerator": [],
            "ipc_mode": "",
            "memory": "1024",
            "network_mode": "awsvpc",
            "pid_mode": "",
            "placement_constraints": [],
            "proxy_configuration": [],
            "requires_compatibilities": [
              "FARGATE"
            ],
            "revision": 15,
            "runtime_platform": [],
            "skip_destroy": false,
            "tags": {},
            "tags_all": {},
            "task_role_arn": "",
            "volume": []
          },
          "sensitive_attributes": [],
          "private": "eyJzY2hlbWFfdmVyc2lvbiI6IjEifQ==",
          "dependencies": [
            "module.iam.aws_iam_role.ecs_task_execution_role",
            "module.iam.data.aws_iam_policy_document.assume_role_policy"
          ]
        },
        {
          "index_key": "client",
          "schema_version": 1,
          "attributes": {
            "arn": "arn:aws:ecs:us-east-2:606387284755:task-definition/portuguese-verbs-client:15",
            "container_definitions": "[{\"cpu\":512,\"environment\":[],\"essential\":true,\"image\":\"606387284755.dkr.ecr.us-east-2.amazonaws.com/portuguese-verbs:client\",\"logConfiguration\":{\"logDriver\":\"awslogs\",\"options\":{\"awslogs-group\":\"client-logs\",\"awslogs-region\":\"us-east-2\",\"awslogs-stream-prefix\":\"portuguese-verbs\"}},\"memory\":1024,\"mountPoints\":[],\"name\":\"client\",\"portMappings\":[{\"containerPort\":3000,\"hostPort\":3000,\"protocol\":\"tcp\"}],\"volumesFrom\":[]}]",
            "cpu": "512",
            "ephemeral_storage": [],
            "execution_role_arn": "arn:aws:iam::606387284755:role/portuguese-verbs-ecs-task-execution-role",
            "family": "portuguese-verbs-client",
            "id": "portuguese-verbs-client",
            "inference_accelerator": [],
            "ipc_mode": "",
            "memory": "1024",
            "network_mode": "awsvpc",
            "pid_mode": "",
            "placement_constraints": [],
            "proxy_configuration": [],
            "requires_compatibilities": [
              "FARGATE"
            ],
            "revision": 15,
            "runtime_platform": [],
            "skip_destroy": false,
            "tags": {},
            "tags_all": {},
            "task_role_arn": "",
            "volume": []
          },
          "sensitive_attributes": [],
          "private": "eyJzY2hlbWFfdmVyc2lvbiI6IjEifQ==",
          "dependencies": [
            "module.iam.aws_iam_role.ecs_task_execution_role",
            "module.iam.data.aws_iam_policy_document.assume_role_policy"
          ]
        },
        {
          "index_key": "nginx",
          "schema_version": 1,
          "attributes": {
            "arn": "arn:aws:ecs:us-east-2:606387284755:task-definition/portuguese-verbs-nginx:5",
            "container_definitions": "[{\"cpu\":512,\"environment\":[],\"essential\":true,\"image\":\"606387284755.dkr.ecr.us-east-2.amazonaws.com/portuguese-verbs:nginx\",\"logConfiguration\":{\"logDriver\":\"awslogs\",\"options\":{\"awslogs-group\":\"nginx-logs\",\"awslogs-region\":\"us-east-2\",\"awslogs-stream-prefix\":\"portuguese-verbs\"}},\"memory\":1024,\"mountPoints\":[],\"name\":\"nginx\",\"portMappings\":[{\"containerPort\":80,\"hostPort\":80,\"protocol\":\"tcp\"}],\"volumesFrom\":[]}]",
            "cpu": "512",
            "ephemeral_storage": [],
            "execution_role_arn": "arn:aws:iam::606387284755:role/portuguese-verbs-ecs-task-execution-role",
            "family": "portuguese-verbs-nginx",
            "id": "portuguese-verbs-nginx",
            "inference_accelerator": [],
            "ipc_mode": "",
            "memory": "1024",
            "network_mode": "awsvpc",
            "pid_mode": "",
            "placement_constraints": [],
            "proxy_configuration": [],
            "requires_compatibilities": [
              "FARGATE"
            ],
            "revision": 5,
            "runtime_platform": [],
            "skip_destroy": false,
            "tags": {},
            "tags_all": {},
            "task_role_arn": "",
            "volume": []
          },
          "sensitive_attributes": [],
          "private": "eyJzY2hlbWFfdmVyc2lvbiI6IjEifQ==",
          "dependencies": [
            "module.iam.aws_iam_role.ecs_task_execution_role",
            "module.iam.data.aws_iam_policy_document.assume_role_policy"
          ]
        },
        {
          "index_key": "verbecc",
          "schema_version": 1,
          "attributes": {
            "arn": "arn:aws:ecs:us-east-2:606387284755:task-definition/portuguese-verbs-verbecc:15",
            "container_definitions": "[{\"cpu\":512,\"environment\":[],\"essential\":true,\"image\":\"606387284755.dkr.ecr.us-east-2.amazonaws.com/portuguese-verbs:verbecc\",\"logConfiguration\":{\"logDriver\":\"awslogs\",\"options\":{\"awslogs-group\":\"verbecc-logs\",\"awslogs-region\":\"us-east-2\",\"awslogs-stream-prefix\":\"portuguese-verbs\"}},\"memory\":1024,\"mountPoints\":[],\"name\":\"verbecc\",\"portMappings\":[{\"containerPort\":8000,\"hostPort\":8000,\"protocol\":\"tcp\"}],\"volumesFrom\":[]}]",
            "cpu": "512",
            "ephemeral_storage": [],
            "execution_role_arn": "arn:aws:iam::606387284755:role/portuguese-verbs-ecs-task-execution-role",
            "family": "portuguese-verbs-verbecc",
            "id": "portuguese-verbs-verbecc",
            "inference_accelerator": [],
            "ipc_mode": "",
            "memory": "1024",
            "network_mode": "awsvpc",
            "pid_mode": "",
            "placement_constraints": [],
            "proxy_configuration": [],
            "requires_compatibilities": [
              "FARGATE"
            ],
            "revision": 15,
            "runtime_platform": [],
            "skip_destroy": false,
            "tags": {},
            "tags_all": {},
            "task_role_arn": "",
            "volume": []
          },
          "sensitive_attributes": [],
          "private": "eyJzY2hlbWFfdmVyc2lvbiI6IjEifQ==",
          "dependencies": [
            "module.iam.aws_iam_role.ecs_task_execution_role",
            "module.iam.data.aws_iam_policy_document.assume_role_policy"
          ]
        }
      ]
    },
    {
      "module": "module.ecs",
      "mode": "managed",
      "type": "aws_security_group",
      "name": "service_security_group",
      "provider": "provider[\"registry.terraform.io/hashicorp/aws\"]",
      "instances": [
        {
          "schema_version": 1,
          "attributes": {
            "arn": "arn:aws:ec2:us-east-2:606387284755:security-group/sg-0a0745000276259f3",
            "description": "Managed by Terraform",
            "egress": [
              {
                "cidr_blocks": [
                  "0.0.0.0/0"
                ],
                "description": "",
                "from_port": 0,
                "ipv6_cidr_blocks": [],
                "prefix_list_ids": [],
                "protocol": "-1",
                "security_groups": [],
                "self": false,
                "to_port": 0
              }
            ],
            "id": "sg-0a0745000276259f3",
            "ingress": [
              {
                "cidr_blocks": [],
                "description": "",
                "from_port": 0,
                "ipv6_cidr_blocks": [],
                "prefix_list_ids": [],
                "protocol": "-1",
                "security_groups": [
                  "sg-0285db12b4387375b"
                ],
                "self": false,
                "to_port": 0
              }
            ],
            "name": "terraform-20230904004304898200000003",
            "name_prefix": "terraform-",
            "owner_id": "606387284755",
            "revoke_rules_on_delete": false,
            "tags": {},
            "tags_all": {},
            "timeouts": null,
            "vpc_id": "vpc-0df859774c5d1a290"
          },
          "sensitive_attributes": [],
          "private": "eyJlMmJmYjczMC1lY2FhLTExZTYtOGY4OC0zNDM2M2JjN2M0YzAiOnsiY3JlYXRlIjo2MDAwMDAwMDAwMDAsImRlbGV0ZSI6OTAwMDAwMDAwMDAwfSwic2NoZW1hX3ZlcnNpb24iOiIxIn0=",
          "dependencies": [
            "module.internal_alb_security_group.aws_security_group.security_group",
            "module.vpc.aws_vpc.vpc"
          ]
        }
      ]
    },
    {
      "module": "module.ecs",
      "mode": "managed",
      "type": "aws_security_group",
      "name": "webapp_security_group",
      "provider": "provider[\"registry.terraform.io/hashicorp/aws\"]",
      "instances": [
        {
          "schema_version": 1,
          "attributes": {
            "arn": "arn:aws:ec2:us-east-2:606387284755:security-group/sg-020d8c1861f09655d",
            "description": "Managed by Terraform",
            "egress": [
              {
                "cidr_blocks": [
                  "0.0.0.0/0"
                ],
                "description": "",
                "from_port": 0,
                "ipv6_cidr_blocks": [],
                "prefix_list_ids": [],
                "protocol": "-1",
                "security_groups": [],
                "self": false,
                "to_port": 0
              }
            ],
            "id": "sg-020d8c1861f09655d",
            "ingress": [
              {
                "cidr_blocks": [],
                "description": "",
                "from_port": 0,
                "ipv6_cidr_blocks": [],
                "prefix_list_ids": [],
                "protocol": "-1",
                "security_groups": [
                  "sg-02576376aa0621fe7"
                ],
                "self": false,
                "to_port": 0
              }
            ],
            "name": "terraform-20230904004305726400000004",
            "name_prefix": "terraform-",
            "owner_id": "606387284755",
            "revoke_rules_on_delete": false,
            "tags": {},
            "tags_all": {},
            "timeouts": null,
            "vpc_id": "vpc-0df859774c5d1a290"
          },
          "sensitive_attributes": [],
          "private": "eyJlMmJmYjczMC1lY2FhLTExZTYtOGY4OC0zNDM2M2JjN2M0YzAiOnsiY3JlYXRlIjo2MDAwMDAwMDAwMDAsImRlbGV0ZSI6OTAwMDAwMDAwMDAwfSwic2NoZW1hX3ZlcnNpb24iOiIxIn0=",
          "dependencies": [
            "module.public_alb_security_group.aws_security_group.security_group",
            "module.vpc.aws_vpc.vpc"
          ]
        }
      ]
    },
    {
      "module": "module.iam",
      "mode": "data",
      "type": "aws_iam_policy_document",
      "name": "assume_role_policy",
      "provider": "provider[\"registry.terraform.io/hashicorp/aws\"]",
      "instances": [
        {
          "schema_version": 0,
          "attributes": {
            "id": "320642683",
            "json": "{\n  \"Version\": \"2012-10-17\",\n  \"Statement\": [\n    {\n      \"Sid\": \"\",\n      \"Effect\": \"Allow\",\n      \"Action\": \"sts:AssumeRole\",\n      \"Principal\": {\n        \"Service\": \"ecs-tasks.amazonaws.com\"\n      }\n    }\n  ]\n}",
            "override_json": null,
            "override_policy_documents": null,
            "policy_id": null,
            "source_json": null,
            "source_policy_documents": null,
            "statement": [
              {
                "actions": [
                  "sts:AssumeRole"
                ],
                "condition": [],
                "effect": "Allow",
                "not_actions": [],
                "not_principals": [],
                "not_resources": [],
                "principals": [
                  {
                    "identifiers": [
                      "ecs-tasks.amazonaws.com"
                    ],
                    "type": "Service"
                  }
                ],
                "resources": [],
                "sid": ""
              }
            ],
            "version": "2012-10-17"
          },
          "sensitive_attributes": []
        }
      ]
    },
    {
      "module": "module.iam",
      "mode": "managed",
      "type": "aws_iam_role",
      "name": "ecs_task_execution_role",
      "provider": "provider[\"registry.terraform.io/hashicorp/aws\"]",
      "instances": [
        {
          "schema_version": 0,
          "attributes": {
            "arn": "arn:aws:iam::606387284755:role/portuguese-verbs-ecs-task-execution-role",
            "assume_role_policy": "{\"Version\":\"2012-10-17\",\"Statement\":[{\"Sid\":\"\",\"Effect\":\"Allow\",\"Principal\":{\"Service\":\"ecs-tasks.amazonaws.com\"},\"Action\":\"sts:AssumeRole\"}]}",
            "create_date": "2023-09-04T00:42:45Z",
            "description": "",
            "force_detach_policies": false,
            "id": "portuguese-verbs-ecs-task-execution-role",
            "inline_policy": [
              {
                "name": "",
                "policy": ""
              }
            ],
            "managed_policy_arns": [
              "arn:aws:iam::aws:policy/service-role/AmazonEC2ContainerServiceforEC2Role"
            ],
            "max_session_duration": 3600,
            "name": "portuguese-verbs-ecs-task-execution-role",
            "name_prefix": "",
            "path": "/",
            "permissions_boundary": null,
            "tags": {},
            "tags_all": {},
            "unique_id": "AROAY2L37VMJ2DTMLPSBF"
          },
          "sensitive_attributes": [],
          "private": "bnVsbA==",
          "dependencies": [
            "module.iam.data.aws_iam_policy_document.assume_role_policy"
          ]
        }
      ]
    },
    {
      "module": "module.iam",
      "mode": "managed",
      "type": "aws_iam_role_policy_attachment",
      "name": "ecs_task_execution_role_policy",
      "provider": "provider[\"registry.terraform.io/hashicorp/aws\"]",
      "instances": [
        {
          "schema_version": 0,
          "attributes": {
            "id": "portuguese-verbs-ecs-task-execution-role-20230904004247304200000001",
            "policy_arn": "arn:aws:iam::aws:policy/service-role/AmazonEC2ContainerServiceforEC2Role",
            "role": "portuguese-verbs-ecs-task-execution-role"
          },
          "sensitive_attributes": [],
          "private": "bnVsbA==",
          "dependencies": [
            "module.iam.aws_iam_role.ecs_task_execution_role",
            "module.iam.data.aws_iam_policy_document.assume_role_policy"
          ]
        }
      ]
    },
    {
      "module": "module.internal_alb",
      "mode": "managed",
      "type": "aws_alb",
      "name": "alb",
      "provider": "provider[\"registry.terraform.io/hashicorp/aws\"]",
      "instances": [
        {
          "schema_version": 0,
          "attributes": {
            "access_logs": [
              {
                "bucket": "",
                "enabled": false,
                "prefix": ""
              }
            ],
            "arn": "arn:aws:elasticloadbalancing:us-east-2:606387284755:loadbalancer/app/portuguese-verbs-internal-alb/711e13bcae383ee8",
            "arn_suffix": "app/portuguese-verbs-internal-alb/711e13bcae383ee8",
            "customer_owned_ipv4_pool": "",
            "desync_mitigation_mode": "defensive",
            "dns_name": "internal-portuguese-verbs-internal-alb-167405453.us-east-2.elb.amazonaws.com",
            "drop_invalid_header_fields": false,
            "enable_cross_zone_load_balancing": true,
            "enable_deletion_protection": false,
            "enable_http2": true,
            "enable_waf_fail_open": false,
            "id": "arn:aws:elasticloadbalancing:us-east-2:606387284755:loadbalancer/app/portuguese-verbs-internal-alb/711e13bcae383ee8",
            "idle_timeout": 60,
            "internal": true,
            "ip_address_type": "ipv4",
            "load_balancer_type": "application",
            "name": "portuguese-verbs-internal-alb",
            "name_prefix": null,
            "security_groups": [
              "sg-0285db12b4387375b"
            ],
            "subnet_mapping": [
              {
                "allocation_id": "",
                "ipv6_address": "",
                "outpost_id": "",
                "private_ipv4_address": "",
                "subnet_id": "subnet-0b9fe33455b8103bc"
              },
              {
                "allocation_id": "",
                "ipv6_address": "",
                "outpost_id": "",
                "private_ipv4_address": "",
                "subnet_id": "subnet-0ed8be77462590611"
              }
            ],
            "subnets": [
              "subnet-0b9fe33455b8103bc",
              "subnet-0ed8be77462590611"
            ],
            "tags": {},
            "tags_all": {},
            "timeouts": null,
            "vpc_id": "vpc-0df859774c5d1a290",
            "zone_id": "Z3AADJGX6KTTL2"
          },
          "sensitive_attributes": [],
          "private": "eyJlMmJmYjczMC1lY2FhLTExZTYtOGY4OC0zNDM2M2JjN2M0YzAiOnsiY3JlYXRlIjo2MDAwMDAwMDAwMDAsImRlbGV0ZSI6NjAwMDAwMDAwMDAwLCJ1cGRhdGUiOjYwMDAwMDAwMDAwMH19",
          "dependencies": [
            "module.internal_alb_security_group.aws_security_group.security_group",
            "module.vpc.aws_subnet.private_subnet",
            "module.vpc.aws_vpc.vpc"
          ]
        }
      ]
    },
    {
      "module": "module.internal_alb",
      "mode": "managed",
      "type": "aws_alb_listener",
      "name": "alb_listener",
      "provider": "provider[\"registry.terraform.io/hashicorp/aws\"]",
      "instances": [
        {
          "index_key": "HTTP",
          "schema_version": 0,
          "attributes": {
            "alpn_policy": null,
            "arn": "arn:aws:elasticloadbalancing:us-east-2:606387284755:listener/app/portuguese-verbs-internal-alb/711e13bcae383ee8/6ef919c7e3440030",
            "certificate_arn": null,
            "default_action": [
              {
                "authenticate_cognito": [],
                "authenticate_oidc": [],
                "fixed_response": [
                  {
                    "content_type": "text/plain",
                    "message_body": "No routes defined",
                    "status_code": "200"
                  }
                ],
                "forward": [],
                "order": 1,
                "redirect": [],
                "target_group_arn": "",
                "type": "fixed-response"
              }
            ],
            "id": "arn:aws:elasticloadbalancing:us-east-2:606387284755:listener/app/portuguese-verbs-internal-alb/711e13bcae383ee8/6ef919c7e3440030",
            "load_balancer_arn": "arn:aws:elasticloadbalancing:us-east-2:606387284755:loadbalancer/app/portuguese-verbs-internal-alb/711e13bcae383ee8",
            "port": 80,
            "protocol": "HTTP",
            "ssl_policy": "",
            "tags": {},
            "tags_all": {},
            "timeouts": null
          },
          "sensitive_attributes": [],
          "private": "eyJlMmJmYjczMC1lY2FhLTExZTYtOGY4OC0zNDM2M2JjN2M0YzAiOnsicmVhZCI6NjAwMDAwMDAwMDAwfX0=",
          "dependencies": [
            "module.internal_alb.aws_alb.alb",
            "module.internal_alb_security_group.aws_security_group.security_group",
            "module.vpc.aws_subnet.private_subnet",
            "module.vpc.aws_vpc.vpc"
          ]
        }
      ]
    },
    {
      "module": "module.internal_alb",
      "mode": "managed",
      "type": "aws_alb_listener_rule",
      "name": "alb_listener_rule",
      "provider": "provider[\"registry.terraform.io/hashicorp/aws\"]",
      "instances": [
        {
          "index_key": "api",
          "schema_version": 0,
          "attributes": {
            "action": [
              {
                "authenticate_cognito": [],
                "authenticate_oidc": [],
                "fixed_response": [],
                "forward": [],
                "order": 1,
                "redirect": [],
                "target_group_arn": "arn:aws:elasticloadbalancing:us-east-2:606387284755:targetgroup/api-tg/b2d49f04bfee7fd7",
                "type": "forward"
              }
            ],
            "arn": "arn:aws:elasticloadbalancing:us-east-2:606387284755:listener-rule/app/portuguese-verbs-internal-alb/711e13bcae383ee8/6ef919c7e3440030/0535184db67b0a4b",
            "condition": [
              {
                "host_header": [],
                "http_header": [],
                "http_request_method": [],
                "path_pattern": [
                  {
                    "values": [
                      "/api*"
                    ]
                  }
                ],
                "query_string": [],
                "source_ip": []
              }
            ],
            "id": "arn:aws:elasticloadbalancing:us-east-2:606387284755:listener-rule/app/portuguese-verbs-internal-alb/711e13bcae383ee8/6ef919c7e3440030/0535184db67b0a4b",
            "listener_arn": "arn:aws:elasticloadbalancing:us-east-2:606387284755:listener/app/portuguese-verbs-internal-alb/711e13bcae383ee8/6ef919c7e3440030",
            "priority": 2,
            "tags": {},
            "tags_all": {}
          },
          "sensitive_attributes": [],
          "private": "bnVsbA==",
          "dependencies": [
            "module.internal_alb.aws_alb.alb",
            "module.internal_alb.aws_alb_listener.alb_listener",
            "module.internal_alb.aws_alb_target_group.alb_target_group",
            "module.internal_alb_security_group.aws_security_group.security_group",
            "module.vpc.aws_subnet.private_subnet",
            "module.vpc.aws_vpc.vpc"
          ]
        },
        {
          "index_key": "verbecc",
          "schema_version": 0,
          "attributes": {
            "action": [
              {
                "authenticate_cognito": [],
                "authenticate_oidc": [],
                "fixed_response": [],
                "forward": [],
                "order": 1,
                "redirect": [],
                "target_group_arn": "arn:aws:elasticloadbalancing:us-east-2:606387284755:targetgroup/verbecc-tg/d44285b2c711c615",
                "type": "forward"
              }
            ],
            "arn": "arn:aws:elasticloadbalancing:us-east-2:606387284755:listener-rule/app/portuguese-verbs-internal-alb/711e13bcae383ee8/6ef919c7e3440030/332726bb3f49b5c4",
            "condition": [
              {
                "host_header": [],
                "http_header": [],
                "http_request_method": [],
                "path_pattern": [
                  {
                    "values": [
                      "/verbecc*"
                    ]
                  }
                ],
                "query_string": [],
                "source_ip": []
              }
            ],
            "id": "arn:aws:elasticloadbalancing:us-east-2:606387284755:listener-rule/app/portuguese-verbs-internal-alb/711e13bcae383ee8/6ef919c7e3440030/332726bb3f49b5c4",
            "listener_arn": "arn:aws:elasticloadbalancing:us-east-2:606387284755:listener/app/portuguese-verbs-internal-alb/711e13bcae383ee8/6ef919c7e3440030",
            "priority": 1,
            "tags": {},
            "tags_all": {}
          },
          "sensitive_attributes": [],
          "private": "bnVsbA==",
          "dependencies": [
            "module.internal_alb.aws_alb.alb",
            "module.internal_alb.aws_alb_listener.alb_listener",
            "module.internal_alb.aws_alb_target_group.alb_target_group",
            "module.internal_alb_security_group.aws_security_group.security_group",
            "module.vpc.aws_subnet.private_subnet",
            "module.vpc.aws_vpc.vpc"
          ]
        }
      ]
    },
    {
      "module": "module.internal_alb",
      "mode": "managed",
      "type": "aws_alb_target_group",
      "name": "alb_target_group",
      "provider": "provider[\"registry.terraform.io/hashicorp/aws\"]",
      "instances": [
        {
          "index_key": "api",
          "schema_version": 0,
          "attributes": {
            "arn": "arn:aws:elasticloadbalancing:us-east-2:606387284755:targetgroup/api-tg/b2d49f04bfee7fd7",
            "arn_suffix": "targetgroup/api-tg/b2d49f04bfee7fd7",
            "connection_termination": false,
            "deregistration_delay": "300",
            "health_check": [
              {
                "enabled": true,
                "healthy_threshold": 3,
                "interval": 30,
                "matcher": "200",
                "path": "/",
                "port": "traffic-port",
                "protocol": "HTTP",
                "timeout": 5,
                "unhealthy_threshold": 3
              }
            ],
            "id": "arn:aws:elasticloadbalancing:us-east-2:606387284755:targetgroup/api-tg/b2d49f04bfee7fd7",
            "lambda_multi_value_headers_enabled": false,
            "load_balancing_algorithm_type": "round_robin",
            "name": "api-tg",
            "name_prefix": null,
            "port": 4000,
            "preserve_client_ip": null,
            "protocol": "HTTP",
            "protocol_version": "HTTP1",
            "proxy_protocol_v2": false,
            "slow_start": 0,
            "stickiness": [
              {
                "cookie_duration": 86400,
                "cookie_name": "",
                "enabled": false,
                "type": "lb_cookie"
              }
            ],
            "tags": {},
            "tags_all": {},
            "target_type": "ip",
            "vpc_id": "vpc-0df859774c5d1a290"
          },
          "sensitive_attributes": [],
          "private": "bnVsbA==",
          "dependencies": [
            "module.vpc.aws_vpc.vpc"
          ]
        },
        {
          "index_key": "verbecc",
          "schema_version": 0,
          "attributes": {
            "arn": "arn:aws:elasticloadbalancing:us-east-2:606387284755:targetgroup/verbecc-tg/d44285b2c711c615",
            "arn_suffix": "targetgroup/verbecc-tg/d44285b2c711c615",
            "connection_termination": false,
            "deregistration_delay": "300",
            "health_check": [
              {
                "enabled": true,
                "healthy_threshold": 3,
                "interval": 30,
                "matcher": "200",
                "path": "/",
                "port": "traffic-port",
                "protocol": "HTTP",
                "timeout": 5,
                "unhealthy_threshold": 3
              }
            ],
            "id": "arn:aws:elasticloadbalancing:us-east-2:606387284755:targetgroup/verbecc-tg/d44285b2c711c615",
            "lambda_multi_value_headers_enabled": false,
            "load_balancing_algorithm_type": "round_robin",
            "name": "verbecc-tg",
            "name_prefix": null,
            "port": 8000,
            "preserve_client_ip": null,
            "protocol": "HTTP",
            "protocol_version": "HTTP1",
            "proxy_protocol_v2": false,
            "slow_start": 0,
            "stickiness": [
              {
                "cookie_duration": 86400,
                "cookie_name": "",
                "enabled": false,
                "type": "lb_cookie"
              }
            ],
            "tags": {},
            "tags_all": {},
            "target_type": "ip",
            "vpc_id": "vpc-0df859774c5d1a290"
          },
          "sensitive_attributes": [],
          "private": "bnVsbA==",
          "dependencies": [
            "module.vpc.aws_vpc.vpc"
          ]
        }
      ]
    },
    {
      "module": "module.internal_alb_security_group",
      "mode": "managed",
      "type": "aws_security_group",
      "name": "security_group",
      "provider": "provider[\"registry.terraform.io/hashicorp/aws\"]",
      "instances": [
        {
          "schema_version": 1,
          "attributes": {
            "arn": "arn:aws:ec2:us-east-2:606387284755:security-group/sg-0285db12b4387375b",
            "description": "portuguese-verbs-internal-alb-sg",
            "egress": [
              {
                "cidr_blocks": [
                  "10.10.0.0/16"
                ],
                "description": "",
                "from_port": 0,
                "ipv6_cidr_blocks": [],
                "prefix_list_ids": [],
                "protocol": "-1",
                "security_groups": [],
                "self": false,
                "to_port": 0
              }
            ],
            "id": "sg-0285db12b4387375b",
            "ingress": [
              {
                "cidr_blocks": [
                  "10.10.0.0/16"
                ],
                "description": "",
                "from_port": 80,
                "ipv6_cidr_blocks": [],
                "prefix_list_ids": [],
                "protocol": "tcp",
                "security_groups": [],
                "self": false,
                "to_port": 3000
              }
            ],
            "name": "portuguese-verbs-internal-alb-sg",
            "name_prefix": "",
            "owner_id": "606387284755",
            "revoke_rules_on_delete": false,
            "tags": {},
            "tags_all": {},
            "timeouts": null,
            "vpc_id": "vpc-0df859774c5d1a290"
          },
          "sensitive_attributes": [],
          "private": "eyJlMmJmYjczMC1lY2FhLTExZTYtOGY4OC0zNDM2M2JjN2M0YzAiOnsiY3JlYXRlIjo2MDAwMDAwMDAwMDAsImRlbGV0ZSI6OTAwMDAwMDAwMDAwfSwic2NoZW1hX3ZlcnNpb24iOiIxIn0=",
          "dependencies": [
            "module.vpc.aws_vpc.vpc"
          ]
        }
      ]
    },
    {
      "module": "module.public_alb",
      "mode": "managed",
      "type": "aws_alb",
      "name": "alb",
      "provider": "provider[\"registry.terraform.io/hashicorp/aws\"]",
      "instances": [
        {
          "schema_version": 0,
          "attributes": {
            "access_logs": [
              {
                "bucket": "",
                "enabled": false,
                "prefix": ""
              }
            ],
            "arn": "arn:aws:elasticloadbalancing:us-east-2:606387284755:loadbalancer/app/portuguese-verbs-public-alb/29d63941c6ffe60f",
            "arn_suffix": "app/portuguese-verbs-public-alb/29d63941c6ffe60f",
            "customer_owned_ipv4_pool": "",
            "desync_mitigation_mode": "defensive",
            "dns_name": "portuguese-verbs-public-alb-1918966040.us-east-2.elb.amazonaws.com",
            "drop_invalid_header_fields": false,
            "enable_cross_zone_load_balancing": true,
            "enable_deletion_protection": false,
            "enable_http2": true,
            "enable_waf_fail_open": false,
            "id": "arn:aws:elasticloadbalancing:us-east-2:606387284755:loadbalancer/app/portuguese-verbs-public-alb/29d63941c6ffe60f",
            "idle_timeout": 60,
            "internal": false,
            "ip_address_type": "ipv4",
            "load_balancer_type": "application",
            "name": "portuguese-verbs-public-alb",
            "name_prefix": null,
            "security_groups": [
              "sg-02576376aa0621fe7"
            ],
            "subnet_mapping": [
              {
                "allocation_id": "",
                "ipv6_address": "",
                "outpost_id": "",
                "private_ipv4_address": "",
                "subnet_id": "subnet-02231f5e5613ec40b"
              },
              {
                "allocation_id": "",
                "ipv6_address": "",
                "outpost_id": "",
                "private_ipv4_address": "",
                "subnet_id": "subnet-0385db8922e3fc29d"
              }
            ],
            "subnets": [
              "subnet-02231f5e5613ec40b",
              "subnet-0385db8922e3fc29d"
            ],
            "tags": {},
            "tags_all": {},
            "timeouts": null,
            "vpc_id": "vpc-0df859774c5d1a290",
            "zone_id": "Z3AADJGX6KTTL2"
          },
          "sensitive_attributes": [],
          "private": "eyJlMmJmYjczMC1lY2FhLTExZTYtOGY4OC0zNDM2M2JjN2M0YzAiOnsiY3JlYXRlIjo2MDAwMDAwMDAwMDAsImRlbGV0ZSI6NjAwMDAwMDAwMDAwLCJ1cGRhdGUiOjYwMDAwMDAwMDAwMH19",
          "dependencies": [
            "module.public_alb_security_group.aws_security_group.security_group",
            "module.vpc.aws_subnet.public_subnet",
            "module.vpc.aws_vpc.vpc"
          ]
        }
      ]
    },
    {
      "module": "module.public_alb",
      "mode": "managed",
      "type": "aws_alb_listener",
      "name": "alb_listener",
      "provider": "provider[\"registry.terraform.io/hashicorp/aws\"]",
      "instances": [
        {
          "index_key": "HTTP",
          "schema_version": 0,
          "attributes": {
            "alpn_policy": null,
            "arn": "arn:aws:elasticloadbalancing:us-east-2:606387284755:listener/app/portuguese-verbs-public-alb/29d63941c6ffe60f/5ba5eb0a414c4f8c",
            "certificate_arn": null,
            "default_action": [
              {
                "authenticate_cognito": [],
                "authenticate_oidc": [],
                "fixed_response": [
                  {
                    "content_type": "text/plain",
                    "message_body": "No routes defined",
                    "status_code": "200"
                  }
                ],
                "forward": [],
                "order": 1,
                "redirect": [],
                "target_group_arn": "",
                "type": "fixed-response"
              }
            ],
            "id": "arn:aws:elasticloadbalancing:us-east-2:606387284755:listener/app/portuguese-verbs-public-alb/29d63941c6ffe60f/5ba5eb0a414c4f8c",
            "load_balancer_arn": "arn:aws:elasticloadbalancing:us-east-2:606387284755:loadbalancer/app/portuguese-verbs-public-alb/29d63941c6ffe60f",
            "port": 80,
            "protocol": "HTTP",
            "ssl_policy": "",
            "tags": {},
            "tags_all": {},
            "timeouts": null
          },
          "sensitive_attributes": [],
          "private": "eyJlMmJmYjczMC1lY2FhLTExZTYtOGY4OC0zNDM2M2JjN2M0YzAiOnsicmVhZCI6NjAwMDAwMDAwMDAwfX0=",
          "dependencies": [
            "module.public_alb.aws_alb.alb",
            "module.public_alb_security_group.aws_security_group.security_group",
            "module.vpc.aws_subnet.public_subnet",
            "module.vpc.aws_vpc.vpc"
          ]
        }
      ]
    },
    {
      "module": "module.public_alb",
      "mode": "managed",
      "type": "aws_alb_listener_rule",
      "name": "alb_listener_rule",
      "provider": "provider[\"registry.terraform.io/hashicorp/aws\"]",
      "instances": [
        {
          "index_key": "client",
          "schema_version": 0,
          "attributes": {
            "action": [
              {
                "authenticate_cognito": [],
                "authenticate_oidc": [],
                "fixed_response": [],
                "forward": [],
                "order": 1,
                "redirect": [],
                "target_group_arn": "arn:aws:elasticloadbalancing:us-east-2:606387284755:targetgroup/client-tg/4d22cfa2da27ae2f",
                "type": "forward"
              }
            ],
            "arn": "arn:aws:elasticloadbalancing:us-east-2:606387284755:listener-rule/app/portuguese-verbs-public-alb/29d63941c6ffe60f/5ba5eb0a414c4f8c/bae7fa27033feb97",
            "condition": [
              {
                "host_header": [],
                "http_header": [],
                "http_request_method": [],
                "path_pattern": [
                  {
                    "values": [
                      "/*"
                    ]
                  }
                ],
                "query_string": [],
                "source_ip": []
              }
            ],
            "id": "arn:aws:elasticloadbalancing:us-east-2:606387284755:listener-rule/app/portuguese-verbs-public-alb/29d63941c6ffe60f/5ba5eb0a414c4f8c/bae7fa27033feb97",
            "listener_arn": "arn:aws:elasticloadbalancing:us-east-2:606387284755:listener/app/portuguese-verbs-public-alb/29d63941c6ffe60f/5ba5eb0a414c4f8c",
            "priority": 1,
            "tags": {},
            "tags_all": {}
          },
          "sensitive_attributes": [],
          "private": "bnVsbA==",
          "dependencies": [
            "module.public_alb.aws_alb.alb",
            "module.public_alb.aws_alb_listener.alb_listener",
            "module.public_alb.aws_alb_target_group.alb_target_group",
            "module.public_alb_security_group.aws_security_group.security_group",
            "module.vpc.aws_subnet.public_subnet",
            "module.vpc.aws_vpc.vpc"
          ]
        },
        {
          "index_key": "nginx",
          "schema_version": 0,
          "attributes": {
            "action": [
              {
                "authenticate_cognito": [],
                "authenticate_oidc": [],
                "fixed_response": [],
                "forward": [],
                "order": 1,
                "redirect": [],
                "target_group_arn": "arn:aws:elasticloadbalancing:us-east-2:606387284755:targetgroup/nginx-tg/4627e5355db4a607",
                "type": "forward"
              }
            ],
            "arn": "arn:aws:elasticloadbalancing:us-east-2:606387284755:listener-rule/app/portuguese-verbs-public-alb/29d63941c6ffe60f/5ba5eb0a414c4f8c/3779cdbac8743446",
            "condition": [
              {
                "host_header": [],
                "http_header": [],
                "http_request_method": [],
                "path_pattern": [
                  {
                    "values": [
                      "/*"
                    ]
                  }
                ],
                "query_string": [],
                "source_ip": []
              }
            ],
            "id": "arn:aws:elasticloadbalancing:us-east-2:606387284755:listener-rule/app/portuguese-verbs-public-alb/29d63941c6ffe60f/5ba5eb0a414c4f8c/3779cdbac8743446",
            "listener_arn": "arn:aws:elasticloadbalancing:us-east-2:606387284755:listener/app/portuguese-verbs-public-alb/29d63941c6ffe60f/5ba5eb0a414c4f8c",
            "priority": 2,
            "tags": {},
            "tags_all": {}
          },
          "sensitive_attributes": [],
          "private": "bnVsbA==",
          "dependencies": [
            "module.public_alb.aws_alb.alb",
            "module.public_alb.aws_alb_listener.alb_listener",
            "module.public_alb.aws_alb_target_group.alb_target_group",
            "module.public_alb_security_group.aws_security_group.security_group",
            "module.vpc.aws_subnet.public_subnet",
            "module.vpc.aws_vpc.vpc"
          ]
        }
      ]
    },
    {
      "module": "module.public_alb",
      "mode": "managed",
      "type": "aws_alb_target_group",
      "name": "alb_target_group",
      "provider": "provider[\"registry.terraform.io/hashicorp/aws\"]",
      "instances": [
        {
          "index_key": "client",
          "schema_version": 0,
          "attributes": {
            "arn": "arn:aws:elasticloadbalancing:us-east-2:606387284755:targetgroup/client-tg/4d22cfa2da27ae2f",
            "arn_suffix": "targetgroup/client-tg/4d22cfa2da27ae2f",
            "connection_termination": false,
            "deregistration_delay": "300",
            "health_check": [
              {
                "enabled": true,
                "healthy_threshold": 3,
                "interval": 30,
                "matcher": "200",
                "path": "/",
                "port": "traffic-port",
                "protocol": "HTTP",
                "timeout": 5,
                "unhealthy_threshold": 3
              }
            ],
            "id": "arn:aws:elasticloadbalancing:us-east-2:606387284755:targetgroup/client-tg/4d22cfa2da27ae2f",
            "lambda_multi_value_headers_enabled": false,
            "load_balancing_algorithm_type": "round_robin",
            "name": "client-tg",
            "name_prefix": null,
            "port": 80,
            "preserve_client_ip": null,
            "protocol": "HTTP",
            "protocol_version": "HTTP1",
            "proxy_protocol_v2": false,
            "slow_start": 0,
            "stickiness": [
              {
                "cookie_duration": 86400,
                "cookie_name": "",
                "enabled": false,
                "type": "lb_cookie"
              }
            ],
            "tags": {},
            "tags_all": {},
            "target_type": "ip",
            "vpc_id": "vpc-0df859774c5d1a290"
          },
          "sensitive_attributes": [],
          "private": "bnVsbA==",
          "dependencies": [
            "module.vpc.aws_vpc.vpc"
          ]
        },
        {
          "index_key": "nginx",
          "schema_version": 0,
          "attributes": {
            "arn": "arn:aws:elasticloadbalancing:us-east-2:606387284755:targetgroup/nginx-tg/4627e5355db4a607",
            "arn_suffix": "targetgroup/nginx-tg/4627e5355db4a607",
            "connection_termination": false,
            "deregistration_delay": "300",
            "health_check": [
              {
                "enabled": true,
                "healthy_threshold": 3,
                "interval": 30,
                "matcher": "200",
                "path": "/",
                "port": "traffic-port",
                "protocol": "HTTP",
                "timeout": 5,
                "unhealthy_threshold": 3
              }
            ],
            "id": "arn:aws:elasticloadbalancing:us-east-2:606387284755:targetgroup/nginx-tg/4627e5355db4a607",
            "lambda_multi_value_headers_enabled": false,
            "load_balancing_algorithm_type": "round_robin",
            "name": "nginx-tg",
            "name_prefix": null,
            "port": 80,
            "preserve_client_ip": null,
            "protocol": "HTTP",
            "protocol_version": "HTTP1",
            "proxy_protocol_v2": false,
            "slow_start": 0,
            "stickiness": [
              {
                "cookie_duration": 86400,
                "cookie_name": "",
                "enabled": false,
                "type": "lb_cookie"
              }
            ],
            "tags": {},
            "tags_all": {},
            "target_type": "ip",
            "vpc_id": "vpc-0df859774c5d1a290"
          },
          "sensitive_attributes": [],
          "private": "bnVsbA==",
          "dependencies": [
            "module.vpc.aws_vpc.vpc"
          ]
        }
      ]
    },
    {
      "module": "module.public_alb_security_group",
      "mode": "managed",
      "type": "aws_security_group",
      "name": "security_group",
      "provider": "provider[\"registry.terraform.io/hashicorp/aws\"]",
      "instances": [
        {
          "schema_version": 1,
          "attributes": {
            "arn": "arn:aws:ec2:us-east-2:606387284755:security-group/sg-02576376aa0621fe7",
            "description": "portuguese-verbs-public-alb-sg",
            "egress": [
              {
                "cidr_blocks": [
                  "0.0.0.0/0"
                ],
                "description": "",
                "from_port": 0,
                "ipv6_cidr_blocks": [],
                "prefix_list_ids": [],
                "protocol": "-1",
                "security_groups": [],
                "self": false,
                "to_port": 0
              }
            ],
            "id": "sg-02576376aa0621fe7",
            "ingress": [
              {
                "cidr_blocks": [
                  "0.0.0.0/0"
                ],
                "description": "",
                "from_port": 80,
                "ipv6_cidr_blocks": [],
                "prefix_list_ids": [],
                "protocol": "tcp",
                "security_groups": [],
                "self": false,
                "to_port": 80
              }
            ],
            "name": "portuguese-verbs-public-alb-sg",
            "name_prefix": "",
            "owner_id": "606387284755",
            "revoke_rules_on_delete": false,
            "tags": {},
            "tags_all": {},
            "timeouts": null,
            "vpc_id": "vpc-0df859774c5d1a290"
          },
          "sensitive_attributes": [],
          "private": "eyJlMmJmYjczMC1lY2FhLTExZTYtOGY4OC0zNDM2M2JjN2M0YzAiOnsiY3JlYXRlIjo2MDAwMDAwMDAwMDAsImRlbGV0ZSI6OTAwMDAwMDAwMDAwfSwic2NoZW1hX3ZlcnNpb24iOiIxIn0=",
          "dependencies": [
            "module.vpc.aws_vpc.vpc"
          ]
        }
      ]
    },
    {
      "module": "module.route53_private_zone",
      "mode": "managed",
      "type": "aws_route53_record",
      "name": "internal_service_record",
      "provider": "provider[\"registry.terraform.io/hashicorp/aws\"]",
      "instances": [
        {
          "schema_version": 2,
          "attributes": {
            "alias": [
              {
                "evaluate_target_health": true,
                "name": "internal-portuguese-verbs-internal-alb-167405453.us-east-2.elb.amazonaws.com",
                "zone_id": "Z3AADJGX6KTTL2"
              }
            ],
            "allow_overwrite": null,
            "failover_routing_policy": [],
            "fqdn": "service.internal",
            "geolocation_routing_policy": [],
            "health_check_id": "",
            "id": "Z07426502M05K5DWCBMHK_service.internal_A",
            "latency_routing_policy": [],
            "multivalue_answer_routing_policy": null,
            "name": "service.internal",
            "records": [],
            "set_identifier": "",
            "ttl": 0,
            "type": "A",
            "weighted_routing_policy": [],
            "zone_id": "Z07426502M05K5DWCBMHK"
          },
          "sensitive_attributes": [],
          "private": "eyJzY2hlbWFfdmVyc2lvbiI6IjIifQ==",
          "dependencies": [
            "module.internal_alb.aws_alb.alb",
            "module.internal_alb_security_group.aws_security_group.security_group",
            "module.route53_private_zone.aws_route53_zone.private_zone",
            "module.vpc.aws_subnet.private_subnet",
            "module.vpc.aws_vpc.vpc"
          ]
        }
      ]
    },
    {
      "module": "module.route53_private_zone",
      "mode": "managed",
      "type": "aws_route53_zone",
      "name": "private_zone",
      "provider": "provider[\"registry.terraform.io/hashicorp/aws\"]",
      "instances": [
        {
          "schema_version": 0,
          "attributes": {
            "arn": "arn:aws:route53:::hostedzone/Z07426502M05K5DWCBMHK",
            "comment": "Managed by Terraform",
            "delegation_set_id": "",
            "force_destroy": false,
            "id": "Z07426502M05K5DWCBMHK",
            "name": "service.internal",
            "name_servers": [
              "ns-0.awsdns-00.com.",
              "ns-1024.awsdns-00.org.",
              "ns-1536.awsdns-00.co.uk.",
              "ns-512.awsdns-00.net."
            ],
            "tags": {},
            "tags_all": {},
            "vpc": [
              {
                "vpc_id": "vpc-0df859774c5d1a290",
                "vpc_region": "us-east-2"
              }
            ],
            "zone_id": "Z07426502M05K5DWCBMHK"
          },
          "sensitive_attributes": [],
          "private": "bnVsbA==",
          "dependencies": [
            "module.vpc.aws_vpc.vpc"
          ]
        }
      ]
    },
    {
      "module": "module.vpc",
      "mode": "managed",
      "type": "aws_eip",
      "name": "eip",
      "provider": "module.vpc.provider[\"registry.terraform.io/hashicorp/aws\"]",
      "instances": [
        {
          "schema_version": 0,
          "attributes": {
            "address": null,
            "allocation_id": "eipalloc-0df0e35755011584c",
            "associate_with_private_ip": null,
            "association_id": "eipassoc-05ec04b7429fb8e61",
            "carrier_ip": "",
            "customer_owned_ip": "",
            "customer_owned_ipv4_pool": "",
            "domain": "vpc",
            "id": "eipalloc-0df0e35755011584c",
            "instance": "",
            "network_border_group": "us-east-2",
            "network_interface": "eni-0d05dfcbd11ccb94c",
            "private_dns": "ip-10-10-50-241.us-east-2.compute.internal",
            "private_ip": "10.10.50.241",
            "public_dns": "ec2-3-16-97-211.us-east-2.compute.amazonaws.com",
            "public_ip": "3.16.97.211",
            "public_ipv4_pool": "amazon",
            "tags": {},
            "tags_all": {},
            "timeouts": null,
            "vpc": true
          },
          "sensitive_attributes": [],
          "private": "eyJlMmJmYjczMC1lY2FhLTExZTYtOGY4OC0zNDM2M2JjN2M0YzAiOnsiZGVsZXRlIjoxODAwMDAwMDAwMDAsInJlYWQiOjkwMDAwMDAwMDAwMCwidXBkYXRlIjozMDAwMDAwMDAwMDB9fQ=="
        }
      ]
    },
    {
      "module": "module.vpc",
      "mode": "managed",
      "type": "aws_internet_gateway",
      "name": "igw",
      "provider": "module.vpc.provider[\"registry.terraform.io/hashicorp/aws\"]",
      "instances": [
        {
          "schema_version": 0,
          "attributes": {
            "arn": "arn:aws:ec2:us-east-2:606387284755:internet-gateway/igw-0fefb7050e7efb7a1",
            "id": "igw-0fefb7050e7efb7a1",
            "owner_id": "606387284755",
            "tags": {
              "Env": "dev",
              "Name": "portuguese-verbs"
            },
            "tags_all": {
              "Env": "dev",
              "Name": "portuguese-verbs"
            },
            "vpc_id": "vpc-0df859774c5d1a290"
          },
          "sensitive_attributes": [],
          "private": "bnVsbA==",
          "dependencies": [
            "module.vpc.aws_vpc.vpc"
          ]
        }
      ]
    },
    {
      "module": "module.vpc",
      "mode": "managed",
      "type": "aws_nat_gateway",
      "name": "nat_gateway",
      "provider": "module.vpc.provider[\"registry.terraform.io/hashicorp/aws\"]",
      "instances": [
        {
          "schema_version": 0,
          "attributes": {
            "allocation_id": "eipalloc-0df0e35755011584c",
            "connectivity_type": "public",
            "id": "nat-06c48de7bb8cc6c14",
            "network_interface_id": "eni-0d05dfcbd11ccb94c",
            "private_ip": "10.10.50.241",
            "public_ip": "3.16.97.211",
            "subnet_id": "subnet-02231f5e5613ec40b",
            "tags": {},
            "tags_all": {}
          },
          "sensitive_attributes": [],
          "private": "bnVsbA==",
          "dependencies": [
            "module.vpc.aws_eip.eip",
            "module.vpc.aws_internet_gateway.igw",
            "module.vpc.aws_subnet.public_subnet",
            "module.vpc.aws_vpc.vpc"
          ]
        }
      ]
    },
    {
      "module": "module.vpc",
      "mode": "managed",
      "type": "aws_route",
      "name": "private_route",
      "provider": "module.vpc.provider[\"registry.terraform.io/hashicorp/aws\"]",
      "instances": [
        {
          "schema_version": 0,
          "attributes": {
            "carrier_gateway_id": "",
            "destination_cidr_block": "0.0.0.0/0",
            "destination_ipv6_cidr_block": "",
            "destination_prefix_list_id": "",
            "egress_only_gateway_id": "",
            "gateway_id": "",
            "id": "r-rtb-03a59fbee07983c9f1080289494",
            "instance_id": "",
            "instance_owner_id": "",
            "local_gateway_id": "",
            "nat_gateway_id": "nat-06c48de7bb8cc6c14",
            "network_interface_id": "",
            "origin": "CreateRoute",
            "route_table_id": "rtb-03a59fbee07983c9f",
            "state": "active",
            "timeouts": null,
            "transit_gateway_id": "",
            "vpc_endpoint_id": "",
            "vpc_peering_connection_id": ""
          },
          "sensitive_attributes": [],
          "private": "eyJlMmJmYjczMC1lY2FhLTExZTYtOGY4OC0zNDM2M2JjN2M0YzAiOnsiY3JlYXRlIjozMDAwMDAwMDAwMDAsImRlbGV0ZSI6MzAwMDAwMDAwMDAwLCJ1cGRhdGUiOjEyMDAwMDAwMDAwMH19",
          "dependencies": [
            "module.vpc.aws_nat_gateway.nat_gateway",
            "module.vpc.aws_route_table.private_route_table"
          ]
        }
      ]
    },
    {
      "module": "module.vpc",
      "mode": "managed",
      "type": "aws_route",
      "name": "public-route",
      "provider": "module.vpc.provider[\"registry.terraform.io/hashicorp/aws\"]",
      "instances": [
        {
          "schema_version": 0,
          "attributes": {
            "carrier_gateway_id": "",
            "destination_cidr_block": "0.0.0.0/0",
            "destination_ipv6_cidr_block": "",
            "destination_prefix_list_id": "",
            "egress_only_gateway_id": "",
            "gateway_id": "igw-0fefb7050e7efb7a1",
            "id": "r-rtb-06b8f79c67d9e744d1080289494",
            "instance_id": "",
            "instance_owner_id": "",
            "local_gateway_id": "",
            "nat_gateway_id": "",
            "network_interface_id": "",
            "origin": "CreateRoute",
            "route_table_id": "rtb-06b8f79c67d9e744d",
            "state": "active",
            "timeouts": null,
            "transit_gateway_id": "",
            "vpc_endpoint_id": "",
            "vpc_peering_connection_id": ""
          },
          "sensitive_attributes": [],
          "private": "eyJlMmJmYjczMC1lY2FhLTExZTYtOGY4OC0zNDM2M2JjN2M0YzAiOnsiY3JlYXRlIjozMDAwMDAwMDAwMDAsImRlbGV0ZSI6MzAwMDAwMDAwMDAwLCJ1cGRhdGUiOjEyMDAwMDAwMDAwMH19",
          "dependencies": [
            "module.vpc.aws_internet_gateway.igw",
            "module.vpc.aws_route_table.public_route_table",
            "module.vpc.aws_vpc.vpc"
          ]
        }
      ]
    },
    {
      "module": "module.vpc",
      "mode": "managed",
      "type": "aws_route_table",
      "name": "private_route_table",
      "provider": "module.vpc.provider[\"registry.terraform.io/hashicorp/aws\"]",
      "instances": [
        {
          "schema_version": 0,
          "attributes": {
            "arn": "arn:aws:ec2:us-east-2:606387284755:route-table/rtb-03a59fbee07983c9f",
            "id": "rtb-03a59fbee07983c9f",
            "owner_id": "606387284755",
            "propagating_vgws": [],
            "route": [
              {
                "carrier_gateway_id": "",
                "cidr_block": "0.0.0.0/0",
                "destination_prefix_list_id": "",
                "egress_only_gateway_id": "",
                "gateway_id": "",
                "instance_id": "",
                "ipv6_cidr_block": "",
                "local_gateway_id": "",
                "nat_gateway_id": "nat-06c48de7bb8cc6c14",
                "network_interface_id": "",
                "transit_gateway_id": "",
                "vpc_endpoint_id": "",
                "vpc_peering_connection_id": ""
              }
            ],
            "tags": {
              "Env": "dev",
              "Name": "portuguese-verbsprivate-route-table"
            },
            "tags_all": {
              "Env": "dev",
              "Name": "portuguese-verbsprivate-route-table"
            },
            "timeouts": null,
            "vpc_id": "vpc-0df859774c5d1a290"
          },
          "sensitive_attributes": [],
          "private": "eyJlMmJmYjczMC1lY2FhLTExZTYtOGY4OC0zNDM2M2JjN2M0YzAiOnsiY3JlYXRlIjozMDAwMDAwMDAwMDAsImRlbGV0ZSI6MzAwMDAwMDAwMDAwLCJ1cGRhdGUiOjEyMDAwMDAwMDAwMH19",
          "dependencies": [
            "module.vpc.aws_vpc.vpc"
          ]
        }
      ]
    },
    {
      "module": "module.vpc",
      "mode": "managed",
      "type": "aws_route_table",
      "name": "public_route_table",
      "provider": "module.vpc.provider[\"registry.terraform.io/hashicorp/aws\"]",
      "instances": [
        {
          "schema_version": 0,
          "attributes": {
            "arn": "arn:aws:ec2:us-east-2:606387284755:route-table/rtb-06b8f79c67d9e744d",
            "id": "rtb-06b8f79c67d9e744d",
            "owner_id": "606387284755",
            "propagating_vgws": [],
            "route": [
              {
                "carrier_gateway_id": "",
                "cidr_block": "0.0.0.0/0",
                "destination_prefix_list_id": "",
                "egress_only_gateway_id": "",
                "gateway_id": "igw-0fefb7050e7efb7a1",
                "instance_id": "",
                "ipv6_cidr_block": "",
                "local_gateway_id": "",
                "nat_gateway_id": "",
                "network_interface_id": "",
                "transit_gateway_id": "",
                "vpc_endpoint_id": "",
                "vpc_peering_connection_id": ""
              }
            ],
            "tags": {
              "Env": "dev",
              "Name": "portuguese-verbspublic-route-table"
            },
            "tags_all": {
              "Env": "dev",
              "Name": "portuguese-verbspublic-route-table"
            },
            "timeouts": null,
            "vpc_id": "vpc-0df859774c5d1a290"
          },
          "sensitive_attributes": [],
          "private": "eyJlMmJmYjczMC1lY2FhLTExZTYtOGY4OC0zNDM2M2JjN2M0YzAiOnsiY3JlYXRlIjozMDAwMDAwMDAwMDAsImRlbGV0ZSI6MzAwMDAwMDAwMDAwLCJ1cGRhdGUiOjEyMDAwMDAwMDAwMH19",
          "dependencies": [
            "module.vpc.aws_vpc.vpc"
          ]
        }
      ]
    },
    {
      "module": "module.vpc",
      "mode": "managed",
      "type": "aws_route_table_association",
      "name": "private_route_association",
      "provider": "module.vpc.provider[\"registry.terraform.io/hashicorp/aws\"]",
      "instances": [
        {
          "index_key": 0,
          "schema_version": 0,
          "attributes": {
            "gateway_id": "",
            "id": "rtbassoc-04c5ef394692d4693",
            "route_table_id": "rtb-03a59fbee07983c9f",
            "subnet_id": "subnet-0b9fe33455b8103bc"
          },
          "sensitive_attributes": [],
          "private": "bnVsbA==",
          "dependencies": [
            "module.vpc.aws_route_table.private_route_table",
            "module.vpc.aws_subnet.private_subnet",
            "module.vpc.aws_vpc.vpc"
          ]
        },
        {
          "index_key": 1,
          "schema_version": 0,
          "attributes": {
            "gateway_id": "",
            "id": "rtbassoc-09fa83bed2857f97f",
            "route_table_id": "rtb-03a59fbee07983c9f",
            "subnet_id": "subnet-0ed8be77462590611"
          },
          "sensitive_attributes": [],
          "private": "bnVsbA==",
          "dependencies": [
            "module.vpc.aws_route_table.private_route_table",
            "module.vpc.aws_subnet.private_subnet",
            "module.vpc.aws_vpc.vpc"
          ]
        }
      ]
    },
    {
      "module": "module.vpc",
      "mode": "managed",
      "type": "aws_route_table_association",
      "name": "public-route-association",
      "provider": "module.vpc.provider[\"registry.terraform.io/hashicorp/aws\"]",
      "instances": [
        {
          "index_key": 0,
          "schema_version": 0,
          "attributes": {
            "gateway_id": "",
            "id": "rtbassoc-0ea6508a92e54bb59",
            "route_table_id": "rtb-06b8f79c67d9e744d",
            "subnet_id": "subnet-02231f5e5613ec40b"
          },
          "sensitive_attributes": [],
          "private": "bnVsbA==",
          "dependencies": [
            "module.vpc.aws_route_table.public_route_table",
            "module.vpc.aws_subnet.public_subnet",
            "module.vpc.aws_vpc.vpc"
          ]
        },
        {
          "index_key": 1,
          "schema_version": 0,
          "attributes": {
            "gateway_id": "",
            "id": "rtbassoc-0129f0fea40610ad7",
            "route_table_id": "rtb-06b8f79c67d9e744d",
            "subnet_id": "subnet-0385db8922e3fc29d"
          },
          "sensitive_attributes": [],
          "private": "bnVsbA==",
          "dependencies": [
            "module.vpc.aws_route_table.public_route_table",
            "module.vpc.aws_subnet.public_subnet",
            "module.vpc.aws_vpc.vpc"
          ]
        }
      ]
    },
    {
      "module": "module.vpc",
      "mode": "managed",
      "type": "aws_subnet",
      "name": "private_subnet",
      "provider": "module.vpc.provider[\"registry.terraform.io/hashicorp/aws\"]",
      "instances": [
        {
          "index_key": 0,
          "schema_version": 1,
          "attributes": {
            "arn": "arn:aws:ec2:us-east-2:606387284755:subnet/subnet-0b9fe33455b8103bc",
            "assign_ipv6_address_on_creation": false,
            "availability_zone": "us-east-2a",
            "availability_zone_id": "use2-az1",
            "cidr_block": "10.10.0.0/24",
            "customer_owned_ipv4_pool": "",
            "enable_dns64": false,
            "enable_resource_name_dns_a_record_on_launch": false,
            "enable_resource_name_dns_aaaa_record_on_launch": false,
            "id": "subnet-0b9fe33455b8103bc",
            "ipv6_cidr_block": "",
            "ipv6_cidr_block_association_id": "",
            "ipv6_native": false,
            "map_customer_owned_ip_on_launch": false,
            "map_public_ip_on_launch": false,
            "outpost_arn": "",
            "owner_id": "606387284755",
            "private_dns_hostname_type_on_launch": "ip-name",
            "tags": {
              "Env": "dev",
              "Name": "portuguese-verbs-private-subnet-0"
            },
            "tags_all": {
              "Env": "dev",
              "Name": "portuguese-verbs-private-subnet-0"
            },
            "timeouts": null,
            "vpc_id": "vpc-0df859774c5d1a290"
          },
          "sensitive_attributes": [],
          "private": "eyJlMmJmYjczMC1lY2FhLTExZTYtOGY4OC0zNDM2M2JjN2M0YzAiOnsiY3JlYXRlIjo2MDAwMDAwMDAwMDAsImRlbGV0ZSI6MTIwMDAwMDAwMDAwMH0sInNjaGVtYV92ZXJzaW9uIjoiMSJ9",
          "dependencies": [
            "module.vpc.aws_vpc.vpc"
          ]
        },
        {
          "index_key": 1,
          "schema_version": 1,
          "attributes": {
            "arn": "arn:aws:ec2:us-east-2:606387284755:subnet/subnet-0ed8be77462590611",
            "assign_ipv6_address_on_creation": false,
            "availability_zone": "us-east-2b",
            "availability_zone_id": "use2-az2",
            "cidr_block": "10.10.1.0/24",
            "customer_owned_ipv4_pool": "",
            "enable_dns64": false,
            "enable_resource_name_dns_a_record_on_launch": false,
            "enable_resource_name_dns_aaaa_record_on_launch": false,
            "id": "subnet-0ed8be77462590611",
            "ipv6_cidr_block": "",
            "ipv6_cidr_block_association_id": "",
            "ipv6_native": false,
            "map_customer_owned_ip_on_launch": false,
            "map_public_ip_on_launch": false,
            "outpost_arn": "",
            "owner_id": "606387284755",
            "private_dns_hostname_type_on_launch": "ip-name",
            "tags": {
              "Env": "dev",
              "Name": "portuguese-verbs-private-subnet-1"
            },
            "tags_all": {
              "Env": "dev",
              "Name": "portuguese-verbs-private-subnet-1"
            },
            "timeouts": null,
            "vpc_id": "vpc-0df859774c5d1a290"
          },
          "sensitive_attributes": [],
          "private": "eyJlMmJmYjczMC1lY2FhLTExZTYtOGY4OC0zNDM2M2JjN2M0YzAiOnsiY3JlYXRlIjo2MDAwMDAwMDAwMDAsImRlbGV0ZSI6MTIwMDAwMDAwMDAwMH0sInNjaGVtYV92ZXJzaW9uIjoiMSJ9",
          "dependencies": [
            "module.vpc.aws_vpc.vpc"
          ]
        }
      ]
    },
    {
      "module": "module.vpc",
      "mode": "managed",
      "type": "aws_subnet",
      "name": "public_subnet",
      "provider": "module.vpc.provider[\"registry.terraform.io/hashicorp/aws\"]",
      "instances": [
        {
          "index_key": 0,
          "schema_version": 1,
          "attributes": {
            "arn": "arn:aws:ec2:us-east-2:606387284755:subnet/subnet-02231f5e5613ec40b",
            "assign_ipv6_address_on_creation": false,
            "availability_zone": "us-east-2a",
            "availability_zone_id": "use2-az1",
            "cidr_block": "10.10.50.0/24",
            "customer_owned_ipv4_pool": "",
            "enable_dns64": false,
            "enable_resource_name_dns_a_record_on_launch": false,
            "enable_resource_name_dns_aaaa_record_on_launch": false,
            "id": "subnet-02231f5e5613ec40b",
            "ipv6_cidr_block": "",
            "ipv6_cidr_block_association_id": "",
            "ipv6_native": false,
            "map_customer_owned_ip_on_launch": false,
            "map_public_ip_on_launch": true,
            "outpost_arn": "",
            "owner_id": "606387284755",
            "private_dns_hostname_type_on_launch": "ip-name",
            "tags": {
              "Env": "dev",
              "Name": "portuguese-verbs-public-subnet-0"
            },
            "tags_all": {
              "Env": "dev",
              "Name": "portuguese-verbs-public-subnet-0"
            },
            "timeouts": null,
            "vpc_id": "vpc-0df859774c5d1a290"
          },
          "sensitive_attributes": [],
          "private": "eyJlMmJmYjczMC1lY2FhLTExZTYtOGY4OC0zNDM2M2JjN2M0YzAiOnsiY3JlYXRlIjo2MDAwMDAwMDAwMDAsImRlbGV0ZSI6MTIwMDAwMDAwMDAwMH0sInNjaGVtYV92ZXJzaW9uIjoiMSJ9",
          "dependencies": [
            "module.vpc.aws_vpc.vpc"
          ]
        },
        {
          "index_key": 1,
          "schema_version": 1,
          "attributes": {
            "arn": "arn:aws:ec2:us-east-2:606387284755:subnet/subnet-0385db8922e3fc29d",
            "assign_ipv6_address_on_creation": false,
            "availability_zone": "us-east-2b",
            "availability_zone_id": "use2-az2",
            "cidr_block": "10.10.51.0/24",
            "customer_owned_ipv4_pool": "",
            "enable_dns64": false,
            "enable_resource_name_dns_a_record_on_launch": false,
            "enable_resource_name_dns_aaaa_record_on_launch": false,
            "id": "subnet-0385db8922e3fc29d",
            "ipv6_cidr_block": "",
            "ipv6_cidr_block_association_id": "",
            "ipv6_native": false,
            "map_customer_owned_ip_on_launch": false,
            "map_public_ip_on_launch": true,
            "outpost_arn": "",
            "owner_id": "606387284755",
            "private_dns_hostname_type_on_launch": "ip-name",
            "tags": {
              "Env": "dev",
              "Name": "portuguese-verbs-public-subnet-1"
            },
            "tags_all": {
              "Env": "dev",
              "Name": "portuguese-verbs-public-subnet-1"
            },
            "timeouts": null,
            "vpc_id": "vpc-0df859774c5d1a290"
          },
          "sensitive_attributes": [],
          "private": "eyJlMmJmYjczMC1lY2FhLTExZTYtOGY4OC0zNDM2M2JjN2M0YzAiOnsiY3JlYXRlIjo2MDAwMDAwMDAwMDAsImRlbGV0ZSI6MTIwMDAwMDAwMDAwMH0sInNjaGVtYV92ZXJzaW9uIjoiMSJ9",
          "dependencies": [
            "module.vpc.aws_vpc.vpc"
          ]
        }
      ]
    },
    {
      "module": "module.vpc",
      "mode": "managed",
      "type": "aws_vpc",
      "name": "vpc",
      "provider": "module.vpc.provider[\"registry.terraform.io/hashicorp/aws\"]",
      "instances": [
        {
          "schema_version": 1,
          "attributes": {
            "arn": "arn:aws:ec2:us-east-2:606387284755:vpc/vpc-0df859774c5d1a290",
            "assign_generated_ipv6_cidr_block": false,
            "cidr_block": "10.10.0.0/16",
            "default_network_acl_id": "acl-08504e2de1ebaf8ac",
            "default_route_table_id": "rtb-03788b2dcd6354ac5",
            "default_security_group_id": "sg-05865076a75f46ffa",
            "dhcp_options_id": "dopt-0c8172e66b8e5cbe4",
            "enable_classiclink": false,
            "enable_classiclink_dns_support": false,
            "enable_dns_hostnames": true,
            "enable_dns_support": true,
            "id": "vpc-0df859774c5d1a290",
            "instance_tenancy": "default",
            "ipv4_ipam_pool_id": null,
            "ipv4_netmask_length": null,
            "ipv6_association_id": "",
            "ipv6_cidr_block": "",
            "ipv6_cidr_block_network_border_group": "",
            "ipv6_ipam_pool_id": "",
            "ipv6_netmask_length": 0,
            "main_route_table_id": "rtb-03788b2dcd6354ac5",
            "owner_id": "606387284755",
            "tags": {
              "Env": "dev",
              "Name": "portuguese-verbs"
            },
            "tags_all": {
              "Env": "dev",
              "Name": "portuguese-verbs"
            }
          },
          "sensitive_attributes": [],
          "private": "eyJzY2hlbWFfdmVyc2lvbiI6IjEifQ=="
        }
      ]
    }
  ],
  "check_results": null
}
